{
  "version": 4,
  "terraform_version": "1.5.6",
  "serial": 9378,
  "lineage": "27a285ca-bd19-aa83-be69-ef4b40222a6e",
  "outputs": {
    "ssh_security": {
      "value": "sg-0f76784fd3a8812b5",
      "type": "string"
    }
  },
  "resources": [
    {
      "mode": "data",
      "type": "aws_caller_identity",
      "name": "current",
      "provider": "provider[\"registry.terraform.io/hashicorp/aws\"]",
      "instances": [
        {
          "schema_version": 0,
          "attributes": {
            "account_id": "666897452748",
            "arn": "arn:aws:iam::666897452748:user/hansom-server",
            "id": "666897452748",
            "user_id": "AIDAZWRRPR3GHAL2OYOPX"
          },
          "sensitive_attributes": []
        }
      ]
    },
    {
      "mode": "managed",
      "type": "aws_security_group",
      "name": "allow_ssh_rds",
      "provider": "provider[\"registry.terraform.io/hashicorp/aws\"]",
      "instances": [
        {
          "schema_version": 1,
          "attributes": {
            "arn": "arn:aws:ec2:ap-northeast-2:666897452748:security-group/sg-0f76784fd3a8812b5",
            "description": "security group that allows SSh and egress traffic",
            "egress": [
              {
                "cidr_blocks": [
                  "0.0.0.0/0"
                ],
                "description": "SSH Access Rule",
                "from_port": 0,
                "ipv6_cidr_blocks": [],
                "prefix_list_ids": [],
                "protocol": "-1",
                "security_groups": [],
                "self": false,
                "to_port": 0
              }
            ],
            "id": "sg-0f76784fd3a8812b5",
            "ingress": [
              {
                "cidr_blocks": [
                  "0.0.0.0/0"
                ],
                "description": "SSH Tcp access Rule",
                "from_port": 22,
                "ipv6_cidr_blocks": [],
                "prefix_list_ids": [],
                "protocol": "tcp",
                "security_groups": [],
                "self": false,
                "to_port": 22
              }
            ],
            "name": "allow-ssh",
            "name_prefix": "",
            "owner_id": "666897452748",
            "revoke_rules_on_delete": false,
            "tags": {
              "Name": "allow-ssh"
            },
            "tags_all": {
              "Name": "allow-ssh"
            },
            "timeouts": null,
            "vpc_id": "vpc-05cba648f25f0a8e7"
          },
          "sensitive_attributes": [],
          "private": "eyJlMmJmYjczMC1lY2FhLTExZTYtOGY4OC0zNDM2M2JjN2M0YzAiOnsiY3JlYXRlIjo2MDAwMDAwMDAwMDAsImRlbGV0ZSI6OTAwMDAwMDAwMDAwfSwic2NoZW1hX3ZlcnNpb24iOiIxIn0=",
          "dependencies": [
            "module.vpc.aws_vpc.cluster_vpc"
          ]
        }
      ]
    },
    {
      "module": "module.alb",
      "mode": "managed",
      "type": "aws_lb",
      "name": "alb",
      "provider": "provider[\"registry.terraform.io/hashicorp/aws\"]",
      "instances": [
        {
          "schema_version": 0,
          "attributes": {
            "access_logs": [
              {
                "bucket": "",
                "enabled": false,
                "prefix": ""
              }
            ],
            "arn": "arn:aws:elasticloadbalancing:ap-northeast-2:666897452748:loadbalancer/app/my-ecs-lb/24140e4fe1cf6fe8",
            "arn_suffix": "app/my-ecs-lb/24140e4fe1cf6fe8",
            "customer_owned_ipv4_pool": "",
            "desync_mitigation_mode": "defensive",
            "dns_name": "my-ecs-lb-1102327471.ap-northeast-2.elb.amazonaws.com",
            "drop_invalid_header_fields": false,
            "enable_cross_zone_load_balancing": true,
            "enable_deletion_protection": false,
            "enable_http2": true,
            "enable_tls_version_and_cipher_suite_headers": false,
            "enable_waf_fail_open": false,
            "enable_xff_client_port": false,
            "id": "arn:aws:elasticloadbalancing:ap-northeast-2:666897452748:loadbalancer/app/my-ecs-lb/24140e4fe1cf6fe8",
            "idle_timeout": 60,
            "internal": false,
            "ip_address_type": "ipv4",
            "load_balancer_type": "application",
            "name": "my-ecs-lb",
            "name_prefix": null,
            "preserve_host_header": false,
            "security_groups": [
              "sg-0b70e080c537b16e2"
            ],
            "subnet_mapping": [
              {
                "allocation_id": "",
                "ipv6_address": "",
                "outpost_id": "",
                "private_ipv4_address": "",
                "subnet_id": "subnet-02b4d78f3eb9ee0e5"
              },
              {
                "allocation_id": "",
                "ipv6_address": "",
                "outpost_id": "",
                "private_ipv4_address": "",
                "subnet_id": "subnet-07cb45c2d2f1e7ad3"
              }
            ],
            "subnets": [
              "subnet-02b4d78f3eb9ee0e5",
              "subnet-07cb45c2d2f1e7ad3"
            ],
            "tags": {
              "Name": "philoberry_alb-dev",
              "Service": "philoberry_alb-dev"
            },
            "tags_all": {
              "Name": "philoberry_alb-dev",
              "Service": "philoberry_alb-dev"
            },
            "timeouts": null,
            "vpc_id": "vpc-05cba648f25f0a8e7",
            "xff_header_processing_mode": "append",
            "zone_id": "ZWKZPGTI48KDX"
          },
          "sensitive_attributes": [],
          "private": "eyJlMmJmYjczMC1lY2FhLTExZTYtOGY4OC0zNDM2M2JjN2M0YzAiOnsiY3JlYXRlIjo2MDAwMDAwMDAwMDAsImRlbGV0ZSI6NjAwMDAwMDAwMDAwLCJ1cGRhdGUiOjYwMDAwMDAwMDAwMH19",
          "dependencies": [
            "module.alb.aws_security_group.alb",
            "module.vpc.aws_subnet.public_subnet",
            "module.vpc.aws_vpc.cluster_vpc",
            "module.vpc.data.aws_availability_zones.available"
          ]
        }
      ]
    },
    {
      "module": "module.alb",
      "mode": "managed",
      "type": "aws_lb_listener",
      "name": "http_listener",
      "provider": "provider[\"registry.terraform.io/hashicorp/aws\"]",
      "instances": [
        {
          "schema_version": 0,
          "attributes": {
            "alpn_policy": null,
            "arn": "arn:aws:elasticloadbalancing:ap-northeast-2:666897452748:listener/app/my-ecs-lb/24140e4fe1cf6fe8/7c47cc4e2344ceb0",
            "certificate_arn": null,
            "default_action": [
              {
                "authenticate_cognito": [],
                "authenticate_oidc": [],
                "fixed_response": [],
                "forward": [],
                "order": 1,
                "redirect": [
                  {
                    "host": "#{host}",
                    "path": "/#{path}",
                    "port": "443",
                    "protocol": "HTTPS",
                    "query": "#{query}",
                    "status_code": "HTTP_301"
                  }
                ],
                "target_group_arn": "",
                "type": "redirect"
              }
            ],
            "id": "arn:aws:elasticloadbalancing:ap-northeast-2:666897452748:listener/app/my-ecs-lb/24140e4fe1cf6fe8/7c47cc4e2344ceb0",
            "load_balancer_arn": "arn:aws:elasticloadbalancing:ap-northeast-2:666897452748:loadbalancer/app/my-ecs-lb/24140e4fe1cf6fe8",
            "port": 80,
            "protocol": "HTTP",
            "ssl_policy": "",
            "tags": {},
            "tags_all": {},
            "timeouts": null
          },
          "sensitive_attributes": [],
          "private": "eyJlMmJmYjczMC1lY2FhLTExZTYtOGY4OC0zNDM2M2JjN2M0YzAiOnsicmVhZCI6NjAwMDAwMDAwMDAwfX0=",
          "dependencies": [
            "module.alb.aws_lb.alb",
            "module.alb.aws_security_group.alb",
            "module.vpc.aws_subnet.public_subnet",
            "module.vpc.aws_vpc.cluster_vpc",
            "module.vpc.data.aws_availability_zones.available"
          ]
        }
      ]
    },
    {
      "module": "module.alb",
      "mode": "managed",
      "type": "aws_lb_listener",
      "name": "https_listener",
      "provider": "provider[\"registry.terraform.io/hashicorp/aws\"]",
      "instances": [
        {
          "schema_version": 0,
          "attributes": {
            "alpn_policy": null,
            "arn": "arn:aws:elasticloadbalancing:ap-northeast-2:666897452748:listener/app/my-ecs-lb/24140e4fe1cf6fe8/d1c38864dc0fc552",
            "certificate_arn": "arn:aws:acm:ap-northeast-2:666897452748:certificate/4053b1a1-91d5-4b89-8394-e90ae8b2a6ed",
            "default_action": [
              {
                "authenticate_cognito": [],
                "authenticate_oidc": [],
                "fixed_response": [],
                "forward": [],
                "order": 1,
                "redirect": [],
                "target_group_arn": "arn:aws:elasticloadbalancing:ap-northeast-2:666897452748:targetgroup/philoberry-dev-blue/c7de1f9b9c4a70fc",
                "type": "forward"
              }
            ],
            "id": "arn:aws:elasticloadbalancing:ap-northeast-2:666897452748:listener/app/my-ecs-lb/24140e4fe1cf6fe8/d1c38864dc0fc552",
            "load_balancer_arn": "arn:aws:elasticloadbalancing:ap-northeast-2:666897452748:loadbalancer/app/my-ecs-lb/24140e4fe1cf6fe8",
            "port": 443,
            "protocol": "HTTPS",
            "ssl_policy": "ELBSecurityPolicy-2016-08",
            "tags": {},
            "tags_all": {},
            "timeouts": null
          },
          "sensitive_attributes": [],
          "private": "eyJlMmJmYjczMC1lY2FhLTExZTYtOGY4OC0zNDM2M2JjN2M0YzAiOnsicmVhZCI6NjAwMDAwMDAwMDAwfX0=",
          "dependencies": [
            "module.alb.aws_lb.alb",
            "module.alb.aws_security_group.alb",
            "module.ecs-service.aws_lb_target_group.frontend_service_blue",
            "module.route53.aws_acm_certificate.acm",
            "module.vpc.aws_subnet.public_subnet",
            "module.vpc.aws_vpc.cluster_vpc",
            "module.vpc.data.aws_availability_zones.available"
          ]
        }
      ]
    },
    {
      "module": "module.alb",
      "mode": "managed",
      "type": "aws_lb_listener_rule",
      "name": "express_api_listener",
      "provider": "provider[\"registry.terraform.io/hashicorp/aws\"]",
      "instances": [
        {
          "schema_version": 0,
          "attributes": {
            "action": [
              {
                "authenticate_cognito": [],
                "authenticate_oidc": [],
                "fixed_response": [],
                "forward": [],
                "order": 1,
                "redirect": [],
                "target_group_arn": "arn:aws:elasticloadbalancing:ap-northeast-2:666897452748:targetgroup/philoberry-express-blue/86b7307e786dac0b",
                "type": "forward"
              }
            ],
            "arn": "arn:aws:elasticloadbalancing:ap-northeast-2:666897452748:listener-rule/app/my-ecs-lb/24140e4fe1cf6fe8/d1c38864dc0fc552/ccc2ed4c909116c5",
            "condition": [
              {
                "host_header": [],
                "http_header": [],
                "http_request_method": [],
                "path_pattern": [
                  {
                    "values": [
                      "/express/*"
                    ]
                  }
                ],
                "query_string": [],
                "source_ip": []
              }
            ],
            "id": "arn:aws:elasticloadbalancing:ap-northeast-2:666897452748:listener-rule/app/my-ecs-lb/24140e4fe1cf6fe8/d1c38864dc0fc552/ccc2ed4c909116c5",
            "listener_arn": "arn:aws:elasticloadbalancing:ap-northeast-2:666897452748:listener/app/my-ecs-lb/24140e4fe1cf6fe8/d1c38864dc0fc552",
            "priority": 100,
            "tags": {},
            "tags_all": {}
          },
          "sensitive_attributes": [],
          "private": "bnVsbA==",
          "dependencies": [
            "module.alb.aws_lb.alb",
            "module.alb.aws_lb_listener.https_listener",
            "module.alb.aws_security_group.alb",
            "module.ecs-service.aws_lb_target_group.express_service_blue",
            "module.ecs-service.aws_lb_target_group.frontend_service_blue",
            "module.route53.aws_acm_certificate.acm",
            "module.vpc.aws_subnet.public_subnet",
            "module.vpc.aws_vpc.cluster_vpc",
            "module.vpc.data.aws_availability_zones.available"
          ]
        }
      ]
    },
    {
      "module": "module.alb",
      "mode": "managed",
      "type": "aws_lb_listener_rule",
      "name": "express_route_listener",
      "provider": "provider[\"registry.terraform.io/hashicorp/aws\"]",
      "instances": [
        {
          "schema_version": 0,
          "attributes": {
            "action": [
              {
                "authenticate_cognito": [],
                "authenticate_oidc": [],
                "fixed_response": [],
                "forward": [],
                "order": 1,
                "redirect": [],
                "target_group_arn": "arn:aws:elasticloadbalancing:ap-northeast-2:666897452748:targetgroup/philoberry-express-blue/86b7307e786dac0b",
                "type": "forward"
              }
            ],
            "arn": "arn:aws:elasticloadbalancing:ap-northeast-2:666897452748:listener-rule/app/my-ecs-lb/24140e4fe1cf6fe8/d1c38864dc0fc552/ea486f6beb7d53ed",
            "condition": [
              {
                "host_header": [],
                "http_header": [],
                "http_request_method": [],
                "path_pattern": [
                  {
                    "values": [
                      "/routes/*"
                    ]
                  }
                ],
                "query_string": [],
                "source_ip": []
              }
            ],
            "id": "arn:aws:elasticloadbalancing:ap-northeast-2:666897452748:listener-rule/app/my-ecs-lb/24140e4fe1cf6fe8/d1c38864dc0fc552/ea486f6beb7d53ed",
            "listener_arn": "arn:aws:elasticloadbalancing:ap-northeast-2:666897452748:listener/app/my-ecs-lb/24140e4fe1cf6fe8/d1c38864dc0fc552",
            "priority": 101,
            "tags": {},
            "tags_all": {}
          },
          "sensitive_attributes": [],
          "private": "bnVsbA==",
          "dependencies": [
            "module.alb.aws_lb.alb",
            "module.alb.aws_lb_listener.https_listener",
            "module.alb.aws_security_group.alb",
            "module.ecs-service.aws_lb_target_group.express_service_blue",
            "module.ecs-service.aws_lb_target_group.frontend_service_blue",
            "module.route53.aws_acm_certificate.acm",
            "module.vpc.aws_subnet.public_subnet",
            "module.vpc.aws_vpc.cluster_vpc",
            "module.vpc.data.aws_availability_zones.available"
          ]
        }
      ]
    },
    {
      "module": "module.alb",
      "mode": "managed",
      "type": "aws_security_group",
      "name": "alb",
      "provider": "provider[\"registry.terraform.io/hashicorp/aws\"]",
      "instances": [
        {
          "schema_version": 1,
          "attributes": {
            "arn": "arn:aws:ec2:ap-northeast-2:666897452748:security-group/sg-0b70e080c537b16e2",
            "description": "my-ecs-lb",
            "egress": [
              {
                "cidr_blocks": [
                  "0.0.0.0/0"
                ],
                "description": "",
                "from_port": 0,
                "ipv6_cidr_blocks": [],
                "prefix_list_ids": [],
                "protocol": "-1",
                "security_groups": [],
                "self": false,
                "to_port": 0
              }
            ],
            "id": "sg-0b70e080c537b16e2",
            "ingress": [
              {
                "cidr_blocks": [
                  "0.0.0.0/0"
                ],
                "description": "",
                "from_port": 443,
                "ipv6_cidr_blocks": [],
                "prefix_list_ids": [],
                "protocol": "tcp",
                "security_groups": [],
                "self": false,
                "to_port": 443
              },
              {
                "cidr_blocks": [
                  "0.0.0.0/0"
                ],
                "description": "",
                "from_port": 80,
                "ipv6_cidr_blocks": [],
                "prefix_list_ids": [],
                "protocol": "tcp",
                "security_groups": [],
                "self": false,
                "to_port": 80
              }
            ],
            "name": "my-ecs-lb",
            "name_prefix": "",
            "owner_id": "666897452748",
            "revoke_rules_on_delete": false,
            "tags": {},
            "tags_all": {},
            "timeouts": null,
            "vpc_id": "vpc-05cba648f25f0a8e7"
          },
          "sensitive_attributes": [],
          "private": "eyJlMmJmYjczMC1lY2FhLTExZTYtOGY4OC0zNDM2M2JjN2M0YzAiOnsiY3JlYXRlIjo2MDAwMDAwMDAwMDAsImRlbGV0ZSI6OTAwMDAwMDAwMDAwfSwic2NoZW1hX3ZlcnNpb24iOiIxIn0=",
          "dependencies": [
            "module.vpc.aws_vpc.cluster_vpc"
          ]
        }
      ]
    },
    {
      "module": "module.alb",
      "mode": "managed",
      "type": "aws_security_group_rule",
      "name": "cluster-allow-alb",
      "provider": "provider[\"registry.terraform.io/hashicorp/aws\"]",
      "instances": [
        {
          "schema_version": 2,
          "attributes": {
            "cidr_blocks": null,
            "description": "",
            "from_port": 32768,
            "id": "sgrule-1854461907",
            "ipv6_cidr_blocks": null,
            "prefix_list_ids": null,
            "protocol": "tcp",
            "security_group_id": "sg-00511534df4f2b9ff",
            "security_group_rule_id": "sgr-0b26e21d978736cea",
            "self": false,
            "source_security_group_id": "sg-0b70e080c537b16e2",
            "timeouts": null,
            "to_port": 61000,
            "type": "ingress"
          },
          "sensitive_attributes": [],
          "private": "eyJlMmJmYjczMC1lY2FhLTExZTYtOGY4OC0zNDM2M2JjN2M0YzAiOnsiY3JlYXRlIjozMDAwMDAwMDAwMDB9LCJzY2hlbWFfdmVyc2lvbiI6IjIifQ==",
          "dependencies": [
            "module.alb.aws_security_group.alb",
            "module.ecs-cluster.aws_security_group.ecs-cluster-sg",
            "module.vpc.aws_vpc.cluster_vpc"
          ]
        }
      ]
    },
    {
      "module": "module.alb-rule",
      "mode": "managed",
      "type": "aws_lb_listener_rule",
      "name": "alb_rule",
      "provider": "provider[\"registry.terraform.io/hashicorp/aws\"]",
      "instances": [
        {
          "schema_version": 0,
          "attributes": {
            "action": [
              {
                "authenticate_cognito": [],
                "authenticate_oidc": [],
                "fixed_response": [],
                "forward": [],
                "order": 1,
                "redirect": [],
                "target_group_arn": "arn:aws:elasticloadbalancing:ap-northeast-2:666897452748:targetgroup/philoberry-dev-blue/c7de1f9b9c4a70fc",
                "type": "forward"
              }
            ],
            "arn": "arn:aws:elasticloadbalancing:ap-northeast-2:666897452748:listener-rule/app/my-ecs-lb/24140e4fe1cf6fe8/7c47cc4e2344ceb0/3240f75a28f7b7e4",
            "condition": [
              {
                "host_header": [
                  {
                    "values": [
                      "www.philoberry.com"
                    ]
                  }
                ],
                "http_header": [],
                "http_request_method": [],
                "path_pattern": [],
                "query_string": [],
                "source_ip": []
              }
            ],
            "id": "arn:aws:elasticloadbalancing:ap-northeast-2:666897452748:listener-rule/app/my-ecs-lb/24140e4fe1cf6fe8/7c47cc4e2344ceb0/3240f75a28f7b7e4",
            "listener_arn": "arn:aws:elasticloadbalancing:ap-northeast-2:666897452748:listener/app/my-ecs-lb/24140e4fe1cf6fe8/7c47cc4e2344ceb0",
            "priority": 100,
            "tags": {},
            "tags_all": {}
          },
          "sensitive_attributes": [],
          "private": "bnVsbA==",
          "dependencies": [
            "module.alb.aws_lb.alb",
            "module.alb.aws_lb_listener.http_listener",
            "module.alb.aws_security_group.alb",
            "module.ecs-service.aws_lb_target_group.frontend_service_blue",
            "module.vpc.aws_subnet.public_subnet",
            "module.vpc.aws_vpc.cluster_vpc",
            "module.vpc.data.aws_availability_zones.available"
          ]
        }
      ]
    },
    {
      "module": "module.cloudmap",
      "mode": "managed",
      "type": "aws_service_discovery_private_dns_namespace",
      "name": "philoberry",
      "provider": "provider[\"registry.terraform.io/hashicorp/aws\"]",
      "instances": [
        {
          "schema_version": 0,
          "attributes": {
            "arn": "arn:aws:servicediscovery:ap-northeast-2:666897452748:namespace/ns-iz53jxicwrpdftwa",
            "description": "Private DNS namespace for my service",
            "hosted_zone": "Z07154553PLHA34FAFHS5",
            "id": "ns-iz53jxicwrpdftwa",
            "name": "local.com",
            "tags": {
              "Name": "philoberry_ecs_contianer Cloud Map"
            },
            "tags_all": {
              "Name": "philoberry_ecs_contianer Cloud Map"
            },
            "vpc": "vpc-05cba648f25f0a8e7"
          },
          "sensitive_attributes": [],
          "private": "bnVsbA==",
          "dependencies": [
            "module.vpc.aws_vpc.cluster_vpc"
          ]
        }
      ]
    },
    {
      "module": "module.cloudmap",
      "mode": "managed",
      "type": "aws_service_discovery_service",
      "name": "backend",
      "provider": "provider[\"registry.terraform.io/hashicorp/aws\"]",
      "instances": [
        {
          "schema_version": 0,
          "attributes": {
            "arn": "arn:aws:servicediscovery:ap-northeast-2:666897452748:service/srv-vrt4k5rvizt3cbc6",
            "description": "My backend discovery service",
            "dns_config": [
              {
                "dns_records": [
                  {
                    "ttl": 15,
                    "type": "A"
                  }
                ],
                "namespace_id": "ns-iz53jxicwrpdftwa",
                "routing_policy": "MULTIVALUE"
              }
            ],
            "force_destroy": false,
            "health_check_config": [],
            "health_check_custom_config": [
              {
                "failure_threshold": 1
              }
            ],
            "id": "srv-vrt4k5rvizt3cbc6",
            "name": "backend",
            "namespace_id": "ns-iz53jxicwrpdftwa",
            "tags": {
              "Name": "backend Cloud Map"
            },
            "tags_all": {
              "Name": "backend Cloud Map"
            },
            "type": "DNS_HTTP"
          },
          "sensitive_attributes": [],
          "private": "bnVsbA==",
          "dependencies": [
            "module.cloudmap.aws_service_discovery_private_dns_namespace.philoberry",
            "module.vpc.aws_vpc.cluster_vpc"
          ]
        }
      ]
    },
    {
      "module": "module.cloudmap",
      "mode": "managed",
      "type": "aws_service_discovery_service",
      "name": "frontend",
      "provider": "provider[\"registry.terraform.io/hashicorp/aws\"]",
      "instances": [
        {
          "schema_version": 0,
          "attributes": {
            "arn": "arn:aws:servicediscovery:ap-northeast-2:666897452748:service/srv-wigqm36d7i7sd2ow",
            "description": "My frontend discovery service",
            "dns_config": [
              {
                "dns_records": [
                  {
                    "ttl": 15,
                    "type": "A"
                  }
                ],
                "namespace_id": "ns-iz53jxicwrpdftwa",
                "routing_policy": "MULTIVALUE"
              }
            ],
            "force_destroy": false,
            "health_check_config": [],
            "health_check_custom_config": [
              {
                "failure_threshold": 1
              }
            ],
            "id": "srv-wigqm36d7i7sd2ow",
            "name": "frontend",
            "namespace_id": "ns-iz53jxicwrpdftwa",
            "tags": {
              "Name": "philoberry Cloud Map"
            },
            "tags_all": {
              "Name": "philoberry Cloud Map"
            },
            "type": "DNS_HTTP"
          },
          "sensitive_attributes": [],
          "private": "bnVsbA==",
          "dependencies": [
            "module.cloudmap.aws_service_discovery_private_dns_namespace.philoberry",
            "module.vpc.aws_vpc.cluster_vpc"
          ]
        }
      ]
    },
    {
      "module": "module.codepipeline",
      "mode": "managed",
      "type": "aws_codedeploy_app",
      "name": "backend_app",
      "provider": "provider[\"registry.terraform.io/hashicorp/aws\"]",
      "instances": [
        {
          "schema_version": 0,
          "attributes": {
            "application_id": "647e0564-3874-47e3-94b9-ac11fb4ac8a9",
            "arn": "arn:aws:codedeploy:ap-northeast-2:666897452748:application:philoberry_backend_app",
            "compute_platform": "ECS",
            "github_account_name": "",
            "id": "647e0564-3874-47e3-94b9-ac11fb4ac8a9:philoberry_backend_app",
            "linked_to_github": false,
            "name": "philoberry_backend_app",
            "tags": {},
            "tags_all": {}
          },
          "sensitive_attributes": [],
          "private": "bnVsbA=="
        }
      ]
    },
    {
      "module": "module.codepipeline",
      "mode": "managed",
      "type": "aws_codedeploy_app",
      "name": "philoberry_app",
      "provider": "provider[\"registry.terraform.io/hashicorp/aws\"]",
      "instances": [
        {
          "schema_version": 0,
          "attributes": {
            "application_id": "27cb230a-0e3a-4d1b-b661-b7bcea325d42",
            "arn": "arn:aws:codedeploy:ap-northeast-2:666897452748:application:philoberry_front_app",
            "compute_platform": "ECS",
            "github_account_name": "",
            "id": "27cb230a-0e3a-4d1b-b661-b7bcea325d42:philoberry_front_app",
            "linked_to_github": false,
            "name": "philoberry_front_app",
            "tags": {},
            "tags_all": {}
          },
          "sensitive_attributes": [],
          "private": "bnVsbA=="
        }
      ]
    },
    {
      "module": "module.codepipeline",
      "mode": "managed",
      "type": "aws_codedeploy_deployment_group",
      "name": "backend_group",
      "provider": "provider[\"registry.terraform.io/hashicorp/aws\"]",
      "instances": [
        {
          "schema_version": 0,
          "attributes": {
            "alarm_configuration": [],
            "app_name": "philoberry_backend_app",
            "arn": "arn:aws:codedeploy:ap-northeast-2:666897452748:deploymentgroup:philoberry_backend_app/philoberry-backend-deployment-group",
            "auto_rollback_configuration": [],
            "autoscaling_groups": [],
            "blue_green_deployment_config": [
              {
                "deployment_ready_option": [
                  {
                    "action_on_timeout": "CONTINUE_DEPLOYMENT",
                    "wait_time_in_minutes": 0
                  }
                ],
                "green_fleet_provisioning_option": [],
                "terminate_blue_instances_on_deployment_success": [
                  {
                    "action": "TERMINATE",
                    "termination_wait_time_in_minutes": 5
                  }
                ]
              }
            ],
            "compute_platform": "ECS",
            "deployment_config_name": "CodeDeployDefault.ECSAllAtOnce",
            "deployment_group_id": "4d26b503-ec5b-41b9-bff9-c79556671c53",
            "deployment_group_name": "philoberry-backend-deployment-group",
            "deployment_style": [
              {
                "deployment_option": "WITH_TRAFFIC_CONTROL",
                "deployment_type": "BLUE_GREEN"
              }
            ],
            "ec2_tag_filter": [],
            "ec2_tag_set": [],
            "ecs_service": [
              {
                "cluster_name": "philoberry-ecs-cluster",
                "service_name": "backend-service-dev"
              }
            ],
            "id": "4d26b503-ec5b-41b9-bff9-c79556671c53",
            "load_balancer_info": [
              {
                "elb_info": [],
                "target_group_info": [],
                "target_group_pair_info": [
                  {
                    "prod_traffic_route": [
                      {
                        "listener_arns": [
                          "arn:aws:elasticloadbalancing:ap-northeast-2:666897452748:listener/app/my-ecs-lb/24140e4fe1cf6fe8/d1c38864dc0fc552"
                        ]
                      }
                    ],
                    "target_group": [
                      {
                        "name": "arn:aws:elasticloadbalancing:ap-northeast-2:666897452748:targetgroup/philoberry-express-blue/86b7307e786dac0b"
                      },
                      {
                        "name": "arn:aws:elasticloadbalancing:ap-northeast-2:666897452748:targetgroup/philoberry-express-green/a0f6af89534d2b34"
                      }
                    ],
                    "test_traffic_route": [
                      {
                        "listener_arns": [
                          "arn:aws:elasticloadbalancing:ap-northeast-2:666897452748:listener/app/my-ecs-lb/24140e4fe1cf6fe8/7c47cc4e2344ceb0"
                        ]
                      }
                    ]
                  }
                ]
              }
            ],
            "on_premises_instance_tag_filter": [],
            "service_role_arn": "arn:aws:iam::666897452748:role/my-codepipeline-role",
            "tags": {},
            "tags_all": {},
            "trigger_configuration": []
          },
          "sensitive_attributes": [],
          "private": "bnVsbA==",
          "dependencies": [
            "module.alb.aws_lb.alb",
            "module.alb.aws_lb_listener.http_listener",
            "module.alb.aws_lb_listener.https_listener",
            "module.alb.aws_security_group.alb",
            "module.cloudmap.aws_service_discovery_private_dns_namespace.philoberry",
            "module.cloudmap.aws_service_discovery_service.backend",
            "module.codepipeline.aws_codedeploy_app.backend_app",
            "module.codepipeline.aws_iam_role.codepipeline_role",
            "module.ecr.aws_ecr_repository.repo3",
            "module.ecs-cluster.aws_ecs_cluster.cluster",
            "module.ecs-cluster.aws_security_group.backend_task",
            "module.ecs-cluster.aws_security_group.frontend_task",
            "module.ecs-service.aws_ecs_service.backend",
            "module.ecs-service.aws_ecs_task_definition.backend",
            "module.ecs-service.aws_iam_role.ecs_task_execution_role",
            "module.ecs-service.aws_iam_role.philoberry_ecs_task",
            "module.ecs-service.aws_iam_role_policy_attachment.ecs_task_execution_role",
            "module.ecs-service.aws_lb_target_group.express_service_blue",
            "module.ecs-service.aws_lb_target_group.express_service_green",
            "module.ecs-service.aws_lb_target_group.frontend_service_blue",
            "module.ecs-service.data.aws_iam_policy_document.ecs_task_execution_role",
            "module.ecs-service.data.template_file.backend",
            "module.route53.aws_acm_certificate.acm",
            "module.vpc.aws_subnet.private_subnet",
            "module.vpc.aws_subnet.public_subnet",
            "module.vpc.aws_vpc.cluster_vpc",
            "module.vpc.data.aws_availability_zones.available"
          ]
        }
      ]
    },
    {
      "module": "module.codepipeline",
      "mode": "managed",
      "type": "aws_codedeploy_deployment_group",
      "name": "group",
      "provider": "provider[\"registry.terraform.io/hashicorp/aws\"]",
      "instances": [
        {
          "schema_version": 0,
          "attributes": {
            "alarm_configuration": [],
            "app_name": "philoberry_front_app",
            "arn": "arn:aws:codedeploy:ap-northeast-2:666897452748:deploymentgroup:philoberry_front_app/philoberry-deployment-group",
            "auto_rollback_configuration": [],
            "autoscaling_groups": [],
            "blue_green_deployment_config": [
              {
                "deployment_ready_option": [
                  {
                    "action_on_timeout": "CONTINUE_DEPLOYMENT",
                    "wait_time_in_minutes": 0
                  }
                ],
                "green_fleet_provisioning_option": [],
                "terminate_blue_instances_on_deployment_success": [
                  {
                    "action": "TERMINATE",
                    "termination_wait_time_in_minutes": 5
                  }
                ]
              }
            ],
            "compute_platform": "ECS",
            "deployment_config_name": "CodeDeployDefault.ECSAllAtOnce",
            "deployment_group_id": "a7f983ef-2e24-4e52-baaa-81f55488913a",
            "deployment_group_name": "philoberry-deployment-group",
            "deployment_style": [
              {
                "deployment_option": "WITH_TRAFFIC_CONTROL",
                "deployment_type": "BLUE_GREEN"
              }
            ],
            "ec2_tag_filter": [],
            "ec2_tag_set": [],
            "ecs_service": [
              {
                "cluster_name": "philoberry-ecs-cluster",
                "service_name": "frontend-service-dev"
              }
            ],
            "id": "a7f983ef-2e24-4e52-baaa-81f55488913a",
            "load_balancer_info": [
              {
                "elb_info": [],
                "target_group_info": [],
                "target_group_pair_info": [
                  {
                    "prod_traffic_route": [
                      {
                        "listener_arns": [
                          "arn:aws:elasticloadbalancing:ap-northeast-2:666897452748:listener/app/my-ecs-lb/24140e4fe1cf6fe8/d1c38864dc0fc552"
                        ]
                      }
                    ],
                    "target_group": [
                      {
                        "name": "arn:aws:elasticloadbalancing:ap-northeast-2:666897452748:targetgroup/philoberry-dev-blue/c7de1f9b9c4a70fc"
                      },
                      {
                        "name": "arn:aws:elasticloadbalancing:ap-northeast-2:666897452748:targetgroup/philoberry-dev-green/ab93a28ad5ec708a"
                      }
                    ],
                    "test_traffic_route": [
                      {
                        "listener_arns": [
                          "arn:aws:elasticloadbalancing:ap-northeast-2:666897452748:listener/app/my-ecs-lb/24140e4fe1cf6fe8/7c47cc4e2344ceb0"
                        ]
                      }
                    ]
                  }
                ]
              }
            ],
            "on_premises_instance_tag_filter": [],
            "service_role_arn": "arn:aws:iam::666897452748:role/my-codepipeline-role",
            "tags": {},
            "tags_all": {},
            "trigger_configuration": []
          },
          "sensitive_attributes": [],
          "private": "bnVsbA==",
          "dependencies": [
            "module.alb.aws_lb.alb",
            "module.alb.aws_lb_listener.http_listener",
            "module.alb.aws_lb_listener.https_listener",
            "module.alb.aws_security_group.alb",
            "module.cloudmap.aws_service_discovery_private_dns_namespace.philoberry",
            "module.cloudmap.aws_service_discovery_service.frontend",
            "module.codepipeline.aws_codedeploy_app.philoberry_app",
            "module.codepipeline.aws_iam_role.codepipeline_role",
            "module.ecr.aws_ecr_repository.repo",
            "module.ecs-cluster.aws_ecs_cluster.cluster",
            "module.ecs-cluster.aws_security_group.frontend_task",
            "module.ecs-service.aws_ecs_service.frontend",
            "module.ecs-service.aws_ecs_task_definition.frontend",
            "module.ecs-service.aws_iam_role.ecs_task_execution_role",
            "module.ecs-service.aws_iam_role.philoberry_ecs_task",
            "module.ecs-service.aws_iam_role_policy_attachment.ecs_task_execution_role",
            "module.ecs-service.aws_lb_target_group.frontend_service_blue",
            "module.ecs-service.aws_lb_target_group.frontend_service_green",
            "module.ecs-service.data.aws_iam_policy_document.ecs_task_execution_role",
            "module.ecs-service.data.template_file.frontend",
            "module.efs.aws_efs_access_point.philoberry",
            "module.efs.aws_efs_file_system.philberryt-efs",
            "module.route53.aws_acm_certificate.acm",
            "module.vpc.aws_subnet.private_subnet",
            "module.vpc.aws_subnet.public_subnet",
            "module.vpc.aws_vpc.cluster_vpc",
            "module.vpc.data.aws_availability_zones.available"
          ]
        }
      ]
    },
    {
      "module": "module.codepipeline",
      "mode": "managed",
      "type": "aws_codepipeline",
      "name": "backend_codepipeline",
      "provider": "provider[\"registry.terraform.io/hashicorp/aws\"]",
      "instances": [
        {
          "schema_version": 0,
          "attributes": {
            "arn": "arn:aws:codepipeline:ap-northeast-2:666897452748:philoberry-backend-pipleline",
            "artifact_store": [
              {
                "encryption_key": [],
                "location": "philoberry-cd-backend-bucket",
                "region": "",
                "type": "S3"
              }
            ],
            "id": "philoberry-backend-pipleline",
            "name": "philoberry-backend-pipleline",
            "role_arn": "arn:aws:iam::666897452748:role/my-codepipeline-role",
            "stage": [
              {
                "action": [
                  {
                    "category": "Source",
                    "configuration": {
                      "Branch": "main",
                      "OAuthToken": "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",
                      "Owner": "bandicow",
                      "PollForSourceChanges": "false",
                      "Repo": "philoberry-project"
                    },
                    "input_artifacts": [],
                    "name": "Source",
                    "namespace": "",
                    "output_artifacts": [
                      "source_output"
                    ],
                    "owner": "ThirdParty",
                    "provider": "GitHub",
                    "region": "",
                    "role_arn": "",
                    "run_order": 1,
                    "version": "1"
                  }
                ],
                "name": "Source"
              },
              {
                "action": [
                  {
                    "category": "Deploy",
                    "configuration": {
                      "ClusterName": "philoberry-ecs-cluster",
                      "FileName": "backendimagedefinitions.json",
                      "ServiceName": "backend-service-dev"
                    },
                    "input_artifacts": [
                      "source_output"
                    ],
                    "name": "Deploy",
                    "namespace": "",
                    "output_artifacts": [],
                    "owner": "AWS",
                    "provider": "ECS",
                    "region": "",
                    "role_arn": "",
                    "run_order": 1,
                    "version": "1"
                  }
                ],
                "name": "Deploy"
              }
            ],
            "tags": {},
            "tags_all": {}
          },
          "sensitive_attributes": [],
          "private": "bnVsbA==",
          "dependencies": [
            "module.alb.aws_lb.alb",
            "module.alb.aws_lb_listener.http_listener",
            "module.alb.aws_lb_listener.https_listener",
            "module.alb.aws_security_group.alb",
            "module.cloudmap.aws_service_discovery_private_dns_namespace.philoberry",
            "module.cloudmap.aws_service_discovery_service.backend",
            "module.codepipeline.aws_iam_role.codepipeline_role",
            "module.codepipeline.aws_s3_bucket.backend_codepipeline_bucket",
            "module.ecr.aws_ecr_repository.repo3",
            "module.ecs-cluster.aws_ecs_cluster.cluster",
            "module.ecs-cluster.aws_security_group.backend_task",
            "module.ecs-cluster.aws_security_group.frontend_task",
            "module.ecs-service.aws_ecs_service.backend",
            "module.ecs-service.aws_ecs_task_definition.backend",
            "module.ecs-service.aws_iam_role.ecs_task_execution_role",
            "module.ecs-service.aws_iam_role.philoberry_ecs_task",
            "module.ecs-service.aws_iam_role_policy_attachment.ecs_task_execution_role",
            "module.ecs-service.aws_lb_target_group.express_service_blue",
            "module.ecs-service.aws_lb_target_group.frontend_service_blue",
            "module.ecs-service.data.aws_iam_policy_document.ecs_task_execution_role",
            "module.ecs-service.data.template_file.backend",
            "module.route53.aws_acm_certificate.acm",
            "module.vpc.aws_subnet.private_subnet",
            "module.vpc.aws_subnet.public_subnet",
            "module.vpc.aws_vpc.cluster_vpc",
            "module.vpc.data.aws_availability_zones.available"
          ]
        }
      ]
    },
    {
      "module": "module.codepipeline",
      "mode": "managed",
      "type": "aws_codepipeline",
      "name": "frontend_codepipeline",
      "provider": "provider[\"registry.terraform.io/hashicorp/aws\"]",
      "instances": [
        {
          "schema_version": 0,
          "attributes": {
            "arn": "arn:aws:codepipeline:ap-northeast-2:666897452748:philoberry-frontend-pipeline",
            "artifact_store": [
              {
                "encryption_key": [],
                "location": "philoberry-cd-front-bucket",
                "region": "",
                "type": "S3"
              }
            ],
            "id": "philoberry-frontend-pipeline",
            "name": "philoberry-frontend-pipeline",
            "role_arn": "arn:aws:iam::666897452748:role/my-codepipeline-role",
            "stage": [
              {
                "action": [
                  {
                    "category": "Source",
                    "configuration": {
                      "Branch": "main",
                      "OAuthToken": "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",
                      "Owner": "bandicow",
                      "PollForSourceChanges": "false",
                      "Repo": "philoberry-project"
                    },
                    "input_artifacts": [],
                    "name": "Source",
                    "namespace": "",
                    "output_artifacts": [
                      "source_output"
                    ],
                    "owner": "ThirdParty",
                    "provider": "GitHub",
                    "region": "",
                    "role_arn": "",
                    "run_order": 1,
                    "version": "1"
                  }
                ],
                "name": "Source"
              },
              {
                "action": [
                  {
                    "category": "Deploy",
                    "configuration": {
                      "ClusterName": "philoberry-ecs-cluster",
                      "FileName": "frontimagedefinitions.json",
                      "ServiceName": "frontend-service-dev"
                    },
                    "input_artifacts": [
                      "source_output"
                    ],
                    "name": "Deploy",
                    "namespace": "",
                    "output_artifacts": [],
                    "owner": "AWS",
                    "provider": "ECS",
                    "region": "",
                    "role_arn": "",
                    "run_order": 1,
                    "version": "1"
                  }
                ],
                "name": "Deploy"
              }
            ],
            "tags": {},
            "tags_all": {}
          },
          "sensitive_attributes": [],
          "private": "bnVsbA==",
          "dependencies": [
            "module.alb.aws_lb.alb",
            "module.alb.aws_lb_listener.http_listener",
            "module.alb.aws_lb_listener.https_listener",
            "module.alb.aws_security_group.alb",
            "module.cloudmap.aws_service_discovery_private_dns_namespace.philoberry",
            "module.cloudmap.aws_service_discovery_service.frontend",
            "module.codepipeline.aws_iam_role.codepipeline_role",
            "module.codepipeline.aws_s3_bucket.front_codepipeline_bucket",
            "module.ecr.aws_ecr_repository.repo",
            "module.ecs-cluster.aws_ecs_cluster.cluster",
            "module.ecs-cluster.aws_security_group.frontend_task",
            "module.ecs-service.aws_ecs_service.frontend",
            "module.ecs-service.aws_ecs_task_definition.frontend",
            "module.ecs-service.aws_iam_role.ecs_task_execution_role",
            "module.ecs-service.aws_iam_role.philoberry_ecs_task",
            "module.ecs-service.aws_iam_role_policy_attachment.ecs_task_execution_role",
            "module.ecs-service.aws_lb_target_group.frontend_service_blue",
            "module.ecs-service.data.aws_iam_policy_document.ecs_task_execution_role",
            "module.ecs-service.data.template_file.frontend",
            "module.efs.aws_efs_access_point.philoberry",
            "module.efs.aws_efs_file_system.philberryt-efs",
            "module.route53.aws_acm_certificate.acm",
            "module.vpc.aws_subnet.private_subnet",
            "module.vpc.aws_subnet.public_subnet",
            "module.vpc.aws_vpc.cluster_vpc",
            "module.vpc.data.aws_availability_zones.available"
          ]
        }
      ]
    },
    {
      "module": "module.codepipeline",
      "mode": "managed",
      "type": "aws_codestarconnections_connection",
      "name": "github",
      "provider": "provider[\"registry.terraform.io/hashicorp/aws\"]",
      "instances": [
        {
          "schema_version": 0,
          "attributes": {
            "arn": "arn:aws:codestar-connections:ap-northeast-2:666897452748:connection/bb8ae783-f61f-4119-8bb8-a4630f7ad39d",
            "connection_status": "PENDING",
            "host_arn": "",
            "id": "arn:aws:codestar-connections:ap-northeast-2:666897452748:connection/bb8ae783-f61f-4119-8bb8-a4630f7ad39d",
            "name": "github-connection",
            "provider_type": "GitHub",
            "tags": {},
            "tags_all": {}
          },
          "sensitive_attributes": [],
          "private": "bnVsbA=="
        }
      ]
    },
    {
      "module": "module.codepipeline",
      "mode": "managed",
      "type": "aws_iam_policy",
      "name": "codepipeline_s3_access",
      "provider": "provider[\"registry.terraform.io/hashicorp/aws\"]",
      "instances": [
        {
          "schema_version": 0,
          "attributes": {
            "arn": "arn:aws:iam::666897452748:policy/CodePipelineS3Access",
            "description": "Allows CodePipeline to access S3 bucket",
            "id": "arn:aws:iam::666897452748:policy/CodePipelineS3Access",
            "name": "CodePipelineS3Access",
            "name_prefix": "",
            "path": "/",
            "policy": "{\"Statement\":[{\"Action\":[\"s3:GetObject\",\"s3:PutObject\",\"s3:ListBucket\"],\"Effect\":\"Allow\",\"Resource\":[\"arn:aws:s3:::philoberry-cd-front-bucket/*\",\"arn:aws:s3:::philoberry-cd-front-bucket\",\"arn:aws:s3:::philoberry-cd-backend-bucket/*\",\"arn:aws:s3:::philoberry-cd-backend-bucket\"]}],\"Version\":\"2012-10-17\"}",
            "policy_id": "ANPAZWRRPR3GFRRQWUJYU",
            "tags": {},
            "tags_all": {}
          },
          "sensitive_attributes": [],
          "private": "bnVsbA=="
        }
      ]
    },
    {
      "module": "module.codepipeline",
      "mode": "managed",
      "type": "aws_iam_policy",
      "name": "ecs_describe_services_policy",
      "provider": "provider[\"registry.terraform.io/hashicorp/aws\"]",
      "instances": [
        {
          "schema_version": 0,
          "attributes": {
            "arn": "arn:aws:iam::666897452748:policy/ECSDescribeServicesPolicy",
            "description": "Allows to describe ECS services",
            "id": "arn:aws:iam::666897452748:policy/ECSDescribeServicesPolicy",
            "name": "ECSDescribeServicesPolicy",
            "name_prefix": "",
            "path": "/",
            "policy": "{\"Statement\":[{\"Action\":\"ecs:DescribeServices\",\"Effect\":\"Allow\",\"Resource\":\"*\"}],\"Version\":\"2012-10-17\"}",
            "policy_id": "ANPAZWRRPR3GK2E57Y4CC",
            "tags": {},
            "tags_all": {}
          },
          "sensitive_attributes": [],
          "private": "bnVsbA=="
        }
      ]
    },
    {
      "module": "module.codepipeline",
      "mode": "managed",
      "type": "aws_iam_role",
      "name": "codepipeline_role",
      "provider": "provider[\"registry.terraform.io/hashicorp/aws\"]",
      "instances": [
        {
          "schema_version": 0,
          "attributes": {
            "arn": "arn:aws:iam::666897452748:role/my-codepipeline-role",
            "assume_role_policy": "{\"Statement\":[{\"Action\":\"sts:AssumeRole\",\"Effect\":\"Allow\",\"Principal\":{\"Service\":[\"codedeploy.amazonaws.com\",\"codepipeline.amazonaws.com\"]}}],\"Version\":\"2012-10-17\"}",
            "create_date": "2023-12-07T05:01:03Z",
            "description": "",
            "force_detach_policies": false,
            "id": "my-codepipeline-role",
            "inline_policy": [],
            "managed_policy_arns": [
              "arn:aws:iam::666897452748:policy/CodePipelineS3Access",
              "arn:aws:iam::666897452748:policy/ECSDescribeServicesPolicy"
            ],
            "max_session_duration": 3600,
            "name": "my-codepipeline-role",
            "name_prefix": "",
            "path": "/",
            "permissions_boundary": null,
            "tags": {},
            "tags_all": {},
            "unique_id": "AROAZWRRPR3GBZM72JYEP"
          },
          "sensitive_attributes": [],
          "private": "bnVsbA=="
        }
      ]
    },
    {
      "module": "module.codepipeline",
      "mode": "managed",
      "type": "aws_iam_role_policy_attachment",
      "name": "codepipeline_s3_access",
      "provider": "provider[\"registry.terraform.io/hashicorp/aws\"]",
      "instances": [
        {
          "schema_version": 0,
          "attributes": {
            "id": "my-codepipeline-role-20231207050106221900000002",
            "policy_arn": "arn:aws:iam::666897452748:policy/CodePipelineS3Access",
            "role": "my-codepipeline-role"
          },
          "sensitive_attributes": [],
          "private": "bnVsbA==",
          "dependencies": [
            "module.codepipeline.aws_iam_policy.codepipeline_s3_access",
            "module.codepipeline.aws_iam_role.codepipeline_role"
          ]
        }
      ]
    },
    {
      "module": "module.codepipeline",
      "mode": "managed",
      "type": "aws_iam_role_policy_attachment",
      "name": "ecs_describe_services_policy_attachment",
      "provider": "provider[\"registry.terraform.io/hashicorp/aws\"]",
      "instances": [
        {
          "schema_version": 0,
          "attributes": {
            "id": "my-codepipeline-role-20231207050106690800000004",
            "policy_arn": "arn:aws:iam::666897452748:policy/ECSDescribeServicesPolicy",
            "role": "my-codepipeline-role"
          },
          "sensitive_attributes": [],
          "private": "bnVsbA==",
          "dependencies": [
            "module.codepipeline.aws_iam_policy.ecs_describe_services_policy",
            "module.codepipeline.aws_iam_role.codepipeline_role"
          ]
        }
      ]
    },
    {
      "module": "module.codepipeline",
      "mode": "managed",
      "type": "aws_s3_bucket",
      "name": "backend_codepipeline_bucket",
      "provider": "provider[\"registry.terraform.io/hashicorp/aws\"]",
      "instances": [
        {
          "schema_version": 0,
          "attributes": {
            "acceleration_status": "",
            "acl": null,
            "arn": "arn:aws:s3:::philoberry-cd-backend-bucket",
            "bucket": "philoberry-cd-backend-bucket",
            "bucket_domain_name": "philoberry-cd-backend-bucket.s3.amazonaws.com",
            "bucket_prefix": "",
            "bucket_regional_domain_name": "philoberry-cd-backend-bucket.s3.ap-northeast-2.amazonaws.com",
            "cors_rule": [],
            "force_destroy": false,
            "grant": [
              {
                "id": "073ef2ca751d41d99a065d79091f56528352628f5494a769259bf332bb0e11f1",
                "permissions": [
                  "FULL_CONTROL"
                ],
                "type": "CanonicalUser",
                "uri": ""
              }
            ],
            "hosted_zone_id": "Z3W03O7B5YMIYP",
            "id": "philoberry-cd-backend-bucket",
            "lifecycle_rule": [],
            "logging": [],
            "object_lock_configuration": [],
            "object_lock_enabled": false,
            "policy": "",
            "region": "ap-northeast-2",
            "replication_configuration": [],
            "request_payer": "BucketOwner",
            "server_side_encryption_configuration": [
              {
                "rule": [
                  {
                    "apply_server_side_encryption_by_default": [
                      {
                        "kms_master_key_id": "",
                        "sse_algorithm": "AES256"
                      }
                    ],
                    "bucket_key_enabled": false
                  }
                ]
              }
            ],
            "tags": {
              "Name": "philoberry-cd-backend",
              "Service": "philoberry-cd-backend-dev"
            },
            "tags_all": {
              "Name": "philoberry-cd-backend",
              "Service": "philoberry-cd-backend-dev"
            },
            "timeouts": null,
            "versioning": [
              {
                "enabled": false,
                "mfa_delete": false
              }
            ],
            "website": [],
            "website_domain": null,
            "website_endpoint": null
          },
          "sensitive_attributes": [],
          "private": "eyJlMmJmYjczMC1lY2FhLTExZTYtOGY4OC0zNDM2M2JjN2M0YzAiOnsiY3JlYXRlIjoxMjAwMDAwMDAwMDAwLCJkZWxldGUiOjM2MDAwMDAwMDAwMDAsInJlYWQiOjEyMDAwMDAwMDAwMDAsInVwZGF0ZSI6MTIwMDAwMDAwMDAwMH19"
        }
      ]
    },
    {
      "module": "module.codepipeline",
      "mode": "managed",
      "type": "aws_s3_bucket",
      "name": "front_codepipeline_bucket",
      "provider": "provider[\"registry.terraform.io/hashicorp/aws\"]",
      "instances": [
        {
          "schema_version": 0,
          "attributes": {
            "acceleration_status": "",
            "acl": null,
            "arn": "arn:aws:s3:::philoberry-cd-front-bucket",
            "bucket": "philoberry-cd-front-bucket",
            "bucket_domain_name": "philoberry-cd-front-bucket.s3.amazonaws.com",
            "bucket_prefix": "",
            "bucket_regional_domain_name": "philoberry-cd-front-bucket.s3.ap-northeast-2.amazonaws.com",
            "cors_rule": [],
            "force_destroy": false,
            "grant": [
              {
                "id": "073ef2ca751d41d99a065d79091f56528352628f5494a769259bf332bb0e11f1",
                "permissions": [
                  "FULL_CONTROL"
                ],
                "type": "CanonicalUser",
                "uri": ""
              }
            ],
            "hosted_zone_id": "Z3W03O7B5YMIYP",
            "id": "philoberry-cd-front-bucket",
            "lifecycle_rule": [],
            "logging": [],
            "object_lock_configuration": [],
            "object_lock_enabled": false,
            "policy": "",
            "region": "ap-northeast-2",
            "replication_configuration": [],
            "request_payer": "BucketOwner",
            "server_side_encryption_configuration": [
              {
                "rule": [
                  {
                    "apply_server_side_encryption_by_default": [
                      {
                        "kms_master_key_id": "",
                        "sse_algorithm": "AES256"
                      }
                    ],
                    "bucket_key_enabled": false
                  }
                ]
              }
            ],
            "tags": {
              "Name": "philoberry-cd-frontend",
              "Service": "philoberry-cd-frontend-dev"
            },
            "tags_all": {
              "Name": "philoberry-cd-frontend",
              "Service": "philoberry-cd-frontend-dev"
            },
            "timeouts": null,
            "versioning": [
              {
                "enabled": false,
                "mfa_delete": false
              }
            ],
            "website": [],
            "website_domain": null,
            "website_endpoint": null
          },
          "sensitive_attributes": [],
          "private": "eyJlMmJmYjczMC1lY2FhLTExZTYtOGY4OC0zNDM2M2JjN2M0YzAiOnsiY3JlYXRlIjoxMjAwMDAwMDAwMDAwLCJkZWxldGUiOjM2MDAwMDAwMDAwMDAsInJlYWQiOjEyMDAwMDAwMDAwMDAsInVwZGF0ZSI6MTIwMDAwMDAwMDAwMH19"
        }
      ]
    },
    {
      "module": "module.codepipeline",
      "mode": "managed",
      "type": "aws_s3_bucket_public_access_block",
      "name": "backend-public-access",
      "provider": "provider[\"registry.terraform.io/hashicorp/aws\"]",
      "instances": [
        {
          "schema_version": 0,
          "attributes": {
            "block_public_acls": true,
            "block_public_policy": true,
            "bucket": "philoberry-cd-backend-bucket",
            "id": "philoberry-cd-backend-bucket",
            "ignore_public_acls": true,
            "restrict_public_buckets": true
          },
          "sensitive_attributes": [],
          "private": "bnVsbA==",
          "dependencies": [
            "module.codepipeline.aws_s3_bucket.backend_codepipeline_bucket"
          ]
        }
      ]
    },
    {
      "module": "module.codepipeline",
      "mode": "managed",
      "type": "aws_s3_bucket_public_access_block",
      "name": "front-public-access",
      "provider": "provider[\"registry.terraform.io/hashicorp/aws\"]",
      "instances": [
        {
          "schema_version": 0,
          "attributes": {
            "block_public_acls": true,
            "block_public_policy": true,
            "bucket": "philoberry-cd-front-bucket",
            "id": "philoberry-cd-front-bucket",
            "ignore_public_acls": true,
            "restrict_public_buckets": true
          },
          "sensitive_attributes": [],
          "private": "bnVsbA==",
          "dependencies": [
            "module.codepipeline.aws_s3_bucket.front_codepipeline_bucket"
          ]
        }
      ]
    },
    {
      "module": "module.codepipeline",
      "mode": "managed",
      "type": "aws_s3_bucket_versioning",
      "name": "backend_cd_versioning",
      "provider": "provider[\"registry.terraform.io/hashicorp/aws\"]",
      "instances": [
        {
          "schema_version": 0,
          "attributes": {
            "bucket": "philoberry-cd-backend-bucket",
            "expected_bucket_owner": "",
            "id": "philoberry-cd-backend-bucket",
            "mfa": null,
            "versioning_configuration": [
              {
                "mfa_delete": "",
                "status": "Disabled"
              }
            ]
          },
          "sensitive_attributes": [],
          "private": "bnVsbA==",
          "dependencies": [
            "module.codepipeline.aws_s3_bucket.backend_codepipeline_bucket"
          ]
        }
      ]
    },
    {
      "module": "module.codepipeline",
      "mode": "managed",
      "type": "aws_s3_bucket_versioning",
      "name": "front_cd_versioning",
      "provider": "provider[\"registry.terraform.io/hashicorp/aws\"]",
      "instances": [
        {
          "schema_version": 0,
          "attributes": {
            "bucket": "philoberry-cd-front-bucket",
            "expected_bucket_owner": "",
            "id": "philoberry-cd-front-bucket",
            "mfa": null,
            "versioning_configuration": [
              {
                "mfa_delete": "",
                "status": "Disabled"
              }
            ]
          },
          "sensitive_attributes": [],
          "private": "bnVsbA==",
          "dependencies": [
            "module.codepipeline.aws_s3_bucket.front_codepipeline_bucket"
          ]
        }
      ]
    },
    {
      "module": "module.ec2",
      "mode": "managed",
      "type": "aws_eip",
      "name": "eip",
      "provider": "provider[\"registry.terraform.io/hashicorp/aws\"]",
      "instances": [
        {
          "schema_version": 0,
          "attributes": {
            "address": null,
            "allocation_id": "eipalloc-0866c81afb76c7ab1",
            "associate_with_private_ip": null,
            "association_id": "eipassoc-0522eac15190740e9",
            "carrier_ip": "",
            "customer_owned_ip": "",
            "customer_owned_ipv4_pool": "",
            "domain": "vpc",
            "id": "eipalloc-0866c81afb76c7ab1",
            "instance": "i-0cc240ecf15b1ce9f",
            "network_border_group": "ap-northeast-2",
            "network_interface": "eni-075ff48900d0f4a5f",
            "private_dns": "ip-172-18-2-156.ap-northeast-2.compute.internal",
            "private_ip": "172.18.2.156",
            "public_dns": "ec2-3-36-177-23.ap-northeast-2.compute.amazonaws.com",
            "public_ip": "3.36.177.23",
            "public_ipv4_pool": "amazon",
            "tags": {
              "Name": "philoberry-bastion-eip-dev",
              "Service": "philoberry-dev"
            },
            "tags_all": {
              "Name": "philoberry-bastion-eip-dev",
              "Service": "philoberry-dev"
            },
            "timeouts": null,
            "vpc": true
          },
          "sensitive_attributes": [],
          "private": "eyJlMmJmYjczMC1lY2FhLTExZTYtOGY4OC0zNDM2M2JjN2M0YzAiOnsiZGVsZXRlIjoxODAwMDAwMDAwMDAsInJlYWQiOjkwMDAwMDAwMDAwMCwidXBkYXRlIjozMDAwMDAwMDAwMDB9fQ==",
          "dependencies": [
            "module.ec2.aws_instance.main",
            "module.ec2.aws_security_group.ec2_sg",
            "module.vpc.aws_subnet.public_subnet",
            "module.vpc.aws_vpc.cluster_vpc",
            "module.vpc.data.aws_availability_zones.available"
          ]
        }
      ]
    },
    {
      "module": "module.ec2",
      "mode": "managed",
      "type": "aws_instance",
      "name": "main",
      "provider": "provider[\"registry.terraform.io/hashicorp/aws\"]",
      "instances": [
        {
          "schema_version": 1,
          "attributes": {
            "ami": "ami-0e01e66dacaf1454d",
            "arn": "arn:aws:ec2:ap-northeast-2:666897452748:instance/i-0cc240ecf15b1ce9f",
            "associate_public_ip_address": true,
            "availability_zone": "ap-northeast-2a",
            "capacity_reservation_specification": [
              {
                "capacity_reservation_preference": "open",
                "capacity_reservation_target": []
              }
            ],
            "cpu_core_count": 1,
            "cpu_options": [
              {
                "amd_sev_snp": "",
                "core_count": 1,
                "threads_per_core": 2
              }
            ],
            "cpu_threads_per_core": 2,
            "credit_specification": [
              {
                "cpu_credits": "unlimited"
              }
            ],
            "disable_api_stop": false,
            "disable_api_termination": false,
            "ebs_block_device": [],
            "ebs_optimized": false,
            "enclave_options": [
              {
                "enabled": false
              }
            ],
            "ephemeral_block_device": [],
            "get_password_data": false,
            "hibernation": false,
            "host_id": "",
            "host_resource_group_arn": null,
            "iam_instance_profile": "",
            "id": "i-0cc240ecf15b1ce9f",
            "instance_initiated_shutdown_behavior": "stop",
            "instance_lifecycle": "",
            "instance_market_options": [],
            "instance_state": "running",
            "instance_type": "t3.micro",
            "ipv6_address_count": 0,
            "ipv6_addresses": [],
            "key_name": "philoberry-keypair",
            "launch_template": [],
            "maintenance_options": [
              {
                "auto_recovery": "default"
              }
            ],
            "metadata_options": [
              {
                "http_endpoint": "enabled",
                "http_protocol_ipv6": "disabled",
                "http_put_response_hop_limit": 2,
                "http_tokens": "required",
                "instance_metadata_tags": "disabled"
              }
            ],
            "monitoring": false,
            "network_interface": [],
            "outpost_arn": "",
            "password_data": "",
            "placement_group": "",
            "placement_partition_number": 0,
            "primary_network_interface_id": "eni-075ff48900d0f4a5f",
            "private_dns": "ip-172-18-2-156.ap-northeast-2.compute.internal",
            "private_dns_name_options": [
              {
                "enable_resource_name_dns_a_record": false,
                "enable_resource_name_dns_aaaa_record": false,
                "hostname_type": "ip-name"
              }
            ],
            "private_ip": "172.18.2.156",
            "public_dns": "ec2-3-36-177-23.ap-northeast-2.compute.amazonaws.com",
            "public_ip": "3.36.177.23",
            "root_block_device": [
              {
                "delete_on_termination": true,
                "device_name": "/dev/xvda",
                "encrypted": false,
                "iops": 3000,
                "kms_key_id": "",
                "tags": {},
                "throughput": 125,
                "volume_id": "vol-06cad8e179c7356c1",
                "volume_size": 8,
                "volume_type": "gp3"
              }
            ],
            "secondary_private_ips": [],
            "security_groups": [],
            "source_dest_check": true,
            "spot_instance_request_id": "",
            "subnet_id": "subnet-02b4d78f3eb9ee0e5",
            "tags": {
              "Name": "rds-bastion-instance"
            },
            "tags_all": {
              "Name": "rds-bastion-instance"
            },
            "tenancy": "default",
            "timeouts": null,
            "user_data": null,
            "user_data_base64": null,
            "user_data_replace_on_change": false,
            "volume_tags": null,
            "vpc_security_group_ids": [
              "sg-052a94abad7105394"
            ]
          },
          "sensitive_attributes": [],
          "private": "eyJlMmJmYjczMC1lY2FhLTExZTYtOGY4OC0zNDM2M2JjN2M0YzAiOnsiY3JlYXRlIjo2MDAwMDAwMDAwMDAsImRlbGV0ZSI6MTIwMDAwMDAwMDAwMCwidXBkYXRlIjo2MDAwMDAwMDAwMDB9LCJzY2hlbWFfdmVyc2lvbiI6IjEifQ==",
          "dependencies": [
            "module.ec2.aws_security_group.ec2_sg",
            "module.vpc.aws_subnet.public_subnet",
            "module.vpc.aws_vpc.cluster_vpc",
            "module.vpc.data.aws_availability_zones.available"
          ]
        }
      ]
    },
    {
      "module": "module.ec2",
      "mode": "managed",
      "type": "aws_security_group",
      "name": "ec2_sg",
      "provider": "provider[\"registry.terraform.io/hashicorp/aws\"]",
      "instances": [
        {
          "schema_version": 1,
          "attributes": {
            "arn": "arn:aws:ec2:ap-northeast-2:666897452748:security-group/sg-052a94abad7105394",
            "description": "Managed by Terraform",
            "egress": [
              {
                "cidr_blocks": [
                  "0.0.0.0/0"
                ],
                "description": "",
                "from_port": 0,
                "ipv6_cidr_blocks": [],
                "prefix_list_ids": [],
                "protocol": "-1",
                "security_groups": [],
                "self": false,
                "to_port": 0
              }
            ],
            "id": "sg-052a94abad7105394",
            "ingress": [
              {
                "cidr_blocks": [
                  "0.0.0.0/0"
                ],
                "description": "",
                "from_port": 22,
                "ipv6_cidr_blocks": [],
                "prefix_list_ids": [],
                "protocol": "tcp",
                "security_groups": [],
                "self": false,
                "to_port": 22
              }
            ],
            "name": "ec2_bastion_sg",
            "name_prefix": "",
            "owner_id": "666897452748",
            "revoke_rules_on_delete": false,
            "tags": {},
            "tags_all": {},
            "timeouts": null,
            "vpc_id": "vpc-05cba648f25f0a8e7"
          },
          "sensitive_attributes": [],
          "private": "eyJlMmJmYjczMC1lY2FhLTExZTYtOGY4OC0zNDM2M2JjN2M0YzAiOnsiY3JlYXRlIjo2MDAwMDAwMDAwMDAsImRlbGV0ZSI6OTAwMDAwMDAwMDAwfSwic2NoZW1hX3ZlcnNpb24iOiIxIn0=",
          "dependencies": [
            "module.vpc.aws_vpc.cluster_vpc"
          ]
        }
      ]
    },
    {
      "module": "module.ecr",
      "mode": "data",
      "type": "aws_iam_policy_document",
      "name": "philopolicy",
      "provider": "provider[\"registry.terraform.io/hashicorp/aws\"]",
      "instances": [
        {
          "schema_version": 0,
          "attributes": {
            "id": "3238775489",
            "json": "{\n  \"Version\": \"2012-10-17\",\n  \"Statement\": [\n    {\n      \"Sid\": \"new policy\",\n      \"Effect\": \"Allow\",\n      \"Action\": [\n        \"ecr:UploadLayerPart\",\n        \"ecr:SetRepositoryPolicy\",\n        \"ecr:PutImage\",\n        \"ecr:ListImages\",\n        \"ecr:InitiateLayerUpload\",\n        \"ecr:GetRepositoryPolicy\",\n        \"ecr:GetDownloadUrlForLayer\",\n        \"ecr:DescribeRepositories\",\n        \"ecr:DeleteRepositoryPolicy\",\n        \"ecr:DeleteRepository\",\n        \"ecr:CompleteLayerUpload\",\n        \"ecr:BatchGetImage\",\n        \"ecr:BatchDeleteImage\",\n        \"ecr:BatchCheckLayerAvailability\"\n      ],\n      \"Principal\": {\n        \"AWS\": \"*\"\n      }\n    }\n  ]\n}",
            "override_policy_documents": null,
            "policy_id": null,
            "source_policy_documents": null,
            "statement": [
              {
                "actions": [
                  "ecr:BatchCheckLayerAvailability",
                  "ecr:BatchDeleteImage",
                  "ecr:BatchGetImage",
                  "ecr:CompleteLayerUpload",
                  "ecr:DeleteRepository",
                  "ecr:DeleteRepositoryPolicy",
                  "ecr:DescribeRepositories",
                  "ecr:GetDownloadUrlForLayer",
                  "ecr:GetRepositoryPolicy",
                  "ecr:InitiateLayerUpload",
                  "ecr:ListImages",
                  "ecr:PutImage",
                  "ecr:SetRepositoryPolicy",
                  "ecr:UploadLayerPart"
                ],
                "condition": [],
                "effect": "Allow",
                "not_actions": [],
                "not_principals": [],
                "not_resources": [],
                "principals": [
                  {
                    "identifiers": [
                      "*"
                    ],
                    "type": "AWS"
                  }
                ],
                "resources": [],
                "sid": "new policy"
              }
            ],
            "version": "2012-10-17"
          },
          "sensitive_attributes": []
        }
      ]
    },
    {
      "module": "module.ecr",
      "mode": "data",
      "type": "aws_iam_policy_document",
      "name": "philopolicy_express",
      "provider": "provider[\"registry.terraform.io/hashicorp/aws\"]",
      "instances": [
        {
          "schema_version": 0,
          "attributes": {
            "id": "3238775489",
            "json": "{\n  \"Version\": \"2012-10-17\",\n  \"Statement\": [\n    {\n      \"Sid\": \"new policy\",\n      \"Effect\": \"Allow\",\n      \"Action\": [\n        \"ecr:UploadLayerPart\",\n        \"ecr:SetRepositoryPolicy\",\n        \"ecr:PutImage\",\n        \"ecr:ListImages\",\n        \"ecr:InitiateLayerUpload\",\n        \"ecr:GetRepositoryPolicy\",\n        \"ecr:GetDownloadUrlForLayer\",\n        \"ecr:DescribeRepositories\",\n        \"ecr:DeleteRepositoryPolicy\",\n        \"ecr:DeleteRepository\",\n        \"ecr:CompleteLayerUpload\",\n        \"ecr:BatchGetImage\",\n        \"ecr:BatchDeleteImage\",\n        \"ecr:BatchCheckLayerAvailability\"\n      ],\n      \"Principal\": {\n        \"AWS\": \"*\"\n      }\n    }\n  ]\n}",
            "override_policy_documents": null,
            "policy_id": null,
            "source_policy_documents": null,
            "statement": [
              {
                "actions": [
                  "ecr:BatchCheckLayerAvailability",
                  "ecr:BatchDeleteImage",
                  "ecr:BatchGetImage",
                  "ecr:CompleteLayerUpload",
                  "ecr:DeleteRepository",
                  "ecr:DeleteRepositoryPolicy",
                  "ecr:DescribeRepositories",
                  "ecr:GetDownloadUrlForLayer",
                  "ecr:GetRepositoryPolicy",
                  "ecr:InitiateLayerUpload",
                  "ecr:ListImages",
                  "ecr:PutImage",
                  "ecr:SetRepositoryPolicy",
                  "ecr:UploadLayerPart"
                ],
                "condition": [],
                "effect": "Allow",
                "not_actions": [],
                "not_principals": [],
                "not_resources": [],
                "principals": [
                  {
                    "identifiers": [
                      "*"
                    ],
                    "type": "AWS"
                  }
                ],
                "resources": [],
                "sid": "new policy"
              }
            ],
            "version": "2012-10-17"
          },
          "sensitive_attributes": []
        }
      ]
    },
    {
      "module": "module.ecr",
      "mode": "managed",
      "type": "aws_ecr_lifecycle_policy",
      "name": "repo-policy",
      "provider": "provider[\"registry.terraform.io/hashicorp/aws\"]",
      "instances": [
        {
          "schema_version": 0,
          "attributes": {
            "id": "philoberry_front/service_dev",
            "policy": "{\"rules\":[{\"action\":{\"type\":\"expire\"},\"description\":\"Keep image deployed with tag latest\",\"rulePriority\":1,\"selection\":{\"countNumber\":1,\"countType\":\"imageCountMoreThan\",\"tagPrefixList\":[\"latest\"],\"tagStatus\":\"tagged\"}},{\"action\":{\"type\":\"expire\"},\"description\":\"Keep last 2 any images\",\"rulePriority\":2,\"selection\":{\"countNumber\":2,\"countType\":\"imageCountMoreThan\",\"tagStatus\":\"any\"}}]}",
            "registry_id": "666897452748",
            "repository": "philoberry_front/service_dev"
          },
          "sensitive_attributes": [],
          "private": "bnVsbA==",
          "dependencies": [
            "module.ecr.aws_ecr_repository.repo"
          ]
        }
      ]
    },
    {
      "module": "module.ecr",
      "mode": "managed",
      "type": "aws_ecr_lifecycle_policy",
      "name": "repo-policy3",
      "provider": "provider[\"registry.terraform.io/hashicorp/aws\"]",
      "instances": [
        {
          "schema_version": 0,
          "attributes": {
            "id": "philoberry_express/service_dev",
            "policy": "{\"rules\":[{\"action\":{\"type\":\"expire\"},\"description\":\"Keep image deployed with tag latest\",\"rulePriority\":1,\"selection\":{\"countNumber\":1,\"countType\":\"imageCountMoreThan\",\"tagPrefixList\":[\"latest\"],\"tagStatus\":\"tagged\"}},{\"action\":{\"type\":\"expire\"},\"description\":\"Keep last 2 any images\",\"rulePriority\":2,\"selection\":{\"countNumber\":2,\"countType\":\"imageCountMoreThan\",\"tagStatus\":\"any\"}}]}",
            "registry_id": "666897452748",
            "repository": "philoberry_express/service_dev"
          },
          "sensitive_attributes": [],
          "private": "bnVsbA==",
          "dependencies": [
            "module.ecr.aws_ecr_repository.repo3"
          ]
        }
      ]
    },
    {
      "module": "module.ecr",
      "mode": "managed",
      "type": "aws_ecr_repository",
      "name": "repo",
      "provider": "provider[\"registry.terraform.io/hashicorp/aws\"]",
      "instances": [
        {
          "schema_version": 0,
          "attributes": {
            "arn": "arn:aws:ecr:ap-northeast-2:666897452748:repository/philoberry_front/service_dev",
            "encryption_configuration": [
              {
                "encryption_type": "AES256",
                "kms_key": ""
              }
            ],
            "force_delete": null,
            "id": "philoberry_front/service_dev",
            "image_scanning_configuration": [
              {
                "scan_on_push": false
              }
            ],
            "image_tag_mutability": "MUTABLE",
            "name": "philoberry_front/service_dev",
            "registry_id": "666897452748",
            "repository_url": "666897452748.dkr.ecr.ap-northeast-2.amazonaws.com/philoberry_front/service_dev",
            "tags": {},
            "tags_all": {},
            "timeouts": null
          },
          "sensitive_attributes": [],
          "private": "eyJlMmJmYjczMC1lY2FhLTExZTYtOGY4OC0zNDM2M2JjN2M0YzAiOnsiZGVsZXRlIjoxMjAwMDAwMDAwMDAwfX0="
        }
      ]
    },
    {
      "module": "module.ecr",
      "mode": "managed",
      "type": "aws_ecr_repository",
      "name": "repo3",
      "provider": "provider[\"registry.terraform.io/hashicorp/aws\"]",
      "instances": [
        {
          "schema_version": 0,
          "attributes": {
            "arn": "arn:aws:ecr:ap-northeast-2:666897452748:repository/philoberry_express/service_dev",
            "encryption_configuration": [
              {
                "encryption_type": "AES256",
                "kms_key": ""
              }
            ],
            "force_delete": null,
            "id": "philoberry_express/service_dev",
            "image_scanning_configuration": [
              {
                "scan_on_push": false
              }
            ],
            "image_tag_mutability": "MUTABLE",
            "name": "philoberry_express/service_dev",
            "registry_id": "666897452748",
            "repository_url": "666897452748.dkr.ecr.ap-northeast-2.amazonaws.com/philoberry_express/service_dev",
            "tags": {},
            "tags_all": {},
            "timeouts": null
          },
          "sensitive_attributes": [],
          "private": "eyJlMmJmYjczMC1lY2FhLTExZTYtOGY4OC0zNDM2M2JjN2M0YzAiOnsiZGVsZXRlIjoxMjAwMDAwMDAwMDAwfX0="
        }
      ]
    },
    {
      "module": "module.ecr",
      "mode": "managed",
      "type": "aws_ecr_repository_policy",
      "name": "philopolicy",
      "provider": "provider[\"registry.terraform.io/hashicorp/aws\"]",
      "instances": [
        {
          "schema_version": 0,
          "attributes": {
            "id": "philoberry_front/service_dev",
            "policy": "{\"Statement\":[{\"Action\":[\"ecr:UploadLayerPart\",\"ecr:SetRepositoryPolicy\",\"ecr:PutImage\",\"ecr:ListImages\",\"ecr:InitiateLayerUpload\",\"ecr:GetRepositoryPolicy\",\"ecr:GetDownloadUrlForLayer\",\"ecr:DescribeRepositories\",\"ecr:DeleteRepositoryPolicy\",\"ecr:DeleteRepository\",\"ecr:CompleteLayerUpload\",\"ecr:BatchGetImage\",\"ecr:BatchDeleteImage\",\"ecr:BatchCheckLayerAvailability\"],\"Effect\":\"Allow\",\"Principal\":{\"AWS\":\"*\"},\"Sid\":\"new policy\"}],\"Version\":\"2012-10-17\"}",
            "registry_id": "666897452748",
            "repository": "philoberry_front/service_dev"
          },
          "sensitive_attributes": [],
          "private": "bnVsbA==",
          "dependencies": [
            "module.ecr.aws_ecr_repository.repo",
            "module.ecr.data.aws_iam_policy_document.philopolicy"
          ]
        }
      ]
    },
    {
      "module": "module.ecr",
      "mode": "managed",
      "type": "aws_ecr_repository_policy",
      "name": "philopolicy3",
      "provider": "provider[\"registry.terraform.io/hashicorp/aws\"]",
      "instances": [
        {
          "schema_version": 0,
          "attributes": {
            "id": "philoberry_express/service_dev",
            "policy": "{\"Statement\":[{\"Action\":[\"ecr:UploadLayerPart\",\"ecr:SetRepositoryPolicy\",\"ecr:PutImage\",\"ecr:ListImages\",\"ecr:InitiateLayerUpload\",\"ecr:GetRepositoryPolicy\",\"ecr:GetDownloadUrlForLayer\",\"ecr:DescribeRepositories\",\"ecr:DeleteRepositoryPolicy\",\"ecr:DeleteRepository\",\"ecr:CompleteLayerUpload\",\"ecr:BatchGetImage\",\"ecr:BatchDeleteImage\",\"ecr:BatchCheckLayerAvailability\"],\"Effect\":\"Allow\",\"Principal\":{\"AWS\":\"*\"},\"Sid\":\"new policy\"}],\"Version\":\"2012-10-17\"}",
            "registry_id": "666897452748",
            "repository": "philoberry_express/service_dev"
          },
          "sensitive_attributes": [],
          "private": "bnVsbA==",
          "dependencies": [
            "module.ecr.aws_ecr_repository.repo3",
            "module.ecr.data.aws_iam_policy_document.philopolicy_express"
          ]
        }
      ]
    },
    {
      "module": "module.ecs-cluster",
      "mode": "data",
      "type": "aws_ami",
      "name": "ecs",
      "provider": "provider[\"registry.terraform.io/hashicorp/aws\"]",
      "instances": [
        {
          "schema_version": 0,
          "attributes": {
            "architecture": "x86_64",
            "arn": "arn:aws:ec2:ap-northeast-2::image/ami-027ccab5ccd446ed4",
            "block_device_mappings": [
              {
                "device_name": "/dev/xvda",
                "ebs": {
                  "delete_on_termination": "true",
                  "encrypted": "false",
                  "iops": "0",
                  "snapshot_id": "snap-092cea210b7e11564",
                  "throughput": "0",
                  "volume_size": "30",
                  "volume_type": "gp2"
                },
                "no_device": "",
                "virtual_name": ""
              }
            ],
            "boot_mode": "",
            "creation_date": "2023-12-04T21:55:31.000Z",
            "deprecation_time": "2025-12-04T21:55:31.000Z",
            "description": "Amazon Linux AMI 2.0.20231204 x86_64 ECS HVM GP2",
            "ena_support": true,
            "executable_users": null,
            "filter": [
              {
                "name": "name",
                "values": [
                  "amzn2-ami-ecs-hvm-*-x86_64-ebs"
                ]
              },
              {
                "name": "virtualization-type",
                "values": [
                  "hvm"
                ]
              }
            ],
            "hypervisor": "xen",
            "id": "ami-027ccab5ccd446ed4",
            "image_id": "ami-027ccab5ccd446ed4",
            "image_location": "amazon/amzn2-ami-ecs-hvm-2.0.20231204-x86_64-ebs",
            "image_owner_alias": "amazon",
            "image_type": "machine",
            "imds_support": "",
            "include_deprecated": false,
            "kernel_id": "",
            "most_recent": true,
            "name": "amzn2-ami-ecs-hvm-2.0.20231204-x86_64-ebs",
            "name_regex": null,
            "owner_id": "591542846629",
            "owners": [
              "591542846629"
            ],
            "platform": "",
            "platform_details": "Linux/UNIX",
            "product_codes": [],
            "public": true,
            "ramdisk_id": "",
            "root_device_name": "/dev/xvda",
            "root_device_type": "ebs",
            "root_snapshot_id": "snap-092cea210b7e11564",
            "sriov_net_support": "simple",
            "state": "available",
            "state_reason": {
              "code": "UNSET",
              "message": "UNSET"
            },
            "tags": {},
            "timeouts": null,
            "tpm_support": "",
            "usage_operation": "RunInstances",
            "virtualization_type": "hvm"
          },
          "sensitive_attributes": []
        }
      ]
    },
    {
      "module": "module.ecs-cluster",
      "mode": "managed",
      "type": "aws_autoscaling_group",
      "name": "cluster",
      "provider": "provider[\"registry.terraform.io/hashicorp/aws\"]",
      "instances": [
        {
          "schema_version": 1,
          "attributes": {
            "arn": "arn:aws:autoscaling:ap-northeast-2:666897452748:autoScalingGroup:bfa74a53-91c3-446a-975f-2cb4845b5e39:autoScalingGroupName/ecs-dev-autoscaling",
            "availability_zones": [
              "ap-northeast-2a",
              "ap-northeast-2b"
            ],
            "capacity_rebalance": false,
            "context": "",
            "default_cooldown": 300,
            "default_instance_warmup": 0,
            "desired_capacity": 1,
            "desired_capacity_type": "",
            "enabled_metrics": [],
            "force_delete": false,
            "force_delete_warm_pool": false,
            "health_check_grace_period": 300,
            "health_check_type": "EC2",
            "id": "ecs-dev-autoscaling",
            "ignore_failed_scaling_activities": false,
            "initial_lifecycle_hook": [],
            "instance_refresh": [],
            "launch_configuration": "ecs-dev-launch_config20231207052407405600000001",
            "launch_template": [],
            "load_balancers": [],
            "max_instance_lifetime": 0,
            "max_size": 4,
            "metrics_granularity": "1Minute",
            "min_elb_capacity": null,
            "min_size": 1,
            "mixed_instances_policy": [],
            "name": "ecs-dev-autoscaling",
            "name_prefix": "",
            "placement_group": "",
            "predicted_capacity": 0,
            "protect_from_scale_in": false,
            "service_linked_role_arn": "arn:aws:iam::666897452748:role/aws-service-role/autoscaling.amazonaws.com/AWSServiceRoleForAutoScaling",
            "suspended_processes": [],
            "tag": [
              {
                "key": "Name",
                "propagate_at_launch": true,
                "value": "dev-ecs"
              }
            ],
            "target_group_arns": [],
            "termination_policies": [
              "OldestLaunchConfiguration",
              "Default"
            ],
            "timeouts": null,
            "traffic_source": [],
            "vpc_zone_identifier": [
              "subnet-004687cd89d4304ce",
              "subnet-07fc8f2a9a782444a"
            ],
            "wait_for_capacity_timeout": "10m",
            "wait_for_elb_capacity": null,
            "warm_pool": [],
            "warm_pool_size": 0
          },
          "sensitive_attributes": [],
          "private": "eyJlMmJmYjczMC1lY2FhLTExZTYtOGY4OC0zNDM2M2JjN2M0YzAiOnsiZGVsZXRlIjo2MDAwMDAwMDAwMDAsInVwZGF0ZSI6NjAwMDAwMDAwMDAwfSwic2NoZW1hX3ZlcnNpb24iOiIxIn0=",
          "dependencies": [
            "module.ecs-cluster.aws_iam_instance_profile.cluster-ec2-role",
            "module.ecs-cluster.aws_launch_configuration.cluster",
            "module.ecs-cluster.aws_security_group.ecs-cluster-sg",
            "module.ecs-cluster.data.aws_ami.ecs",
            "module.vpc.aws_subnet.private_subnet"
          ]
        }
      ]
    },
    {
      "module": "module.ecs-cluster",
      "mode": "managed",
      "type": "aws_ecs_cluster",
      "name": "cluster",
      "provider": "provider[\"registry.terraform.io/hashicorp/aws\"]",
      "instances": [
        {
          "schema_version": 0,
          "attributes": {
            "arn": "arn:aws:ecs:ap-northeast-2:666897452748:cluster/philoberry-ecs-cluster",
            "configuration": [],
            "id": "arn:aws:ecs:ap-northeast-2:666897452748:cluster/philoberry-ecs-cluster",
            "name": "philoberry-ecs-cluster",
            "service_connect_defaults": [],
            "setting": [
              {
                "name": "containerInsights",
                "value": "disabled"
              }
            ],
            "tags": {},
            "tags_all": {}
          },
          "sensitive_attributes": [],
          "private": "bnVsbA=="
        }
      ]
    },
    {
      "module": "module.ecs-cluster",
      "mode": "managed",
      "type": "aws_iam_instance_profile",
      "name": "cluster-ec2-role",
      "provider": "provider[\"registry.terraform.io/hashicorp/aws\"]",
      "instances": [
        {
          "schema_version": 0,
          "attributes": {
            "arn": "arn:aws:iam::666897452748:instance-profile/ecs-philoberry-ecs-cluster-ec2-role",
            "create_date": "2023-12-07T05:01:06Z",
            "id": "ecs-philoberry-ecs-cluster-ec2-role",
            "name": "ecs-philoberry-ecs-cluster-ec2-role",
            "name_prefix": "",
            "path": "/",
            "role": "ecs-philoberry-ecs-cluster-ec2-role",
            "tags": {},
            "tags_all": {},
            "unique_id": "AIPAZWRRPR3GIZZPGPJUZ"
          },
          "sensitive_attributes": [],
          "private": "bnVsbA==",
          "dependencies": [
            "module.ecs-cluster.aws_iam_role.cluster-ec2-role"
          ],
          "create_before_destroy": true
        }
      ]
    },
    {
      "module": "module.ecs-cluster",
      "mode": "managed",
      "type": "aws_iam_role",
      "name": "cluster-ec2-role",
      "provider": "provider[\"registry.terraform.io/hashicorp/aws\"]",
      "instances": [
        {
          "schema_version": 0,
          "attributes": {
            "arn": "arn:aws:iam::666897452748:role/ecs-philoberry-ecs-cluster-ec2-role",
            "assume_role_policy": "{\"Statement\":[{\"Action\":\"sts:AssumeRole\",\"Effect\":\"Allow\",\"Principal\":{\"Service\":\"ec2.amazonaws.com\"},\"Sid\":\"\"}],\"Version\":\"2012-10-17\"}",
            "create_date": "2023-12-07T05:01:05Z",
            "description": "",
            "force_detach_policies": false,
            "id": "ecs-philoberry-ecs-cluster-ec2-role",
            "inline_policy": [],
            "managed_policy_arns": [],
            "max_session_duration": 3600,
            "name": "ecs-philoberry-ecs-cluster-ec2-role",
            "name_prefix": "",
            "path": "/",
            "permissions_boundary": null,
            "tags": {},
            "tags_all": {},
            "unique_id": "AROAZWRRPR3GONUO4NCDH"
          },
          "sensitive_attributes": [],
          "private": "bnVsbA==",
          "create_before_destroy": true
        }
      ]
    },
    {
      "module": "module.ecs-cluster",
      "mode": "managed",
      "type": "aws_iam_role",
      "name": "cluster-service-role",
      "provider": "provider[\"registry.terraform.io/hashicorp/aws\"]",
      "instances": [
        {
          "schema_version": 0,
          "attributes": {
            "arn": "arn:aws:iam::666897452748:role/ecs-service-role-philoberry-ecs-cluster",
            "assume_role_policy": "{\"Statement\":[{\"Action\":\"sts:AssumeRole\",\"Effect\":\"Allow\",\"Principal\":{\"Service\":\"ecs.amazonaws.com\"},\"Sid\":\"\"}],\"Version\":\"2012-10-17\"}",
            "create_date": "2023-12-07T05:01:03Z",
            "description": "",
            "force_detach_policies": false,
            "id": "ecs-service-role-philoberry-ecs-cluster",
            "inline_policy": [
              {
                "name": "philoberry-ecs-cluster-policy",
                "policy": "{\"Version\":\"2012-10-17\",\"Statement\":[{\"Action\":[\"ec2:AuthorizeSecurityGroupIngress\",\"ec2:Describe*\",\"elasticloadbalancing:DeregisterInstancesFromLoadBalancer\",\"elasticloadbalancing:DeregisterTargets\",\"elasticloadbalancing:Describe*\",\"elasticloadbalancing:RegisterInstancesWithLoadBalancer\",\"elasticloadbalancing:RegisterTargets\"],\"Effect\":\"Allow\",\"Resource\":\"*\"}]}"
              }
            ],
            "managed_policy_arns": [],
            "max_session_duration": 3600,
            "name": "ecs-service-role-philoberry-ecs-cluster",
            "name_prefix": "",
            "path": "/",
            "permissions_boundary": null,
            "tags": {},
            "tags_all": {},
            "unique_id": "AROAZWRRPR3GA2ID6ICEL"
          },
          "sensitive_attributes": [],
          "private": "bnVsbA=="
        }
      ]
    },
    {
      "module": "module.ecs-cluster",
      "mode": "managed",
      "type": "aws_iam_role_policy",
      "name": "cluster-service-role",
      "provider": "provider[\"registry.terraform.io/hashicorp/aws\"]",
      "instances": [
        {
          "schema_version": 0,
          "attributes": {
            "id": "ecs-service-role-philoberry-ecs-cluster:philoberry-ecs-cluster-policy",
            "name": "philoberry-ecs-cluster-policy",
            "name_prefix": null,
            "policy": "{\"Version\":\"2012-10-17\",\"Statement\":[{\"Action\":[\"ec2:AuthorizeSecurityGroupIngress\",\"ec2:Describe*\",\"elasticloadbalancing:DeregisterInstancesFromLoadBalancer\",\"elasticloadbalancing:DeregisterTargets\",\"elasticloadbalancing:Describe*\",\"elasticloadbalancing:RegisterInstancesWithLoadBalancer\",\"elasticloadbalancing:RegisterTargets\"],\"Effect\":\"Allow\",\"Resource\":\"*\"}]}",
            "role": "ecs-service-role-philoberry-ecs-cluster"
          },
          "sensitive_attributes": [],
          "private": "bnVsbA==",
          "dependencies": [
            "module.ecs-cluster.aws_iam_role.cluster-service-role"
          ]
        }
      ]
    },
    {
      "module": "module.ecs-cluster",
      "mode": "managed",
      "type": "aws_launch_configuration",
      "name": "cluster",
      "provider": "provider[\"registry.terraform.io/hashicorp/aws\"]",
      "instances": [
        {
          "schema_version": 0,
          "attributes": {
            "arn": "arn:aws:autoscaling:ap-northeast-2:666897452748:launchConfiguration:28c7d1fb-42c0-4a49-a382-7f734d4855a6:launchConfigurationName/ecs-dev-launch_config20231207052407405600000001",
            "associate_public_ip_address": false,
            "ebs_block_device": [],
            "ebs_optimized": false,
            "enable_monitoring": true,
            "ephemeral_block_device": [],
            "iam_instance_profile": "ecs-philoberry-ecs-cluster-ec2-role",
            "id": "ecs-dev-launch_config20231207052407405600000001",
            "image_id": "ami-027ccab5ccd446ed4",
            "instance_type": "c5a.large",
            "key_name": "philoberry-keypair",
            "metadata_options": [
              {
                "http_endpoint": "enabled",
                "http_put_response_hop_limit": 1,
                "http_tokens": "required"
              }
            ],
            "name": "ecs-dev-launch_config20231207052407405600000001",
            "name_prefix": "ecs-dev-launch_config",
            "placement_tenancy": "",
            "root_block_device": [],
            "security_groups": [
              "sg-00511534df4f2b9ff"
            ],
            "spot_price": "",
            "user_data": "809c6eacae7ae3ae14b40659ee09001be786e373",
            "user_data_base64": null
          },
          "sensitive_attributes": [],
          "private": "bnVsbA==",
          "dependencies": [
            "module.ecs-cluster.aws_iam_instance_profile.cluster-ec2-role",
            "module.ecs-cluster.aws_security_group.ecs-cluster-sg",
            "module.ecs-cluster.data.aws_ami.ecs"
          ],
          "create_before_destroy": true
        }
      ]
    },
    {
      "module": "module.ecs-cluster",
      "mode": "managed",
      "type": "aws_security_group",
      "name": "backend_task",
      "provider": "provider[\"registry.terraform.io/hashicorp/aws\"]",
      "instances": [
        {
          "schema_version": 1,
          "attributes": {
            "arn": "arn:aws:ec2:ap-northeast-2:666897452748:security-group/sg-0d8b6295ed2a203d7",
            "description": "Managed by Terraform",
            "egress": [
              {
                "cidr_blocks": [
                  "0.0.0.0/0"
                ],
                "description": "",
                "from_port": 0,
                "ipv6_cidr_blocks": [],
                "prefix_list_ids": [],
                "protocol": "-1",
                "security_groups": [],
                "self": false,
                "to_port": 0
              }
            ],
            "id": "sg-0d8b6295ed2a203d7",
            "ingress": [
              {
                "cidr_blocks": [],
                "description": "",
                "from_port": 8000,
                "ipv6_cidr_blocks": [],
                "prefix_list_ids": [],
                "protocol": "tcp",
                "security_groups": [
                  "sg-0b70e080c537b16e2",
                  "sg-0be1d58aea5b2f9d2"
                ],
                "self": false,
                "to_port": 8000
              }
            ],
            "name": "backend-task-sg-dev",
            "name_prefix": "",
            "owner_id": "666897452748",
            "revoke_rules_on_delete": false,
            "tags": {},
            "tags_all": {},
            "timeouts": null,
            "vpc_id": "vpc-05cba648f25f0a8e7"
          },
          "sensitive_attributes": [],
          "private": "eyJlMmJmYjczMC1lY2FhLTExZTYtOGY4OC0zNDM2M2JjN2M0YzAiOnsiY3JlYXRlIjo2MDAwMDAwMDAwMDAsImRlbGV0ZSI6OTAwMDAwMDAwMDAwfSwic2NoZW1hX3ZlcnNpb24iOiIxIn0=",
          "dependencies": [
            "module.alb.aws_security_group.alb",
            "module.ecs-cluster.aws_security_group.frontend_task",
            "module.vpc.aws_vpc.cluster_vpc"
          ]
        }
      ]
    },
    {
      "module": "module.ecs-cluster",
      "mode": "managed",
      "type": "aws_security_group",
      "name": "ecs-cluster-sg",
      "provider": "provider[\"registry.terraform.io/hashicorp/aws\"]",
      "instances": [
        {
          "schema_version": 1,
          "attributes": {
            "arn": "arn:aws:ec2:ap-northeast-2:666897452748:security-group/sg-00511534df4f2b9ff",
            "description": "philoberry-ecs-cluster",
            "egress": [
              {
                "cidr_blocks": [
                  "0.0.0.0/0"
                ],
                "description": "",
                "from_port": 0,
                "ipv6_cidr_blocks": [],
                "prefix_list_ids": [],
                "protocol": "-1",
                "security_groups": [],
                "self": false,
                "to_port": 0
              }
            ],
            "id": "sg-00511534df4f2b9ff",
            "ingress": [
              {
                "cidr_blocks": [],
                "description": "",
                "from_port": 32768,
                "ipv6_cidr_blocks": [],
                "prefix_list_ids": [],
                "protocol": "tcp",
                "security_groups": [
                  "sg-0b70e080c537b16e2"
                ],
                "self": false,
                "to_port": 61000
              }
            ],
            "name": "philoberry-ecs-cluster",
            "name_prefix": "",
            "owner_id": "666897452748",
            "revoke_rules_on_delete": false,
            "tags": {},
            "tags_all": {},
            "timeouts": null,
            "vpc_id": "vpc-05cba648f25f0a8e7"
          },
          "sensitive_attributes": [],
          "private": "eyJlMmJmYjczMC1lY2FhLTExZTYtOGY4OC0zNDM2M2JjN2M0YzAiOnsiY3JlYXRlIjo2MDAwMDAwMDAwMDAsImRlbGV0ZSI6OTAwMDAwMDAwMDAwfSwic2NoZW1hX3ZlcnNpb24iOiIxIn0=",
          "dependencies": [
            "module.vpc.aws_vpc.cluster_vpc"
          ],
          "create_before_destroy": true
        }
      ]
    },
    {
      "module": "module.ecs-cluster",
      "mode": "managed",
      "type": "aws_security_group",
      "name": "frontend_task",
      "provider": "provider[\"registry.terraform.io/hashicorp/aws\"]",
      "instances": [
        {
          "schema_version": 1,
          "attributes": {
            "arn": "arn:aws:ec2:ap-northeast-2:666897452748:security-group/sg-0be1d58aea5b2f9d2",
            "description": "Managed by Terraform",
            "egress": [
              {
                "cidr_blocks": [
                  "0.0.0.0/0"
                ],
                "description": "",
                "from_port": 0,
                "ipv6_cidr_blocks": [],
                "prefix_list_ids": [],
                "protocol": "-1",
                "security_groups": [],
                "self": false,
                "to_port": 0
              }
            ],
            "id": "sg-0be1d58aea5b2f9d2",
            "ingress": [
              {
                "cidr_blocks": [],
                "description": "",
                "from_port": 3000,
                "ipv6_cidr_blocks": [],
                "prefix_list_ids": [],
                "protocol": "tcp",
                "security_groups": [
                  "sg-0b70e080c537b16e2"
                ],
                "self": false,
                "to_port": 3000
              }
            ],
            "name": "frontend-task-sg-dev",
            "name_prefix": "",
            "owner_id": "666897452748",
            "revoke_rules_on_delete": false,
            "tags": {},
            "tags_all": {},
            "timeouts": null,
            "vpc_id": "vpc-05cba648f25f0a8e7"
          },
          "sensitive_attributes": [],
          "private": "eyJlMmJmYjczMC1lY2FhLTExZTYtOGY4OC0zNDM2M2JjN2M0YzAiOnsiY3JlYXRlIjo2MDAwMDAwMDAwMDAsImRlbGV0ZSI6OTAwMDAwMDAwMDAwfSwic2NoZW1hX3ZlcnNpb24iOiIxIn0=",
          "dependencies": [
            "module.alb.aws_security_group.alb",
            "module.vpc.aws_vpc.cluster_vpc"
          ]
        }
      ]
    },
    {
      "module": "module.ecs-cluster",
      "mode": "managed",
      "type": "aws_security_group_rule",
      "name": "cluster-egress",
      "provider": "provider[\"registry.terraform.io/hashicorp/aws\"]",
      "instances": [
        {
          "schema_version": 2,
          "attributes": {
            "cidr_blocks": [
              "0.0.0.0/0"
            ],
            "description": "",
            "from_port": 0,
            "id": "sgrule-1188625617",
            "ipv6_cidr_blocks": null,
            "prefix_list_ids": null,
            "protocol": "-1",
            "security_group_id": "sg-00511534df4f2b9ff",
            "security_group_rule_id": "sgr-0cd0d82d543cb044c",
            "self": false,
            "source_security_group_id": null,
            "timeouts": null,
            "to_port": 0,
            "type": "egress"
          },
          "sensitive_attributes": [],
          "private": "eyJlMmJmYjczMC1lY2FhLTExZTYtOGY4OC0zNDM2M2JjN2M0YzAiOnsiY3JlYXRlIjozMDAwMDAwMDAwMDB9LCJzY2hlbWFfdmVyc2lvbiI6IjIifQ==",
          "dependencies": [
            "module.ecs-cluster.aws_security_group.ecs-cluster-sg",
            "module.vpc.aws_vpc.cluster_vpc"
          ]
        }
      ]
    },
    {
      "module": "module.ecs-service",
      "mode": "data",
      "type": "aws_iam_policy_document",
      "name": "ecs_task_execution_role",
      "provider": "provider[\"registry.terraform.io/hashicorp/aws\"]",
      "instances": [
        {
          "schema_version": 0,
          "attributes": {
            "id": "1077804475",
            "json": "{\n  \"Version\": \"2012-10-17\",\n  \"Statement\": [\n    {\n      \"Effect\": \"Allow\",\n      \"Action\": \"sts:AssumeRole\",\n      \"Principal\": {\n        \"Service\": \"ecs-tasks.amazonaws.com\"\n      }\n    }\n  ]\n}",
            "override_policy_documents": null,
            "policy_id": null,
            "source_policy_documents": null,
            "statement": [
              {
                "actions": [
                  "sts:AssumeRole"
                ],
                "condition": [],
                "effect": "Allow",
                "not_actions": [],
                "not_principals": [],
                "not_resources": [],
                "principals": [
                  {
                    "identifiers": [
                      "ecs-tasks.amazonaws.com"
                    ],
                    "type": "Service"
                  }
                ],
                "resources": [],
                "sid": ""
              }
            ],
            "version": "2012-10-17"
          },
          "sensitive_attributes": []
        }
      ]
    },
    {
      "module": "module.ecs-service",
      "mode": "data",
      "type": "template_file",
      "name": "backend",
      "provider": "provider[\"registry.terraform.io/hashicorp/template\"]",
      "instances": [
        {
          "schema_version": 0,
          "attributes": {
            "filename": null,
            "id": "e645aaaa06fab1eec93e555aecf991d33ba169c3eb0ccf3bbbdd0377358e239c",
            "rendered": "[\r\n  {\r\n    \"name\": \"philoberry-repository_express\",\r\n    \"image\": \"666897452748.dkr.ecr.ap-northeast-2.amazonaws.com/philoberry_express/service_dev:latest\",\r\n    \"essential\": true,\r\n    \"logConfiguration\": {\r\n      \"logDriver\": \"awslogs\",\r\n      \"options\": {\r\n        \"awslogs-region\": \"ap-northeast-2\",\r\n        \"awslogs-stream-prefix\": \"express-service\",\r\n        \"awslogs-group\": \"awslogs-all-dev\"\r\n      }\r\n    },\r\n    \"portMappings\": [\r\n      {\r\n        \"containerPort\": 8000,\r\n        \"protocol\": \"tcp\"\r\n      }\r\n    ],\r\n    \"healthCheck\":{\r\n      \"command\":[\"CMD-SHELL\",\"curl -f http://localhost:8000/healthcheck || exit 1\"],\r\n      \"interval\" :30,\r\n      \"timeout\" :5,\r\n      \"retries\" :3\r\n    },\r\n    \"cpu\": 1,\r\n    \"mountPoints\": [],\r\n    \"memory\": 1024,\r\n    \"volumesFrom\": []\r\n  }\r\n]\r\n",
            "template": "[\r\n  {\r\n    \"name\": \"${application_name}_express\",\r\n    \"image\": \"${aws_express_repository}:${tag}\",\r\n    \"essential\": true,\r\n    \"logConfiguration\": {\r\n      \"logDriver\": \"awslogs\",\r\n      \"options\": {\r\n        \"awslogs-region\": \"${region}\",\r\n        \"awslogs-stream-prefix\": \"express-service\",\r\n        \"awslogs-group\": \"awslogs-all-${service_type}\"\r\n      }\r\n    },\r\n    \"portMappings\": [\r\n      {\r\n        \"containerPort\": ${express_container_port},\r\n        \"protocol\": \"tcp\"\r\n      }\r\n    ],\r\n    \"healthCheck\":{\r\n      \"command\":[\"CMD-SHELL\",\"curl -f http://localhost:8000/healthcheck || exit 1\"],\r\n      \"interval\" :30,\r\n      \"timeout\" :5,\r\n      \"retries\" :3\r\n    },\r\n    \"cpu\": 1,\r\n    \"mountPoints\": [],\r\n    \"memory\": 1024,\r\n    \"volumesFrom\": []\r\n  }\r\n]\r\n",
            "vars": {
              "application_name": "philoberry-repository",
              "aws_express_repository": "666897452748.dkr.ecr.ap-northeast-2.amazonaws.com/philoberry_express/service_dev",
              "express_container_port": "8000",
              "region": "ap-northeast-2",
              "registry_arn": "arn:aws:servicediscovery:ap-northeast-2:666897452748:service/srv-vrt4k5rvizt3cbc6",
              "service_type": "dev",
              "tag": "latest"
            }
          },
          "sensitive_attributes": []
        }
      ]
    },
    {
      "module": "module.ecs-service",
      "mode": "data",
      "type": "template_file",
      "name": "frontend",
      "provider": "provider[\"registry.terraform.io/hashicorp/template\"]",
      "instances": [
        {
          "schema_version": 0,
          "attributes": {
            "filename": null,
            "id": "3945acbd49d05a33aace57a611c27db79602e9280b6f00051ce60738e10d9903",
            "rendered": "[\r\n  {\r\n    \"name\": \"philoberry-repository_frontend\",\r\n    \"image\": \"666897452748.dkr.ecr.ap-northeast-2.amazonaws.com/philoberry_front/service_dev:latest\",\r\n    \"essential\": true,\r\n    \"logConfiguration\": {\r\n      \"logDriver\": \"awslogs\",\r\n      \"options\": {\r\n        \"awslogs-region\": \"ap-northeast-2\",\r\n        \"awslogs-stream-prefix\": \"frontend-service\",\r\n        \"awslogs-group\": \"awslogs-all-dev\"\r\n      }\r\n    },\r\n    \"portMappings\": [\r\n      {\r\n        \"containerPort\": 3000,\r\n        \"protocol\": \"tcp\"\r\n      }\r\n    ],\r\n    \"healthCheck\":{\r\n      \"command\":[\"CMD-SHELL\",\"curl -f http://localhost:3000 || exit 1\"],\r\n      \"interval\" :30,\r\n      \"timeout\" :5,\r\n      \"retries\" :3\r\n    },\r\n    \"cpu\": 1,\r\n    \"environment\": [\r\n      {\r\n        \"name\": \"PORT\",\r\n        \"value\": \"3000\"\r\n      }\r\n    ],\r\n    \"mountPoints\" : [ {\r\n      \"sourceVolume\": \"philoberry_home\",\r\n      \"containerPath\": \"/jenkins_philoberry_home\"\r\n    }],\r\n    \"memory\": 3072,\r\n    \"volumesFrom\": []\r\n  }\r\n]",
            "template": "[\r\n  {\r\n    \"name\": \"${application_name}_frontend\",\r\n    \"image\": \"${aws_front_repository}:${tag}\",\r\n    \"essential\": true,\r\n    \"logConfiguration\": {\r\n      \"logDriver\": \"awslogs\",\r\n      \"options\": {\r\n        \"awslogs-region\": \"${region}\",\r\n        \"awslogs-stream-prefix\": \"frontend-service\",\r\n        \"awslogs-group\": \"awslogs-all-${service_type}\"\r\n      }\r\n    },\r\n    \"portMappings\": [\r\n      {\r\n        \"containerPort\": ${frontend_container_port},\r\n        \"protocol\": \"tcp\"\r\n      }\r\n    ],\r\n    \"healthCheck\":{\r\n      \"command\":[\"CMD-SHELL\",\"curl -f http://localhost:3000 || exit 1\"],\r\n      \"interval\" :30,\r\n      \"timeout\" :5,\r\n      \"retries\" :3\r\n    },\r\n    \"cpu\": 1,\r\n    \"environment\": [\r\n      {\r\n        \"name\": \"PORT\",\r\n        \"value\": \"3000\"\r\n      }\r\n    ],\r\n    \"mountPoints\" : [ {\r\n      \"sourceVolume\": \"philoberry_home\",\r\n      \"containerPath\": \"/jenkins_philoberry_home\"\r\n    }],\r\n    \"memory\": 3072,\r\n    \"volumesFrom\": []\r\n  }\r\n]",
            "vars": {
              "application_name": "philoberry-repository",
              "aws_front_repository": "666897452748.dkr.ecr.ap-northeast-2.amazonaws.com/philoberry_front/service_dev",
              "frontend_container_port": "3000",
              "region": "ap-northeast-2",
              "registry_arn": "arn:aws:servicediscovery:ap-northeast-2:666897452748:service/srv-wigqm36d7i7sd2ow",
              "service_type": "dev",
              "tag": "latest"
            }
          },
          "sensitive_attributes": []
        }
      ]
    },
    {
      "module": "module.ecs-service",
      "mode": "managed",
      "type": "aws_appautoscaling_policy",
      "name": "scale_down",
      "provider": "provider[\"registry.terraform.io/hashicorp/aws\"]",
      "instances": [
        {
          "schema_version": 0,
          "attributes": {
            "alarm_arns": [
              "arn:aws:cloudwatch:ap-northeast-2:666897452748:alarm:TargetTracking-service/arn:aws:ecs:ap-northeast-2:666897452748:cluster/philoberry-ecs-cluster/frontend-service-dev-AlarmHigh-a6be9986-d9ab-4708-88d1-1bcd205bbd4a",
              "arn:aws:cloudwatch:ap-northeast-2:666897452748:alarm:TargetTracking-service/arn:aws:ecs:ap-northeast-2:666897452748:cluster/philoberry-ecs-cluster/frontend-service-dev-AlarmLow-c9efc56a-7682-41ab-856b-44a99a44fc4f"
            ],
            "arn": "arn:aws:autoscaling:ap-northeast-2:666897452748:scalingPolicy:8ccbaeb6-c222-4d2c-a3a0-1f5b8e8e3bb0:resource/ecs/service/arn:aws:ecs:ap-northeast-2:666897452748:cluster/philoberry-ecs-cluster/frontend-service-dev:policyName/scale-down",
            "id": "scale-down",
            "name": "scale-down",
            "policy_type": "TargetTrackingScaling",
            "resource_id": "service/arn:aws:ecs:ap-northeast-2:666897452748:cluster/philoberry-ecs-cluster/frontend-service-dev",
            "scalable_dimension": "ecs:service:DesiredCount",
            "service_namespace": "ecs",
            "step_scaling_policy_configuration": [],
            "target_tracking_scaling_policy_configuration": [
              {
                "customized_metric_specification": [],
                "disable_scale_in": false,
                "predefined_metric_specification": [
                  {
                    "predefined_metric_type": "ECSServiceAverageCPUUtilization",
                    "resource_label": ""
                  }
                ],
                "scale_in_cooldown": 300,
                "scale_out_cooldown": 300,
                "target_value": 25
              }
            ]
          },
          "sensitive_attributes": [],
          "private": "bnVsbA==",
          "dependencies": [
            "module.alb.aws_lb.alb",
            "module.alb.aws_lb_listener.http_listener",
            "module.alb.aws_lb_listener.https_listener",
            "module.alb.aws_security_group.alb",
            "module.cloudmap.aws_service_discovery_private_dns_namespace.philoberry",
            "module.cloudmap.aws_service_discovery_service.frontend",
            "module.ecr.aws_ecr_repository.repo",
            "module.ecs-cluster.aws_ecs_cluster.cluster",
            "module.ecs-cluster.aws_security_group.frontend_task",
            "module.ecs-service.aws_appautoscaling_target.target",
            "module.ecs-service.aws_ecs_service.frontend",
            "module.ecs-service.aws_ecs_task_definition.frontend",
            "module.ecs-service.aws_iam_role.ecs_task_execution_role",
            "module.ecs-service.aws_iam_role.philoberry_ecs_task",
            "module.ecs-service.aws_iam_role_policy_attachment.ecs_task_execution_role",
            "module.ecs-service.aws_lb_target_group.frontend_service_blue",
            "module.ecs-service.data.aws_iam_policy_document.ecs_task_execution_role",
            "module.ecs-service.data.template_file.frontend",
            "module.efs.aws_efs_access_point.philoberry",
            "module.efs.aws_efs_file_system.philberryt-efs",
            "module.route53.aws_acm_certificate.acm",
            "module.vpc.aws_subnet.private_subnet",
            "module.vpc.aws_subnet.public_subnet",
            "module.vpc.aws_vpc.cluster_vpc",
            "module.vpc.data.aws_availability_zones.available"
          ]
        }
      ]
    },
    {
      "module": "module.ecs-service",
      "mode": "managed",
      "type": "aws_appautoscaling_policy",
      "name": "scale_up",
      "provider": "provider[\"registry.terraform.io/hashicorp/aws\"]",
      "instances": [
        {
          "schema_version": 0,
          "attributes": {
            "alarm_arns": [
              "arn:aws:cloudwatch:ap-northeast-2:666897452748:alarm:TargetTracking-service/arn:aws:ecs:ap-northeast-2:666897452748:cluster/philoberry-ecs-cluster/frontend-service-dev-AlarmHigh-6f528d79-ba0a-43c6-8743-25ebdb99412a",
              "arn:aws:cloudwatch:ap-northeast-2:666897452748:alarm:TargetTracking-service/arn:aws:ecs:ap-northeast-2:666897452748:cluster/philoberry-ecs-cluster/frontend-service-dev-AlarmLow-34ec782e-9a58-4216-9c5f-19ae3e0a5307"
            ],
            "arn": "arn:aws:autoscaling:ap-northeast-2:666897452748:scalingPolicy:8ccbaeb6-c222-4d2c-a3a0-1f5b8e8e3bb0:resource/ecs/service/arn:aws:ecs:ap-northeast-2:666897452748:cluster/philoberry-ecs-cluster/frontend-service-dev:policyName/scale-up",
            "id": "scale-up",
            "name": "scale-up",
            "policy_type": "TargetTrackingScaling",
            "resource_id": "service/arn:aws:ecs:ap-northeast-2:666897452748:cluster/philoberry-ecs-cluster/frontend-service-dev",
            "scalable_dimension": "ecs:service:DesiredCount",
            "service_namespace": "ecs",
            "step_scaling_policy_configuration": [],
            "target_tracking_scaling_policy_configuration": [
              {
                "customized_metric_specification": [],
                "disable_scale_in": false,
                "predefined_metric_specification": [
                  {
                    "predefined_metric_type": "ECSServiceAverageCPUUtilization",
                    "resource_label": ""
                  }
                ],
                "scale_in_cooldown": 300,
                "scale_out_cooldown": 300,
                "target_value": 75
              }
            ]
          },
          "sensitive_attributes": [],
          "private": "bnVsbA==",
          "dependencies": [
            "module.alb.aws_lb.alb",
            "module.alb.aws_lb_listener.http_listener",
            "module.alb.aws_lb_listener.https_listener",
            "module.alb.aws_security_group.alb",
            "module.cloudmap.aws_service_discovery_private_dns_namespace.philoberry",
            "module.cloudmap.aws_service_discovery_service.frontend",
            "module.ecr.aws_ecr_repository.repo",
            "module.ecs-cluster.aws_ecs_cluster.cluster",
            "module.ecs-cluster.aws_security_group.frontend_task",
            "module.ecs-service.aws_appautoscaling_target.target",
            "module.ecs-service.aws_ecs_service.frontend",
            "module.ecs-service.aws_ecs_task_definition.frontend",
            "module.ecs-service.aws_iam_role.ecs_task_execution_role",
            "module.ecs-service.aws_iam_role.philoberry_ecs_task",
            "module.ecs-service.aws_iam_role_policy_attachment.ecs_task_execution_role",
            "module.ecs-service.aws_lb_target_group.frontend_service_blue",
            "module.ecs-service.data.aws_iam_policy_document.ecs_task_execution_role",
            "module.ecs-service.data.template_file.frontend",
            "module.efs.aws_efs_access_point.philoberry",
            "module.efs.aws_efs_file_system.philberryt-efs",
            "module.route53.aws_acm_certificate.acm",
            "module.vpc.aws_subnet.private_subnet",
            "module.vpc.aws_subnet.public_subnet",
            "module.vpc.aws_vpc.cluster_vpc",
            "module.vpc.data.aws_availability_zones.available"
          ]
        }
      ]
    },
    {
      "module": "module.ecs-service",
      "mode": "managed",
      "type": "aws_appautoscaling_target",
      "name": "target",
      "provider": "provider[\"registry.terraform.io/hashicorp/aws\"]",
      "instances": [
        {
          "schema_version": 0,
          "attributes": {
            "arn": "arn:aws:application-autoscaling:ap-northeast-2:666897452748:scalable-target/0ec58ccbaeb6c2224d2ca3a01f5b8e8e3bb0",
            "id": "service/arn:aws:ecs:ap-northeast-2:666897452748:cluster/philoberry-ecs-cluster/frontend-service-dev",
            "max_capacity": 2,
            "min_capacity": 1,
            "resource_id": "service/arn:aws:ecs:ap-northeast-2:666897452748:cluster/philoberry-ecs-cluster/frontend-service-dev",
            "role_arn": "arn:aws:iam::666897452748:role/aws-service-role/ecs.application-autoscaling.amazonaws.com/AWSServiceRoleForApplicationAutoScaling_ECSService",
            "scalable_dimension": "ecs:service:DesiredCount",
            "service_namespace": "ecs",
            "tags": {},
            "tags_all": {}
          },
          "sensitive_attributes": [],
          "private": "bnVsbA==",
          "dependencies": [
            "module.alb.aws_lb.alb",
            "module.alb.aws_lb_listener.http_listener",
            "module.alb.aws_lb_listener.https_listener",
            "module.alb.aws_security_group.alb",
            "module.cloudmap.aws_service_discovery_private_dns_namespace.philoberry",
            "module.cloudmap.aws_service_discovery_service.frontend",
            "module.ecr.aws_ecr_repository.repo",
            "module.ecs-cluster.aws_ecs_cluster.cluster",
            "module.ecs-cluster.aws_security_group.frontend_task",
            "module.ecs-service.aws_ecs_service.frontend",
            "module.ecs-service.aws_ecs_task_definition.frontend",
            "module.ecs-service.aws_iam_role.ecs_task_execution_role",
            "module.ecs-service.aws_iam_role.philoberry_ecs_task",
            "module.ecs-service.aws_iam_role_policy_attachment.ecs_task_execution_role",
            "module.ecs-service.aws_lb_target_group.frontend_service_blue",
            "module.ecs-service.data.aws_iam_policy_document.ecs_task_execution_role",
            "module.ecs-service.data.template_file.frontend",
            "module.efs.aws_efs_access_point.philoberry",
            "module.efs.aws_efs_file_system.philberryt-efs",
            "module.route53.aws_acm_certificate.acm",
            "module.vpc.aws_subnet.private_subnet",
            "module.vpc.aws_subnet.public_subnet",
            "module.vpc.aws_vpc.cluster_vpc",
            "module.vpc.data.aws_availability_zones.available"
          ]
        }
      ]
    },
    {
      "module": "module.ecs-service",
      "mode": "managed",
      "type": "aws_ecs_service",
      "name": "backend",
      "provider": "provider[\"registry.terraform.io/hashicorp/aws\"]",
      "instances": [
        {
          "schema_version": 0,
          "attributes": {
            "alarms": [],
            "capacity_provider_strategy": [],
            "cluster": "arn:aws:ecs:ap-northeast-2:666897452748:cluster/philoberry-ecs-cluster",
            "deployment_circuit_breaker": [],
            "deployment_controller": [
              {
                "type": "CODE_DEPLOY"
              }
            ],
            "deployment_maximum_percent": 200,
            "deployment_minimum_healthy_percent": 100,
            "desired_count": 1,
            "enable_ecs_managed_tags": false,
            "enable_execute_command": false,
            "force_new_deployment": true,
            "health_check_grace_period_seconds": 120,
            "iam_role": "/aws-service-role/ecs.amazonaws.com/AWSServiceRoleForECS",
            "id": "arn:aws:ecs:ap-northeast-2:666897452748:service/philoberry-ecs-cluster/backend-service-dev",
            "launch_type": "FARGATE",
            "load_balancer": [
              {
                "container_name": "philoberry-repository_express",
                "container_port": 8000,
                "elb_name": "",
                "target_group_arn": "arn:aws:elasticloadbalancing:ap-northeast-2:666897452748:targetgroup/philoberry-express-blue/86b7307e786dac0b"
              }
            ],
            "name": "backend-service-dev",
            "network_configuration": [
              {
                "assign_public_ip": false,
                "security_groups": [
                  "sg-0d8b6295ed2a203d7"
                ],
                "subnets": [
                  "subnet-004687cd89d4304ce",
                  "subnet-07fc8f2a9a782444a"
                ]
              }
            ],
            "ordered_placement_strategy": [],
            "placement_constraints": [],
            "platform_version": "1.4.0",
            "propagate_tags": "NONE",
            "scheduling_strategy": "REPLICA",
            "service_connect_configuration": [],
            "service_registries": [
              {
                "container_name": "",
                "container_port": 0,
                "port": 0,
                "registry_arn": "arn:aws:servicediscovery:ap-northeast-2:666897452748:service/srv-vrt4k5rvizt3cbc6"
              }
            ],
            "tags": {
              "Application": "philoberry-repository_express",
              "Environment": "backend"
            },
            "tags_all": {
              "Application": "philoberry-repository_express",
              "Environment": "backend"
            },
            "task_definition": "arn:aws:ecs:ap-northeast-2:666897452748:task-definition/backend-staging-dev:29",
            "timeouts": null,
            "triggers": {},
            "wait_for_steady_state": false
          },
          "sensitive_attributes": [],
          "private": "eyJlMmJmYjczMC1lY2FhLTExZTYtOGY4OC0zNDM2M2JjN2M0YzAiOnsiY3JlYXRlIjoxMjAwMDAwMDAwMDAwLCJkZWxldGUiOjEyMDAwMDAwMDAwMDAsInVwZGF0ZSI6MTIwMDAwMDAwMDAwMH19",
          "dependencies": [
            "module.alb.aws_lb_listener.http_listener",
            "module.alb.aws_lb_listener.https_listener",
            "module.cloudmap.aws_service_discovery_service.backend",
            "module.ecs-cluster.aws_ecs_cluster.cluster",
            "module.ecs-cluster.aws_security_group.backend_task",
            "module.ecs-service.aws_ecs_task_definition.backend",
            "module.ecs-service.aws_iam_role.ecs_task_execution_role",
            "module.ecs-service.aws_iam_role.philoberry_ecs_task",
            "module.ecs-service.aws_iam_role_policy_attachment.ecs_task_execution_role",
            "module.ecs-service.aws_lb_target_group.express_service_blue",
            "module.ecs-service.data.template_file.backend",
            "module.vpc.aws_subnet.private_subnet"
          ]
        }
      ]
    },
    {
      "module": "module.ecs-service",
      "mode": "managed",
      "type": "aws_ecs_service",
      "name": "frontend",
      "provider": "provider[\"registry.terraform.io/hashicorp/aws\"]",
      "instances": [
        {
          "schema_version": 0,
          "attributes": {
            "alarms": [],
            "capacity_provider_strategy": [],
            "cluster": "arn:aws:ecs:ap-northeast-2:666897452748:cluster/philoberry-ecs-cluster",
            "deployment_circuit_breaker": [],
            "deployment_controller": [
              {
                "type": "CODE_DEPLOY"
              }
            ],
            "deployment_maximum_percent": 200,
            "deployment_minimum_healthy_percent": 100,
            "desired_count": 1,
            "enable_ecs_managed_tags": false,
            "enable_execute_command": false,
            "force_new_deployment": true,
            "health_check_grace_period_seconds": 120,
            "iam_role": "/aws-service-role/ecs.amazonaws.com/AWSServiceRoleForECS",
            "id": "arn:aws:ecs:ap-northeast-2:666897452748:service/philoberry-ecs-cluster/frontend-service-dev",
            "launch_type": "FARGATE",
            "load_balancer": [
              {
                "container_name": "philoberry-repository_frontend",
                "container_port": 3000,
                "elb_name": "",
                "target_group_arn": "arn:aws:elasticloadbalancing:ap-northeast-2:666897452748:targetgroup/philoberry-dev-blue/c7de1f9b9c4a70fc"
              }
            ],
            "name": "frontend-service-dev",
            "network_configuration": [
              {
                "assign_public_ip": true,
                "security_groups": [
                  "sg-0be1d58aea5b2f9d2"
                ],
                "subnets": [
                  "subnet-004687cd89d4304ce",
                  "subnet-07fc8f2a9a782444a"
                ]
              }
            ],
            "ordered_placement_strategy": [],
            "placement_constraints": [],
            "platform_version": "1.4.0",
            "propagate_tags": "NONE",
            "scheduling_strategy": "REPLICA",
            "service_connect_configuration": [],
            "service_registries": [
              {
                "container_name": "",
                "container_port": 0,
                "port": 0,
                "registry_arn": "arn:aws:servicediscovery:ap-northeast-2:666897452748:service/srv-wigqm36d7i7sd2ow"
              }
            ],
            "tags": {
              "Application": "philoberry-repository_frontend",
              "Environment": "frontend"
            },
            "tags_all": {
              "Application": "philoberry-repository_frontend",
              "Environment": "frontend"
            },
            "task_definition": "arn:aws:ecs:ap-northeast-2:666897452748:task-definition/frontend-staging-dev:29",
            "timeouts": null,
            "triggers": {},
            "wait_for_steady_state": false
          },
          "sensitive_attributes": [],
          "private": "eyJlMmJmYjczMC1lY2FhLTExZTYtOGY4OC0zNDM2M2JjN2M0YzAiOnsiY3JlYXRlIjoxMjAwMDAwMDAwMDAwLCJkZWxldGUiOjEyMDAwMDAwMDAwMDAsInVwZGF0ZSI6MTIwMDAwMDAwMDAwMH19",
          "dependencies": [
            "module.alb.aws_lb_listener.http_listener",
            "module.alb.aws_lb_listener.https_listener",
            "module.cloudmap.aws_service_discovery_service.frontend",
            "module.ecs-cluster.aws_ecs_cluster.cluster",
            "module.ecs-cluster.aws_security_group.frontend_task",
            "module.ecs-service.aws_ecs_task_definition.frontend",
            "module.ecs-service.aws_iam_role.ecs_task_execution_role",
            "module.ecs-service.aws_iam_role.philoberry_ecs_task",
            "module.ecs-service.aws_iam_role_policy_attachment.ecs_task_execution_role",
            "module.ecs-service.aws_lb_target_group.frontend_service_blue",
            "module.ecs-service.data.template_file.frontend",
            "module.efs.aws_efs_access_point.philoberry",
            "module.efs.aws_efs_file_system.philberryt-efs",
            "module.vpc.aws_subnet.private_subnet"
          ]
        }
      ]
    },
    {
      "module": "module.ecs-service",
      "mode": "managed",
      "type": "aws_ecs_task_definition",
      "name": "backend",
      "provider": "provider[\"registry.terraform.io/hashicorp/aws\"]",
      "instances": [
        {
          "schema_version": 1,
          "attributes": {
            "arn": "arn:aws:ecs:ap-northeast-2:666897452748:task-definition/backend-staging-dev:29",
            "arn_without_revision": "arn:aws:ecs:ap-northeast-2:666897452748:task-definition/backend-staging-dev",
            "container_definitions": "[{\"cpu\":1,\"environment\":[],\"essential\":true,\"healthCheck\":{\"command\":[\"CMD-SHELL\",\"curl -f http://localhost:8000/healthcheck || exit 1\"],\"interval\":30,\"retries\":3,\"timeout\":5},\"image\":\"666897452748.dkr.ecr.ap-northeast-2.amazonaws.com/philoberry_express/service_dev:latest\",\"logConfiguration\":{\"logDriver\":\"awslogs\",\"options\":{\"awslogs-group\":\"awslogs-all-dev\",\"awslogs-region\":\"ap-northeast-2\",\"awslogs-stream-prefix\":\"express-service\"}},\"memory\":1024,\"mountPoints\":[],\"name\":\"philoberry-repository_express\",\"portMappings\":[{\"containerPort\":8000,\"hostPort\":8000,\"protocol\":\"tcp\"}],\"volumesFrom\":[]}]",
            "cpu": "1024",
            "ephemeral_storage": [],
            "execution_role_arn": "arn:aws:iam::666897452748:role/ecs-staging-execution-role-dev",
            "family": "backend-staging-dev",
            "id": "backend-staging-dev",
            "inference_accelerator": [],
            "ipc_mode": "",
            "memory": "2048",
            "network_mode": "awsvpc",
            "pid_mode": "",
            "placement_constraints": [],
            "proxy_configuration": [],
            "requires_compatibilities": [
              "FARGATE"
            ],
            "revision": 29,
            "runtime_platform": [],
            "skip_destroy": false,
            "tags": {
              "Application": "philoberry-repository",
              "Environment": "backend"
            },
            "tags_all": {
              "Application": "philoberry-repository",
              "Environment": "backend"
            },
            "task_role_arn": "arn:aws:iam::666897452748:role/philoberry_ecs_task",
            "volume": []
          },
          "sensitive_attributes": [],
          "private": "eyJzY2hlbWFfdmVyc2lvbiI6IjEifQ==",
          "dependencies": [
            "module.ecs-service.aws_iam_role.ecs_task_execution_role",
            "module.ecs-service.aws_iam_role.philoberry_ecs_task",
            "module.ecs-service.data.template_file.backend"
          ]
        }
      ]
    },
    {
      "module": "module.ecs-service",
      "mode": "managed",
      "type": "aws_ecs_task_definition",
      "name": "frontend",
      "provider": "provider[\"registry.terraform.io/hashicorp/aws\"]",
      "instances": [
        {
          "schema_version": 1,
          "attributes": {
            "arn": "arn:aws:ecs:ap-northeast-2:666897452748:task-definition/frontend-staging-dev:29",
            "arn_without_revision": "arn:aws:ecs:ap-northeast-2:666897452748:task-definition/frontend-staging-dev",
            "container_definitions": "[{\"cpu\":1,\"environment\":[{\"name\":\"PORT\",\"value\":\"3000\"}],\"essential\":true,\"healthCheck\":{\"command\":[\"CMD-SHELL\",\"curl -f http://localhost:3000 || exit 1\"],\"interval\":30,\"retries\":3,\"timeout\":5},\"image\":\"666897452748.dkr.ecr.ap-northeast-2.amazonaws.com/philoberry_front/service_dev:latest\",\"logConfiguration\":{\"logDriver\":\"awslogs\",\"options\":{\"awslogs-group\":\"awslogs-all-dev\",\"awslogs-region\":\"ap-northeast-2\",\"awslogs-stream-prefix\":\"frontend-service\"}},\"memory\":3072,\"mountPoints\":[{\"containerPath\":\"/jenkins_philoberry_home\",\"sourceVolume\":\"philoberry_home\"}],\"name\":\"philoberry-repository_frontend\",\"portMappings\":[{\"containerPort\":3000,\"hostPort\":3000,\"protocol\":\"tcp\"}],\"volumesFrom\":[]}]",
            "cpu": "2048",
            "ephemeral_storage": [],
            "execution_role_arn": "arn:aws:iam::666897452748:role/ecs-staging-execution-role-dev",
            "family": "frontend-staging-dev",
            "id": "frontend-staging-dev",
            "inference_accelerator": [],
            "ipc_mode": "",
            "memory": "4096",
            "network_mode": "awsvpc",
            "pid_mode": "",
            "placement_constraints": [],
            "proxy_configuration": [],
            "requires_compatibilities": [
              "FARGATE"
            ],
            "revision": 29,
            "runtime_platform": [],
            "skip_destroy": false,
            "tags": {
              "Application": "philoberry-repository",
              "Environment": "frontend"
            },
            "tags_all": {
              "Application": "philoberry-repository",
              "Environment": "frontend"
            },
            "task_role_arn": "arn:aws:iam::666897452748:role/philoberry_ecs_task",
            "volume": [
              {
                "docker_volume_configuration": [],
                "efs_volume_configuration": [
                  {
                    "authorization_config": [
                      {
                        "access_point_id": "fsap-05b15fa446d05d321",
                        "iam": "ENABLED"
                      }
                    ],
                    "file_system_id": "fs-0b646ef851b719638",
                    "root_directory": "/",
                    "transit_encryption": "ENABLED",
                    "transit_encryption_port": null
                  }
                ],
                "fsx_windows_file_server_volume_configuration": [],
                "host_path": "",
                "name": "philoberry_home"
              }
            ]
          },
          "sensitive_attributes": [],
          "private": "eyJzY2hlbWFfdmVyc2lvbiI6IjEifQ==",
          "dependencies": [
            "module.ecs-service.aws_iam_role.ecs_task_execution_role",
            "module.ecs-service.aws_iam_role.philoberry_ecs_task",
            "module.ecs-service.data.template_file.frontend",
            "module.efs.aws_efs_access_point.philoberry",
            "module.efs.aws_efs_file_system.philberryt-efs"
          ]
        }
      ]
    },
    {
      "module": "module.ecs-service",
      "mode": "managed",
      "type": "aws_iam_role",
      "name": "ecs_task_execution_role",
      "provider": "provider[\"registry.terraform.io/hashicorp/aws\"]",
      "instances": [
        {
          "schema_version": 0,
          "attributes": {
            "arn": "arn:aws:iam::666897452748:role/ecs-staging-execution-role-dev",
            "assume_role_policy": "{\"Statement\":[{\"Action\":\"sts:AssumeRole\",\"Effect\":\"Allow\",\"Principal\":{\"Service\":\"ecs-tasks.amazonaws.com\"}}],\"Version\":\"2012-10-17\"}",
            "create_date": "2023-12-07T05:01:05Z",
            "description": "",
            "force_detach_policies": false,
            "id": "ecs-staging-execution-role-dev",
            "inline_policy": [],
            "managed_policy_arns": [
              "arn:aws:iam::aws:policy/service-role/AmazonECSTaskExecutionRolePolicy"
            ],
            "max_session_duration": 3600,
            "name": "ecs-staging-execution-role-dev",
            "name_prefix": "",
            "path": "/",
            "permissions_boundary": null,
            "tags": {},
            "tags_all": {},
            "unique_id": "AROAZWRRPR3GDYF75X5HT"
          },
          "sensitive_attributes": [],
          "private": "bnVsbA==",
          "dependencies": [
            "module.ecs-service.data.aws_iam_policy_document.ecs_task_execution_role"
          ]
        }
      ]
    },
    {
      "module": "module.ecs-service",
      "mode": "managed",
      "type": "aws_iam_role",
      "name": "philoberry_ecs_task",
      "provider": "provider[\"registry.terraform.io/hashicorp/aws\"]",
      "instances": [
        {
          "schema_version": 0,
          "attributes": {
            "arn": "arn:aws:iam::666897452748:role/philoberry_ecs_task",
            "assume_role_policy": "{\"Statement\":[{\"Action\":\"sts:AssumeRole\",\"Effect\":\"Allow\",\"Principal\":{\"Service\":\"ecs-tasks.amazonaws.com\"}}],\"Version\":\"2012-10-17\"}",
            "create_date": "2023-12-07T05:01:03Z",
            "description": "",
            "force_detach_policies": false,
            "id": "philoberry_ecs_task",
            "inline_policy": [
              {
                "name": "philoberry-cloudmap",
                "policy": "{\"Version\":\"2012-10-17\",\"Statement\":[{\"Action\":[\"servicediscovery:*\"],\"Effect\":\"Allow\",\"Resource\":[\"*\"]}]}"
              },
              {
                "name": "philoberry-ecs",
                "policy": "{\"Version\":\"2012-10-17\",\"Statement\":[{\"Action\":[\"ecs:RegisterTaskDefinition\",\"ecs:DescribeTaskDefinition\",\"ecs:DescribeContainerInstances\",\"ecs:DescribeTasks\",\"ecs:DeregisterTaskDefinition\",\"ecs:ListClusters\",\"ecs:RunTask\",\"ecs:StopTask\",\"ecs:UpdateService\",\"ecs:DescribeServices\"],\"Effect\":\"Allow\",\"Resource\":[\"*\"]}]}"
              },
              {
                "name": "philoberry-iam",
                "policy": "{\"Version\":\"2012-10-17\",\"Statement\":[{\"Action\":[\"iam:PassRole\",\"iam:GetRole\"],\"Effect\":\"Allow\",\"Resource\":[\"*\"]}]}"
              },
              {
                "name": "philoberry-s3",
                "policy": "{\"Version\":\"2012-10-17\",\"Statement\":[{\"Action\":[\"s3:PutObject\",\"s3:PutObjectAcl\",\"s3:GetObject\",\"s3:DeleteObject\"],\"Effect\":\"Allow\",\"Resource\":[\"arn:aws:s3:::philoberry-s3-dev/*\"]}]}"
              }
            ],
            "managed_policy_arns": [],
            "max_session_duration": 3600,
            "name": "philoberry_ecs_task",
            "name_prefix": "",
            "path": "/",
            "permissions_boundary": null,
            "tags": {
              "Name": "philoberry ecs task role"
            },
            "tags_all": {
              "Name": "philoberry ecs task role"
            },
            "unique_id": "AROAZWRRPR3GI66RXRQS3"
          },
          "sensitive_attributes": [],
          "private": "bnVsbA==",
          "create_before_destroy": true
        }
      ]
    },
    {
      "module": "module.ecs-service",
      "mode": "managed",
      "type": "aws_iam_role_policy_attachment",
      "name": "ecs_task_execution_role",
      "provider": "provider[\"registry.terraform.io/hashicorp/aws\"]",
      "instances": [
        {
          "schema_version": 0,
          "attributes": {
            "id": "ecs-staging-execution-role-dev-20231207050106627900000003",
            "policy_arn": "arn:aws:iam::aws:policy/service-role/AmazonECSTaskExecutionRolePolicy",
            "role": "ecs-staging-execution-role-dev"
          },
          "sensitive_attributes": [],
          "private": "bnVsbA==",
          "dependencies": [
            "module.ecs-service.aws_iam_role.ecs_task_execution_role",
            "module.ecs-service.data.aws_iam_policy_document.ecs_task_execution_role"
          ]
        }
      ]
    },
    {
      "module": "module.ecs-service",
      "mode": "managed",
      "type": "aws_lb_target_group",
      "name": "express_service_blue",
      "provider": "provider[\"registry.terraform.io/hashicorp/aws\"]",
      "instances": [
        {
          "schema_version": 0,
          "attributes": {
            "arn": "arn:aws:elasticloadbalancing:ap-northeast-2:666897452748:targetgroup/philoberry-express-blue/86b7307e786dac0b",
            "arn_suffix": "targetgroup/philoberry-express-blue/86b7307e786dac0b",
            "connection_termination": false,
            "deregistration_delay": "30",
            "health_check": [
              {
                "enabled": true,
                "healthy_threshold": 3,
                "interval": 60,
                "matcher": "200",
                "path": "/healthcheck",
                "port": "traffic-port",
                "protocol": "HTTP",
                "timeout": 30,
                "unhealthy_threshold": 2
              }
            ],
            "id": "arn:aws:elasticloadbalancing:ap-northeast-2:666897452748:targetgroup/philoberry-express-blue/86b7307e786dac0b",
            "ip_address_type": "ipv4",
            "lambda_multi_value_headers_enabled": false,
            "load_balancing_algorithm_type": "round_robin",
            "load_balancing_cross_zone_enabled": "use_load_balancer_configuration",
            "name": "philoberry-express-blue",
            "name_prefix": null,
            "port": 8000,
            "preserve_client_ip": null,
            "protocol": "HTTP",
            "protocol_version": "HTTP1",
            "proxy_protocol_v2": false,
            "slow_start": 0,
            "stickiness": [
              {
                "cookie_duration": 86400,
                "cookie_name": "",
                "enabled": false,
                "type": "lb_cookie"
              }
            ],
            "tags": {
              "Name": "philoberry-tg-express",
              "Service": "philoberry-express"
            },
            "tags_all": {
              "Name": "philoberry-tg-express",
              "Service": "philoberry-express"
            },
            "target_failover": [
              {
                "on_deregistration": null,
                "on_unhealthy": null
              }
            ],
            "target_type": "ip",
            "vpc_id": "vpc-05cba648f25f0a8e7"
          },
          "sensitive_attributes": [],
          "private": "bnVsbA==",
          "dependencies": [
            "module.vpc.aws_vpc.cluster_vpc"
          ]
        }
      ]
    },
    {
      "module": "module.ecs-service",
      "mode": "managed",
      "type": "aws_lb_target_group",
      "name": "express_service_green",
      "provider": "provider[\"registry.terraform.io/hashicorp/aws\"]",
      "instances": [
        {
          "schema_version": 0,
          "attributes": {
            "arn": "arn:aws:elasticloadbalancing:ap-northeast-2:666897452748:targetgroup/philoberry-express-green/a0f6af89534d2b34",
            "arn_suffix": "targetgroup/philoberry-express-green/a0f6af89534d2b34",
            "connection_termination": false,
            "deregistration_delay": "30",
            "health_check": [
              {
                "enabled": true,
                "healthy_threshold": 3,
                "interval": 60,
                "matcher": "200",
                "path": "/healthcheck",
                "port": "traffic-port",
                "protocol": "HTTP",
                "timeout": 30,
                "unhealthy_threshold": 2
              }
            ],
            "id": "arn:aws:elasticloadbalancing:ap-northeast-2:666897452748:targetgroup/philoberry-express-green/a0f6af89534d2b34",
            "ip_address_type": "ipv4",
            "lambda_multi_value_headers_enabled": false,
            "load_balancing_algorithm_type": "round_robin",
            "load_balancing_cross_zone_enabled": "use_load_balancer_configuration",
            "name": "philoberry-express-green",
            "name_prefix": null,
            "port": 8000,
            "preserve_client_ip": null,
            "protocol": "HTTP",
            "protocol_version": "HTTP1",
            "proxy_protocol_v2": false,
            "slow_start": 0,
            "stickiness": [
              {
                "cookie_duration": 86400,
                "cookie_name": "",
                "enabled": false,
                "type": "lb_cookie"
              }
            ],
            "tags": {
              "Name": "philoberry-tg-express",
              "Service": "philoberry-express"
            },
            "tags_all": {
              "Name": "philoberry-tg-express",
              "Service": "philoberry-express"
            },
            "target_failover": [
              {
                "on_deregistration": null,
                "on_unhealthy": null
              }
            ],
            "target_type": "ip",
            "vpc_id": "vpc-05cba648f25f0a8e7"
          },
          "sensitive_attributes": [],
          "private": "bnVsbA==",
          "dependencies": [
            "module.vpc.aws_vpc.cluster_vpc"
          ]
        }
      ]
    },
    {
      "module": "module.ecs-service",
      "mode": "managed",
      "type": "aws_lb_target_group",
      "name": "frontend_service_blue",
      "provider": "provider[\"registry.terraform.io/hashicorp/aws\"]",
      "instances": [
        {
          "schema_version": 0,
          "attributes": {
            "arn": "arn:aws:elasticloadbalancing:ap-northeast-2:666897452748:targetgroup/philoberry-dev-blue/c7de1f9b9c4a70fc",
            "arn_suffix": "targetgroup/philoberry-dev-blue/c7de1f9b9c4a70fc",
            "connection_termination": false,
            "deregistration_delay": "30",
            "health_check": [
              {
                "enabled": true,
                "healthy_threshold": 3,
                "interval": 60,
                "matcher": "200",
                "path": "/",
                "port": "traffic-port",
                "protocol": "HTTP",
                "timeout": 30,
                "unhealthy_threshold": 2
              }
            ],
            "id": "arn:aws:elasticloadbalancing:ap-northeast-2:666897452748:targetgroup/philoberry-dev-blue/c7de1f9b9c4a70fc",
            "ip_address_type": "ipv4",
            "lambda_multi_value_headers_enabled": false,
            "load_balancing_algorithm_type": "round_robin",
            "load_balancing_cross_zone_enabled": "use_load_balancer_configuration",
            "name": "philoberry-dev-blue",
            "name_prefix": null,
            "port": 3000,
            "preserve_client_ip": null,
            "protocol": "HTTP",
            "protocol_version": "HTTP1",
            "proxy_protocol_v2": false,
            "slow_start": 0,
            "stickiness": [
              {
                "cookie_duration": 86400,
                "cookie_name": "",
                "enabled": false,
                "type": "lb_cookie"
              }
            ],
            "tags": {
              "Name": "philoberry-tg-dev",
              "Service": "philoberry-dev"
            },
            "tags_all": {
              "Name": "philoberry-tg-dev",
              "Service": "philoberry-dev"
            },
            "target_failover": [
              {
                "on_deregistration": null,
                "on_unhealthy": null
              }
            ],
            "target_type": "ip",
            "vpc_id": "vpc-05cba648f25f0a8e7"
          },
          "sensitive_attributes": [],
          "private": "bnVsbA==",
          "dependencies": [
            "module.vpc.aws_vpc.cluster_vpc"
          ]
        }
      ]
    },
    {
      "module": "module.ecs-service",
      "mode": "managed",
      "type": "aws_lb_target_group",
      "name": "frontend_service_green",
      "provider": "provider[\"registry.terraform.io/hashicorp/aws\"]",
      "instances": [
        {
          "schema_version": 0,
          "attributes": {
            "arn": "arn:aws:elasticloadbalancing:ap-northeast-2:666897452748:targetgroup/philoberry-dev-green/ab93a28ad5ec708a",
            "arn_suffix": "targetgroup/philoberry-dev-green/ab93a28ad5ec708a",
            "connection_termination": false,
            "deregistration_delay": "30",
            "health_check": [
              {
                "enabled": true,
                "healthy_threshold": 3,
                "interval": 60,
                "matcher": "200",
                "path": "/",
                "port": "traffic-port",
                "protocol": "HTTP",
                "timeout": 30,
                "unhealthy_threshold": 2
              }
            ],
            "id": "arn:aws:elasticloadbalancing:ap-northeast-2:666897452748:targetgroup/philoberry-dev-green/ab93a28ad5ec708a",
            "ip_address_type": "ipv4",
            "lambda_multi_value_headers_enabled": false,
            "load_balancing_algorithm_type": "round_robin",
            "load_balancing_cross_zone_enabled": "use_load_balancer_configuration",
            "name": "philoberry-dev-green",
            "name_prefix": null,
            "port": 3000,
            "preserve_client_ip": null,
            "protocol": "HTTP",
            "protocol_version": "HTTP1",
            "proxy_protocol_v2": false,
            "slow_start": 0,
            "stickiness": [
              {
                "cookie_duration": 86400,
                "cookie_name": "",
                "enabled": false,
                "type": "lb_cookie"
              }
            ],
            "tags": {
              "Name": "philoberry-tg-dev",
              "Service": "philoberry-dev"
            },
            "tags_all": {
              "Name": "philoberry-tg-dev",
              "Service": "philoberry-dev"
            },
            "target_failover": [
              {
                "on_deregistration": null,
                "on_unhealthy": null
              }
            ],
            "target_type": "ip",
            "vpc_id": "vpc-05cba648f25f0a8e7"
          },
          "sensitive_attributes": [],
          "private": "bnVsbA==",
          "dependencies": [
            "module.vpc.aws_vpc.cluster_vpc"
          ]
        }
      ]
    },
    {
      "module": "module.ecs-service",
      "mode": "managed",
      "type": "aws_lb_target_group",
      "name": "nginx-service",
      "provider": "provider[\"registry.terraform.io/hashicorp/aws\"]",
      "instances": [
        {
          "schema_version": 0,
          "attributes": {
            "arn": "arn:aws:elasticloadbalancing:ap-northeast-2:666897452748:targetgroup/philoberry-nginx/53752ba0e8507dc4",
            "arn_suffix": "targetgroup/philoberry-nginx/53752ba0e8507dc4",
            "connection_termination": false,
            "deregistration_delay": "300",
            "health_check": [
              {
                "enabled": true,
                "healthy_threshold": 3,
                "interval": 60,
                "matcher": "200-399",
                "path": "/",
                "port": "traffic-port",
                "protocol": "HTTP",
                "timeout": 30,
                "unhealthy_threshold": 2
              }
            ],
            "id": "arn:aws:elasticloadbalancing:ap-northeast-2:666897452748:targetgroup/philoberry-nginx/53752ba0e8507dc4",
            "ip_address_type": "ipv4",
            "lambda_multi_value_headers_enabled": false,
            "load_balancing_algorithm_type": "round_robin",
            "load_balancing_cross_zone_enabled": "use_load_balancer_configuration",
            "name": "philoberry-nginx",
            "name_prefix": null,
            "port": 80,
            "preserve_client_ip": null,
            "protocol": "HTTP",
            "protocol_version": "HTTP1",
            "proxy_protocol_v2": false,
            "slow_start": 0,
            "stickiness": [
              {
                "cookie_duration": 86400,
                "cookie_name": "",
                "enabled": false,
                "type": "lb_cookie"
              }
            ],
            "tags": {
              "Name": "nginx-tg",
              "Service": "philoberry-nginx"
            },
            "tags_all": {
              "Name": "nginx-tg",
              "Service": "philoberry-nginx"
            },
            "target_failover": [
              {
                "on_deregistration": null,
                "on_unhealthy": null
              }
            ],
            "target_type": "ip",
            "vpc_id": "vpc-05cba648f25f0a8e7"
          },
          "sensitive_attributes": [],
          "private": "bnVsbA==",
          "dependencies": [
            "module.vpc.aws_vpc.cluster_vpc"
          ]
        }
      ]
    },
    {
      "module": "module.efs",
      "mode": "managed",
      "type": "aws_efs_access_point",
      "name": "philoberry",
      "provider": "provider[\"registry.terraform.io/hashicorp/aws\"]",
      "instances": [
        {
          "schema_version": 0,
          "attributes": {
            "arn": "arn:aws:elasticfilesystem:ap-northeast-2:666897452748:access-point/fsap-05b15fa446d05d321",
            "file_system_arn": "arn:aws:elasticfilesystem:ap-northeast-2:666897452748:file-system/fs-0b646ef851b719638",
            "file_system_id": "fs-0b646ef851b719638",
            "id": "fsap-05b15fa446d05d321",
            "owner_id": "666897452748",
            "posix_user": [
              {
                "gid": 1000,
                "secondary_gids": [],
                "uid": 1000
              }
            ],
            "root_directory": [
              {
                "creation_info": [
                  {
                    "owner_gid": 1000,
                    "owner_uid": 1000,
                    "permissions": "0755"
                  }
                ],
                "path": "/jenkins-philoberry-home"
              }
            ],
            "tags": {
              "Name": "jenkins-philoberry EFS Access Point"
            },
            "tags_all": {
              "Name": "jenkins-philoberry EFS Access Point"
            }
          },
          "sensitive_attributes": [],
          "private": "bnVsbA==",
          "dependencies": [
            "module.efs.aws_efs_file_system.philberryt-efs"
          ]
        }
      ]
    },
    {
      "module": "module.efs",
      "mode": "managed",
      "type": "aws_efs_file_system",
      "name": "philberryt-efs",
      "provider": "provider[\"registry.terraform.io/hashicorp/aws\"]",
      "instances": [
        {
          "schema_version": 0,
          "attributes": {
            "arn": "arn:aws:elasticfilesystem:ap-northeast-2:666897452748:file-system/fs-0b646ef851b719638",
            "availability_zone_id": "",
            "availability_zone_name": "",
            "creation_token": "my-philobery_efs",
            "dns_name": "fs-0b646ef851b719638.efs.ap-northeast-2.amazonaws.com",
            "encrypted": false,
            "id": "fs-0b646ef851b719638",
            "kms_key_id": "",
            "lifecycle_policy": [
              {
                "transition_to_ia": "AFTER_30_DAYS",
                "transition_to_primary_storage_class": ""
              }
            ],
            "name": "my-philobery_efs",
            "number_of_mount_targets": 2,
            "owner_id": "666897452748",
            "performance_mode": "generalPurpose",
            "provisioned_throughput_in_mibps": 0,
            "size_in_bytes": [
              {
                "value": 6144,
                "value_in_ia": 0,
                "value_in_standard": 6144
              }
            ],
            "tags": {
              "Name": "my-philobery_efs"
            },
            "tags_all": {
              "Name": "my-philobery_efs"
            },
            "throughput_mode": "bursting"
          },
          "sensitive_attributes": [],
          "private": "bnVsbA=="
        }
      ]
    },
    {
      "module": "module.efs",
      "mode": "managed",
      "type": "aws_efs_mount_target",
      "name": "philoberry",
      "provider": "provider[\"registry.terraform.io/hashicorp/aws\"]",
      "instances": [
        {
          "index_key": 0,
          "schema_version": 0,
          "attributes": {
            "availability_zone_id": "apne2-az1",
            "availability_zone_name": "ap-northeast-2a",
            "dns_name": "fs-0b646ef851b719638.efs.ap-northeast-2.amazonaws.com",
            "file_system_arn": "arn:aws:elasticfilesystem:ap-northeast-2:666897452748:file-system/fs-0b646ef851b719638",
            "file_system_id": "fs-0b646ef851b719638",
            "id": "fsmt-0dd70d833e9187a2d",
            "ip_address": "172.18.0.135",
            "mount_target_dns_name": "ap-northeast-2a.fs-0b646ef851b719638.efs.ap-northeast-2.amazonaws.com",
            "network_interface_id": "eni-0732ee75d7c28c492",
            "owner_id": "666897452748",
            "security_groups": [
              "sg-02b956c1643832eb6"
            ],
            "subnet_id": "subnet-004687cd89d4304ce",
            "timeouts": null
          },
          "sensitive_attributes": [],
          "private": "eyJlMmJmYjczMC1lY2FhLTExZTYtOGY4OC0zNDM2M2JjN2M0YzAiOnsiY3JlYXRlIjoxODAwMDAwMDAwMDAwLCJkZWxldGUiOjYwMDAwMDAwMDAwMH19",
          "dependencies": [
            "module.efs.aws_efs_file_system.philberryt-efs",
            "module.efs.aws_security_group.efs_sg",
            "module.vpc.aws_subnet.private_subnet",
            "module.vpc.aws_vpc.cluster_vpc",
            "module.vpc.data.aws_availability_zones.available"
          ]
        },
        {
          "index_key": 1,
          "schema_version": 0,
          "attributes": {
            "availability_zone_id": "apne2-az2",
            "availability_zone_name": "ap-northeast-2b",
            "dns_name": "fs-0b646ef851b719638.efs.ap-northeast-2.amazonaws.com",
            "file_system_arn": "arn:aws:elasticfilesystem:ap-northeast-2:666897452748:file-system/fs-0b646ef851b719638",
            "file_system_id": "fs-0b646ef851b719638",
            "id": "fsmt-0dc1183c1ade4d315",
            "ip_address": "172.18.1.40",
            "mount_target_dns_name": "ap-northeast-2b.fs-0b646ef851b719638.efs.ap-northeast-2.amazonaws.com",
            "network_interface_id": "eni-0884ac54e2b47f14f",
            "owner_id": "666897452748",
            "security_groups": [
              "sg-02b956c1643832eb6"
            ],
            "subnet_id": "subnet-07fc8f2a9a782444a",
            "timeouts": null
          },
          "sensitive_attributes": [],
          "private": "eyJlMmJmYjczMC1lY2FhLTExZTYtOGY4OC0zNDM2M2JjN2M0YzAiOnsiY3JlYXRlIjoxODAwMDAwMDAwMDAwLCJkZWxldGUiOjYwMDAwMDAwMDAwMH19",
          "dependencies": [
            "module.efs.aws_efs_file_system.philberryt-efs",
            "module.efs.aws_security_group.efs_sg",
            "module.vpc.aws_subnet.private_subnet",
            "module.vpc.aws_vpc.cluster_vpc",
            "module.vpc.data.aws_availability_zones.available"
          ]
        }
      ]
    },
    {
      "module": "module.efs",
      "mode": "managed",
      "type": "aws_security_group",
      "name": "efs_sg",
      "provider": "provider[\"registry.terraform.io/hashicorp/aws\"]",
      "instances": [
        {
          "schema_version": 1,
          "attributes": {
            "arn": "arn:aws:ec2:ap-northeast-2:666897452748:security-group/sg-02b956c1643832eb6",
            "description": "Security group for EFS",
            "egress": [
              {
                "cidr_blocks": [
                  "0.0.0.0/0"
                ],
                "description": "",
                "from_port": 0,
                "ipv6_cidr_blocks": [],
                "prefix_list_ids": [],
                "protocol": "-1",
                "security_groups": [],
                "self": false,
                "to_port": 0
              }
            ],
            "id": "sg-02b956c1643832eb6",
            "ingress": [
              {
                "cidr_blocks": [
                  "0.0.0.0/0"
                ],
                "description": "",
                "from_port": 2049,
                "ipv6_cidr_blocks": [],
                "prefix_list_ids": [],
                "protocol": "tcp",
                "security_groups": [],
                "self": false,
                "to_port": 2049
              }
            ],
            "name": "efs_sg",
            "name_prefix": "",
            "owner_id": "666897452748",
            "revoke_rules_on_delete": false,
            "tags": {},
            "tags_all": {},
            "timeouts": null,
            "vpc_id": "vpc-05cba648f25f0a8e7"
          },
          "sensitive_attributes": [],
          "private": "eyJlMmJmYjczMC1lY2FhLTExZTYtOGY4OC0zNDM2M2JjN2M0YzAiOnsiY3JlYXRlIjo2MDAwMDAwMDAwMDAsImRlbGV0ZSI6OTAwMDAwMDAwMDAwfSwic2NoZW1hX3ZlcnNpb24iOiIxIn0=",
          "dependencies": [
            "module.vpc.aws_vpc.cluster_vpc"
          ]
        }
      ]
    },
    {
      "module": "module.logs",
      "mode": "data",
      "type": "aws_iam_policy_document",
      "name": "allow-lb",
      "provider": "provider[\"registry.terraform.io/hashicorp/aws\"]",
      "instances": [
        {
          "schema_version": 0,
          "attributes": {
            "id": "3707274242",
            "json": "{\n  \"Version\": \"2012-10-17\",\n  \"Statement\": [\n    {\n      \"Effect\": \"Allow\",\n      \"Action\": \"s3:PutObject\",\n      \"Resource\": \"arn:aws:s3:::ecs-access-logs-philoberry-dev/awslogs-all-dev/AWSLogs/666897452748/*\",\n      \"Principal\": {\n        \"Service\": \"logdelivery.elb.amazonaws.com\"\n      },\n      \"Condition\": {\n        \"StringEquals\": {\n          \"s3:x-amz-acl\": \"bucket-owner-full-control\"\n        }\n      }\n    },\n    {\n      \"Effect\": \"Allow\",\n      \"Action\": \"s3:PutObject\",\n      \"Resource\": \"arn:aws:s3:::ecs-access-logs-philoberry-dev/awslogs-all-dev/AWSLogs/666897452748/*\",\n      \"Principal\": {\n        \"Service\": \"logdelivery.elasticloadbalancing.amazonaws.com\"\n      },\n      \"Condition\": {\n        \"StringEquals\": {\n          \"s3:x-amz-acl\": \"bucket-owner-full-cSontrol\"\n        }\n      }\n    },\n    {\n      \"Effect\": \"Allow\",\n      \"Action\": \"s3:PutObject\",\n      \"Resource\": \"arn:aws:s3:::ecs-access-logs-philoberry-dev/awslogs-all-dev/AWSLogs/666897452748/*\",\n      \"Principal\": {\n        \"AWS\": \"arn:aws:iam::666897452748:root\"\n      },\n      \"Condition\": {\n        \"StringEquals\": {\n          \"s3:x-amz-acl\": \"bucket-owner-full-control\"\n        }\n      }\n    }\n  ]\n}",
            "override_policy_documents": null,
            "policy_id": null,
            "source_policy_documents": null,
            "statement": [
              {
                "actions": [
                  "s3:PutObject"
                ],
                "condition": [
                  {
                    "test": "StringEquals",
                    "values": [
                      "bucket-owner-full-control"
                    ],
                    "variable": "s3:x-amz-acl"
                  }
                ],
                "effect": "Allow",
                "not_actions": [],
                "not_principals": [],
                "not_resources": [],
                "principals": [
                  {
                    "identifiers": [
                      "logdelivery.elb.amazonaws.com"
                    ],
                    "type": "Service"
                  }
                ],
                "resources": [
                  "arn:aws:s3:::ecs-access-logs-philoberry-dev/awslogs-all-dev/AWSLogs/666897452748/*"
                ],
                "sid": ""
              },
              {
                "actions": [
                  "s3:PutObject"
                ],
                "condition": [
                  {
                    "test": "StringEquals",
                    "values": [
                      "bucket-owner-full-cSontrol"
                    ],
                    "variable": "s3:x-amz-acl"
                  }
                ],
                "effect": "Allow",
                "not_actions": [],
                "not_principals": [],
                "not_resources": [],
                "principals": [
                  {
                    "identifiers": [
                      "logdelivery.elasticloadbalancing.amazonaws.com"
                    ],
                    "type": "Service"
                  }
                ],
                "resources": [
                  "arn:aws:s3:::ecs-access-logs-philoberry-dev/awslogs-all-dev/AWSLogs/666897452748/*"
                ],
                "sid": ""
              },
              {
                "actions": [
                  "s3:PutObject"
                ],
                "condition": [
                  {
                    "test": "StringEquals",
                    "values": [
                      "bucket-owner-full-control"
                    ],
                    "variable": "s3:x-amz-acl"
                  }
                ],
                "effect": "Allow",
                "not_actions": [],
                "not_principals": [],
                "not_resources": [],
                "principals": [
                  {
                    "identifiers": [
                      "arn:aws:iam::666897452748:root"
                    ],
                    "type": "AWS"
                  }
                ],
                "resources": [
                  "arn:aws:s3:::ecs-access-logs-philoberry-dev/awslogs-all-dev/AWSLogs/666897452748/*"
                ],
                "sid": ""
              }
            ],
            "version": "2012-10-17"
          },
          "sensitive_attributes": []
        }
      ]
    },
    {
      "module": "module.logs",
      "mode": "managed",
      "type": "aws_cloudwatch_log_group",
      "name": "service",
      "provider": "provider[\"registry.terraform.io/hashicorp/aws\"]",
      "instances": [
        {
          "schema_version": 0,
          "attributes": {
            "arn": "arn:aws:logs:ap-northeast-2:666897452748:log-group:awslogs-all-dev",
            "id": "awslogs-all-dev",
            "kms_key_id": "",
            "name": "awslogs-all-dev",
            "name_prefix": "",
            "retention_in_days": 0,
            "skip_destroy": false,
            "tags": {
              "Application": "philoberry-repository",
              "Environment": "dev"
            },
            "tags_all": {
              "Application": "philoberry-repository",
              "Environment": "dev"
            }
          },
          "sensitive_attributes": [],
          "private": "bnVsbA=="
        }
      ]
    },
    {
      "module": "module.logs",
      "mode": "managed",
      "type": "aws_cloudwatch_log_metric_filter",
      "name": "philoberry_error_filter",
      "provider": "provider[\"registry.terraform.io/hashicorp/aws\"]",
      "instances": [
        {
          "schema_version": 0,
          "attributes": {
            "id": "philoberry_error_filter",
            "log_group_name": "awslogs-all-dev",
            "metric_transformation": [
              {
                "default_value": "",
                "dimensions": {},
                "name": "EventCount",
                "namespace": "philoberry_contianer_errorlog",
                "unit": "None",
                "value": "1"
              }
            ],
            "name": "philoberry_error_filter",
            "pattern": "[ERROR]"
          },
          "sensitive_attributes": [],
          "private": "bnVsbA==",
          "dependencies": [
            "module.logs.aws_cloudwatch_log_group.service"
          ]
        }
      ]
    },
    {
      "module": "module.logs",
      "mode": "managed",
      "type": "aws_cloudwatch_metric_alarm",
      "name": "cpu_alarm",
      "provider": "provider[\"registry.terraform.io/hashicorp/aws\"]",
      "instances": [
        {
          "schema_version": 1,
          "attributes": {
            "actions_enabled": true,
            "alarm_actions": [
              "arn:aws:sns:ap-northeast-2:666897452748:cpu_sns_topic"
            ],
            "alarm_description": "This metric checks cpu utilization",
            "alarm_name": "cpu_exceed_alarm",
            "arn": "arn:aws:cloudwatch:ap-northeast-2:666897452748:alarm:cpu_exceed_alarm",
            "comparison_operator": "GreaterThanOrEqualToThreshold",
            "datapoints_to_alarm": 0,
            "dimensions": {},
            "evaluate_low_sample_count_percentiles": "",
            "evaluation_periods": 2,
            "extended_statistic": "",
            "id": "cpu_exceed_alarm",
            "insufficient_data_actions": [],
            "metric_name": "CPUUtilization",
            "metric_query": [],
            "namespace": "AWS/EC2",
            "ok_actions": [],
            "period": 120,
            "statistic": "Average",
            "tags": {},
            "tags_all": {},
            "threshold": 70,
            "threshold_metric_id": "",
            "treat_missing_data": "missing",
            "unit": ""
          },
          "sensitive_attributes": [],
          "private": "eyJzY2hlbWFfdmVyc2lvbiI6IjEifQ==",
          "dependencies": [
            "module.logs.aws_sns_topic.cpu_sns_topic"
          ]
        }
      ]
    },
    {
      "module": "module.logs",
      "mode": "managed",
      "type": "aws_s3_bucket",
      "name": "log_storage",
      "provider": "provider[\"registry.terraform.io/hashicorp/aws\"]",
      "instances": [
        {
          "schema_version": 0,
          "attributes": {
            "acceleration_status": "",
            "acl": null,
            "arn": "arn:aws:s3:::ecs-access-logs-philoberry-dev",
            "bucket": "ecs-access-logs-philoberry-dev",
            "bucket_domain_name": "ecs-access-logs-philoberry-dev.s3.amazonaws.com",
            "bucket_prefix": "",
            "bucket_regional_domain_name": "ecs-access-logs-philoberry-dev.s3.ap-northeast-2.amazonaws.com",
            "cors_rule": [],
            "force_destroy": false,
            "grant": [
              {
                "id": "073ef2ca751d41d99a065d79091f56528352628f5494a769259bf332bb0e11f1",
                "permissions": [
                  "FULL_CONTROL"
                ],
                "type": "CanonicalUser",
                "uri": ""
              }
            ],
            "hosted_zone_id": "Z3W03O7B5YMIYP",
            "id": "ecs-access-logs-philoberry-dev",
            "lifecycle_rule": [
              {
                "abort_incomplete_multipart_upload_days": 0,
                "enabled": true,
                "expiration": [
                  {
                    "date": "",
                    "days": 10,
                    "expired_object_delete_marker": false
                  }
                ],
                "id": "log_lifecycle_dev",
                "noncurrent_version_expiration": [],
                "noncurrent_version_transition": [],
                "prefix": "",
                "tags": {},
                "transition": []
              }
            ],
            "logging": [],
            "object_lock_configuration": [],
            "object_lock_enabled": false,
            "policy": "{\"Statement\":[{\"Action\":\"s3:PutObject\",\"Condition\":{\"StringEquals\":{\"s3:x-amz-acl\":\"bucket-owner-full-control\"}},\"Effect\":\"Allow\",\"Principal\":{\"Service\":\"logdelivery.elb.amazonaws.com\"},\"Resource\":\"arn:aws:s3:::ecs-access-logs-philoberry-dev/awslogs-all-dev/AWSLogs/666897452748/*\"},{\"Action\":\"s3:PutObject\",\"Condition\":{\"StringEquals\":{\"s3:x-amz-acl\":\"bucket-owner-full-cSontrol\"}},\"Effect\":\"Allow\",\"Principal\":{\"Service\":\"logdelivery.elasticloadbalancing.amazonaws.com\"},\"Resource\":\"arn:aws:s3:::ecs-access-logs-philoberry-dev/awslogs-all-dev/AWSLogs/666897452748/*\"},{\"Action\":\"s3:PutObject\",\"Condition\":{\"StringEquals\":{\"s3:x-amz-acl\":\"bucket-owner-full-control\"}},\"Effect\":\"Allow\",\"Principal\":{\"AWS\":\"arn:aws:iam::666897452748:root\"},\"Resource\":\"arn:aws:s3:::ecs-access-logs-philoberry-dev/awslogs-all-dev/AWSLogs/666897452748/*\"}],\"Version\":\"2012-10-17\"}",
            "region": "ap-northeast-2",
            "replication_configuration": [],
            "request_payer": "BucketOwner",
            "server_side_encryption_configuration": [
              {
                "rule": [
                  {
                    "apply_server_side_encryption_by_default": [
                      {
                        "kms_master_key_id": "",
                        "sse_algorithm": "AES256"
                      }
                    ],
                    "bucket_key_enabled": false
                  }
                ]
              }
            ],
            "tags": {
              "Name": "philoberry-log_stroages-dev",
              "Service": "philoberry-log_stroages-dev"
            },
            "tags_all": {
              "Name": "philoberry-log_stroages-dev",
              "Service": "philoberry-log_stroages-dev"
            },
            "timeouts": null,
            "versioning": [
              {
                "enabled": false,
                "mfa_delete": false
              }
            ],
            "website": [],
            "website_domain": null,
            "website_endpoint": null
          },
          "sensitive_attributes": [],
          "private": "eyJlMmJmYjczMC1lY2FhLTExZTYtOGY4OC0zNDM2M2JjN2M0YzAiOnsiY3JlYXRlIjoxMjAwMDAwMDAwMDAwLCJkZWxldGUiOjM2MDAwMDAwMDAwMDAsInJlYWQiOjEyMDAwMDAwMDAwMDAsInVwZGF0ZSI6MTIwMDAwMDAwMDAwMH19"
        }
      ]
    },
    {
      "module": "module.logs",
      "mode": "managed",
      "type": "aws_s3_bucket_lifecycle_configuration",
      "name": "lifecycle",
      "provider": "provider[\"registry.terraform.io/hashicorp/aws\"]",
      "instances": [
        {
          "schema_version": 0,
          "attributes": {
            "bucket": "ecs-access-logs-philoberry-dev",
            "expected_bucket_owner": "",
            "id": "ecs-access-logs-philoberry-dev",
            "rule": [
              {
                "abort_incomplete_multipart_upload": [],
                "expiration": [
                  {
                    "date": "",
                    "days": 10,
                    "expired_object_delete_marker": false
                  }
                ],
                "filter": [
                  {
                    "and": [],
                    "object_size_greater_than": "",
                    "object_size_less_than": "",
                    "prefix": "",
                    "tag": []
                  }
                ],
                "id": "log_lifecycle_dev",
                "noncurrent_version_expiration": [],
                "noncurrent_version_transition": [],
                "prefix": "",
                "status": "Enabled",
                "transition": []
              }
            ]
          },
          "sensitive_attributes": [],
          "private": "bnVsbA==",
          "dependencies": [
            "module.logs.aws_s3_bucket.log_storage"
          ]
        }
      ]
    },
    {
      "module": "module.logs",
      "mode": "managed",
      "type": "aws_s3_bucket_policy",
      "name": "allow-lb",
      "provider": "provider[\"registry.terraform.io/hashicorp/aws\"]",
      "instances": [
        {
          "schema_version": 0,
          "attributes": {
            "bucket": "ecs-access-logs-philoberry-dev",
            "id": "ecs-access-logs-philoberry-dev",
            "policy": "{\"Statement\":[{\"Action\":\"s3:PutObject\",\"Condition\":{\"StringEquals\":{\"s3:x-amz-acl\":\"bucket-owner-full-control\"}},\"Effect\":\"Allow\",\"Principal\":{\"Service\":\"logdelivery.elb.amazonaws.com\"},\"Resource\":\"arn:aws:s3:::ecs-access-logs-philoberry-dev/awslogs-all-dev/AWSLogs/666897452748/*\"},{\"Action\":\"s3:PutObject\",\"Condition\":{\"StringEquals\":{\"s3:x-amz-acl\":\"bucket-owner-full-cSontrol\"}},\"Effect\":\"Allow\",\"Principal\":{\"Service\":\"logdelivery.elasticloadbalancing.amazonaws.com\"},\"Resource\":\"arn:aws:s3:::ecs-access-logs-philoberry-dev/awslogs-all-dev/AWSLogs/666897452748/*\"},{\"Action\":\"s3:PutObject\",\"Condition\":{\"StringEquals\":{\"s3:x-amz-acl\":\"bucket-owner-full-control\"}},\"Effect\":\"Allow\",\"Principal\":{\"AWS\":\"arn:aws:iam::666897452748:root\"},\"Resource\":\"arn:aws:s3:::ecs-access-logs-philoberry-dev/awslogs-all-dev/AWSLogs/666897452748/*\"}],\"Version\":\"2012-10-17\"}"
          },
          "sensitive_attributes": [],
          "private": "bnVsbA==",
          "dependencies": [
            "module.logs.aws_s3_bucket.log_storage",
            "module.logs.data.aws_iam_policy_document.allow-lb"
          ]
        }
      ]
    },
    {
      "module": "module.logs",
      "mode": "managed",
      "type": "aws_s3_bucket_public_access_block",
      "name": "log_storage_public-access",
      "provider": "provider[\"registry.terraform.io/hashicorp/aws\"]",
      "instances": [
        {
          "schema_version": 0,
          "attributes": {
            "block_public_acls": true,
            "block_public_policy": true,
            "bucket": "ecs-access-logs-philoberry-dev",
            "id": "ecs-access-logs-philoberry-dev",
            "ignore_public_acls": true,
            "restrict_public_buckets": true
          },
          "sensitive_attributes": [],
          "private": "bnVsbA==",
          "dependencies": [
            "module.logs.aws_s3_bucket.log_storage"
          ]
        }
      ]
    },
    {
      "module": "module.logs",
      "mode": "managed",
      "type": "aws_sns_topic",
      "name": "cpu_sns_topic",
      "provider": "provider[\"registry.terraform.io/hashicorp/aws\"]",
      "instances": [
        {
          "schema_version": 0,
          "attributes": {
            "application_failure_feedback_role_arn": "",
            "application_success_feedback_role_arn": "",
            "application_success_feedback_sample_rate": 0,
            "arn": "arn:aws:sns:ap-northeast-2:666897452748:cpu_sns_topic",
            "content_based_deduplication": false,
            "delivery_policy": "",
            "display_name": "",
            "fifo_topic": false,
            "firehose_failure_feedback_role_arn": "",
            "firehose_success_feedback_role_arn": "",
            "firehose_success_feedback_sample_rate": 0,
            "http_failure_feedback_role_arn": "",
            "http_success_feedback_role_arn": "",
            "http_success_feedback_sample_rate": 0,
            "id": "arn:aws:sns:ap-northeast-2:666897452748:cpu_sns_topic",
            "kms_master_key_id": "",
            "lambda_failure_feedback_role_arn": "",
            "lambda_success_feedback_role_arn": "",
            "lambda_success_feedback_sample_rate": 0,
            "name": "cpu_sns_topic",
            "name_prefix": "",
            "owner": "666897452748",
            "policy": "{\"Id\":\"__default_policy_ID\",\"Statement\":[{\"Action\":[\"SNS:GetTopicAttributes\",\"SNS:SetTopicAttributes\",\"SNS:AddPermission\",\"SNS:RemovePermission\",\"SNS:DeleteTopic\",\"SNS:Subscribe\",\"SNS:ListSubscriptionsByTopic\",\"SNS:Publish\"],\"Condition\":{\"StringEquals\":{\"AWS:SourceOwner\":\"666897452748\"}},\"Effect\":\"Allow\",\"Principal\":{\"AWS\":\"*\"},\"Resource\":\"arn:aws:sns:ap-northeast-2:666897452748:cpu_sns_topic\",\"Sid\":\"__default_statement_ID\"}],\"Version\":\"2008-10-17\"}",
            "signature_version": 0,
            "sqs_failure_feedback_role_arn": "",
            "sqs_success_feedback_role_arn": "",
            "sqs_success_feedback_sample_rate": 0,
            "tags": {},
            "tags_all": {},
            "tracing_config": ""
          },
          "sensitive_attributes": [],
          "private": "bnVsbA=="
        }
      ]
    },
    {
      "module": "module.rds",
      "mode": "data",
      "type": "aws_db_snapshot",
      "name": "db_snapshot",
      "provider": "provider[\"registry.terraform.io/hashicorp/aws\"]",
      "instances": [
        {
          "schema_version": 0,
          "attributes": {
            "allocated_storage": 20,
            "availability_zone": "ap-northeast-2a",
            "db_instance_identifier": "philoberry-db-dev",
            "db_snapshot_arn": "arn:aws:rds:ap-northeast-2:666897452748:snapshot:philoberry-db-dev-snapshot",
            "db_snapshot_identifier": "philoberry-db-dev-snapshot",
            "encrypted": false,
            "engine": "mysql",
            "engine_version": "8.0.34",
            "id": "philoberry-db-dev-snapshot",
            "include_public": false,
            "include_shared": false,
            "iops": 0,
            "kms_key_id": "",
            "license_model": "general-public-license",
            "most_recent": true,
            "option_group_name": "default:mysql-8-0",
            "port": 3306,
            "snapshot_create_time": "2023-11-16T02:51:34Z",
            "snapshot_type": "manual",
            "source_db_snapshot_identifier": "",
            "source_region": "",
            "status": "available",
            "storage_type": "gp2",
            "tags": {},
            "vpc_id": "vpc-0020c4bba7cd11b77"
          },
          "sensitive_attributes": []
        }
      ]
    },
    {
      "module": "module.rds",
      "mode": "managed",
      "type": "aws_db_instance",
      "name": "rds",
      "provider": "provider[\"registry.terraform.io/hashicorp/aws\"]",
      "instances": [
        {
          "schema_version": 2,
          "attributes": {
            "address": "philoberry-db-dev.cvmkf8oprqnr.ap-northeast-2.rds.amazonaws.com",
            "allocated_storage": 20,
            "allow_major_version_upgrade": null,
            "apply_immediately": false,
            "arn": "arn:aws:rds:ap-northeast-2:666897452748:db:philoberry-db-dev",
            "auto_minor_version_upgrade": true,
            "availability_zone": "ap-northeast-2a",
            "backup_retention_period": 0,
            "backup_target": "region",
            "backup_window": "18:18-18:48",
            "blue_green_update": [],
            "ca_cert_identifier": "rds-ca-2019",
            "character_set_name": "",
            "copy_tags_to_snapshot": false,
            "custom_iam_instance_profile": "",
            "customer_owned_ip_enabled": false,
            "db_name": "",
            "db_subnet_group_name": "philoberry-private-subnet-group-dev",
            "delete_automated_backups": true,
            "deletion_protection": false,
            "domain": "",
            "domain_iam_role_name": "",
            "enabled_cloudwatch_logs_exports": [],
            "endpoint": "philoberry-db-dev.cvmkf8oprqnr.ap-northeast-2.rds.amazonaws.com:3306",
            "engine": "mysql",
            "engine_version": "8.0.34",
            "engine_version_actual": "8.0.34",
            "final_snapshot_identifier": "philoberry-db-dev",
            "hosted_zone_id": "ZLA2NUCOLGUUR",
            "iam_database_authentication_enabled": false,
            "id": "db-QA6IORX4WW67GH5E674HHXZ474",
            "identifier": "philoberry-db-dev",
            "identifier_prefix": "",
            "instance_class": "db.t3.micro",
            "iops": 0,
            "kms_key_id": "",
            "latest_restorable_time": "",
            "license_model": "general-public-license",
            "listener_endpoint": [],
            "maintenance_window": "tue:14:06-tue:14:36",
            "manage_master_user_password": null,
            "master_user_secret": [],
            "master_user_secret_kms_key_id": null,
            "max_allocated_storage": 1000,
            "monitoring_interval": 0,
            "monitoring_role_arn": "",
            "multi_az": false,
            "nchar_character_set_name": "",
            "network_type": "IPV4",
            "option_group_name": "default:mysql-8-0",
            "parameter_group_name": "default.mysql8.0",
            "password": "1q2w3e4r!!",
            "performance_insights_enabled": false,
            "performance_insights_kms_key_id": "",
            "performance_insights_retention_period": 0,
            "port": 3306,
            "publicly_accessible": false,
            "replica_mode": "",
            "replicas": [],
            "replicate_source_db": "",
            "resource_id": "db-QA6IORX4WW67GH5E674HHXZ474",
            "restore_to_point_in_time": [],
            "s3_import": [],
            "skip_final_snapshot": true,
            "snapshot_identifier": "philoberry-db-dev-snapshot",
            "status": "available",
            "storage_encrypted": false,
            "storage_throughput": 0,
            "storage_type": "gp2",
            "tags": {
              "Name": "philoberry-rds-db-dev",
              "Service": "philoberry-dev"
            },
            "tags_all": {
              "Name": "philoberry-rds-db-dev",
              "Service": "philoberry-dev"
            },
            "timeouts": null,
            "timezone": "",
            "username": "philoberrydb",
            "vpc_security_group_ids": [
              "sg-0e3d9a3a329ebb0e5"
            ]
          },
          "sensitive_attributes": [],
          "private": "eyJlMmJmYjczMC1lY2FhLTExZTYtOGY4OC0zNDM2M2JjN2M0YzAiOnsiY3JlYXRlIjoyNDAwMDAwMDAwMDAwLCJkZWxldGUiOjM2MDAwMDAwMDAwMDAsInVwZGF0ZSI6NDgwMDAwMDAwMDAwMH0sInNjaGVtYV92ZXJzaW9uIjoiMiJ9",
          "dependencies": [
            "module.alb.aws_security_group.alb",
            "module.ec2.aws_security_group.ec2_sg",
            "module.ecs-cluster.aws_security_group.backend_task",
            "module.ecs-cluster.aws_security_group.frontend_task",
            "module.rds.aws_db_subnet_group.private-subnet-group",
            "module.rds.aws_security_group.rds_sg",
            "module.rds.data.aws_db_snapshot.db_snapshot",
            "module.vpc.aws_subnet.private_subnet",
            "module.vpc.aws_vpc.cluster_vpc",
            "module.vpc.data.aws_availability_zones.available"
          ]
        }
      ]
    },
    {
      "module": "module.rds",
      "mode": "managed",
      "type": "aws_db_subnet_group",
      "name": "private-subnet-group",
      "provider": "provider[\"registry.terraform.io/hashicorp/aws\"]",
      "instances": [
        {
          "schema_version": 0,
          "attributes": {
            "arn": "arn:aws:rds:ap-northeast-2:666897452748:subgrp:philoberry-private-subnet-group-dev",
            "description": "Managed by Terraform",
            "id": "philoberry-private-subnet-group-dev",
            "name": "philoberry-private-subnet-group-dev",
            "name_prefix": "",
            "subnet_ids": [
              "subnet-004687cd89d4304ce",
              "subnet-07fc8f2a9a782444a"
            ],
            "supported_network_types": [
              "IPV4"
            ],
            "tags": {
              "Name": "philoberry-private-subnet-group-dev",
              "Service": "philoberry-dev"
            },
            "tags_all": {
              "Name": "philoberry-private-subnet-group-dev",
              "Service": "philoberry-dev"
            },
            "vpc_id": "vpc-05cba648f25f0a8e7"
          },
          "sensitive_attributes": [],
          "private": "bnVsbA==",
          "dependencies": [
            "module.vpc.aws_subnet.private_subnet",
            "module.vpc.aws_vpc.cluster_vpc",
            "module.vpc.data.aws_availability_zones.available"
          ]
        }
      ]
    },
    {
      "module": "module.rds",
      "mode": "managed",
      "type": "aws_security_group",
      "name": "rds_sg",
      "provider": "provider[\"registry.terraform.io/hashicorp/aws\"]",
      "instances": [
        {
          "schema_version": 1,
          "attributes": {
            "arn": "arn:aws:ec2:ap-northeast-2:666897452748:security-group/sg-0e3d9a3a329ebb0e5",
            "description": "philoberry rds-db security group production",
            "egress": [
              {
                "cidr_blocks": [
                  "0.0.0.0/0"
                ],
                "description": "",
                "from_port": 0,
                "ipv6_cidr_blocks": [],
                "prefix_list_ids": [],
                "protocol": "-1",
                "security_groups": [],
                "self": false,
                "to_port": 0
              }
            ],
            "id": "sg-0e3d9a3a329ebb0e5",
            "ingress": [
              {
                "cidr_blocks": [],
                "description": "philoberry_rds_ingress",
                "from_port": 3306,
                "ipv6_cidr_blocks": [],
                "prefix_list_ids": [],
                "protocol": "tcp",
                "security_groups": [
                  "sg-0d8b6295ed2a203d7"
                ],
                "self": false,
                "to_port": 3306
              },
              {
                "cidr_blocks": [],
                "description": "temporary_rds_ingress",
                "from_port": 3306,
                "ipv6_cidr_blocks": [],
                "prefix_list_ids": [],
                "protocol": "tcp",
                "security_groups": [
                  "sg-052a94abad7105394"
                ],
                "self": false,
                "to_port": 3306
              }
            ],
            "name": "philoberry-rds-db-sg-dev",
            "name_prefix": "",
            "owner_id": "666897452748",
            "revoke_rules_on_delete": false,
            "tags": {
              "Name": "philoberry-rds-db-sg-dev",
              "Service": "philoberry-rds-db-dev"
            },
            "tags_all": {
              "Name": "philoberry-rds-db-sg-dev",
              "Service": "philoberry-rds-db-dev"
            },
            "timeouts": null,
            "vpc_id": "vpc-05cba648f25f0a8e7"
          },
          "sensitive_attributes": [],
          "private": "eyJlMmJmYjczMC1lY2FhLTExZTYtOGY4OC0zNDM2M2JjN2M0YzAiOnsiY3JlYXRlIjo2MDAwMDAwMDAwMDAsImRlbGV0ZSI6OTAwMDAwMDAwMDAwfSwic2NoZW1hX3ZlcnNpb24iOiIxIn0=",
          "dependencies": [
            "module.alb.aws_security_group.alb",
            "module.ec2.aws_security_group.ec2_sg",
            "module.ecs-cluster.aws_security_group.backend_task",
            "module.ecs-cluster.aws_security_group.frontend_task",
            "module.vpc.aws_vpc.cluster_vpc"
          ]
        }
      ]
    },
    {
      "module": "module.route53",
      "mode": "data",
      "type": "aws_route53_zone",
      "name": "front",
      "provider": "provider[\"registry.terraform.io/hashicorp/aws\"]",
      "instances": [
        {
          "schema_version": 0,
          "attributes": {
            "arn": "arn:aws:route53:::hostedzone/Z10383623KH23ZCPI5UCN",
            "caller_reference": "RISWorkflow-RD:51bec477-20eb-4623-ad07-5dd96d2f57b9",
            "comment": "HostedZone created by Route53 Registrar",
            "id": "Z10383623KH23ZCPI5UCN",
            "linked_service_description": null,
            "linked_service_principal": null,
            "name": "philoberry.com",
            "name_servers": [
              "ns-286.awsdns-35.com",
              "ns-774.awsdns-32.net",
              "ns-1048.awsdns-03.org",
              "ns-1553.awsdns-02.co.uk"
            ],
            "primary_name_server": "ns-286.awsdns-35.com",
            "private_zone": false,
            "resource_record_set_count": 6,
            "tags": {},
            "vpc_id": null,
            "zone_id": "Z10383623KH23ZCPI5UCN"
          },
          "sensitive_attributes": []
        }
      ]
    },
    {
      "module": "module.route53",
      "mode": "managed",
      "type": "aws_acm_certificate",
      "name": "acm",
      "provider": "provider[\"registry.terraform.io/hashicorp/aws\"]",
      "instances": [
        {
          "schema_version": 0,
          "attributes": {
            "arn": "arn:aws:acm:ap-northeast-2:666897452748:certificate/4053b1a1-91d5-4b89-8394-e90ae8b2a6ed",
            "certificate_authority_arn": "",
            "certificate_body": null,
            "certificate_chain": null,
            "domain_name": "www.philoberry.com",
            "domain_validation_options": [
              {
                "domain_name": "*.philoberry.com",
                "resource_record_name": "_b22aff5580fb678fc048be11059c0289.philoberry.com.",
                "resource_record_type": "CNAME",
                "resource_record_value": "_35d6fce431707dafde332a3f896cbd69.whqzffzsdn.acm-validations.aws."
              },
              {
                "domain_name": "www.philoberry.com",
                "resource_record_name": "_544a21525a7b811ebf6b33511640d66a.www.philoberry.com.",
                "resource_record_type": "CNAME",
                "resource_record_value": "_7e66c19da94a163b0a98e5d9d75be607.nxzthgqctm.acm-validations.aws."
              }
            ],
            "early_renewal_duration": "",
            "id": "arn:aws:acm:ap-northeast-2:666897452748:certificate/4053b1a1-91d5-4b89-8394-e90ae8b2a6ed",
            "key_algorithm": "RSA_2048",
            "not_after": "2025-01-05T23:59:59Z",
            "not_before": "2023-12-07T00:00:00Z",
            "options": [
              {
                "certificate_transparency_logging_preference": "ENABLED"
              }
            ],
            "pending_renewal": false,
            "private_key": null,
            "renewal_eligibility": "ELIGIBLE",
            "renewal_summary": [],
            "status": "ISSUED",
            "subject_alternative_names": [
              "*.philoberry.com",
              "www.philoberry.com"
            ],
            "tags": {},
            "tags_all": {},
            "type": "AMAZON_ISSUED",
            "validation_emails": [],
            "validation_method": "DNS",
            "validation_option": []
          },
          "sensitive_attributes": [],
          "private": "bnVsbA==",
          "create_before_destroy": true
        }
      ]
    },
    {
      "module": "module.route53",
      "mode": "managed",
      "type": "aws_acm_certificate_validation",
      "name": "certication_arn",
      "provider": "provider[\"registry.terraform.io/hashicorp/aws\"]",
      "instances": [
        {
          "schema_version": 0,
          "attributes": {
            "certificate_arn": "arn:aws:acm:ap-northeast-2:666897452748:certificate/4053b1a1-91d5-4b89-8394-e90ae8b2a6ed",
            "id": "2023-12-07 05:01:29.967 +0000 UTC",
            "timeouts": null,
            "validation_record_fqdns": [
              "_544a21525a7b811ebf6b33511640d66a.www.philoberry.com",
              "_b22aff5580fb678fc048be11059c0289.philoberry.com"
            ]
          },
          "sensitive_attributes": [],
          "private": "eyJlMmJmYjczMC1lY2FhLTExZTYtOGY4OC0zNDM2M2JjN2M0YzAiOnsiY3JlYXRlIjo0NTAwMDAwMDAwMDAwfX0=",
          "dependencies": [
            "module.route53.aws_acm_certificate.acm",
            "module.route53.aws_route53_record.cert_validation",
            "module.route53.data.aws_route53_zone.front"
          ]
        }
      ]
    },
    {
      "module": "module.route53",
      "mode": "managed",
      "type": "aws_route53_record",
      "name": "cert_validation",
      "provider": "provider[\"registry.terraform.io/hashicorp/aws\"]",
      "instances": [
        {
          "index_key": "*.philoberry.com",
          "schema_version": 2,
          "attributes": {
            "alias": [],
            "allow_overwrite": null,
            "cidr_routing_policy": [],
            "failover_routing_policy": [],
            "fqdn": "_b22aff5580fb678fc048be11059c0289.philoberry.com",
            "geolocation_routing_policy": [],
            "health_check_id": "",
            "id": "Z10383623KH23ZCPI5UCN__b22aff5580fb678fc048be11059c0289.philoberry.com._CNAME",
            "latency_routing_policy": [],
            "multivalue_answer_routing_policy": false,
            "name": "_b22aff5580fb678fc048be11059c0289.philoberry.com",
            "records": [
              "_35d6fce431707dafde332a3f896cbd69.whqzffzsdn.acm-validations.aws."
            ],
            "set_identifier": "",
            "ttl": 60,
            "type": "CNAME",
            "weighted_routing_policy": [],
            "zone_id": "Z10383623KH23ZCPI5UCN"
          },
          "sensitive_attributes": [],
          "private": "eyJzY2hlbWFfdmVyc2lvbiI6IjIifQ==",
          "dependencies": [
            "module.route53.aws_acm_certificate.acm",
            "module.route53.data.aws_route53_zone.front"
          ],
          "create_before_destroy": true
        },
        {
          "index_key": "www.philoberry.com",
          "schema_version": 2,
          "attributes": {
            "alias": [],
            "allow_overwrite": null,
            "cidr_routing_policy": [],
            "failover_routing_policy": [],
            "fqdn": "_544a21525a7b811ebf6b33511640d66a.www.philoberry.com",
            "geolocation_routing_policy": [],
            "health_check_id": "",
            "id": "Z10383623KH23ZCPI5UCN__544a21525a7b811ebf6b33511640d66a.www.philoberry.com._CNAME",
            "latency_routing_policy": [],
            "multivalue_answer_routing_policy": false,
            "name": "_544a21525a7b811ebf6b33511640d66a.www.philoberry.com",
            "records": [
              "_7e66c19da94a163b0a98e5d9d75be607.nxzthgqctm.acm-validations.aws."
            ],
            "set_identifier": "",
            "ttl": 60,
            "type": "CNAME",
            "weighted_routing_policy": [],
            "zone_id": "Z10383623KH23ZCPI5UCN"
          },
          "sensitive_attributes": [],
          "private": "eyJzY2hlbWFfdmVyc2lvbiI6IjIifQ==",
          "dependencies": [
            "module.route53.aws_acm_certificate.acm",
            "module.route53.data.aws_route53_zone.front"
          ],
          "create_before_destroy": true
        }
      ]
    },
    {
      "module": "module.route53",
      "mode": "managed",
      "type": "aws_route53_record",
      "name": "front",
      "provider": "provider[\"registry.terraform.io/hashicorp/aws\"]",
      "instances": [
        {
          "schema_version": 2,
          "attributes": {
            "alias": [
              {
                "evaluate_target_health": true,
                "name": "my-ecs-lb-1102327471.ap-northeast-2.elb.amazonaws.com",
                "zone_id": "ZWKZPGTI48KDX"
              }
            ],
            "allow_overwrite": null,
            "cidr_routing_policy": [],
            "failover_routing_policy": [],
            "fqdn": "www.philoberry.com",
            "geolocation_routing_policy": [],
            "health_check_id": "",
            "id": "Z10383623KH23ZCPI5UCN_www.philoberry.com_A",
            "latency_routing_policy": [],
            "multivalue_answer_routing_policy": false,
            "name": "www.philoberry.com",
            "records": [],
            "set_identifier": "",
            "ttl": 0,
            "type": "A",
            "weighted_routing_policy": [],
            "zone_id": "Z10383623KH23ZCPI5UCN"
          },
          "sensitive_attributes": [],
          "private": "eyJzY2hlbWFfdmVyc2lvbiI6IjIifQ==",
          "dependencies": [
            "module.alb.aws_lb.alb",
            "module.alb.aws_security_group.alb",
            "module.route53.data.aws_route53_zone.front",
            "module.vpc.aws_subnet.public_subnet",
            "module.vpc.aws_vpc.cluster_vpc",
            "module.vpc.data.aws_availability_zones.available"
          ]
        }
      ]
    },
    {
      "module": "module.s3",
      "mode": "managed",
      "type": "aws_s3_bucket",
      "name": "philoberry-s3",
      "provider": "provider[\"registry.terraform.io/hashicorp/aws\"]",
      "instances": [
        {
          "schema_version": 0,
          "attributes": {
            "acceleration_status": "",
            "acl": null,
            "arn": "arn:aws:s3:::philoberry-s3-dev",
            "bucket": "philoberry-s3-dev",
            "bucket_domain_name": "philoberry-s3-dev.s3.amazonaws.com",
            "bucket_prefix": "",
            "bucket_regional_domain_name": "philoberry-s3-dev.s3.ap-northeast-2.amazonaws.com",
            "cors_rule": [
              {
                "allowed_headers": [
                  "*"
                ],
                "allowed_methods": [
                  "POST",
                  "GET",
                  "PUT"
                ],
                "allowed_origins": [
                  "https://www.philoberry.com",
                  "https://philoberry.com"
                ],
                "expose_headers": [
                  "ETag"
                ],
                "max_age_seconds": 3000
              }
            ],
            "force_destroy": false,
            "grant": [
              {
                "id": "073ef2ca751d41d99a065d79091f56528352628f5494a769259bf332bb0e11f1",
                "permissions": [
                  "FULL_CONTROL"
                ],
                "type": "CanonicalUser",
                "uri": ""
              }
            ],
            "hosted_zone_id": "Z3W03O7B5YMIYP",
            "id": "philoberry-s3-dev",
            "lifecycle_rule": [],
            "logging": [],
            "object_lock_configuration": [],
            "object_lock_enabled": false,
            "policy": "{\"Id\":\"Policy1694490590860\",\"Statement\":[{\"Action\":[\"s3:GetObject\",\"s3:PutObject\",\"s3:DeleteObject\"],\"Effect\":\"Allow\",\"Principal\":{\"AWS\":[\"arn:aws:iam::666897452748:user/hansom-server\",\"arn:aws:iam::666897452748:root\",\"arn:aws:iam::666897452748:user/junhyeok-front\",\"arn:aws:iam::666897452748:role/philoberry_ecs_task\"]},\"Resource\":\"arn:aws:s3:::philoberry-s3-dev/*\"},{\"Action\":\"s3:ListBucket\",\"Effect\":\"Allow\",\"Principal\":{\"AWS\":[\"arn:aws:iam::666897452748:user/hansom-server\",\"arn:aws:iam::666897452748:root\",\"arn:aws:iam::666897452748:user/junhyeok-front\",\"arn:aws:iam::666897452748:role/philoberry_ecs_task\"]},\"Resource\":\"arn:aws:s3:::philoberry-s3-dev\"},{\"Action\":\"s3:GetObject\",\"Effect\":\"Allow\",\"Principal\":{\"Service\":\"rds.amazonaws.com\"},\"Resource\":\"arn:aws:s3:::philoberry-s3-dev/*\",\"Sid\":\"rds_all_permission\"}],\"Version\":\"2012-10-17\"}",
            "region": "ap-northeast-2",
            "replication_configuration": [],
            "request_payer": "BucketOwner",
            "server_side_encryption_configuration": [
              {
                "rule": [
                  {
                    "apply_server_side_encryption_by_default": [
                      {
                        "kms_master_key_id": "",
                        "sse_algorithm": "AES256"
                      }
                    ],
                    "bucket_key_enabled": false
                  }
                ]
              }
            ],
            "tags": {
              "Name": "philoberry-img-dev",
              "Service": "philoberry-dev"
            },
            "tags_all": {
              "Name": "philoberry-img-dev",
              "Service": "philoberry-dev"
            },
            "timeouts": null,
            "versioning": [
              {
                "enabled": false,
                "mfa_delete": false
              }
            ],
            "website": [],
            "website_domain": null,
            "website_endpoint": null
          },
          "sensitive_attributes": [],
          "private": "eyJlMmJmYjczMC1lY2FhLTExZTYtOGY4OC0zNDM2M2JjN2M0YzAiOnsiY3JlYXRlIjoxMjAwMDAwMDAwMDAwLCJkZWxldGUiOjM2MDAwMDAwMDAwMDAsInJlYWQiOjEyMDAwMDAwMDAwMDAsInVwZGF0ZSI6MTIwMDAwMDAwMDAwMH19"
        }
      ]
    },
    {
      "module": "module.s3",
      "mode": "managed",
      "type": "aws_s3_bucket_cors_configuration",
      "name": "philoberry-s3",
      "provider": "provider[\"registry.terraform.io/hashicorp/aws\"]",
      "instances": [
        {
          "schema_version": 0,
          "attributes": {
            "bucket": "philoberry-s3-dev",
            "cors_rule": [
              {
                "allowed_headers": [
                  "*"
                ],
                "allowed_methods": [
                  "GET",
                  "POST",
                  "PUT"
                ],
                "allowed_origins": [
                  "https://philoberry.com",
                  "https://www.philoberry.com"
                ],
                "expose_headers": [
                  "ETag"
                ],
                "id": "",
                "max_age_seconds": 3000
              }
            ],
            "expected_bucket_owner": "",
            "id": "philoberry-s3-dev"
          },
          "sensitive_attributes": [],
          "private": "bnVsbA==",
          "dependencies": [
            "module.s3.aws_s3_bucket.philoberry-s3"
          ]
        }
      ]
    },
    {
      "module": "module.s3",
      "mode": "managed",
      "type": "aws_s3_bucket_policy",
      "name": "bucket-policy",
      "provider": "provider[\"registry.terraform.io/hashicorp/aws\"]",
      "instances": [
        {
          "schema_version": 0,
          "attributes": {
            "bucket": "philoberry-s3-dev",
            "id": "philoberry-s3-dev",
            "policy": "{\"Id\":\"Policy1694490590860\",\"Statement\":[{\"Action\":[\"s3:GetObject\",\"s3:PutObject\",\"s3:DeleteObject\"],\"Effect\":\"Allow\",\"Principal\":{\"AWS\":[\"arn:aws:iam::666897452748:user/junhyeok-front\",\"arn:aws:iam::666897452748:root\",\"arn:aws:iam::666897452748:role/philoberry_ecs_task\",\"arn:aws:iam::666897452748:user/hansom-server\"]},\"Resource\":[\"arn:aws:s3:::philoberry-s3-dev/*\"]},{\"Action\":\"s3:ListBucket\",\"Effect\":\"Allow\",\"Principal\":{\"AWS\":[\"arn:aws:iam::666897452748:user/junhyeok-front\",\"arn:aws:iam::666897452748:user/hansom-server\",\"arn:aws:iam::666897452748:role/philoberry_ecs_task\",\"arn:aws:iam::666897452748:root\"]},\"Resource\":[\"arn:aws:s3:::philoberry-s3-dev\"]},{\"Action\":\"s3:GetObject\",\"Effect\":\"Allow\",\"Principal\":{\"Service\":\"rds.amazonaws.com\"},\"Resource\":[\"arn:aws:s3:::philoberry-s3-dev/*\"],\"Sid\":\"rds_all_permission\"}],\"Version\":\"2012-10-17\"}"
          },
          "sensitive_attributes": [],
          "private": "bnVsbA==",
          "dependencies": [
            "module.s3.aws_s3_bucket.philoberry-s3"
          ]
        }
      ]
    },
    {
      "module": "module.s3",
      "mode": "managed",
      "type": "aws_s3_bucket_public_access_block",
      "name": "public-access",
      "provider": "provider[\"registry.terraform.io/hashicorp/aws\"]",
      "instances": [
        {
          "schema_version": 0,
          "attributes": {
            "block_public_acls": true,
            "block_public_policy": true,
            "bucket": "philoberry-s3-dev",
            "id": "philoberry-s3-dev",
            "ignore_public_acls": true,
            "restrict_public_buckets": true
          },
          "sensitive_attributes": [],
          "private": "bnVsbA==",
          "dependencies": [
            "module.s3.aws_s3_bucket.philoberry-s3"
          ]
        }
      ]
    },
    {
      "module": "module.vpc",
      "mode": "data",
      "type": "aws_availability_zones",
      "name": "available",
      "provider": "provider[\"registry.terraform.io/hashicorp/aws\"]",
      "instances": [
        {
          "schema_version": 0,
          "attributes": {
            "all_availability_zones": null,
            "exclude_names": null,
            "exclude_zone_ids": null,
            "filter": null,
            "group_names": [
              "ap-northeast-2"
            ],
            "id": "ap-northeast-2",
            "names": [
              "ap-northeast-2a",
              "ap-northeast-2b",
              "ap-northeast-2c",
              "ap-northeast-2d"
            ],
            "state": null,
            "timeouts": null,
            "zone_ids": [
              "apne2-az1",
              "apne2-az2",
              "apne2-az3",
              "apne2-az4"
            ]
          },
          "sensitive_attributes": []
        }
      ]
    },
    {
      "module": "module.vpc",
      "mode": "managed",
      "type": "aws_eip",
      "name": "nat_gateway",
      "provider": "provider[\"registry.terraform.io/hashicorp/aws\"]",
      "instances": [
        {
          "index_key": 0,
          "schema_version": 0,
          "attributes": {
            "address": null,
            "allocation_id": "eipalloc-0c64dcc74caaaa98d",
            "associate_with_private_ip": null,
            "association_id": "eipassoc-077cab12dae4cc06a",
            "carrier_ip": "",
            "customer_owned_ip": "",
            "customer_owned_ipv4_pool": "",
            "domain": "vpc",
            "id": "eipalloc-0c64dcc74caaaa98d",
            "instance": "",
            "network_border_group": "ap-northeast-2",
            "network_interface": "eni-0fc595a1455a0cfd5",
            "private_dns": "ip-172-18-2-85.ap-northeast-2.compute.internal",
            "private_ip": "172.18.2.85",
            "public_dns": "ec2-13-125-71-2.ap-northeast-2.compute.amazonaws.com",
            "public_ip": "13.125.71.2",
            "public_ipv4_pool": "amazon",
            "tags": {},
            "tags_all": {},
            "timeouts": null,
            "vpc": true
          },
          "sensitive_attributes": [],
          "private": "eyJlMmJmYjczMC1lY2FhLTExZTYtOGY4OC0zNDM2M2JjN2M0YzAiOnsiZGVsZXRlIjoxODAwMDAwMDAwMDAsInJlYWQiOjkwMDAwMDAwMDAwMCwidXBkYXRlIjozMDAwMDAwMDAwMDB9fQ==",
          "dependencies": [
            "module.vpc.aws_internet_gateway.cluster_igw",
            "module.vpc.aws_vpc.cluster_vpc"
          ]
        },
        {
          "index_key": 1,
          "schema_version": 0,
          "attributes": {
            "address": null,
            "allocation_id": "eipalloc-0707d0a60d02b33ea",
            "associate_with_private_ip": null,
            "association_id": "eipassoc-0fc8f4a322094cb68",
            "carrier_ip": "",
            "customer_owned_ip": "",
            "customer_owned_ipv4_pool": "",
            "domain": "vpc",
            "id": "eipalloc-0707d0a60d02b33ea",
            "instance": "",
            "network_border_group": "ap-northeast-2",
            "network_interface": "eni-0753bf7bd35530e83",
            "private_dns": "ip-172-18-3-59.ap-northeast-2.compute.internal",
            "private_ip": "172.18.3.59",
            "public_dns": "ec2-43-200-138-136.ap-northeast-2.compute.amazonaws.com",
            "public_ip": "43.200.138.136",
            "public_ipv4_pool": "amazon",
            "tags": {},
            "tags_all": {},
            "timeouts": null,
            "vpc": true
          },
          "sensitive_attributes": [],
          "private": "eyJlMmJmYjczMC1lY2FhLTExZTYtOGY4OC0zNDM2M2JjN2M0YzAiOnsiZGVsZXRlIjoxODAwMDAwMDAwMDAsInJlYWQiOjkwMDAwMDAwMDAwMCwidXBkYXRlIjozMDAwMDAwMDAwMDB9fQ==",
          "dependencies": [
            "module.vpc.aws_internet_gateway.cluster_igw",
            "module.vpc.aws_vpc.cluster_vpc"
          ]
        }
      ]
    },
    {
      "module": "module.vpc",
      "mode": "managed",
      "type": "aws_internet_gateway",
      "name": "cluster_igw",
      "provider": "provider[\"registry.terraform.io/hashicorp/aws\"]",
      "instances": [
        {
          "schema_version": 0,
          "attributes": {
            "arn": "arn:aws:ec2:ap-northeast-2:666897452748:internet-gateway/igw-0970abb05e140e496",
            "id": "igw-0970abb05e140e496",
            "owner_id": "666897452748",
            "tags": {
              "Name": "ecs-igw-dev"
            },
            "tags_all": {
              "Name": "ecs-igw-dev"
            },
            "timeouts": null,
            "vpc_id": "vpc-05cba648f25f0a8e7"
          },
          "sensitive_attributes": [],
          "private": "eyJlMmJmYjczMC1lY2FhLTExZTYtOGY4OC0zNDM2M2JjN2M0YzAiOnsiY3JlYXRlIjoxMjAwMDAwMDAwMDAwLCJkZWxldGUiOjEyMDAwMDAwMDAwMDAsInVwZGF0ZSI6MTIwMDAwMDAwMDAwMH19",
          "dependencies": [
            "module.vpc.aws_vpc.cluster_vpc"
          ]
        }
      ]
    },
    {
      "module": "module.vpc",
      "mode": "managed",
      "type": "aws_nat_gateway",
      "name": "nat_gateway",
      "provider": "provider[\"registry.terraform.io/hashicorp/aws\"]",
      "instances": [
        {
          "index_key": 0,
          "schema_version": 0,
          "attributes": {
            "allocation_id": "eipalloc-0c64dcc74caaaa98d",
            "association_id": "eipassoc-077cab12dae4cc06a",
            "connectivity_type": "public",
            "id": "nat-08a261dd93f3a5233",
            "network_interface_id": "eni-0fc595a1455a0cfd5",
            "private_ip": "172.18.2.85",
            "public_ip": "13.125.71.2",
            "secondary_allocation_ids": [],
            "secondary_private_ip_address_count": 0,
            "secondary_private_ip_addresses": [],
            "subnet_id": "subnet-02b4d78f3eb9ee0e5",
            "tags": {
              "Name": "NAT gw dev"
            },
            "tags_all": {
              "Name": "NAT gw dev"
            },
            "timeouts": null
          },
          "sensitive_attributes": [],
          "private": "eyJlMmJmYjczMC1lY2FhLTExZTYtOGY4OC0zNDM2M2JjN2M0YzAiOnsiY3JlYXRlIjo2MDAwMDAwMDAwMDAsImRlbGV0ZSI6MTgwMDAwMDAwMDAwMCwidXBkYXRlIjo2MDAwMDAwMDAwMDB9fQ==",
          "dependencies": [
            "module.vpc.aws_eip.nat_gateway",
            "module.vpc.aws_internet_gateway.cluster_igw",
            "module.vpc.aws_subnet.public_subnet",
            "module.vpc.aws_vpc.cluster_vpc",
            "module.vpc.data.aws_availability_zones.available"
          ]
        },
        {
          "index_key": 1,
          "schema_version": 0,
          "attributes": {
            "allocation_id": "eipalloc-0707d0a60d02b33ea",
            "association_id": "eipassoc-0fc8f4a322094cb68",
            "connectivity_type": "public",
            "id": "nat-0990c8f8a7a793d14",
            "network_interface_id": "eni-0753bf7bd35530e83",
            "private_ip": "172.18.3.59",
            "public_ip": "43.200.138.136",
            "secondary_allocation_ids": [],
            "secondary_private_ip_address_count": 0,
            "secondary_private_ip_addresses": [],
            "subnet_id": "subnet-07cb45c2d2f1e7ad3",
            "tags": {
              "Name": "NAT gw dev"
            },
            "tags_all": {
              "Name": "NAT gw dev"
            },
            "timeouts": null
          },
          "sensitive_attributes": [],
          "private": "eyJlMmJmYjczMC1lY2FhLTExZTYtOGY4OC0zNDM2M2JjN2M0YzAiOnsiY3JlYXRlIjo2MDAwMDAwMDAwMDAsImRlbGV0ZSI6MTgwMDAwMDAwMDAwMCwidXBkYXRlIjo2MDAwMDAwMDAwMDB9fQ==",
          "dependencies": [
            "module.vpc.aws_eip.nat_gateway",
            "module.vpc.aws_internet_gateway.cluster_igw",
            "module.vpc.aws_subnet.public_subnet",
            "module.vpc.aws_vpc.cluster_vpc",
            "module.vpc.data.aws_availability_zones.available"
          ]
        }
      ]
    },
    {
      "module": "module.vpc",
      "mode": "managed",
      "type": "aws_route",
      "name": "internet_access",
      "provider": "provider[\"registry.terraform.io/hashicorp/aws\"]",
      "instances": [
        {
          "schema_version": 0,
          "attributes": {
            "carrier_gateway_id": "",
            "core_network_arn": "",
            "destination_cidr_block": "0.0.0.0/0",
            "destination_ipv6_cidr_block": "",
            "destination_prefix_list_id": "",
            "egress_only_gateway_id": "",
            "gateway_id": "igw-0970abb05e140e496",
            "id": "r-rtb-018db016b7e596e111080289494",
            "instance_id": "",
            "instance_owner_id": "",
            "local_gateway_id": "",
            "nat_gateway_id": "",
            "network_interface_id": "",
            "origin": "CreateRoute",
            "route_table_id": "rtb-018db016b7e596e11",
            "state": "active",
            "timeouts": null,
            "transit_gateway_id": "",
            "vpc_endpoint_id": "",
            "vpc_peering_connection_id": ""
          },
          "sensitive_attributes": [],
          "private": "eyJlMmJmYjczMC1lY2FhLTExZTYtOGY4OC0zNDM2M2JjN2M0YzAiOnsiY3JlYXRlIjozMDAwMDAwMDAwMDAsImRlbGV0ZSI6MzAwMDAwMDAwMDAwLCJ1cGRhdGUiOjEyMDAwMDAwMDAwMH19",
          "dependencies": [
            "module.vpc.aws_internet_gateway.cluster_igw",
            "module.vpc.aws_vpc.cluster_vpc"
          ]
        }
      ]
    },
    {
      "module": "module.vpc",
      "mode": "managed",
      "type": "aws_route_table",
      "name": "private_route",
      "provider": "provider[\"registry.terraform.io/hashicorp/aws\"]",
      "instances": [
        {
          "index_key": 0,
          "schema_version": 0,
          "attributes": {
            "arn": "arn:aws:ec2:ap-northeast-2:666897452748:route-table/rtb-024712b51c7d7d1b6",
            "id": "rtb-024712b51c7d7d1b6",
            "owner_id": "666897452748",
            "propagating_vgws": [],
            "route": [
              {
                "carrier_gateway_id": "",
                "cidr_block": "0.0.0.0/0",
                "core_network_arn": "",
                "destination_prefix_list_id": "",
                "egress_only_gateway_id": "",
                "gateway_id": "",
                "ipv6_cidr_block": "",
                "local_gateway_id": "",
                "nat_gateway_id": "nat-08a261dd93f3a5233",
                "network_interface_id": "",
                "transit_gateway_id": "",
                "vpc_endpoint_id": "",
                "vpc_peering_connection_id": ""
              }
            ],
            "tags": {
              "Name": "private-route-table-dev"
            },
            "tags_all": {
              "Name": "private-route-table-dev"
            },
            "timeouts": null,
            "vpc_id": "vpc-05cba648f25f0a8e7"
          },
          "sensitive_attributes": [],
          "private": "eyJlMmJmYjczMC1lY2FhLTExZTYtOGY4OC0zNDM2M2JjN2M0YzAiOnsiY3JlYXRlIjozMDAwMDAwMDAwMDAsImRlbGV0ZSI6MzAwMDAwMDAwMDAwLCJ1cGRhdGUiOjEyMDAwMDAwMDAwMH19",
          "dependencies": [
            "module.vpc.aws_eip.nat_gateway",
            "module.vpc.aws_internet_gateway.cluster_igw",
            "module.vpc.aws_nat_gateway.nat_gateway",
            "module.vpc.aws_subnet.public_subnet",
            "module.vpc.aws_vpc.cluster_vpc",
            "module.vpc.data.aws_availability_zones.available"
          ]
        },
        {
          "index_key": 1,
          "schema_version": 0,
          "attributes": {
            "arn": "arn:aws:ec2:ap-northeast-2:666897452748:route-table/rtb-018535278de9d930e",
            "id": "rtb-018535278de9d930e",
            "owner_id": "666897452748",
            "propagating_vgws": [],
            "route": [
              {
                "carrier_gateway_id": "",
                "cidr_block": "0.0.0.0/0",
                "core_network_arn": "",
                "destination_prefix_list_id": "",
                "egress_only_gateway_id": "",
                "gateway_id": "",
                "ipv6_cidr_block": "",
                "local_gateway_id": "",
                "nat_gateway_id": "nat-0990c8f8a7a793d14",
                "network_interface_id": "",
                "transit_gateway_id": "",
                "vpc_endpoint_id": "",
                "vpc_peering_connection_id": ""
              }
            ],
            "tags": {
              "Name": "private-route-table-dev"
            },
            "tags_all": {
              "Name": "private-route-table-dev"
            },
            "timeouts": null,
            "vpc_id": "vpc-05cba648f25f0a8e7"
          },
          "sensitive_attributes": [],
          "private": "eyJlMmJmYjczMC1lY2FhLTExZTYtOGY4OC0zNDM2M2JjN2M0YzAiOnsiY3JlYXRlIjozMDAwMDAwMDAwMDAsImRlbGV0ZSI6MzAwMDAwMDAwMDAwLCJ1cGRhdGUiOjEyMDAwMDAwMDAwMH19",
          "dependencies": [
            "module.vpc.aws_eip.nat_gateway",
            "module.vpc.aws_internet_gateway.cluster_igw",
            "module.vpc.aws_nat_gateway.nat_gateway",
            "module.vpc.aws_subnet.public_subnet",
            "module.vpc.aws_vpc.cluster_vpc",
            "module.vpc.data.aws_availability_zones.available"
          ]
        }
      ]
    },
    {
      "module": "module.vpc",
      "mode": "managed",
      "type": "aws_route_table",
      "name": "public_route",
      "provider": "provider[\"registry.terraform.io/hashicorp/aws\"]",
      "instances": [
        {
          "schema_version": 0,
          "attributes": {
            "arn": "arn:aws:ec2:ap-northeast-2:666897452748:route-table/rtb-0647233e82b3d3d10",
            "id": "rtb-0647233e82b3d3d10",
            "owner_id": "666897452748",
            "propagating_vgws": [],
            "route": [
              {
                "carrier_gateway_id": "",
                "cidr_block": "0.0.0.0/0",
                "core_network_arn": "",
                "destination_prefix_list_id": "",
                "egress_only_gateway_id": "",
                "gateway_id": "igw-0970abb05e140e496",
                "ipv6_cidr_block": "",
                "local_gateway_id": "",
                "nat_gateway_id": "",
                "network_interface_id": "",
                "transit_gateway_id": "",
                "vpc_endpoint_id": "",
                "vpc_peering_connection_id": ""
              }
            ],
            "tags": {
              "Name": "ecs-route-table-dev"
            },
            "tags_all": {
              "Name": "ecs-route-table-dev"
            },
            "timeouts": null,
            "vpc_id": "vpc-05cba648f25f0a8e7"
          },
          "sensitive_attributes": [],
          "private": "eyJlMmJmYjczMC1lY2FhLTExZTYtOGY4OC0zNDM2M2JjN2M0YzAiOnsiY3JlYXRlIjozMDAwMDAwMDAwMDAsImRlbGV0ZSI6MzAwMDAwMDAwMDAwLCJ1cGRhdGUiOjEyMDAwMDAwMDAwMH19",
          "dependencies": [
            "module.vpc.aws_internet_gateway.cluster_igw",
            "module.vpc.aws_vpc.cluster_vpc"
          ]
        }
      ]
    },
    {
      "module": "module.vpc",
      "mode": "managed",
      "type": "aws_route_table_association",
      "name": "to-private",
      "provider": "provider[\"registry.terraform.io/hashicorp/aws\"]",
      "instances": [
        {
          "index_key": 0,
          "schema_version": 0,
          "attributes": {
            "gateway_id": "",
            "id": "rtbassoc-0b673194e355fd847",
            "route_table_id": "rtb-024712b51c7d7d1b6",
            "subnet_id": "subnet-004687cd89d4304ce",
            "timeouts": null
          },
          "sensitive_attributes": [],
          "private": "eyJlMmJmYjczMC1lY2FhLTExZTYtOGY4OC0zNDM2M2JjN2M0YzAiOnsiY3JlYXRlIjozMDAwMDAwMDAwMDAsImRlbGV0ZSI6MzAwMDAwMDAwMDAwLCJ1cGRhdGUiOjEyMDAwMDAwMDAwMH19",
          "dependencies": [
            "module.vpc.aws_eip.nat_gateway",
            "module.vpc.aws_internet_gateway.cluster_igw",
            "module.vpc.aws_nat_gateway.nat_gateway",
            "module.vpc.aws_route_table.private_route",
            "module.vpc.aws_subnet.private_subnet",
            "module.vpc.aws_subnet.public_subnet",
            "module.vpc.aws_vpc.cluster_vpc",
            "module.vpc.data.aws_availability_zones.available"
          ]
        },
        {
          "index_key": 1,
          "schema_version": 0,
          "attributes": {
            "gateway_id": "",
            "id": "rtbassoc-051fe6fbcaf37ef0a",
            "route_table_id": "rtb-018535278de9d930e",
            "subnet_id": "subnet-07fc8f2a9a782444a",
            "timeouts": null
          },
          "sensitive_attributes": [],
          "private": "eyJlMmJmYjczMC1lY2FhLTExZTYtOGY4OC0zNDM2M2JjN2M0YzAiOnsiY3JlYXRlIjozMDAwMDAwMDAwMDAsImRlbGV0ZSI6MzAwMDAwMDAwMDAwLCJ1cGRhdGUiOjEyMDAwMDAwMDAwMH19",
          "dependencies": [
            "module.vpc.aws_eip.nat_gateway",
            "module.vpc.aws_internet_gateway.cluster_igw",
            "module.vpc.aws_nat_gateway.nat_gateway",
            "module.vpc.aws_route_table.private_route",
            "module.vpc.aws_subnet.private_subnet",
            "module.vpc.aws_subnet.public_subnet",
            "module.vpc.aws_vpc.cluster_vpc",
            "module.vpc.data.aws_availability_zones.available"
          ]
        }
      ]
    },
    {
      "module": "module.vpc",
      "mode": "managed",
      "type": "aws_route_table_association",
      "name": "to-public",
      "provider": "provider[\"registry.terraform.io/hashicorp/aws\"]",
      "instances": [
        {
          "index_key": 0,
          "schema_version": 0,
          "attributes": {
            "gateway_id": "",
            "id": "rtbassoc-0059d585b51b78561",
            "route_table_id": "rtb-0647233e82b3d3d10",
            "subnet_id": "subnet-02b4d78f3eb9ee0e5",
            "timeouts": null
          },
          "sensitive_attributes": [],
          "private": "eyJlMmJmYjczMC1lY2FhLTExZTYtOGY4OC0zNDM2M2JjN2M0YzAiOnsiY3JlYXRlIjozMDAwMDAwMDAwMDAsImRlbGV0ZSI6MzAwMDAwMDAwMDAwLCJ1cGRhdGUiOjEyMDAwMDAwMDAwMH19",
          "dependencies": [
            "module.vpc.aws_internet_gateway.cluster_igw",
            "module.vpc.aws_route_table.public_route",
            "module.vpc.aws_subnet.public_subnet",
            "module.vpc.aws_vpc.cluster_vpc",
            "module.vpc.data.aws_availability_zones.available"
          ]
        },
        {
          "index_key": 1,
          "schema_version": 0,
          "attributes": {
            "gateway_id": "",
            "id": "rtbassoc-0ec3600a36cb1064e",
            "route_table_id": "rtb-0647233e82b3d3d10",
            "subnet_id": "subnet-07cb45c2d2f1e7ad3",
            "timeouts": null
          },
          "sensitive_attributes": [],
          "private": "eyJlMmJmYjczMC1lY2FhLTExZTYtOGY4OC0zNDM2M2JjN2M0YzAiOnsiY3JlYXRlIjozMDAwMDAwMDAwMDAsImRlbGV0ZSI6MzAwMDAwMDAwMDAwLCJ1cGRhdGUiOjEyMDAwMDAwMDAwMH19",
          "dependencies": [
            "module.vpc.aws_internet_gateway.cluster_igw",
            "module.vpc.aws_route_table.public_route",
            "module.vpc.aws_subnet.public_subnet",
            "module.vpc.aws_vpc.cluster_vpc",
            "module.vpc.data.aws_availability_zones.available"
          ]
        }
      ]
    },
    {
      "module": "module.vpc",
      "mode": "managed",
      "type": "aws_security_group",
      "name": "endpoint_sg",
      "provider": "provider[\"registry.terraform.io/hashicorp/aws\"]",
      "instances": [
        {
          "schema_version": 1,
          "attributes": {
            "arn": "arn:aws:ec2:ap-northeast-2:666897452748:security-group/sg-09b492ab3984f68d5",
            "description": "Allow inbound traffic on port 443",
            "egress": [
              {
                "cidr_blocks": [
                  "0.0.0.0/0"
                ],
                "description": "",
                "from_port": 0,
                "ipv6_cidr_blocks": [],
                "prefix_list_ids": [],
                "protocol": "-1",
                "security_groups": [],
                "self": false,
                "to_port": 0
              }
            ],
            "id": "sg-09b492ab3984f68d5",
            "ingress": [
              {
                "cidr_blocks": [
                  "0.0.0.0/0"
                ],
                "description": "HTTPS",
                "from_port": 443,
                "ipv6_cidr_blocks": [],
                "prefix_list_ids": [],
                "protocol": "tcp",
                "security_groups": [],
                "self": false,
                "to_port": 443
              }
            ],
            "name": "endpoint_sg",
            "name_prefix": "",
            "owner_id": "666897452748",
            "revoke_rules_on_delete": false,
            "tags": {
              "Name": "endpoint_sg"
            },
            "tags_all": {
              "Name": "endpoint_sg"
            },
            "timeouts": null,
            "vpc_id": "vpc-05cba648f25f0a8e7"
          },
          "sensitive_attributes": [],
          "private": "eyJlMmJmYjczMC1lY2FhLTExZTYtOGY4OC0zNDM2M2JjN2M0YzAiOnsiY3JlYXRlIjo2MDAwMDAwMDAwMDAsImRlbGV0ZSI6OTAwMDAwMDAwMDAwfSwic2NoZW1hX3ZlcnNpb24iOiIxIn0=",
          "dependencies": [
            "module.vpc.aws_vpc.cluster_vpc"
          ]
        }
      ]
    },
    {
      "module": "module.vpc",
      "mode": "managed",
      "type": "aws_subnet",
      "name": "private_subnet",
      "provider": "provider[\"registry.terraform.io/hashicorp/aws\"]",
      "instances": [
        {
          "index_key": 0,
          "schema_version": 1,
          "attributes": {
            "arn": "arn:aws:ec2:ap-northeast-2:666897452748:subnet/subnet-004687cd89d4304ce",
            "assign_ipv6_address_on_creation": false,
            "availability_zone": "ap-northeast-2a",
            "availability_zone_id": "apne2-az1",
            "cidr_block": "172.18.0.0/24",
            "customer_owned_ipv4_pool": "",
            "enable_dns64": false,
            "enable_lni_at_device_index": 0,
            "enable_resource_name_dns_a_record_on_launch": false,
            "enable_resource_name_dns_aaaa_record_on_launch": false,
            "id": "subnet-004687cd89d4304ce",
            "ipv6_cidr_block": "",
            "ipv6_cidr_block_association_id": "",
            "ipv6_native": false,
            "map_customer_owned_ip_on_launch": false,
            "map_public_ip_on_launch": false,
            "outpost_arn": "",
            "owner_id": "666897452748",
            "private_dns_hostname_type_on_launch": "ip-name",
            "tags": {
              "Name": "ecs-private-subnet-dev"
            },
            "tags_all": {
              "Name": "ecs-private-subnet-dev"
            },
            "timeouts": null,
            "vpc_id": "vpc-05cba648f25f0a8e7"
          },
          "sensitive_attributes": [],
          "private": "eyJlMmJmYjczMC1lY2FhLTExZTYtOGY4OC0zNDM2M2JjN2M0YzAiOnsiY3JlYXRlIjo2MDAwMDAwMDAwMDAsImRlbGV0ZSI6MTIwMDAwMDAwMDAwMH0sInNjaGVtYV92ZXJzaW9uIjoiMSJ9",
          "dependencies": [
            "module.vpc.aws_vpc.cluster_vpc",
            "module.vpc.data.aws_availability_zones.available"
          ]
        },
        {
          "index_key": 1,
          "schema_version": 1,
          "attributes": {
            "arn": "arn:aws:ec2:ap-northeast-2:666897452748:subnet/subnet-07fc8f2a9a782444a",
            "assign_ipv6_address_on_creation": false,
            "availability_zone": "ap-northeast-2b",
            "availability_zone_id": "apne2-az2",
            "cidr_block": "172.18.1.0/24",
            "customer_owned_ipv4_pool": "",
            "enable_dns64": false,
            "enable_lni_at_device_index": 0,
            "enable_resource_name_dns_a_record_on_launch": false,
            "enable_resource_name_dns_aaaa_record_on_launch": false,
            "id": "subnet-07fc8f2a9a782444a",
            "ipv6_cidr_block": "",
            "ipv6_cidr_block_association_id": "",
            "ipv6_native": false,
            "map_customer_owned_ip_on_launch": false,
            "map_public_ip_on_launch": false,
            "outpost_arn": "",
            "owner_id": "666897452748",
            "private_dns_hostname_type_on_launch": "ip-name",
            "tags": {
              "Name": "ecs-private-subnet-dev"
            },
            "tags_all": {
              "Name": "ecs-private-subnet-dev"
            },
            "timeouts": null,
            "vpc_id": "vpc-05cba648f25f0a8e7"
          },
          "sensitive_attributes": [],
          "private": "eyJlMmJmYjczMC1lY2FhLTExZTYtOGY4OC0zNDM2M2JjN2M0YzAiOnsiY3JlYXRlIjo2MDAwMDAwMDAwMDAsImRlbGV0ZSI6MTIwMDAwMDAwMDAwMH0sInNjaGVtYV92ZXJzaW9uIjoiMSJ9",
          "dependencies": [
            "module.vpc.aws_vpc.cluster_vpc",
            "module.vpc.data.aws_availability_zones.available"
          ]
        }
      ]
    },
    {
      "module": "module.vpc",
      "mode": "managed",
      "type": "aws_subnet",
      "name": "public_subnet",
      "provider": "provider[\"registry.terraform.io/hashicorp/aws\"]",
      "instances": [
        {
          "index_key": 0,
          "schema_version": 1,
          "attributes": {
            "arn": "arn:aws:ec2:ap-northeast-2:666897452748:subnet/subnet-02b4d78f3eb9ee0e5",
            "assign_ipv6_address_on_creation": false,
            "availability_zone": "ap-northeast-2a",
            "availability_zone_id": "apne2-az1",
            "cidr_block": "172.18.2.0/24",
            "customer_owned_ipv4_pool": "",
            "enable_dns64": false,
            "enable_lni_at_device_index": 0,
            "enable_resource_name_dns_a_record_on_launch": false,
            "enable_resource_name_dns_aaaa_record_on_launch": false,
            "id": "subnet-02b4d78f3eb9ee0e5",
            "ipv6_cidr_block": "",
            "ipv6_cidr_block_association_id": "",
            "ipv6_native": false,
            "map_customer_owned_ip_on_launch": false,
            "map_public_ip_on_launch": true,
            "outpost_arn": "",
            "owner_id": "666897452748",
            "private_dns_hostname_type_on_launch": "ip-name",
            "tags": {
              "Name": "ecs-public-subnet-dev"
            },
            "tags_all": {
              "Name": "ecs-public-subnet-dev"
            },
            "timeouts": null,
            "vpc_id": "vpc-05cba648f25f0a8e7"
          },
          "sensitive_attributes": [],
          "private": "eyJlMmJmYjczMC1lY2FhLTExZTYtOGY4OC0zNDM2M2JjN2M0YzAiOnsiY3JlYXRlIjo2MDAwMDAwMDAwMDAsImRlbGV0ZSI6MTIwMDAwMDAwMDAwMH0sInNjaGVtYV92ZXJzaW9uIjoiMSJ9",
          "dependencies": [
            "module.vpc.aws_vpc.cluster_vpc",
            "module.vpc.data.aws_availability_zones.available"
          ]
        },
        {
          "index_key": 1,
          "schema_version": 1,
          "attributes": {
            "arn": "arn:aws:ec2:ap-northeast-2:666897452748:subnet/subnet-07cb45c2d2f1e7ad3",
            "assign_ipv6_address_on_creation": false,
            "availability_zone": "ap-northeast-2b",
            "availability_zone_id": "apne2-az2",
            "cidr_block": "172.18.3.0/24",
            "customer_owned_ipv4_pool": "",
            "enable_dns64": false,
            "enable_lni_at_device_index": 0,
            "enable_resource_name_dns_a_record_on_launch": false,
            "enable_resource_name_dns_aaaa_record_on_launch": false,
            "id": "subnet-07cb45c2d2f1e7ad3",
            "ipv6_cidr_block": "",
            "ipv6_cidr_block_association_id": "",
            "ipv6_native": false,
            "map_customer_owned_ip_on_launch": false,
            "map_public_ip_on_launch": true,
            "outpost_arn": "",
            "owner_id": "666897452748",
            "private_dns_hostname_type_on_launch": "ip-name",
            "tags": {
              "Name": "ecs-public-subnet-dev"
            },
            "tags_all": {
              "Name": "ecs-public-subnet-dev"
            },
            "timeouts": null,
            "vpc_id": "vpc-05cba648f25f0a8e7"
          },
          "sensitive_attributes": [],
          "private": "eyJlMmJmYjczMC1lY2FhLTExZTYtOGY4OC0zNDM2M2JjN2M0YzAiOnsiY3JlYXRlIjo2MDAwMDAwMDAwMDAsImRlbGV0ZSI6MTIwMDAwMDAwMDAwMH0sInNjaGVtYV92ZXJzaW9uIjoiMSJ9",
          "dependencies": [
            "module.vpc.aws_vpc.cluster_vpc",
            "module.vpc.data.aws_availability_zones.available"
          ]
        }
      ]
    },
    {
      "module": "module.vpc",
      "mode": "managed",
      "type": "aws_vpc",
      "name": "cluster_vpc",
      "provider": "provider[\"registry.terraform.io/hashicorp/aws\"]",
      "instances": [
        {
          "schema_version": 1,
          "attributes": {
            "arn": "arn:aws:ec2:ap-northeast-2:666897452748:vpc/vpc-05cba648f25f0a8e7",
            "assign_generated_ipv6_cidr_block": false,
            "cidr_block": "172.18.0.0/16",
            "default_network_acl_id": "acl-0e26d9419167a9f02",
            "default_route_table_id": "rtb-018db016b7e596e11",
            "default_security_group_id": "sg-00e88ff5ef484267e",
            "dhcp_options_id": "dopt-08bf3d10fa52df507",
            "enable_dns_hostnames": true,
            "enable_dns_support": true,
            "enable_network_address_usage_metrics": false,
            "id": "vpc-05cba648f25f0a8e7",
            "instance_tenancy": "default",
            "ipv4_ipam_pool_id": null,
            "ipv4_netmask_length": null,
            "ipv6_association_id": "",
            "ipv6_cidr_block": "",
            "ipv6_cidr_block_network_border_group": "",
            "ipv6_ipam_pool_id": "",
            "ipv6_netmask_length": 0,
            "main_route_table_id": "rtb-018db016b7e596e11",
            "owner_id": "666897452748",
            "tags": {
              "Name": "philoberry-cluster_vpc-dev",
              "Service": "philoberry-{var.service_type}"
            },
            "tags_all": {
              "Name": "philoberry-cluster_vpc-dev",
              "Service": "philoberry-{var.service_type}"
            }
          },
          "sensitive_attributes": [],
          "private": "eyJzY2hlbWFfdmVyc2lvbiI6IjEifQ==",
          "create_before_destroy": true
        }
      ]
    },
    {
      "module": "module.vpc",
      "mode": "managed",
      "type": "aws_vpc_endpoint",
      "name": "ecr_api",
      "provider": "provider[\"registry.terraform.io/hashicorp/aws\"]",
      "instances": [
        {
          "schema_version": 0,
          "attributes": {
            "arn": "arn:aws:ec2:ap-northeast-2:666897452748:vpc-endpoint/vpce-01d4e8bce1891ad9c",
            "auto_accept": null,
            "cidr_blocks": [],
            "dns_entry": [
              {
                "dns_name": "vpce-01d4e8bce1891ad9c-c2ux4ykp.api.ecr.ap-northeast-2.vpce.amazonaws.com",
                "hosted_zone_id": "Z27UANNT0PRK1T"
              },
              {
                "dns_name": "vpce-01d4e8bce1891ad9c-c2ux4ykp-ap-northeast-2b.api.ecr.ap-northeast-2.vpce.amazonaws.com",
                "hosted_zone_id": "Z27UANNT0PRK1T"
              },
              {
                "dns_name": "vpce-01d4e8bce1891ad9c-c2ux4ykp-ap-northeast-2a.api.ecr.ap-northeast-2.vpce.amazonaws.com",
                "hosted_zone_id": "Z27UANNT0PRK1T"
              },
              {
                "dns_name": "api.ecr.ap-northeast-2.amazonaws.com",
                "hosted_zone_id": "Z08196011CAN0HPIWHN2M"
              }
            ],
            "dns_options": [
              {
                "dns_record_ip_type": "ipv4",
                "private_dns_only_for_inbound_resolver_endpoint": false
              }
            ],
            "id": "vpce-01d4e8bce1891ad9c",
            "ip_address_type": "ipv4",
            "network_interface_ids": [
              "eni-0292cb16a30593ae3",
              "eni-05eb13ade1cdd9347"
            ],
            "owner_id": "666897452748",
            "policy": "{\"Statement\":[{\"Action\":\"*\",\"Effect\":\"Allow\",\"Principal\":\"*\",\"Resource\":\"*\"}]}",
            "prefix_list_id": null,
            "private_dns_enabled": true,
            "requester_managed": false,
            "route_table_ids": [],
            "security_group_ids": [
              "sg-09b492ab3984f68d5"
            ],
            "service_name": "com.amazonaws.ap-northeast-2.ecr.api",
            "state": "available",
            "subnet_ids": [
              "subnet-004687cd89d4304ce",
              "subnet-07fc8f2a9a782444a"
            ],
            "tags": {
              "Name": "ecr_api_endpoint"
            },
            "tags_all": {
              "Name": "ecr_api_endpoint"
            },
            "timeouts": null,
            "vpc_endpoint_type": "Interface",
            "vpc_id": "vpc-05cba648f25f0a8e7"
          },
          "sensitive_attributes": [],
          "private": "eyJlMmJmYjczMC1lY2FhLTExZTYtOGY4OC0zNDM2M2JjN2M0YzAiOnsiY3JlYXRlIjo2MDAwMDAwMDAwMDAsImRlbGV0ZSI6NjAwMDAwMDAwMDAwLCJ1cGRhdGUiOjYwMDAwMDAwMDAwMH19",
          "dependencies": [
            "module.vpc.aws_security_group.endpoint_sg",
            "module.vpc.aws_subnet.private_subnet",
            "module.vpc.aws_vpc.cluster_vpc",
            "module.vpc.data.aws_availability_zones.available"
          ]
        }
      ]
    },
    {
      "module": "module.vpc",
      "mode": "managed",
      "type": "aws_vpc_endpoint",
      "name": "ecr_dkr",
      "provider": "provider[\"registry.terraform.io/hashicorp/aws\"]",
      "instances": [
        {
          "schema_version": 0,
          "attributes": {
            "arn": "arn:aws:ec2:ap-northeast-2:666897452748:vpc-endpoint/vpce-0ba712264b2095808",
            "auto_accept": null,
            "cidr_blocks": [],
            "dns_entry": [
              {
                "dns_name": "vpce-0ba712264b2095808-71g4aun5.dkr.ecr.ap-northeast-2.vpce.amazonaws.com",
                "hosted_zone_id": "Z27UANNT0PRK1T"
              },
              {
                "dns_name": "vpce-0ba712264b2095808-71g4aun5-ap-northeast-2a.dkr.ecr.ap-northeast-2.vpce.amazonaws.com",
                "hosted_zone_id": "Z27UANNT0PRK1T"
              },
              {
                "dns_name": "vpce-0ba712264b2095808-71g4aun5-ap-northeast-2b.dkr.ecr.ap-northeast-2.vpce.amazonaws.com",
                "hosted_zone_id": "Z27UANNT0PRK1T"
              },
              {
                "dns_name": "dkr.ecr.ap-northeast-2.amazonaws.com",
                "hosted_zone_id": "Z018763215RKYDOIQ7DNR"
              },
              {
                "dns_name": "*.dkr.ecr.ap-northeast-2.amazonaws.com",
                "hosted_zone_id": "Z018763215RKYDOIQ7DNR"
              }
            ],
            "dns_options": [
              {
                "dns_record_ip_type": "ipv4",
                "private_dns_only_for_inbound_resolver_endpoint": false
              }
            ],
            "id": "vpce-0ba712264b2095808",
            "ip_address_type": "ipv4",
            "network_interface_ids": [
              "eni-04e43d020d09041e1",
              "eni-074224d44f348966c"
            ],
            "owner_id": "666897452748",
            "policy": "{\"Statement\":[{\"Action\":\"*\",\"Effect\":\"Allow\",\"Principal\":\"*\",\"Resource\":\"*\"}]}",
            "prefix_list_id": null,
            "private_dns_enabled": true,
            "requester_managed": false,
            "route_table_ids": [],
            "security_group_ids": [
              "sg-09b492ab3984f68d5"
            ],
            "service_name": "com.amazonaws.ap-northeast-2.ecr.dkr",
            "state": "available",
            "subnet_ids": [
              "subnet-004687cd89d4304ce",
              "subnet-07fc8f2a9a782444a"
            ],
            "tags": {
              "Name": "ecr_dkr_endpoint"
            },
            "tags_all": {
              "Name": "ecr_dkr_endpoint"
            },
            "timeouts": null,
            "vpc_endpoint_type": "Interface",
            "vpc_id": "vpc-05cba648f25f0a8e7"
          },
          "sensitive_attributes": [],
          "private": "eyJlMmJmYjczMC1lY2FhLTExZTYtOGY4OC0zNDM2M2JjN2M0YzAiOnsiY3JlYXRlIjo2MDAwMDAwMDAwMDAsImRlbGV0ZSI6NjAwMDAwMDAwMDAwLCJ1cGRhdGUiOjYwMDAwMDAwMDAwMH19",
          "dependencies": [
            "module.vpc.aws_security_group.endpoint_sg",
            "module.vpc.aws_subnet.private_subnet",
            "module.vpc.aws_vpc.cluster_vpc",
            "module.vpc.data.aws_availability_zones.available"
          ]
        }
      ]
    },
    {
      "module": "module.vpc",
      "mode": "managed",
      "type": "aws_vpc_endpoint",
      "name": "s3_endpoint",
      "provider": "provider[\"registry.terraform.io/hashicorp/aws\"]",
      "instances": [
        {
          "schema_version": 0,
          "attributes": {
            "arn": "arn:aws:ec2:ap-northeast-2:666897452748:vpc-endpoint/vpce-0895cd5db7f4cd9db",
            "auto_accept": null,
            "cidr_blocks": [
              "52.219.202.0/23",
              "52.219.144.0/22",
              "52.219.204.0/22",
              "3.5.144.0/23",
              "3.5.140.0/22",
              "52.219.148.0/23",
              "52.219.60.0/23",
              "3.5.184.0/21",
              "52.219.56.0/22"
            ],
            "dns_entry": [],
            "dns_options": [],
            "id": "vpce-0895cd5db7f4cd9db",
            "ip_address_type": "",
            "network_interface_ids": [],
            "owner_id": "666897452748",
            "policy": "{\"Statement\":[{\"Action\":\"*\",\"Effect\":\"Allow\",\"Principal\":\"*\",\"Resource\":\"*\"}],\"Version\":\"2008-10-17\"}",
            "prefix_list_id": "pl-78a54011",
            "private_dns_enabled": false,
            "requester_managed": false,
            "route_table_ids": [
              "rtb-018535278de9d930e",
              "rtb-024712b51c7d7d1b6"
            ],
            "security_group_ids": [],
            "service_name": "com.amazonaws.ap-northeast-2.s3",
            "state": "available",
            "subnet_ids": [],
            "tags": {
              "Name": "s3_endpoint"
            },
            "tags_all": {
              "Name": "s3_endpoint"
            },
            "timeouts": null,
            "vpc_endpoint_type": "Gateway",
            "vpc_id": "vpc-05cba648f25f0a8e7"
          },
          "sensitive_attributes": [],
          "private": "eyJlMmJmYjczMC1lY2FhLTExZTYtOGY4OC0zNDM2M2JjN2M0YzAiOnsiY3JlYXRlIjo2MDAwMDAwMDAwMDAsImRlbGV0ZSI6NjAwMDAwMDAwMDAwLCJ1cGRhdGUiOjYwMDAwMDAwMDAwMH19",
          "dependencies": [
            "module.vpc.aws_eip.nat_gateway",
            "module.vpc.aws_internet_gateway.cluster_igw",
            "module.vpc.aws_nat_gateway.nat_gateway",
            "module.vpc.aws_route_table.private_route",
            "module.vpc.aws_subnet.public_subnet",
            "module.vpc.aws_vpc.cluster_vpc",
            "module.vpc.data.aws_availability_zones.available"
          ]
        }
      ]
    }
  ],
  "check_results": null
}
