{
  "version": 4,
  "terraform_version": "1.5.6",
  "serial": 241,
  "lineage": "a51561d1-b4ca-dd84-a49c-77daa2ecc757",
  "outputs": {},
  "resources": [
    {
      "module": "module.vpc",
      "mode": "data",
      "type": "aws_availability_zones",
      "name": "available",
      "provider": "provider[\"registry.terraform.io/hashicorp/aws\"]",
      "instances": [
        {
          "schema_version": 0,
          "attributes": {
            "all_availability_zones": null,
            "exclude_names": null,
            "exclude_zone_ids": null,
            "filter": null,
            "group_names": [
              "ap-northeast-2"
            ],
            "id": "ap-northeast-2",
            "names": [
              "ap-northeast-2a",
              "ap-northeast-2b",
              "ap-northeast-2c",
              "ap-northeast-2d"
            ],
            "state": null,
            "timeouts": null,
            "zone_ids": [
              "apne2-az1",
              "apne2-az2",
              "apne2-az3",
              "apne2-az4"
            ]
          },
          "sensitive_attributes": []
        }
      ]
    },
    {
      "module": "module.vpc",
      "mode": "managed",
      "type": "aws_eip",
      "name": "nat_gateway",
      "provider": "provider[\"registry.terraform.io/hashicorp/aws\"]",
      "instances": [
        {
          "index_key": 0,
          "schema_version": 0,
          "attributes": {
            "address": null,
            "allocation_id": "eipalloc-05022590d2a877718",
            "associate_with_private_ip": null,
            "association_id": "",
            "carrier_ip": "",
            "customer_owned_ip": "",
            "customer_owned_ipv4_pool": "",
            "domain": "vpc",
            "id": "eipalloc-05022590d2a877718",
            "instance": "",
            "network_border_group": "ap-northeast-2",
            "network_interface": "",
            "private_dns": null,
            "private_ip": "",
            "public_dns": "ec2-15-164-67-155.ap-northeast-2.compute.amazonaws.com",
            "public_ip": "15.164.67.155",
            "public_ipv4_pool": "amazon",
            "tags": null,
            "tags_all": {},
            "timeouts": null,
            "vpc": true
          },
          "sensitive_attributes": [],
          "private": "eyJlMmJmYjczMC1lY2FhLTExZTYtOGY4OC0zNDM2M2JjN2M0YzAiOnsiZGVsZXRlIjoxODAwMDAwMDAwMDAsInJlYWQiOjkwMDAwMDAwMDAwMCwidXBkYXRlIjozMDAwMDAwMDAwMDB9fQ==",
          "dependencies": [
            "module.vpc.aws_internet_gateway.cluster_igw",
            "module.vpc.aws_vpc.cluster_vpc"
          ]
        },
        {
          "index_key": 1,
          "schema_version": 0,
          "attributes": {
            "address": null,
            "allocation_id": "eipalloc-0bf5deef2cf6d7249",
            "associate_with_private_ip": null,
            "association_id": "",
            "carrier_ip": "",
            "customer_owned_ip": "",
            "customer_owned_ipv4_pool": "",
            "domain": "vpc",
            "id": "eipalloc-0bf5deef2cf6d7249",
            "instance": "",
            "network_border_group": "ap-northeast-2",
            "network_interface": "",
            "private_dns": null,
            "private_ip": "",
            "public_dns": "ec2-43-202-228-230.ap-northeast-2.compute.amazonaws.com",
            "public_ip": "43.202.228.230",
            "public_ipv4_pool": "amazon",
            "tags": null,
            "tags_all": {},
            "timeouts": null,
            "vpc": true
          },
          "sensitive_attributes": [],
          "private": "eyJlMmJmYjczMC1lY2FhLTExZTYtOGY4OC0zNDM2M2JjN2M0YzAiOnsiZGVsZXRlIjoxODAwMDAwMDAwMDAsInJlYWQiOjkwMDAwMDAwMDAwMCwidXBkYXRlIjozMDAwMDAwMDAwMDB9fQ==",
          "dependencies": [
            "module.vpc.aws_internet_gateway.cluster_igw",
            "module.vpc.aws_vpc.cluster_vpc"
          ]
        }
      ]
    },
    {
      "module": "module.vpc",
      "mode": "managed",
      "type": "aws_internet_gateway",
      "name": "cluster_igw",
      "provider": "provider[\"registry.terraform.io/hashicorp/aws\"]",
      "instances": [
        {
          "schema_version": 0,
          "attributes": {
            "arn": "arn:aws:ec2:ap-northeast-2:666897452748:internet-gateway/igw-0757767a23a9038e5",
            "id": "igw-0757767a23a9038e5",
            "owner_id": "666897452748",
            "tags": {
              "Name": "ecs-igw-dev"
            },
            "tags_all": {
              "Name": "ecs-igw-dev"
            },
            "timeouts": null,
            "vpc_id": "vpc-0387e1a1433aab952"
          },
          "sensitive_attributes": [],
          "private": "eyJlMmJmYjczMC1lY2FhLTExZTYtOGY4OC0zNDM2M2JjN2M0YzAiOnsiY3JlYXRlIjoxMjAwMDAwMDAwMDAwLCJkZWxldGUiOjEyMDAwMDAwMDAwMDAsInVwZGF0ZSI6MTIwMDAwMDAwMDAwMH19",
          "dependencies": [
            "module.vpc.aws_vpc.cluster_vpc"
          ]
        }
      ]
    },
    {
      "module": "module.vpc",
      "mode": "managed",
      "type": "aws_nat_gateway",
      "name": "nat_gateway",
      "provider": "provider[\"registry.terraform.io/hashicorp/aws\"]",
      "instances": [
        {
          "index_key": 0,
          "schema_version": 0,
          "attributes": {
            "allocation_id": "eipalloc-05022590d2a877718",
            "association_id": "eipassoc-038f17bfeb82955e5",
            "connectivity_type": "public",
            "id": "nat-00457072935f8032c",
            "network_interface_id": "eni-06ec5babfcdd6720f",
            "private_ip": "172.18.2.75",
            "public_ip": "15.164.67.155",
            "secondary_allocation_ids": null,
            "secondary_private_ip_address_count": 0,
            "secondary_private_ip_addresses": [],
            "subnet_id": "subnet-0a538d786a6bb2db8",
            "tags": {
              "Name": "NAT gw dev"
            },
            "tags_all": {
              "Name": "NAT gw dev"
            },
            "timeouts": null
          },
          "sensitive_attributes": [],
          "private": "eyJlMmJmYjczMC1lY2FhLTExZTYtOGY4OC0zNDM2M2JjN2M0YzAiOnsiY3JlYXRlIjo2MDAwMDAwMDAwMDAsImRlbGV0ZSI6MTgwMDAwMDAwMDAwMCwidXBkYXRlIjo2MDAwMDAwMDAwMDB9fQ==",
          "dependencies": [
            "module.vpc.aws_eip.nat_gateway",
            "module.vpc.aws_internet_gateway.cluster_igw",
            "module.vpc.aws_subnet.public_subnet",
            "module.vpc.aws_vpc.cluster_vpc",
            "module.vpc.data.aws_availability_zones.available"
          ]
        },
        {
          "index_key": 1,
          "schema_version": 0,
          "attributes": {
            "allocation_id": "eipalloc-0bf5deef2cf6d7249",
            "association_id": "eipassoc-040c21eee30f8d82d",
            "connectivity_type": "public",
            "id": "nat-0e60ed7a855f7304e",
            "network_interface_id": "eni-09caae6651cd786b3",
            "private_ip": "172.18.3.38",
            "public_ip": "43.202.228.230",
            "secondary_allocation_ids": null,
            "secondary_private_ip_address_count": 0,
            "secondary_private_ip_addresses": [],
            "subnet_id": "subnet-0853aff9dd8a194ad",
            "tags": {
              "Name": "NAT gw dev"
            },
            "tags_all": {
              "Name": "NAT gw dev"
            },
            "timeouts": null
          },
          "sensitive_attributes": [],
          "private": "eyJlMmJmYjczMC1lY2FhLTExZTYtOGY4OC0zNDM2M2JjN2M0YzAiOnsiY3JlYXRlIjo2MDAwMDAwMDAwMDAsImRlbGV0ZSI6MTgwMDAwMDAwMDAwMCwidXBkYXRlIjo2MDAwMDAwMDAwMDB9fQ==",
          "dependencies": [
            "module.vpc.aws_eip.nat_gateway",
            "module.vpc.aws_internet_gateway.cluster_igw",
            "module.vpc.aws_subnet.public_subnet",
            "module.vpc.aws_vpc.cluster_vpc",
            "module.vpc.data.aws_availability_zones.available"
          ]
        }
      ]
    },
    {
      "module": "module.vpc",
      "mode": "managed",
      "type": "aws_route",
      "name": "internet_access",
      "provider": "provider[\"registry.terraform.io/hashicorp/aws\"]",
      "instances": [
        {
          "schema_version": 0,
          "attributes": {
            "carrier_gateway_id": "",
            "core_network_arn": "",
            "destination_cidr_block": "0.0.0.0/0",
            "destination_ipv6_cidr_block": "",
            "destination_prefix_list_id": "",
            "egress_only_gateway_id": "",
            "gateway_id": "igw-0757767a23a9038e5",
            "id": "r-rtb-049014e79503953331080289494",
            "instance_id": "",
            "instance_owner_id": "",
            "local_gateway_id": "",
            "nat_gateway_id": "",
            "network_interface_id": "",
            "origin": "CreateRoute",
            "route_table_id": "rtb-049014e7950395333",
            "state": "active",
            "timeouts": null,
            "transit_gateway_id": "",
            "vpc_endpoint_id": "",
            "vpc_peering_connection_id": ""
          },
          "sensitive_attributes": [],
          "private": "eyJlMmJmYjczMC1lY2FhLTExZTYtOGY4OC0zNDM2M2JjN2M0YzAiOnsiY3JlYXRlIjozMDAwMDAwMDAwMDAsImRlbGV0ZSI6MzAwMDAwMDAwMDAwLCJ1cGRhdGUiOjEyMDAwMDAwMDAwMH19",
          "dependencies": [
            "module.vpc.aws_internet_gateway.cluster_igw",
            "module.vpc.aws_vpc.cluster_vpc"
          ]
        }
      ]
    },
    {
      "module": "module.vpc",
      "mode": "managed",
      "type": "aws_route_table",
      "name": "private_route",
      "provider": "provider[\"registry.terraform.io/hashicorp/aws\"]",
      "instances": [
        {
          "index_key": 0,
          "schema_version": 0,
          "attributes": {
            "arn": "arn:aws:ec2:ap-northeast-2:666897452748:route-table/rtb-0951c6be978ffd840",
            "id": "rtb-0951c6be978ffd840",
            "owner_id": "666897452748",
            "propagating_vgws": [],
            "route": [
              {
                "carrier_gateway_id": "",
                "cidr_block": "0.0.0.0/0",
                "core_network_arn": "",
                "destination_prefix_list_id": "",
                "egress_only_gateway_id": "",
                "gateway_id": "",
                "ipv6_cidr_block": "",
                "local_gateway_id": "",
                "nat_gateway_id": "nat-00457072935f8032c",
                "network_interface_id": "",
                "transit_gateway_id": "",
                "vpc_endpoint_id": "",
                "vpc_peering_connection_id": ""
              }
            ],
            "tags": {
              "Name": "private-route-table-dev"
            },
            "tags_all": {
              "Name": "private-route-table-dev"
            },
            "timeouts": null,
            "vpc_id": "vpc-0387e1a1433aab952"
          },
          "sensitive_attributes": [],
          "private": "eyJlMmJmYjczMC1lY2FhLTExZTYtOGY4OC0zNDM2M2JjN2M0YzAiOnsiY3JlYXRlIjozMDAwMDAwMDAwMDAsImRlbGV0ZSI6MzAwMDAwMDAwMDAwLCJ1cGRhdGUiOjEyMDAwMDAwMDAwMH19",
          "dependencies": [
            "module.vpc.aws_eip.nat_gateway",
            "module.vpc.aws_internet_gateway.cluster_igw",
            "module.vpc.aws_nat_gateway.nat_gateway",
            "module.vpc.aws_subnet.public_subnet",
            "module.vpc.aws_vpc.cluster_vpc",
            "module.vpc.data.aws_availability_zones.available"
          ]
        },
        {
          "index_key": 1,
          "schema_version": 0,
          "attributes": {
            "arn": "arn:aws:ec2:ap-northeast-2:666897452748:route-table/rtb-0eea556a2b1485969",
            "id": "rtb-0eea556a2b1485969",
            "owner_id": "666897452748",
            "propagating_vgws": [],
            "route": [
              {
                "carrier_gateway_id": "",
                "cidr_block": "0.0.0.0/0",
                "core_network_arn": "",
                "destination_prefix_list_id": "",
                "egress_only_gateway_id": "",
                "gateway_id": "",
                "ipv6_cidr_block": "",
                "local_gateway_id": "",
                "nat_gateway_id": "nat-0e60ed7a855f7304e",
                "network_interface_id": "",
                "transit_gateway_id": "",
                "vpc_endpoint_id": "",
                "vpc_peering_connection_id": ""
              }
            ],
            "tags": {
              "Name": "private-route-table-dev"
            },
            "tags_all": {
              "Name": "private-route-table-dev"
            },
            "timeouts": null,
            "vpc_id": "vpc-0387e1a1433aab952"
          },
          "sensitive_attributes": [],
          "private": "eyJlMmJmYjczMC1lY2FhLTExZTYtOGY4OC0zNDM2M2JjN2M0YzAiOnsiY3JlYXRlIjozMDAwMDAwMDAwMDAsImRlbGV0ZSI6MzAwMDAwMDAwMDAwLCJ1cGRhdGUiOjEyMDAwMDAwMDAwMH19",
          "dependencies": [
            "module.vpc.aws_eip.nat_gateway",
            "module.vpc.aws_internet_gateway.cluster_igw",
            "module.vpc.aws_nat_gateway.nat_gateway",
            "module.vpc.aws_subnet.public_subnet",
            "module.vpc.aws_vpc.cluster_vpc",
            "module.vpc.data.aws_availability_zones.available"
          ]
        }
      ]
    },
    {
      "module": "module.vpc",
      "mode": "managed",
      "type": "aws_route_table",
      "name": "public_route",
      "provider": "provider[\"registry.terraform.io/hashicorp/aws\"]",
      "instances": [
        {
          "schema_version": 0,
          "attributes": {
            "arn": "arn:aws:ec2:ap-northeast-2:666897452748:route-table/rtb-033a41293664811b0",
            "id": "rtb-033a41293664811b0",
            "owner_id": "666897452748",
            "propagating_vgws": [],
            "route": [
              {
                "carrier_gateway_id": "",
                "cidr_block": "0.0.0.0/0",
                "core_network_arn": "",
                "destination_prefix_list_id": "",
                "egress_only_gateway_id": "",
                "gateway_id": "igw-0757767a23a9038e5",
                "ipv6_cidr_block": "",
                "local_gateway_id": "",
                "nat_gateway_id": "",
                "network_interface_id": "",
                "transit_gateway_id": "",
                "vpc_endpoint_id": "",
                "vpc_peering_connection_id": ""
              }
            ],
            "tags": {
              "Name": "ecs-route-table-dev"
            },
            "tags_all": {
              "Name": "ecs-route-table-dev"
            },
            "timeouts": null,
            "vpc_id": "vpc-0387e1a1433aab952"
          },
          "sensitive_attributes": [],
          "private": "eyJlMmJmYjczMC1lY2FhLTExZTYtOGY4OC0zNDM2M2JjN2M0YzAiOnsiY3JlYXRlIjozMDAwMDAwMDAwMDAsImRlbGV0ZSI6MzAwMDAwMDAwMDAwLCJ1cGRhdGUiOjEyMDAwMDAwMDAwMH19",
          "dependencies": [
            "module.vpc.aws_internet_gateway.cluster_igw",
            "module.vpc.aws_vpc.cluster_vpc"
          ]
        }
      ]
    },
    {
      "module": "module.vpc",
      "mode": "managed",
      "type": "aws_route_table_association",
      "name": "to-private",
      "provider": "provider[\"registry.terraform.io/hashicorp/aws\"]",
      "instances": [
        {
          "index_key": 0,
          "schema_version": 0,
          "attributes": {
            "gateway_id": "",
            "id": "rtbassoc-02c59f26a423a6411",
            "route_table_id": "rtb-0951c6be978ffd840",
            "subnet_id": "subnet-0fb17db731cb6f14a",
            "timeouts": null
          },
          "sensitive_attributes": [],
          "private": "eyJlMmJmYjczMC1lY2FhLTExZTYtOGY4OC0zNDM2M2JjN2M0YzAiOnsiY3JlYXRlIjozMDAwMDAwMDAwMDAsImRlbGV0ZSI6MzAwMDAwMDAwMDAwLCJ1cGRhdGUiOjEyMDAwMDAwMDAwMH19",
          "dependencies": [
            "module.vpc.aws_eip.nat_gateway",
            "module.vpc.aws_internet_gateway.cluster_igw",
            "module.vpc.aws_nat_gateway.nat_gateway",
            "module.vpc.aws_route_table.private_route",
            "module.vpc.aws_subnet.private_subnet",
            "module.vpc.aws_subnet.public_subnet",
            "module.vpc.aws_vpc.cluster_vpc",
            "module.vpc.data.aws_availability_zones.available"
          ]
        },
        {
          "index_key": 1,
          "schema_version": 0,
          "attributes": {
            "gateway_id": "",
            "id": "rtbassoc-0c8db774022d49fbc",
            "route_table_id": "rtb-0eea556a2b1485969",
            "subnet_id": "subnet-01eb7a41dd26ce2a6",
            "timeouts": null
          },
          "sensitive_attributes": [],
          "private": "eyJlMmJmYjczMC1lY2FhLTExZTYtOGY4OC0zNDM2M2JjN2M0YzAiOnsiY3JlYXRlIjozMDAwMDAwMDAwMDAsImRlbGV0ZSI6MzAwMDAwMDAwMDAwLCJ1cGRhdGUiOjEyMDAwMDAwMDAwMH19",
          "dependencies": [
            "module.vpc.aws_eip.nat_gateway",
            "module.vpc.aws_internet_gateway.cluster_igw",
            "module.vpc.aws_nat_gateway.nat_gateway",
            "module.vpc.aws_route_table.private_route",
            "module.vpc.aws_subnet.private_subnet",
            "module.vpc.aws_subnet.public_subnet",
            "module.vpc.aws_vpc.cluster_vpc",
            "module.vpc.data.aws_availability_zones.available"
          ]
        }
      ]
    },
    {
      "module": "module.vpc",
      "mode": "managed",
      "type": "aws_route_table_association",
      "name": "to-public",
      "provider": "provider[\"registry.terraform.io/hashicorp/aws\"]",
      "instances": [
        {
          "index_key": 0,
          "schema_version": 0,
          "attributes": {
            "gateway_id": "",
            "id": "rtbassoc-09e2a58ab18e60722",
            "route_table_id": "rtb-033a41293664811b0",
            "subnet_id": "subnet-0a538d786a6bb2db8",
            "timeouts": null
          },
          "sensitive_attributes": [],
          "private": "eyJlMmJmYjczMC1lY2FhLTExZTYtOGY4OC0zNDM2M2JjN2M0YzAiOnsiY3JlYXRlIjozMDAwMDAwMDAwMDAsImRlbGV0ZSI6MzAwMDAwMDAwMDAwLCJ1cGRhdGUiOjEyMDAwMDAwMDAwMH19",
          "dependencies": [
            "module.vpc.aws_internet_gateway.cluster_igw",
            "module.vpc.aws_route_table.public_route",
            "module.vpc.aws_subnet.public_subnet",
            "module.vpc.aws_vpc.cluster_vpc",
            "module.vpc.data.aws_availability_zones.available"
          ]
        },
        {
          "index_key": 1,
          "schema_version": 0,
          "attributes": {
            "gateway_id": "",
            "id": "rtbassoc-0e66d93487269276b",
            "route_table_id": "rtb-033a41293664811b0",
            "subnet_id": "subnet-0853aff9dd8a194ad",
            "timeouts": null
          },
          "sensitive_attributes": [],
          "private": "eyJlMmJmYjczMC1lY2FhLTExZTYtOGY4OC0zNDM2M2JjN2M0YzAiOnsiY3JlYXRlIjozMDAwMDAwMDAwMDAsImRlbGV0ZSI6MzAwMDAwMDAwMDAwLCJ1cGRhdGUiOjEyMDAwMDAwMDAwMH19",
          "dependencies": [
            "module.vpc.aws_internet_gateway.cluster_igw",
            "module.vpc.aws_route_table.public_route",
            "module.vpc.aws_subnet.public_subnet",
            "module.vpc.aws_vpc.cluster_vpc",
            "module.vpc.data.aws_availability_zones.available"
          ]
        }
      ]
    },
    {
      "module": "module.vpc",
      "mode": "managed",
      "type": "aws_subnet",
      "name": "private_subnet",
      "provider": "provider[\"registry.terraform.io/hashicorp/aws\"]",
      "instances": [
        {
          "index_key": 0,
          "schema_version": 1,
          "attributes": {
            "arn": "arn:aws:ec2:ap-northeast-2:666897452748:subnet/subnet-0fb17db731cb6f14a",
            "assign_ipv6_address_on_creation": false,
            "availability_zone": "ap-northeast-2a",
            "availability_zone_id": "apne2-az1",
            "cidr_block": "172.18.0.0/24",
            "customer_owned_ipv4_pool": "",
            "enable_dns64": false,
            "enable_lni_at_device_index": 0,
            "enable_resource_name_dns_a_record_on_launch": false,
            "enable_resource_name_dns_aaaa_record_on_launch": false,
            "id": "subnet-0fb17db731cb6f14a",
            "ipv6_cidr_block": "",
            "ipv6_cidr_block_association_id": "",
            "ipv6_native": false,
            "map_customer_owned_ip_on_launch": false,
            "map_public_ip_on_launch": false,
            "outpost_arn": "",
            "owner_id": "666897452748",
            "private_dns_hostname_type_on_launch": "ip-name",
            "tags": {
              "name": "ecs-private-subnet-dev"
            },
            "tags_all": {
              "name": "ecs-private-subnet-dev"
            },
            "timeouts": null,
            "vpc_id": "vpc-0387e1a1433aab952"
          },
          "sensitive_attributes": [],
          "private": "eyJlMmJmYjczMC1lY2FhLTExZTYtOGY4OC0zNDM2M2JjN2M0YzAiOnsiY3JlYXRlIjo2MDAwMDAwMDAwMDAsImRlbGV0ZSI6MTIwMDAwMDAwMDAwMH0sInNjaGVtYV92ZXJzaW9uIjoiMSJ9",
          "dependencies": [
            "module.vpc.aws_vpc.cluster_vpc",
            "module.vpc.data.aws_availability_zones.available"
          ]
        },
        {
          "index_key": 1,
          "schema_version": 1,
          "attributes": {
            "arn": "arn:aws:ec2:ap-northeast-2:666897452748:subnet/subnet-01eb7a41dd26ce2a6",
            "assign_ipv6_address_on_creation": false,
            "availability_zone": "ap-northeast-2b",
            "availability_zone_id": "apne2-az2",
            "cidr_block": "172.18.1.0/24",
            "customer_owned_ipv4_pool": "",
            "enable_dns64": false,
            "enable_lni_at_device_index": 0,
            "enable_resource_name_dns_a_record_on_launch": false,
            "enable_resource_name_dns_aaaa_record_on_launch": false,
            "id": "subnet-01eb7a41dd26ce2a6",
            "ipv6_cidr_block": "",
            "ipv6_cidr_block_association_id": "",
            "ipv6_native": false,
            "map_customer_owned_ip_on_launch": false,
            "map_public_ip_on_launch": false,
            "outpost_arn": "",
            "owner_id": "666897452748",
            "private_dns_hostname_type_on_launch": "ip-name",
            "tags": {
              "name": "ecs-private-subnet-dev"
            },
            "tags_all": {
              "name": "ecs-private-subnet-dev"
            },
            "timeouts": null,
            "vpc_id": "vpc-0387e1a1433aab952"
          },
          "sensitive_attributes": [],
          "private": "eyJlMmJmYjczMC1lY2FhLTExZTYtOGY4OC0zNDM2M2JjN2M0YzAiOnsiY3JlYXRlIjo2MDAwMDAwMDAwMDAsImRlbGV0ZSI6MTIwMDAwMDAwMDAwMH0sInNjaGVtYV92ZXJzaW9uIjoiMSJ9",
          "dependencies": [
            "module.vpc.aws_vpc.cluster_vpc",
            "module.vpc.data.aws_availability_zones.available"
          ]
        }
      ]
    },
    {
      "module": "module.vpc",
      "mode": "managed",
      "type": "aws_subnet",
      "name": "public_subnet",
      "provider": "provider[\"registry.terraform.io/hashicorp/aws\"]",
      "instances": [
        {
          "index_key": 0,
          "schema_version": 1,
          "attributes": {
            "arn": "arn:aws:ec2:ap-northeast-2:666897452748:subnet/subnet-0a538d786a6bb2db8",
            "assign_ipv6_address_on_creation": false,
            "availability_zone": "ap-northeast-2a",
            "availability_zone_id": "apne2-az1",
            "cidr_block": "172.18.2.0/24",
            "customer_owned_ipv4_pool": "",
            "enable_dns64": false,
            "enable_lni_at_device_index": 0,
            "enable_resource_name_dns_a_record_on_launch": false,
            "enable_resource_name_dns_aaaa_record_on_launch": false,
            "id": "subnet-0a538d786a6bb2db8",
            "ipv6_cidr_block": "",
            "ipv6_cidr_block_association_id": "",
            "ipv6_native": false,
            "map_customer_owned_ip_on_launch": false,
            "map_public_ip_on_launch": true,
            "outpost_arn": "",
            "owner_id": "666897452748",
            "private_dns_hostname_type_on_launch": "ip-name",
            "tags": {
              "Name": "ecs-public-subnet-dev"
            },
            "tags_all": {
              "Name": "ecs-public-subnet-dev"
            },
            "timeouts": null,
            "vpc_id": "vpc-0387e1a1433aab952"
          },
          "sensitive_attributes": [],
          "private": "eyJlMmJmYjczMC1lY2FhLTExZTYtOGY4OC0zNDM2M2JjN2M0YzAiOnsiY3JlYXRlIjo2MDAwMDAwMDAwMDAsImRlbGV0ZSI6MTIwMDAwMDAwMDAwMH0sInNjaGVtYV92ZXJzaW9uIjoiMSJ9",
          "dependencies": [
            "module.vpc.aws_vpc.cluster_vpc",
            "module.vpc.data.aws_availability_zones.available"
          ]
        },
        {
          "index_key": 1,
          "schema_version": 1,
          "attributes": {
            "arn": "arn:aws:ec2:ap-northeast-2:666897452748:subnet/subnet-0853aff9dd8a194ad",
            "assign_ipv6_address_on_creation": false,
            "availability_zone": "ap-northeast-2b",
            "availability_zone_id": "apne2-az2",
            "cidr_block": "172.18.3.0/24",
            "customer_owned_ipv4_pool": "",
            "enable_dns64": false,
            "enable_lni_at_device_index": 0,
            "enable_resource_name_dns_a_record_on_launch": false,
            "enable_resource_name_dns_aaaa_record_on_launch": false,
            "id": "subnet-0853aff9dd8a194ad",
            "ipv6_cidr_block": "",
            "ipv6_cidr_block_association_id": "",
            "ipv6_native": false,
            "map_customer_owned_ip_on_launch": false,
            "map_public_ip_on_launch": true,
            "outpost_arn": "",
            "owner_id": "666897452748",
            "private_dns_hostname_type_on_launch": "ip-name",
            "tags": {
              "Name": "ecs-public-subnet-dev"
            },
            "tags_all": {
              "Name": "ecs-public-subnet-dev"
            },
            "timeouts": null,
            "vpc_id": "vpc-0387e1a1433aab952"
          },
          "sensitive_attributes": [],
          "private": "eyJlMmJmYjczMC1lY2FhLTExZTYtOGY4OC0zNDM2M2JjN2M0YzAiOnsiY3JlYXRlIjo2MDAwMDAwMDAwMDAsImRlbGV0ZSI6MTIwMDAwMDAwMDAwMH0sInNjaGVtYV92ZXJzaW9uIjoiMSJ9",
          "dependencies": [
            "module.vpc.aws_vpc.cluster_vpc",
            "module.vpc.data.aws_availability_zones.available"
          ]
        }
      ]
    },
    {
      "module": "module.vpc",
      "mode": "managed",
      "type": "aws_vpc",
      "name": "cluster_vpc",
      "provider": "provider[\"registry.terraform.io/hashicorp/aws\"]",
      "instances": [
        {
          "schema_version": 1,
          "attributes": {
            "arn": "arn:aws:ec2:ap-northeast-2:666897452748:vpc/vpc-0387e1a1433aab952",
            "assign_generated_ipv6_cidr_block": false,
            "cidr_block": "172.18.0.0/16",
            "default_network_acl_id": "acl-083b3c330eb91cf7e",
            "default_route_table_id": "rtb-049014e7950395333",
            "default_security_group_id": "sg-01fdffb7db685d80e",
            "dhcp_options_id": "dopt-08bf3d10fa52df507",
            "enable_dns_hostnames": true,
            "enable_dns_support": true,
            "enable_network_address_usage_metrics": false,
            "id": "vpc-0387e1a1433aab952",
            "instance_tenancy": "default",
            "ipv4_ipam_pool_id": null,
            "ipv4_netmask_length": null,
            "ipv6_association_id": "",
            "ipv6_cidr_block": "",
            "ipv6_cidr_block_network_border_group": "",
            "ipv6_ipam_pool_id": "",
            "ipv6_netmask_length": 0,
            "main_route_table_id": "rtb-049014e7950395333",
            "owner_id": "666897452748",
            "tags": {
              "Name": "philoberry-cluster_vpc-dev",
              "Service": "philoberry-{var.service_type}"
            },
            "tags_all": {
              "Name": "philoberry-cluster_vpc-dev",
              "Service": "philoberry-{var.service_type}"
            }
          },
          "sensitive_attributes": [],
          "private": "eyJzY2hlbWFfdmVyc2lvbiI6IjEifQ=="
        }
      ]
    }
  ],
  "check_results": null
}
