{
  "version": 4,
  "terraform_version": "1.5.6",
  "serial": 3678,
  "lineage": "a4b3597a-193a-dfe7-e1d8-7857c7e0ddfa",
  "outputs": {
    "ssh_security": {
      "value": "sg-048a8881ab5f1b18f",
      "type": "string"
    }
  },
  "resources": [
    {
      "mode": "data",
      "type": "aws_caller_identity",
      "name": "current",
      "provider": "provider[\"registry.terraform.io/hashicorp/aws\"]",
      "instances": [
        {
          "schema_version": 0,
          "attributes": {
            "account_id": "666897452748",
            "arn": "arn:aws:iam::666897452748:user/hansom-server",
            "id": "666897452748",
            "user_id": "AIDAZWRRPR3GHAL2OYOPX"
          },
          "sensitive_attributes": []
        }
      ]
    },
    {
      "mode": "managed",
      "type": "aws_security_group",
      "name": "allow_ssh",
      "provider": "provider[\"registry.terraform.io/hashicorp/aws\"]",
      "instances": [
        {
          "schema_version": 1,
          "attributes": {
            "arn": "arn:aws:ec2:ap-northeast-2:666897452748:security-group/sg-048a8881ab5f1b18f",
            "description": "security group that allows SSh and egress traffic",
            "egress": [
              {
                "cidr_blocks": [
                  "0.0.0.0/0"
                ],
                "description": "SSH Access Rule",
                "from_port": 0,
                "ipv6_cidr_blocks": [],
                "prefix_list_ids": [],
                "protocol": "-1",
                "security_groups": [],
                "self": false,
                "to_port": 0
              }
            ],
            "id": "sg-048a8881ab5f1b18f",
            "ingress": [
              {
                "cidr_blocks": [
                  "0.0.0.0/0"
                ],
                "description": "SSH Tcp access Rule",
                "from_port": 22,
                "ipv6_cidr_blocks": [],
                "prefix_list_ids": [],
                "protocol": "tcp",
                "security_groups": [],
                "self": false,
                "to_port": 22
              }
            ],
            "name": "allow-ssh",
            "name_prefix": "",
            "owner_id": "666897452748",
            "revoke_rules_on_delete": false,
            "tags": {
              "Name": "allow-ssh"
            },
            "tags_all": {
              "Name": "allow-ssh"
            },
            "timeouts": null,
            "vpc_id": "vpc-0502ba202a2ad2199"
          },
          "sensitive_attributes": [],
          "private": "eyJlMmJmYjczMC1lY2FhLTExZTYtOGY4OC0zNDM2M2JjN2M0YzAiOnsiY3JlYXRlIjo2MDAwMDAwMDAwMDAsImRlbGV0ZSI6OTAwMDAwMDAwMDAwfSwic2NoZW1hX3ZlcnNpb24iOiIxIn0=",
          "dependencies": [
            "module.vpc.aws_vpc.cluster_vpc"
          ]
        }
      ]
    },
    {
      "module": "module.alb",
      "mode": "managed",
      "type": "aws_lb",
      "name": "alb",
      "provider": "provider[\"registry.terraform.io/hashicorp/aws\"]",
      "instances": [
        {
          "schema_version": 0,
          "attributes": {
            "access_logs": [
              {
                "bucket": "",
                "enabled": false,
                "prefix": ""
              }
            ],
            "arn": "arn:aws:elasticloadbalancing:ap-northeast-2:666897452748:loadbalancer/app/my-ecs-lb/82bc99868a726539",
            "arn_suffix": "app/my-ecs-lb/82bc99868a726539",
            "customer_owned_ipv4_pool": "",
            "desync_mitigation_mode": "defensive",
            "dns_name": "my-ecs-lb-419683540.ap-northeast-2.elb.amazonaws.com",
            "drop_invalid_header_fields": false,
            "enable_cross_zone_load_balancing": true,
            "enable_deletion_protection": false,
            "enable_http2": true,
            "enable_tls_version_and_cipher_suite_headers": false,
            "enable_waf_fail_open": false,
            "enable_xff_client_port": false,
            "id": "arn:aws:elasticloadbalancing:ap-northeast-2:666897452748:loadbalancer/app/my-ecs-lb/82bc99868a726539",
            "idle_timeout": 60,
            "internal": false,
            "ip_address_type": "ipv4",
            "load_balancer_type": "application",
            "name": "my-ecs-lb",
            "name_prefix": null,
            "preserve_host_header": false,
            "security_groups": [
              "sg-0e291bc18393ea32c"
            ],
            "subnet_mapping": [
              {
                "allocation_id": "",
                "ipv6_address": "",
                "outpost_id": "",
                "private_ipv4_address": "",
                "subnet_id": "subnet-018388cd8543b7ccc"
              },
              {
                "allocation_id": "",
                "ipv6_address": "",
                "outpost_id": "",
                "private_ipv4_address": "",
                "subnet_id": "subnet-0a77919854236e906"
              }
            ],
            "subnets": [
              "subnet-018388cd8543b7ccc",
              "subnet-0a77919854236e906"
            ],
            "tags": {
              "Name": "philoberry_alb-dev",
              "Service": "philoberry_alb-dev"
            },
            "tags_all": {
              "Name": "philoberry_alb-dev",
              "Service": "philoberry_alb-dev"
            },
            "timeouts": null,
            "vpc_id": "vpc-0502ba202a2ad2199",
            "xff_header_processing_mode": "append",
            "zone_id": "ZWKZPGTI48KDX"
          },
          "sensitive_attributes": [],
          "private": "eyJlMmJmYjczMC1lY2FhLTExZTYtOGY4OC0zNDM2M2JjN2M0YzAiOnsiY3JlYXRlIjo2MDAwMDAwMDAwMDAsImRlbGV0ZSI6NjAwMDAwMDAwMDAwLCJ1cGRhdGUiOjYwMDAwMDAwMDAwMH19",
          "dependencies": [
            "module.alb.aws_security_group.alb",
            "module.vpc.aws_subnet.private_subnet",
            "module.vpc.aws_vpc.cluster_vpc",
            "module.vpc.data.aws_availability_zones.available"
          ]
        }
      ]
    },
    {
      "module": "module.alb",
      "mode": "managed",
      "type": "aws_lb_listener",
      "name": "http_listener",
      "provider": "provider[\"registry.terraform.io/hashicorp/aws\"]",
      "instances": [
        {
          "schema_version": 0,
          "attributes": {
            "alpn_policy": null,
            "arn": "arn:aws:elasticloadbalancing:ap-northeast-2:666897452748:listener/app/my-ecs-lb/82bc99868a726539/790c09a4c2765356",
            "certificate_arn": null,
            "default_action": [
              {
                "authenticate_cognito": [],
                "authenticate_oidc": [],
                "fixed_response": [],
                "forward": [],
                "order": 1,
                "redirect": [
                  {
                    "host": "#{host}",
                    "path": "/#{path}",
                    "port": "443",
                    "protocol": "HTTPS",
                    "query": "#{query}",
                    "status_code": "HTTP_301"
                  }
                ],
                "target_group_arn": "",
                "type": "redirect"
              }
            ],
            "id": "arn:aws:elasticloadbalancing:ap-northeast-2:666897452748:listener/app/my-ecs-lb/82bc99868a726539/790c09a4c2765356",
            "load_balancer_arn": "arn:aws:elasticloadbalancing:ap-northeast-2:666897452748:loadbalancer/app/my-ecs-lb/82bc99868a726539",
            "port": 80,
            "protocol": "HTTP",
            "ssl_policy": "",
            "tags": {},
            "tags_all": {},
            "timeouts": null
          },
          "sensitive_attributes": [],
          "private": "eyJlMmJmYjczMC1lY2FhLTExZTYtOGY4OC0zNDM2M2JjN2M0YzAiOnsicmVhZCI6NjAwMDAwMDAwMDAwfX0=",
          "dependencies": [
            "module.alb.aws_lb.alb",
            "module.alb.aws_security_group.alb",
            "module.vpc.aws_subnet.private_subnet",
            "module.vpc.aws_vpc.cluster_vpc",
            "module.vpc.data.aws_availability_zones.available"
          ]
        }
      ]
    },
    {
      "module": "module.alb",
      "mode": "managed",
      "type": "aws_lb_listener",
      "name": "https_listener",
      "provider": "provider[\"registry.terraform.io/hashicorp/aws\"]",
      "instances": [
        {
          "schema_version": 0,
          "attributes": {
            "alpn_policy": null,
            "arn": "arn:aws:elasticloadbalancing:ap-northeast-2:666897452748:listener/app/my-ecs-lb/82bc99868a726539/4bd83d25ea33ba62",
            "certificate_arn": "arn:aws:acm:ap-northeast-2:666897452748:certificate/55cc8770-5461-47ff-8fd3-653c640b3429",
            "default_action": [
              {
                "authenticate_cognito": [],
                "authenticate_oidc": [],
                "fixed_response": [],
                "forward": [],
                "order": 1,
                "redirect": [],
                "target_group_arn": "arn:aws:elasticloadbalancing:ap-northeast-2:666897452748:targetgroup/philoberry-dev/6c2fd96f163e4019",
                "type": "forward"
              }
            ],
            "id": "arn:aws:elasticloadbalancing:ap-northeast-2:666897452748:listener/app/my-ecs-lb/82bc99868a726539/4bd83d25ea33ba62",
            "load_balancer_arn": "arn:aws:elasticloadbalancing:ap-northeast-2:666897452748:loadbalancer/app/my-ecs-lb/82bc99868a726539",
            "port": 443,
            "protocol": "HTTPS",
            "ssl_policy": "ELBSecurityPolicy-2016-08",
            "tags": {},
            "tags_all": {},
            "timeouts": null
          },
          "sensitive_attributes": [],
          "private": "eyJlMmJmYjczMC1lY2FhLTExZTYtOGY4OC0zNDM2M2JjN2M0YzAiOnsicmVhZCI6NjAwMDAwMDAwMDAwfX0=",
          "dependencies": [
            "module.alb.aws_lb.alb",
            "module.alb.aws_security_group.alb",
            "module.ecs-service.aws_lb_target_group.ecs_service",
            "module.route53.aws_acm_certificate.acm",
            "module.vpc.aws_subnet.private_subnet",
            "module.vpc.aws_vpc.cluster_vpc",
            "module.vpc.data.aws_availability_zones.available"
          ]
        }
      ]
    },
    {
      "module": "module.alb",
      "mode": "managed",
      "type": "aws_security_group",
      "name": "alb",
      "provider": "provider[\"registry.terraform.io/hashicorp/aws\"]",
      "instances": [
        {
          "schema_version": 1,
          "attributes": {
            "arn": "arn:aws:ec2:ap-northeast-2:666897452748:security-group/sg-0e291bc18393ea32c",
            "description": "my-ecs-lb",
            "egress": [
              {
                "cidr_blocks": [
                  "0.0.0.0/0"
                ],
                "description": "",
                "from_port": 0,
                "ipv6_cidr_blocks": [],
                "prefix_list_ids": [],
                "protocol": "-1",
                "security_groups": [],
                "self": false,
                "to_port": 0
              }
            ],
            "id": "sg-0e291bc18393ea32c",
            "ingress": [
              {
                "cidr_blocks": [
                  "0.0.0.0/0"
                ],
                "description": "",
                "from_port": 443,
                "ipv6_cidr_blocks": [],
                "prefix_list_ids": [],
                "protocol": "tcp",
                "security_groups": [],
                "self": false,
                "to_port": 443
              },
              {
                "cidr_blocks": [
                  "0.0.0.0/0"
                ],
                "description": "",
                "from_port": 80,
                "ipv6_cidr_blocks": [],
                "prefix_list_ids": [],
                "protocol": "tcp",
                "security_groups": [],
                "self": false,
                "to_port": 80
              }
            ],
            "name": "my-ecs-lb",
            "name_prefix": "",
            "owner_id": "666897452748",
            "revoke_rules_on_delete": false,
            "tags": {},
            "tags_all": {},
            "timeouts": null,
            "vpc_id": "vpc-0502ba202a2ad2199"
          },
          "sensitive_attributes": [],
          "private": "eyJlMmJmYjczMC1lY2FhLTExZTYtOGY4OC0zNDM2M2JjN2M0YzAiOnsiY3JlYXRlIjo2MDAwMDAwMDAwMDAsImRlbGV0ZSI6OTAwMDAwMDAwMDAwfSwic2NoZW1hX3ZlcnNpb24iOiIxIn0=",
          "dependencies": [
            "module.vpc.aws_vpc.cluster_vpc"
          ]
        }
      ]
    },
    {
      "module": "module.alb",
      "mode": "managed",
      "type": "aws_security_group_rule",
      "name": "cluster-allow-alb",
      "provider": "provider[\"registry.terraform.io/hashicorp/aws\"]",
      "instances": [
        {
          "schema_version": 2,
          "attributes": {
            "cidr_blocks": null,
            "description": "",
            "from_port": 32768,
            "id": "sgrule-1946296248",
            "ipv6_cidr_blocks": null,
            "prefix_list_ids": null,
            "protocol": "tcp",
            "security_group_id": "sg-04c1b9ce3bcb26434",
            "security_group_rule_id": "sgr-0ec49a03376cafea7",
            "self": false,
            "source_security_group_id": "sg-0e291bc18393ea32c",
            "timeouts": null,
            "to_port": 61000,
            "type": "ingress"
          },
          "sensitive_attributes": [],
          "private": "eyJlMmJmYjczMC1lY2FhLTExZTYtOGY4OC0zNDM2M2JjN2M0YzAiOnsiY3JlYXRlIjozMDAwMDAwMDAwMDB9LCJzY2hlbWFfdmVyc2lvbiI6IjIifQ==",
          "dependencies": [
            "module.alb.aws_security_group.alb",
            "module.ecs-cluster.aws_security_group.ecs-cluster-sg",
            "module.vpc.aws_vpc.cluster_vpc"
          ]
        }
      ]
    },
    {
      "module": "module.alb-rule",
      "mode": "managed",
      "type": "aws_lb_listener_rule",
      "name": "alb_rule",
      "provider": "provider[\"registry.terraform.io/hashicorp/aws\"]",
      "instances": [
        {
          "schema_version": 0,
          "attributes": {
            "action": [
              {
                "authenticate_cognito": [],
                "authenticate_oidc": [],
                "fixed_response": [],
                "forward": [],
                "order": 1,
                "redirect": [],
                "target_group_arn": "arn:aws:elasticloadbalancing:ap-northeast-2:666897452748:targetgroup/philoberry-dev/6c2fd96f163e4019",
                "type": "forward"
              }
            ],
            "arn": "arn:aws:elasticloadbalancing:ap-northeast-2:666897452748:listener-rule/app/my-ecs-lb/82bc99868a726539/790c09a4c2765356/3ea4188d02cbfa90",
            "condition": [
              {
                "host_header": [
                  {
                    "values": [
                      "www.philoberry.com"
                    ]
                  }
                ],
                "http_header": [],
                "http_request_method": [],
                "path_pattern": [],
                "query_string": [],
                "source_ip": []
              }
            ],
            "id": "arn:aws:elasticloadbalancing:ap-northeast-2:666897452748:listener-rule/app/my-ecs-lb/82bc99868a726539/790c09a4c2765356/3ea4188d02cbfa90",
            "listener_arn": "arn:aws:elasticloadbalancing:ap-northeast-2:666897452748:listener/app/my-ecs-lb/82bc99868a726539/790c09a4c2765356",
            "priority": 100,
            "tags": {},
            "tags_all": {}
          },
          "sensitive_attributes": [],
          "private": "bnVsbA==",
          "dependencies": [
            "module.alb.aws_lb.alb",
            "module.alb.aws_lb_listener.http_listener",
            "module.alb.aws_security_group.alb",
            "module.ecs-service.aws_lb_target_group.ecs_service",
            "module.vpc.aws_subnet.private_subnet",
            "module.vpc.aws_vpc.cluster_vpc",
            "module.vpc.data.aws_availability_zones.available"
          ]
        }
      ]
    },
    {
      "module": "module.ecr",
      "mode": "data",
      "type": "aws_iam_policy_document",
      "name": "philopolicy",
      "provider": "provider[\"registry.terraform.io/hashicorp/aws\"]",
      "instances": [
        {
          "schema_version": 0,
          "attributes": {
            "id": "3238775489",
            "json": "{\n  \"Version\": \"2012-10-17\",\n  \"Statement\": [\n    {\n      \"Sid\": \"new policy\",\n      \"Effect\": \"Allow\",\n      \"Action\": [\n        \"ecr:UploadLayerPart\",\n        \"ecr:SetRepositoryPolicy\",\n        \"ecr:PutImage\",\n        \"ecr:ListImages\",\n        \"ecr:InitiateLayerUpload\",\n        \"ecr:GetRepositoryPolicy\",\n        \"ecr:GetDownloadUrlForLayer\",\n        \"ecr:DescribeRepositories\",\n        \"ecr:DeleteRepositoryPolicy\",\n        \"ecr:DeleteRepository\",\n        \"ecr:CompleteLayerUpload\",\n        \"ecr:BatchGetImage\",\n        \"ecr:BatchDeleteImage\",\n        \"ecr:BatchCheckLayerAvailability\"\n      ],\n      \"Principal\": {\n        \"AWS\": \"*\"\n      }\n    }\n  ]\n}",
            "override_policy_documents": null,
            "policy_id": null,
            "source_policy_documents": null,
            "statement": [
              {
                "actions": [
                  "ecr:BatchCheckLayerAvailability",
                  "ecr:BatchDeleteImage",
                  "ecr:BatchGetImage",
                  "ecr:CompleteLayerUpload",
                  "ecr:DeleteRepository",
                  "ecr:DeleteRepositoryPolicy",
                  "ecr:DescribeRepositories",
                  "ecr:GetDownloadUrlForLayer",
                  "ecr:GetRepositoryPolicy",
                  "ecr:InitiateLayerUpload",
                  "ecr:ListImages",
                  "ecr:PutImage",
                  "ecr:SetRepositoryPolicy",
                  "ecr:UploadLayerPart"
                ],
                "condition": [],
                "effect": "Allow",
                "not_actions": [],
                "not_principals": [],
                "not_resources": [],
                "principals": [
                  {
                    "identifiers": [
                      "*"
                    ],
                    "type": "AWS"
                  }
                ],
                "resources": [],
                "sid": "new policy"
              }
            ],
            "version": "2012-10-17"
          },
          "sensitive_attributes": []
        }
      ]
    },
    {
      "module": "module.ecr",
      "mode": "data",
      "type": "aws_iam_policy_document",
      "name": "philopolicy2",
      "provider": "provider[\"registry.terraform.io/hashicorp/aws\"]",
      "instances": [
        {
          "schema_version": 0,
          "attributes": {
            "id": "3238775489",
            "json": "{\n  \"Version\": \"2012-10-17\",\n  \"Statement\": [\n    {\n      \"Sid\": \"new policy\",\n      \"Effect\": \"Allow\",\n      \"Action\": [\n        \"ecr:UploadLayerPart\",\n        \"ecr:SetRepositoryPolicy\",\n        \"ecr:PutImage\",\n        \"ecr:ListImages\",\n        \"ecr:InitiateLayerUpload\",\n        \"ecr:GetRepositoryPolicy\",\n        \"ecr:GetDownloadUrlForLayer\",\n        \"ecr:DescribeRepositories\",\n        \"ecr:DeleteRepositoryPolicy\",\n        \"ecr:DeleteRepository\",\n        \"ecr:CompleteLayerUpload\",\n        \"ecr:BatchGetImage\",\n        \"ecr:BatchDeleteImage\",\n        \"ecr:BatchCheckLayerAvailability\"\n      ],\n      \"Principal\": {\n        \"AWS\": \"*\"\n      }\n    }\n  ]\n}",
            "override_policy_documents": null,
            "policy_id": null,
            "source_policy_documents": null,
            "statement": [
              {
                "actions": [
                  "ecr:BatchCheckLayerAvailability",
                  "ecr:BatchDeleteImage",
                  "ecr:BatchGetImage",
                  "ecr:CompleteLayerUpload",
                  "ecr:DeleteRepository",
                  "ecr:DeleteRepositoryPolicy",
                  "ecr:DescribeRepositories",
                  "ecr:GetDownloadUrlForLayer",
                  "ecr:GetRepositoryPolicy",
                  "ecr:InitiateLayerUpload",
                  "ecr:ListImages",
                  "ecr:PutImage",
                  "ecr:SetRepositoryPolicy",
                  "ecr:UploadLayerPart"
                ],
                "condition": [],
                "effect": "Allow",
                "not_actions": [],
                "not_principals": [],
                "not_resources": [],
                "principals": [
                  {
                    "identifiers": [
                      "*"
                    ],
                    "type": "AWS"
                  }
                ],
                "resources": [],
                "sid": "new policy"
              }
            ],
            "version": "2012-10-17"
          },
          "sensitive_attributes": []
        }
      ]
    },
    {
      "module": "module.ecr",
      "mode": "managed",
      "type": "aws_ecr_lifecycle_policy",
      "name": "repo-policy",
      "provider": "provider[\"registry.terraform.io/hashicorp/aws\"]",
      "instances": [
        {
          "schema_version": 0,
          "attributes": {
            "id": "philoberry_front/service_dev",
            "policy": "{\"rules\":[{\"action\":{\"type\":\"expire\"},\"description\":\"Keep image deployed with tag latest\",\"rulePriority\":1,\"selection\":{\"countNumber\":1,\"countType\":\"imageCountMoreThan\",\"tagPrefixList\":[\"latest\"],\"tagStatus\":\"tagged\"}},{\"action\":{\"type\":\"expire\"},\"description\":\"Keep last 2 any images\",\"rulePriority\":2,\"selection\":{\"countNumber\":2,\"countType\":\"imageCountMoreThan\",\"tagStatus\":\"any\"}}]}",
            "registry_id": "666897452748",
            "repository": "philoberry_front/service_dev"
          },
          "sensitive_attributes": [],
          "private": "bnVsbA==",
          "dependencies": [
            "module.ecr.aws_ecr_repository.repo"
          ]
        }
      ]
    },
    {
      "module": "module.ecr",
      "mode": "managed",
      "type": "aws_ecr_lifecycle_policy",
      "name": "repo-policy2",
      "provider": "provider[\"registry.terraform.io/hashicorp/aws\"]",
      "instances": [
        {
          "schema_version": 0,
          "attributes": {
            "id": "philoberry_nginx/service_dev",
            "policy": "{\"rules\":[{\"action\":{\"type\":\"expire\"},\"description\":\"Keep image deployed with tag latest\",\"rulePriority\":1,\"selection\":{\"countNumber\":1,\"countType\":\"imageCountMoreThan\",\"tagPrefixList\":[\"latest\"],\"tagStatus\":\"tagged\"}},{\"action\":{\"type\":\"expire\"},\"description\":\"Keep last 2 any images\",\"rulePriority\":2,\"selection\":{\"countNumber\":2,\"countType\":\"imageCountMoreThan\",\"tagStatus\":\"any\"}}]}",
            "registry_id": "666897452748",
            "repository": "philoberry_nginx/service_dev"
          },
          "sensitive_attributes": [],
          "private": "bnVsbA==",
          "dependencies": [
            "module.ecr.aws_ecr_repository.repo2"
          ]
        }
      ]
    },
    {
      "module": "module.ecr",
      "mode": "managed",
      "type": "aws_ecr_repository",
      "name": "repo",
      "provider": "provider[\"registry.terraform.io/hashicorp/aws\"]",
      "instances": [
        {
          "schema_version": 0,
          "attributes": {
            "arn": "arn:aws:ecr:ap-northeast-2:666897452748:repository/philoberry_front/service_dev",
            "encryption_configuration": [
              {
                "encryption_type": "AES256",
                "kms_key": ""
              }
            ],
            "force_delete": null,
            "id": "philoberry_front/service_dev",
            "image_scanning_configuration": [
              {
                "scan_on_push": false
              }
            ],
            "image_tag_mutability": "MUTABLE",
            "name": "philoberry_front/service_dev",
            "registry_id": "666897452748",
            "repository_url": "666897452748.dkr.ecr.ap-northeast-2.amazonaws.com/philoberry_front/service_dev",
            "tags": {},
            "tags_all": {},
            "timeouts": null
          },
          "sensitive_attributes": [],
          "private": "eyJlMmJmYjczMC1lY2FhLTExZTYtOGY4OC0zNDM2M2JjN2M0YzAiOnsiZGVsZXRlIjoxMjAwMDAwMDAwMDAwfX0="
        }
      ]
    },
    {
      "module": "module.ecr",
      "mode": "managed",
      "type": "aws_ecr_repository",
      "name": "repo2",
      "provider": "provider[\"registry.terraform.io/hashicorp/aws\"]",
      "instances": [
        {
          "schema_version": 0,
          "attributes": {
            "arn": "arn:aws:ecr:ap-northeast-2:666897452748:repository/philoberry_nginx/service_dev",
            "encryption_configuration": [
              {
                "encryption_type": "AES256",
                "kms_key": ""
              }
            ],
            "force_delete": null,
            "id": "philoberry_nginx/service_dev",
            "image_scanning_configuration": [
              {
                "scan_on_push": false
              }
            ],
            "image_tag_mutability": "MUTABLE",
            "name": "philoberry_nginx/service_dev",
            "registry_id": "666897452748",
            "repository_url": "666897452748.dkr.ecr.ap-northeast-2.amazonaws.com/philoberry_nginx/service_dev",
            "tags": {},
            "tags_all": {},
            "timeouts": null
          },
          "sensitive_attributes": [],
          "private": "eyJlMmJmYjczMC1lY2FhLTExZTYtOGY4OC0zNDM2M2JjN2M0YzAiOnsiZGVsZXRlIjoxMjAwMDAwMDAwMDAwfX0="
        }
      ]
    },
    {
      "module": "module.ecr",
      "mode": "managed",
      "type": "aws_ecr_repository_policy",
      "name": "philopolicy",
      "provider": "provider[\"registry.terraform.io/hashicorp/aws\"]",
      "instances": [
        {
          "schema_version": 0,
          "attributes": {
            "id": "philoberry_front/service_dev",
            "policy": "{\"Statement\":[{\"Action\":[\"ecr:UploadLayerPart\",\"ecr:SetRepositoryPolicy\",\"ecr:PutImage\",\"ecr:ListImages\",\"ecr:InitiateLayerUpload\",\"ecr:GetRepositoryPolicy\",\"ecr:GetDownloadUrlForLayer\",\"ecr:DescribeRepositories\",\"ecr:DeleteRepositoryPolicy\",\"ecr:DeleteRepository\",\"ecr:CompleteLayerUpload\",\"ecr:BatchGetImage\",\"ecr:BatchDeleteImage\",\"ecr:BatchCheckLayerAvailability\"],\"Effect\":\"Allow\",\"Principal\":{\"AWS\":\"*\"},\"Sid\":\"new policy\"}],\"Version\":\"2012-10-17\"}",
            "registry_id": "666897452748",
            "repository": "philoberry_front/service_dev"
          },
          "sensitive_attributes": [],
          "private": "bnVsbA==",
          "dependencies": [
            "module.ecr.aws_ecr_repository.repo",
            "module.ecr.data.aws_iam_policy_document.philopolicy"
          ]
        }
      ]
    },
    {
      "module": "module.ecr",
      "mode": "managed",
      "type": "aws_ecr_repository_policy",
      "name": "philopolicy2",
      "provider": "provider[\"registry.terraform.io/hashicorp/aws\"]",
      "instances": [
        {
          "schema_version": 0,
          "attributes": {
            "id": "philoberry_nginx/service_dev",
            "policy": "{\"Statement\":[{\"Action\":[\"ecr:UploadLayerPart\",\"ecr:SetRepositoryPolicy\",\"ecr:PutImage\",\"ecr:ListImages\",\"ecr:InitiateLayerUpload\",\"ecr:GetRepositoryPolicy\",\"ecr:GetDownloadUrlForLayer\",\"ecr:DescribeRepositories\",\"ecr:DeleteRepositoryPolicy\",\"ecr:DeleteRepository\",\"ecr:CompleteLayerUpload\",\"ecr:BatchGetImage\",\"ecr:BatchDeleteImage\",\"ecr:BatchCheckLayerAvailability\"],\"Effect\":\"Allow\",\"Principal\":{\"AWS\":\"*\"},\"Sid\":\"new policy\"}],\"Version\":\"2012-10-17\"}",
            "registry_id": "666897452748",
            "repository": "philoberry_nginx/service_dev"
          },
          "sensitive_attributes": [],
          "private": "bnVsbA==",
          "dependencies": [
            "module.ecr.aws_ecr_repository.repo2",
            "module.ecr.data.aws_iam_policy_document.philopolicy"
          ]
        }
      ]
    },
    {
      "module": "module.ecs-cluster",
      "mode": "data",
      "type": "aws_ami",
      "name": "ecs",
      "provider": "provider[\"registry.terraform.io/hashicorp/aws\"]",
      "instances": [
        {
          "schema_version": 0,
          "attributes": {
            "architecture": "x86_64",
            "arn": "arn:aws:ec2:ap-northeast-2::image/ami-0e9e89f64a3c6888f",
            "block_device_mappings": [
              {
                "device_name": "/dev/xvda",
                "ebs": {
                  "delete_on_termination": "true",
                  "encrypted": "false",
                  "iops": "0",
                  "snapshot_id": "snap-08b8e0e157e954812",
                  "throughput": "0",
                  "volume_size": "30",
                  "volume_type": "gp2"
                },
                "no_device": "",
                "virtual_name": ""
              }
            ],
            "boot_mode": "",
            "creation_date": "2023-09-29T18:46:59.000Z",
            "deprecation_time": "2025-09-29T18:46:59.000Z",
            "description": "Amazon Linux AMI 2.0.20230929 x86_64 ECS HVM GP2",
            "ena_support": true,
            "executable_users": null,
            "filter": [
              {
                "name": "name",
                "values": [
                  "amzn2-ami-ecs-hvm-*-x86_64-ebs"
                ]
              },
              {
                "name": "virtualization-type",
                "values": [
                  "hvm"
                ]
              }
            ],
            "hypervisor": "xen",
            "id": "ami-0e9e89f64a3c6888f",
            "image_id": "ami-0e9e89f64a3c6888f",
            "image_location": "amazon/amzn2-ami-ecs-hvm-2.0.20230929-x86_64-ebs",
            "image_owner_alias": "amazon",
            "image_type": "machine",
            "imds_support": "",
            "include_deprecated": false,
            "kernel_id": "",
            "most_recent": true,
            "name": "amzn2-ami-ecs-hvm-2.0.20230929-x86_64-ebs",
            "name_regex": null,
            "owner_id": "591542846629",
            "owners": [
              "591542846629"
            ],
            "platform": "",
            "platform_details": "Linux/UNIX",
            "product_codes": [],
            "public": true,
            "ramdisk_id": "",
            "root_device_name": "/dev/xvda",
            "root_device_type": "ebs",
            "root_snapshot_id": "snap-08b8e0e157e954812",
            "sriov_net_support": "simple",
            "state": "available",
            "state_reason": {
              "code": "UNSET",
              "message": "UNSET"
            },
            "tags": {},
            "timeouts": null,
            "tpm_support": "",
            "usage_operation": "RunInstances",
            "virtualization_type": "hvm"
          },
          "sensitive_attributes": []
        }
      ]
    },
    {
      "module": "module.ecs-cluster",
      "mode": "managed",
      "type": "aws_autoscaling_group",
      "name": "cluster",
      "provider": "provider[\"registry.terraform.io/hashicorp/aws\"]",
      "instances": [
        {
          "schema_version": 1,
          "attributes": {
            "arn": "arn:aws:autoscaling:ap-northeast-2:666897452748:autoScalingGroup:d3841b3c-84b5-42b2-978e-aacb148877b2:autoScalingGroupName/ecs-dev-autoscaling",
            "availability_zones": [
              "ap-northeast-2a",
              "ap-northeast-2b"
            ],
            "capacity_rebalance": false,
            "context": "",
            "default_cooldown": 300,
            "default_instance_warmup": 0,
            "desired_capacity": 1,
            "desired_capacity_type": "",
            "enabled_metrics": [],
            "force_delete": false,
            "force_delete_warm_pool": false,
            "health_check_grace_period": 300,
            "health_check_type": "EC2",
            "id": "ecs-dev-autoscaling",
            "ignore_failed_scaling_activities": false,
            "initial_lifecycle_hook": [],
            "instance_refresh": [],
            "launch_configuration": "ecs-dev-launch_config20231013043454336600000003",
            "launch_template": [],
            "load_balancers": [],
            "max_instance_lifetime": 0,
            "max_size": 3,
            "metrics_granularity": "1Minute",
            "min_elb_capacity": null,
            "min_size": 1,
            "mixed_instances_policy": [],
            "name": "ecs-dev-autoscaling",
            "name_prefix": "",
            "placement_group": "",
            "predicted_capacity": 0,
            "protect_from_scale_in": false,
            "service_linked_role_arn": "arn:aws:iam::666897452748:role/aws-service-role/autoscaling.amazonaws.com/AWSServiceRoleForAutoScaling",
            "suspended_processes": [],
            "tag": [
              {
                "key": "Name",
                "propagate_at_launch": true,
                "value": "dev-ecs"
              }
            ],
            "target_group_arns": [],
            "termination_policies": [
              "OldestLaunchConfiguration",
              "Default"
            ],
            "timeouts": null,
            "traffic_source": [],
            "vpc_zone_identifier": [
              "subnet-018388cd8543b7ccc",
              "subnet-0a77919854236e906"
            ],
            "wait_for_capacity_timeout": "10m",
            "wait_for_elb_capacity": null,
            "warm_pool": [],
            "warm_pool_size": 0
          },
          "sensitive_attributes": [],
          "private": "eyJlMmJmYjczMC1lY2FhLTExZTYtOGY4OC0zNDM2M2JjN2M0YzAiOnsiZGVsZXRlIjo2MDAwMDAwMDAwMDAsInVwZGF0ZSI6NjAwMDAwMDAwMDAwfSwic2NoZW1hX3ZlcnNpb24iOiIxIn0=",
          "dependencies": [
            "module.ecs-cluster.aws_iam_instance_profile.cluster-ec2-role",
            "module.ecs-cluster.aws_iam_role.cluster-ec2-role",
            "module.ecs-cluster.aws_launch_configuration.cluster",
            "module.ecs-cluster.aws_security_group.ecs-cluster-sg",
            "module.ecs-cluster.data.aws_ami.ecs",
            "module.vpc.aws_subnet.private_subnet",
            "module.vpc.aws_vpc.cluster_vpc",
            "module.vpc.data.aws_availability_zones.available"
          ]
        }
      ]
    },
    {
      "module": "module.ecs-cluster",
      "mode": "managed",
      "type": "aws_cloudwatch_log_group",
      "name": "cluster",
      "provider": "provider[\"registry.terraform.io/hashicorp/aws\"]",
      "instances": [
        {
          "schema_version": 0,
          "attributes": {
            "arn": "arn:aws:logs:ap-northeast-2:666897452748:log-group:my-log-group",
            "id": "my-log-group",
            "kms_key_id": "",
            "name": "my-log-group",
            "name_prefix": "",
            "retention_in_days": 1,
            "skip_destroy": false,
            "tags": {},
            "tags_all": {}
          },
          "sensitive_attributes": [],
          "private": "bnVsbA=="
        }
      ]
    },
    {
      "module": "module.ecs-cluster",
      "mode": "managed",
      "type": "aws_ecs_cluster",
      "name": "cluster",
      "provider": "provider[\"registry.terraform.io/hashicorp/aws\"]",
      "instances": [
        {
          "schema_version": 0,
          "attributes": {
            "arn": "arn:aws:ecs:ap-northeast-2:666897452748:cluster/philoberry-ecs-cluster",
            "configuration": [],
            "id": "arn:aws:ecs:ap-northeast-2:666897452748:cluster/philoberry-ecs-cluster",
            "name": "philoberry-ecs-cluster",
            "service_connect_defaults": [],
            "setting": [
              {
                "name": "containerInsights",
                "value": "enabled"
              }
            ],
            "tags": {},
            "tags_all": {}
          },
          "sensitive_attributes": [],
          "private": "bnVsbA=="
        }
      ]
    },
    {
      "module": "module.ecs-cluster",
      "mode": "managed",
      "type": "aws_iam_instance_profile",
      "name": "cluster-ec2-role",
      "provider": "provider[\"registry.terraform.io/hashicorp/aws\"]",
      "instances": [
        {
          "schema_version": 0,
          "attributes": {
            "arn": "arn:aws:iam::666897452748:instance-profile/ecs-philoberry-ecs-cluster-ec2-role",
            "create_date": "2023-10-13T04:34:43Z",
            "id": "ecs-philoberry-ecs-cluster-ec2-role",
            "name": "ecs-philoberry-ecs-cluster-ec2-role",
            "name_prefix": "",
            "path": "/",
            "role": "ecs-philoberry-ecs-cluster-ec2-role",
            "tags": {},
            "tags_all": {},
            "unique_id": "AIPAZWRRPR3GC2Q7FNWFL"
          },
          "sensitive_attributes": [],
          "private": "bnVsbA==",
          "dependencies": [
            "module.ecs-cluster.aws_iam_role.cluster-ec2-role"
          ],
          "create_before_destroy": true
        }
      ]
    },
    {
      "module": "module.ecs-cluster",
      "mode": "managed",
      "type": "aws_iam_role",
      "name": "cluster-ec2-role",
      "provider": "provider[\"registry.terraform.io/hashicorp/aws\"]",
      "instances": [
        {
          "schema_version": 0,
          "attributes": {
            "arn": "arn:aws:iam::666897452748:role/ecs-philoberry-ecs-cluster-ec2-role",
            "assume_role_policy": "{\"Statement\":[{\"Action\":\"sts:AssumeRole\",\"Effect\":\"Allow\",\"Principal\":{\"Service\":\"ec2.amazonaws.com\"},\"Sid\":\"\"}],\"Version\":\"2012-10-17\"}",
            "create_date": "2023-10-13T04:34:41Z",
            "description": "",
            "force_detach_policies": false,
            "id": "ecs-philoberry-ecs-cluster-ec2-role",
            "inline_policy": [
              {
                "name": "cluster-ec2-role-policy",
                "policy": "{\"Version\":\"2012-10-17\",\"Statement\":[{\"Action\":[\"ecs:CreateCluster\",\"ecs:DeregisterContainerInstance\",\"ecs:DiscoverPollEndpoint\",\"ecs:Poll\",\"ecs:RegisterContainerInstance\",\"ecs:StartTelemetrySession\",\"ecs:Submit*\",\"ecs:StartTask\",\"ecr:GetAuthorizationToken\",\"ecr:BatchCheckLayerAvailability\",\"ecr:GetDownloadUrlForLayer\",\"ecr:BatchGetImage\",\"logs:CreateLogStream\",\"logs:PutLogEvents\"],\"Effect\":\"Allow\",\"Resource\":\"*\"},{\"Action\":[\"logs:*\"],\"Effect\":\"Allow\",\"Resource\":[\"arn:aws:logs:ap-northeast-2:666897452748:log-group:my-log-group:*\"]}]}"
              }
            ],
            "managed_policy_arns": [],
            "max_session_duration": 3600,
            "name": "ecs-philoberry-ecs-cluster-ec2-role",
            "name_prefix": "",
            "path": "/",
            "permissions_boundary": null,
            "tags": {},
            "tags_all": {},
            "unique_id": "AROAZWRRPR3GBJD3ZOH4Z"
          },
          "sensitive_attributes": [],
          "private": "bnVsbA==",
          "create_before_destroy": true
        }
      ]
    },
    {
      "module": "module.ecs-cluster",
      "mode": "managed",
      "type": "aws_iam_role",
      "name": "cluster-service-role",
      "provider": "provider[\"registry.terraform.io/hashicorp/aws\"]",
      "instances": [
        {
          "schema_version": 0,
          "attributes": {
            "arn": "arn:aws:iam::666897452748:role/ecs-service-role-philoberry-ecs-cluster",
            "assume_role_policy": "{\"Statement\":[{\"Action\":\"sts:AssumeRole\",\"Effect\":\"Allow\",\"Principal\":{\"Service\":\"ecs.amazonaws.com\"},\"Sid\":\"\"}],\"Version\":\"2012-10-17\"}",
            "create_date": "2023-10-13T04:34:41Z",
            "description": "",
            "force_detach_policies": false,
            "id": "ecs-service-role-philoberry-ecs-cluster",
            "inline_policy": [
              {
                "name": "philoberry-ecs-cluster-policy",
                "policy": "{\"Version\":\"2012-10-17\",\"Statement\":[{\"Action\":[\"ec2:AuthorizeSecurityGroupIngress\",\"ec2:Describe*\",\"elasticloadbalancing:DeregisterInstancesFromLoadBalancer\",\"elasticloadbalancing:DeregisterTargets\",\"elasticloadbalancing:Describe*\",\"elasticloadbalancing:RegisterInstancesWithLoadBalancer\",\"elasticloadbalancing:RegisterTargets\"],\"Effect\":\"Allow\",\"Resource\":\"*\"}]}"
              }
            ],
            "managed_policy_arns": [],
            "max_session_duration": 3600,
            "name": "ecs-service-role-philoberry-ecs-cluster",
            "name_prefix": "",
            "path": "/",
            "permissions_boundary": null,
            "tags": {},
            "tags_all": {},
            "unique_id": "AROAZWRRPR3GOBD5BUHBC"
          },
          "sensitive_attributes": [],
          "private": "bnVsbA=="
        }
      ]
    },
    {
      "module": "module.ecs-cluster",
      "mode": "managed",
      "type": "aws_iam_role_policy",
      "name": "cluster-ec2-role",
      "provider": "provider[\"registry.terraform.io/hashicorp/aws\"]",
      "instances": [
        {
          "schema_version": 0,
          "attributes": {
            "id": "ecs-philoberry-ecs-cluster-ec2-role:cluster-ec2-role-policy",
            "name": "cluster-ec2-role-policy",
            "name_prefix": null,
            "policy": "{\"Version\":\"2012-10-17\",\"Statement\":[{\"Action\":[\"ecs:CreateCluster\",\"ecs:DeregisterContainerInstance\",\"ecs:DiscoverPollEndpoint\",\"ecs:Poll\",\"ecs:RegisterContainerInstance\",\"ecs:StartTelemetrySession\",\"ecs:Submit*\",\"ecs:StartTask\",\"ecr:GetAuthorizationToken\",\"ecr:BatchCheckLayerAvailability\",\"ecr:GetDownloadUrlForLayer\",\"ecr:BatchGetImage\",\"logs:CreateLogStream\",\"logs:PutLogEvents\"],\"Effect\":\"Allow\",\"Resource\":\"*\"},{\"Action\":[\"logs:*\"],\"Effect\":\"Allow\",\"Resource\":[\"arn:aws:logs:ap-northeast-2:666897452748:log-group:my-log-group:*\"]}]}",
            "role": "ecs-philoberry-ecs-cluster-ec2-role"
          },
          "sensitive_attributes": [],
          "private": "bnVsbA==",
          "dependencies": [
            "data.aws_caller_identity.current",
            "module.ecs-cluster.aws_iam_role.cluster-ec2-role"
          ]
        }
      ]
    },
    {
      "module": "module.ecs-cluster",
      "mode": "managed",
      "type": "aws_iam_role_policy",
      "name": "cluster-service-role",
      "provider": "provider[\"registry.terraform.io/hashicorp/aws\"]",
      "instances": [
        {
          "schema_version": 0,
          "attributes": {
            "id": "ecs-service-role-philoberry-ecs-cluster:philoberry-ecs-cluster-policy",
            "name": "philoberry-ecs-cluster-policy",
            "name_prefix": null,
            "policy": "{\"Version\":\"2012-10-17\",\"Statement\":[{\"Action\":[\"ec2:AuthorizeSecurityGroupIngress\",\"ec2:Describe*\",\"elasticloadbalancing:DeregisterInstancesFromLoadBalancer\",\"elasticloadbalancing:DeregisterTargets\",\"elasticloadbalancing:Describe*\",\"elasticloadbalancing:RegisterInstancesWithLoadBalancer\",\"elasticloadbalancing:RegisterTargets\"],\"Effect\":\"Allow\",\"Resource\":\"*\"}]}",
            "role": "ecs-service-role-philoberry-ecs-cluster"
          },
          "sensitive_attributes": [],
          "private": "bnVsbA==",
          "dependencies": [
            "module.ecs-cluster.aws_iam_role.cluster-service-role"
          ]
        }
      ]
    },
    {
      "module": "module.ecs-cluster",
      "mode": "managed",
      "type": "aws_launch_configuration",
      "name": "cluster",
      "provider": "provider[\"registry.terraform.io/hashicorp/aws\"]",
      "instances": [
        {
          "schema_version": 0,
          "attributes": {
            "arn": "arn:aws:autoscaling:ap-northeast-2:666897452748:launchConfiguration:fbe0ae6c-54db-41fd-82a2-5cdfd178fd32:launchConfigurationName/ecs-dev-launch_config20231013043454336600000003",
            "associate_public_ip_address": false,
            "ebs_block_device": [],
            "ebs_optimized": false,
            "enable_monitoring": true,
            "ephemeral_block_device": [],
            "iam_instance_profile": "ecs-philoberry-ecs-cluster-ec2-role",
            "id": "ecs-dev-launch_config20231013043454336600000003",
            "image_id": "ami-0e9e89f64a3c6888f",
            "instance_type": "c5.xlarge",
            "key_name": "philoberry-keypair",
            "metadata_options": [
              {
                "http_endpoint": "enabled",
                "http_put_response_hop_limit": 1,
                "http_tokens": "required"
              }
            ],
            "name": "ecs-dev-launch_config20231013043454336600000003",
            "name_prefix": "ecs-dev-launch_config",
            "placement_tenancy": "",
            "root_block_device": [],
            "security_groups": [
              "sg-04c1b9ce3bcb26434"
            ],
            "spot_price": "",
            "user_data": "809c6eacae7ae3ae14b40659ee09001be786e373",
            "user_data_base64": null
          },
          "sensitive_attributes": [],
          "private": "bnVsbA==",
          "dependencies": [
            "module.ecs-cluster.aws_iam_instance_profile.cluster-ec2-role",
            "module.ecs-cluster.aws_iam_role.cluster-ec2-role",
            "module.ecs-cluster.aws_security_group.ecs-cluster-sg",
            "module.ecs-cluster.data.aws_ami.ecs",
            "module.vpc.aws_vpc.cluster_vpc"
          ],
          "create_before_destroy": true
        }
      ]
    },
    {
      "module": "module.ecs-cluster",
      "mode": "managed",
      "type": "aws_security_group",
      "name": "ecs-cluster-sg",
      "provider": "provider[\"registry.terraform.io/hashicorp/aws\"]",
      "instances": [
        {
          "schema_version": 1,
          "attributes": {
            "arn": "arn:aws:ec2:ap-northeast-2:666897452748:security-group/sg-04c1b9ce3bcb26434",
            "description": "philoberry-ecs-cluster",
            "egress": [
              {
                "cidr_blocks": [
                  "0.0.0.0/0"
                ],
                "description": "",
                "from_port": 0,
                "ipv6_cidr_blocks": [],
                "prefix_list_ids": [],
                "protocol": "-1",
                "security_groups": [],
                "self": false,
                "to_port": 0
              }
            ],
            "id": "sg-04c1b9ce3bcb26434",
            "ingress": [
              {
                "cidr_blocks": [],
                "description": "",
                "from_port": 22,
                "ipv6_cidr_blocks": [],
                "prefix_list_ids": [],
                "protocol": "tcp",
                "security_groups": [
                  "sg-048a8881ab5f1b18f"
                ],
                "self": false,
                "to_port": 22
              },
              {
                "cidr_blocks": [],
                "description": "",
                "from_port": 32768,
                "ipv6_cidr_blocks": [],
                "prefix_list_ids": [],
                "protocol": "tcp",
                "security_groups": [
                  "sg-0e291bc18393ea32c"
                ],
                "self": false,
                "to_port": 61000
              }
            ],
            "name": "philoberry-ecs-cluster",
            "name_prefix": "",
            "owner_id": "666897452748",
            "revoke_rules_on_delete": false,
            "tags": {},
            "tags_all": {},
            "timeouts": null,
            "vpc_id": "vpc-0502ba202a2ad2199"
          },
          "sensitive_attributes": [],
          "private": "eyJlMmJmYjczMC1lY2FhLTExZTYtOGY4OC0zNDM2M2JjN2M0YzAiOnsiY3JlYXRlIjo2MDAwMDAwMDAwMDAsImRlbGV0ZSI6OTAwMDAwMDAwMDAwfSwic2NoZW1hX3ZlcnNpb24iOiIxIn0=",
          "dependencies": [
            "module.vpc.aws_vpc.cluster_vpc"
          ],
          "create_before_destroy": true
        }
      ]
    },
    {
      "module": "module.ecs-cluster",
      "mode": "managed",
      "type": "aws_security_group",
      "name": "ecs_task",
      "provider": "provider[\"registry.terraform.io/hashicorp/aws\"]",
      "instances": [
        {
          "schema_version": 1,
          "attributes": {
            "arn": "arn:aws:ec2:ap-northeast-2:666897452748:security-group/sg-0b87e99277b6b9623",
            "description": "Managed by Terraform",
            "egress": [
              {
                "cidr_blocks": [
                  "0.0.0.0/0"
                ],
                "description": "",
                "from_port": 0,
                "ipv6_cidr_blocks": [],
                "prefix_list_ids": [],
                "protocol": "-1",
                "security_groups": [],
                "self": false,
                "to_port": 0
              }
            ],
            "id": "sg-0b87e99277b6b9623",
            "ingress": [
              {
                "cidr_blocks": [
                  "0.0.0.0/0"
                ],
                "description": "",
                "from_port": 80,
                "ipv6_cidr_blocks": [],
                "prefix_list_ids": [],
                "protocol": "tcp",
                "security_groups": [],
                "self": false,
                "to_port": 80
              }
            ],
            "name": "ecs-task-sg-dev",
            "name_prefix": "",
            "owner_id": "666897452748",
            "revoke_rules_on_delete": false,
            "tags": {},
            "tags_all": {},
            "timeouts": null,
            "vpc_id": "vpc-0502ba202a2ad2199"
          },
          "sensitive_attributes": [],
          "private": "eyJlMmJmYjczMC1lY2FhLTExZTYtOGY4OC0zNDM2M2JjN2M0YzAiOnsiY3JlYXRlIjo2MDAwMDAwMDAwMDAsImRlbGV0ZSI6OTAwMDAwMDAwMDAwfSwic2NoZW1hX3ZlcnNpb24iOiIxIn0=",
          "dependencies": [
            "module.vpc.aws_vpc.cluster_vpc"
          ]
        }
      ]
    },
    {
      "module": "module.ecs-cluster",
      "mode": "managed",
      "type": "aws_security_group_rule",
      "name": "cluster-allow-ssh",
      "provider": "provider[\"registry.terraform.io/hashicorp/aws\"]",
      "instances": [
        {
          "index_key": 0,
          "schema_version": 2,
          "attributes": {
            "cidr_blocks": null,
            "description": "",
            "from_port": 22,
            "id": "sgrule-3798254522",
            "ipv6_cidr_blocks": null,
            "prefix_list_ids": null,
            "protocol": "tcp",
            "security_group_id": "sg-04c1b9ce3bcb26434",
            "security_group_rule_id": "sgr-07e49792cfcb847b5",
            "self": false,
            "source_security_group_id": "sg-048a8881ab5f1b18f",
            "timeouts": null,
            "to_port": 22,
            "type": "ingress"
          },
          "sensitive_attributes": [],
          "private": "eyJlMmJmYjczMC1lY2FhLTExZTYtOGY4OC0zNDM2M2JjN2M0YzAiOnsiY3JlYXRlIjozMDAwMDAwMDAwMDB9LCJzY2hlbWFfdmVyc2lvbiI6IjIifQ==",
          "dependencies": [
            "aws_security_group.allow_ssh",
            "module.ecs-cluster.aws_security_group.ecs-cluster-sg",
            "module.vpc.aws_vpc.cluster_vpc"
          ]
        }
      ]
    },
    {
      "module": "module.ecs-cluster",
      "mode": "managed",
      "type": "aws_security_group_rule",
      "name": "cluster-egress",
      "provider": "provider[\"registry.terraform.io/hashicorp/aws\"]",
      "instances": [
        {
          "schema_version": 2,
          "attributes": {
            "cidr_blocks": [
              "0.0.0.0/0"
            ],
            "description": "",
            "from_port": 0,
            "id": "sgrule-3024696993",
            "ipv6_cidr_blocks": null,
            "prefix_list_ids": null,
            "protocol": "-1",
            "security_group_id": "sg-04c1b9ce3bcb26434",
            "security_group_rule_id": "sgr-0525c8b874af74e53",
            "self": false,
            "source_security_group_id": null,
            "timeouts": null,
            "to_port": 0,
            "type": "egress"
          },
          "sensitive_attributes": [],
          "private": "eyJlMmJmYjczMC1lY2FhLTExZTYtOGY4OC0zNDM2M2JjN2M0YzAiOnsiY3JlYXRlIjozMDAwMDAwMDAwMDB9LCJzY2hlbWFfdmVyc2lvbiI6IjIifQ==",
          "dependencies": [
            "module.ecs-cluster.aws_security_group.ecs-cluster-sg",
            "module.vpc.aws_vpc.cluster_vpc"
          ]
        }
      ]
    },
    {
      "module": "module.ecs-service",
      "mode": "data",
      "type": "aws_iam_policy_document",
      "name": "ecs_task_execution_role",
      "provider": "provider[\"registry.terraform.io/hashicorp/aws\"]",
      "instances": [
        {
          "schema_version": 0,
          "attributes": {
            "id": "1077804475",
            "json": "{\n  \"Version\": \"2012-10-17\",\n  \"Statement\": [\n    {\n      \"Effect\": \"Allow\",\n      \"Action\": \"sts:AssumeRole\",\n      \"Principal\": {\n        \"Service\": \"ecs-tasks.amazonaws.com\"\n      }\n    }\n  ]\n}",
            "override_policy_documents": null,
            "policy_id": null,
            "source_policy_documents": null,
            "statement": [
              {
                "actions": [
                  "sts:AssumeRole"
                ],
                "condition": [],
                "effect": "Allow",
                "not_actions": [],
                "not_principals": [],
                "not_resources": [],
                "principals": [
                  {
                    "identifiers": [
                      "ecs-tasks.amazonaws.com"
                    ],
                    "type": "Service"
                  }
                ],
                "resources": [],
                "sid": ""
              }
            ],
            "version": "2012-10-17"
          },
          "sensitive_attributes": []
        }
      ]
    },
    {
      "module": "module.ecs-service",
      "mode": "data",
      "type": "template_file",
      "name": "service",
      "provider": "provider[\"registry.terraform.io/hashicorp/template\"]",
      "instances": [
        {
          "schema_version": 0,
          "attributes": {
            "filename": null,
            "id": "bb808567469c0f45d5ef0c9a98bca42fef2ef59f0c79b65c712530f4a097d231",
            "rendered": "[\r\n  {\r\n    \"name\": \"philoberry-repository_nginx\",\r\n    \"image\": \"666897452748.dkr.ecr.ap-northeast-2.amazonaws.com/philoberry_nginx/service_dev:latest\",\r\n    \"essential\": true,\r\n    \"logConfiguration\": {\r\n      \"logDriver\": \"awslogs\",\r\n      \"options\": {\r\n        \"awslogs-region\": \"ap-northeast-2\",\r\n        \"awslogs-stream-prefix\": \"staging-service\",\r\n        \"awslogs-group\": \"awslogs-service-staging-dev\"\r\n      }\r\n    },\r\n    \"portMappings\": [\r\n      {\r\n        \"containerPort\": 80,\r\n        \"protocol\": \"tcp\"\r\n      }\r\n    ],\r\n    \"healthCheck\":{\r\n      \"command\":[\"CMD-SHELL\",\"curl -f http://localhost:80 || exit 1\"],\r\n      \"interval\" :30,\r\n      \"timeout\" :5,\r\n      \"retries\" :3\r\n    },\r\n    \"cpu\": 1,\r\n    \"environment\": [\r\n      {\r\n        \"name\": \"PORT\",\r\n        \"value\": \"80\"\r\n      }\r\n    ],\r\n    \"ulimits\": [\r\n      {\r\n        \"name\": \"nofile\",\r\n        \"softLimit\": 65536,\r\n        \"hardLimit\": 65536\r\n      }\r\n    ],\r\n    \"mountPoints\": [],\r\n    \"memory\": 1024,\r\n    \"volumesFrom\": []\r\n  },\r\n  {\r\n    \"name\": \"philoberry-repository_frontend\",\r\n    \"image\": \"666897452748.dkr.ecr.ap-northeast-2.amazonaws.com/philoberry_front/service_dev:latest\",\r\n    \"essential\": true,\r\n    \"logConfiguration\": {\r\n      \"logDriver\": \"awslogs\",\r\n      \"options\": {\r\n        \"awslogs-region\": \"ap-northeast-2\",\r\n        \"awslogs-stream-prefix\": \"staging-service\",\r\n        \"awslogs-group\": \"awslogs-service-staging-dev\"\r\n      }\r\n    },\r\n    \"portMappings\": [\r\n      {\r\n        \"containerPort\": 443,\r\n        \"protocol\": \"tcp\"\r\n      }\r\n    ],\r\n    \"healthCheck\":{\r\n      \"command\":[\"CMD-SHELL\",\"curl -f http://localhost:443 || exit 1\"],\r\n      \"interval\" :30,\r\n      \"timeout\" :5,\r\n      \"retries\" :3\r\n    },\r\n    \"cpu\": 3,\r\n    \"environment\": [\r\n      {\r\n        \"name\": \"PORT\",\r\n        \"value\": \"443\"\r\n      }\r\n    ],\r\n    \"ulimits\": [\r\n      {\r\n        \"name\": \"nofile\",\r\n        \"softLimit\": 65536,\r\n        \"hardLimit\": 65536\r\n      }\r\n    ],\r\n    \"mountPoints\": [],\r\n    \"memory\": 4096,\r\n    \"volumesFrom\": []\r\n  }\r\n]\r\n",
            "template": "[\r\n  {\r\n    \"name\": \"${application_name}_nginx\",\r\n    \"image\": \"${aws_nginx_repository}:${tag}\",\r\n    \"essential\": true,\r\n    \"logConfiguration\": {\r\n      \"logDriver\": \"awslogs\",\r\n      \"options\": {\r\n        \"awslogs-region\": \"${region}\",\r\n        \"awslogs-stream-prefix\": \"staging-service\",\r\n        \"awslogs-group\": \"awslogs-service-staging-${service_type}\"\r\n      }\r\n    },\r\n    \"portMappings\": [\r\n      {\r\n        \"containerPort\": ${nginx_container_port},\r\n        \"protocol\": \"tcp\"\r\n      }\r\n    ],\r\n    \"healthCheck\":{\r\n      \"command\":[\"CMD-SHELL\",\"curl -f http://localhost:80 || exit 1\"],\r\n      \"interval\" :30,\r\n      \"timeout\" :5,\r\n      \"retries\" :3\r\n    },\r\n    \"cpu\": 1,\r\n    \"environment\": [\r\n      {\r\n        \"name\": \"PORT\",\r\n        \"value\": \"80\"\r\n      }\r\n    ],\r\n    \"ulimits\": [\r\n      {\r\n        \"name\": \"nofile\",\r\n        \"softLimit\": 65536,\r\n        \"hardLimit\": 65536\r\n      }\r\n    ],\r\n    \"mountPoints\": [],\r\n    \"memory\": 1024,\r\n    \"volumesFrom\": []\r\n  },\r\n  {\r\n    \"name\": \"${application_name}_frontend\",\r\n    \"image\": \"${aws_front_repository}:${tag}\",\r\n    \"essential\": true,\r\n    \"logConfiguration\": {\r\n      \"logDriver\": \"awslogs\",\r\n      \"options\": {\r\n        \"awslogs-region\": \"${region}\",\r\n        \"awslogs-stream-prefix\": \"staging-service\",\r\n        \"awslogs-group\": \"awslogs-service-staging-${service_type}\"\r\n      }\r\n    },\r\n    \"portMappings\": [\r\n      {\r\n        \"containerPort\": ${frontend_container_port},\r\n        \"protocol\": \"tcp\"\r\n      }\r\n    ],\r\n    \"healthCheck\":{\r\n      \"command\":[\"CMD-SHELL\",\"curl -f http://localhost:443 || exit 1\"],\r\n      \"interval\" :30,\r\n      \"timeout\" :5,\r\n      \"retries\" :3\r\n    },\r\n    \"cpu\": 3,\r\n    \"environment\": [\r\n      {\r\n        \"name\": \"PORT\",\r\n        \"value\": \"443\"\r\n      }\r\n    ],\r\n    \"ulimits\": [\r\n      {\r\n        \"name\": \"nofile\",\r\n        \"softLimit\": 65536,\r\n        \"hardLimit\": 65536\r\n      }\r\n    ],\r\n    \"mountPoints\": [],\r\n    \"memory\": 4096,\r\n    \"volumesFrom\": []\r\n  }\r\n]\r\n",
            "vars": {
              "application_name": "philoberry-repository",
              "aws_front_repository": "666897452748.dkr.ecr.ap-northeast-2.amazonaws.com/philoberry_front/service_dev",
              "aws_nginx_repository": "666897452748.dkr.ecr.ap-northeast-2.amazonaws.com/philoberry_nginx/service_dev",
              "frontend_container_port": "443",
              "nginx_container_port": "80",
              "region": "ap-northeast-2",
              "service_type": "dev",
              "tag": "latest"
            }
          },
          "sensitive_attributes": []
        }
      ]
    },
    {
      "module": "module.ecs-service",
      "mode": "managed",
      "type": "aws_appautoscaling_policy",
      "name": "ecs_policy_cpu",
      "provider": "provider[\"registry.terraform.io/hashicorp/aws\"]",
      "instances": [
        {
          "schema_version": 0,
          "attributes": {
            "alarm_arns": [
              "arn:aws:cloudwatch:ap-northeast-2:666897452748:alarm:TargetTracking-service/philoberry-ecs-cluster/staging-AlarmHigh-8dd4e337-544f-4eab-beb1-8409a9a0b0c7",
              "arn:aws:cloudwatch:ap-northeast-2:666897452748:alarm:TargetTracking-service/philoberry-ecs-cluster/staging-AlarmLow-a526384e-12e3-46df-bad4-6f46e5114f5b"
            ],
            "arn": "arn:aws:autoscaling:ap-northeast-2:666897452748:scalingPolicy:8af0d9ff-bd71-4ff8-9d3e-17d6333f3315:resource/ecs/service/philoberry-ecs-cluster/staging:policyName/cpu-autoscaling",
            "id": "cpu-autoscaling",
            "name": "cpu-autoscaling",
            "policy_type": "TargetTrackingScaling",
            "resource_id": "service/philoberry-ecs-cluster/staging",
            "scalable_dimension": "ecs:service:DesiredCount",
            "service_namespace": "ecs",
            "step_scaling_policy_configuration": [],
            "target_tracking_scaling_policy_configuration": [
              {
                "customized_metric_specification": [],
                "disable_scale_in": false,
                "predefined_metric_specification": [
                  {
                    "predefined_metric_type": "ECSServiceAverageCPUUtilization",
                    "resource_label": ""
                  }
                ],
                "scale_in_cooldown": 0,
                "scale_out_cooldown": 0,
                "target_value": 60
              }
            ]
          },
          "sensitive_attributes": [],
          "private": "bnVsbA==",
          "dependencies": [
            "module.alb.aws_lb_listener.http_listener",
            "module.alb.aws_lb_listener.https_listener",
            "module.ecs-cluster.aws_ecs_cluster.cluster",
            "module.ecs-cluster.aws_security_group.ecs_task",
            "module.ecs-service.aws_appautoscaling_target.ecs_target",
            "module.ecs-service.aws_ecs_service.staging",
            "module.ecs-service.aws_ecs_task_definition.service",
            "module.ecs-service.aws_iam_role.ecs_task_execution_role",
            "module.ecs-service.aws_iam_role_policy_attachment.ecs_task_execution_role",
            "module.ecs-service.aws_lb_target_group.ecs_service",
            "module.ecs-service.data.template_file.service",
            "module.vpc.aws_subnet.private_subnet",
            "module.vpc.data.aws_availability_zones.available"
          ]
        }
      ]
    },
    {
      "module": "module.ecs-service",
      "mode": "managed",
      "type": "aws_appautoscaling_policy",
      "name": "ecs_policy_memory",
      "provider": "provider[\"registry.terraform.io/hashicorp/aws\"]",
      "instances": [
        {
          "schema_version": 0,
          "attributes": {
            "alarm_arns": [
              "arn:aws:cloudwatch:ap-northeast-2:666897452748:alarm:TargetTracking-service/philoberry-ecs-cluster/staging-AlarmHigh-d6dd1869-7721-4e4a-a3a1-463e3cb1f354",
              "arn:aws:cloudwatch:ap-northeast-2:666897452748:alarm:TargetTracking-service/philoberry-ecs-cluster/staging-AlarmLow-9318cb36-7cdf-4ec1-9046-d09ac1b28fdb"
            ],
            "arn": "arn:aws:autoscaling:ap-northeast-2:666897452748:scalingPolicy:8af0d9ff-bd71-4ff8-9d3e-17d6333f3315:resource/ecs/service/philoberry-ecs-cluster/staging:policyName/memory-autoscaling",
            "id": "memory-autoscaling",
            "name": "memory-autoscaling",
            "policy_type": "TargetTrackingScaling",
            "resource_id": "service/philoberry-ecs-cluster/staging",
            "scalable_dimension": "ecs:service:DesiredCount",
            "service_namespace": "ecs",
            "step_scaling_policy_configuration": [],
            "target_tracking_scaling_policy_configuration": [
              {
                "customized_metric_specification": [],
                "disable_scale_in": false,
                "predefined_metric_specification": [
                  {
                    "predefined_metric_type": "ECSServiceAverageMemoryUtilization",
                    "resource_label": ""
                  }
                ],
                "scale_in_cooldown": 0,
                "scale_out_cooldown": 0,
                "target_value": 70
              }
            ]
          },
          "sensitive_attributes": [],
          "private": "bnVsbA==",
          "dependencies": [
            "module.alb.aws_lb_listener.http_listener",
            "module.alb.aws_lb_listener.https_listener",
            "module.ecs-cluster.aws_ecs_cluster.cluster",
            "module.ecs-cluster.aws_security_group.ecs_task",
            "module.ecs-service.aws_appautoscaling_target.ecs_target",
            "module.ecs-service.aws_ecs_service.staging",
            "module.ecs-service.aws_ecs_task_definition.service",
            "module.ecs-service.aws_iam_role.ecs_task_execution_role",
            "module.ecs-service.aws_iam_role_policy_attachment.ecs_task_execution_role",
            "module.ecs-service.aws_lb_target_group.ecs_service",
            "module.ecs-service.data.template_file.service",
            "module.vpc.aws_subnet.private_subnet",
            "module.vpc.data.aws_availability_zones.available"
          ]
        }
      ]
    },
    {
      "module": "module.ecs-service",
      "mode": "managed",
      "type": "aws_appautoscaling_target",
      "name": "ecs_target",
      "provider": "provider[\"registry.terraform.io/hashicorp/aws\"]",
      "instances": [
        {
          "schema_version": 0,
          "attributes": {
            "arn": "arn:aws:application-autoscaling:ap-northeast-2:666897452748:scalable-target/0ec58af0d9ffbd714ff89d3e17d6333f3315",
            "id": "service/philoberry-ecs-cluster/staging",
            "max_capacity": 3,
            "min_capacity": 1,
            "resource_id": "service/philoberry-ecs-cluster/staging",
            "role_arn": "arn:aws:iam::666897452748:role/aws-service-role/ecs.application-autoscaling.amazonaws.com/AWSServiceRoleForApplicationAutoScaling_ECSService",
            "scalable_dimension": "ecs:service:DesiredCount",
            "service_namespace": "ecs",
            "tags": null,
            "tags_all": {}
          },
          "sensitive_attributes": [],
          "private": "bnVsbA==",
          "dependencies": [
            "module.alb.aws_lb_listener.http_listener",
            "module.alb.aws_lb_listener.https_listener",
            "module.ecs-cluster.aws_ecs_cluster.cluster",
            "module.ecs-cluster.aws_security_group.ecs_task",
            "module.ecs-service.aws_ecs_service.staging",
            "module.ecs-service.aws_ecs_task_definition.service",
            "module.ecs-service.aws_iam_role.ecs_task_execution_role",
            "module.ecs-service.aws_iam_role_policy_attachment.ecs_task_execution_role",
            "module.ecs-service.aws_lb_target_group.ecs_service",
            "module.ecs-service.data.template_file.service",
            "module.vpc.aws_subnet.private_subnet",
            "module.vpc.data.aws_availability_zones.available"
          ]
        }
      ]
    },
    {
      "module": "module.ecs-service",
      "mode": "managed",
      "type": "aws_ecs_service",
      "name": "staging",
      "provider": "provider[\"registry.terraform.io/hashicorp/aws\"]",
      "instances": [
        {
          "schema_version": 0,
          "attributes": {
            "alarms": [],
            "capacity_provider_strategy": [],
            "cluster": "arn:aws:ecs:ap-northeast-2:666897452748:cluster/philoberry-ecs-cluster",
            "deployment_circuit_breaker": [
              {
                "enable": false,
                "rollback": false
              }
            ],
            "deployment_controller": [
              {
                "type": "ECS"
              }
            ],
            "deployment_maximum_percent": 200,
            "deployment_minimum_healthy_percent": 100,
            "desired_count": 4,
            "enable_ecs_managed_tags": false,
            "enable_execute_command": false,
            "force_new_deployment": true,
            "health_check_grace_period_seconds": 300,
            "iam_role": "/aws-service-role/ecs.amazonaws.com/AWSServiceRoleForECS",
            "id": "arn:aws:ecs:ap-northeast-2:666897452748:service/philoberry-ecs-cluster/staging",
            "launch_type": "FARGATE",
            "load_balancer": [
              {
                "container_name": "philoberry-repository_frontend",
                "container_port": 443,
                "elb_name": "",
                "target_group_arn": "arn:aws:elasticloadbalancing:ap-northeast-2:666897452748:targetgroup/philoberry-dev/6c2fd96f163e4019"
              }
            ],
            "name": "staging",
            "network_configuration": [
              {
                "assign_public_ip": true,
                "security_groups": [
                  "sg-0b87e99277b6b9623"
                ],
                "subnets": [
                  "subnet-018388cd8543b7ccc",
                  "subnet-0a77919854236e906"
                ]
              }
            ],
            "ordered_placement_strategy": [],
            "placement_constraints": [],
            "platform_version": "LATEST",
            "propagate_tags": "NONE",
            "scheduling_strategy": "REPLICA",
            "service_connect_configuration": [],
            "service_registries": [],
            "tags": {
              "Application": "philoberry-repository_frontend",
              "Environment": "staging"
            },
            "tags_all": {
              "Application": "philoberry-repository_frontend",
              "Environment": "staging"
            },
            "task_definition": "arn:aws:ecs:ap-northeast-2:666897452748:task-definition/service-staging-dev:8",
            "timeouts": null,
            "triggers": {},
            "wait_for_steady_state": false
          },
          "sensitive_attributes": [],
          "private": "eyJlMmJmYjczMC1lY2FhLTExZTYtOGY4OC0zNDM2M2JjN2M0YzAiOnsiY3JlYXRlIjoxMjAwMDAwMDAwMDAwLCJkZWxldGUiOjEyMDAwMDAwMDAwMDAsInVwZGF0ZSI6MTIwMDAwMDAwMDAwMH19",
          "dependencies": [
            "module.alb.aws_lb_listener.http_listener",
            "module.alb.aws_lb_listener.https_listener",
            "module.ecs-cluster.aws_ecs_cluster.cluster",
            "module.ecs-cluster.aws_security_group.ecs_task",
            "module.ecs-service.aws_ecs_task_definition.service",
            "module.ecs-service.aws_iam_role.ecs_task_execution_role",
            "module.ecs-service.aws_iam_role_policy_attachment.ecs_task_execution_role",
            "module.ecs-service.aws_lb_target_group.ecs_service",
            "module.ecs-service.data.template_file.service",
            "module.vpc.aws_subnet.private_subnet",
            "module.vpc.data.aws_availability_zones.available"
          ]
        }
      ]
    },
    {
      "module": "module.ecs-service",
      "mode": "managed",
      "type": "aws_ecs_task_definition",
      "name": "service",
      "provider": "provider[\"registry.terraform.io/hashicorp/aws\"]",
      "instances": [
        {
          "schema_version": 1,
          "attributes": {
            "arn": "arn:aws:ecs:ap-northeast-2:666897452748:task-definition/service-staging-dev:8",
            "arn_without_revision": "arn:aws:ecs:ap-northeast-2:666897452748:task-definition/service-staging-dev",
            "container_definitions": "[{\"cpu\":1,\"environment\":[{\"name\":\"PORT\",\"value\":\"80\"}],\"essential\":true,\"healthCheck\":{\"command\":[\"CMD-SHELL\",\"curl -f http://localhost:80 || exit 1\"],\"interval\":30,\"retries\":3,\"timeout\":5},\"image\":\"666897452748.dkr.ecr.ap-northeast-2.amazonaws.com/philoberry_nginx/service_dev:latest\",\"logConfiguration\":{\"logDriver\":\"awslogs\",\"options\":{\"awslogs-group\":\"awslogs-service-staging-dev\",\"awslogs-region\":\"ap-northeast-2\",\"awslogs-stream-prefix\":\"staging-service\"}},\"memory\":1024,\"mountPoints\":[],\"name\":\"philoberry-repository_nginx\",\"portMappings\":[{\"containerPort\":80,\"hostPort\":80,\"protocol\":\"tcp\"}],\"ulimits\":[{\"hardLimit\":65536,\"name\":\"nofile\",\"softLimit\":65536}],\"volumesFrom\":[]},{\"cpu\":3,\"environment\":[{\"name\":\"PORT\",\"value\":\"443\"}],\"essential\":true,\"healthCheck\":{\"command\":[\"CMD-SHELL\",\"curl -f http://localhost:443 || exit 1\"],\"interval\":30,\"retries\":3,\"timeout\":5},\"image\":\"666897452748.dkr.ecr.ap-northeast-2.amazonaws.com/philoberry_front/service_dev:latest\",\"logConfiguration\":{\"logDriver\":\"awslogs\",\"options\":{\"awslogs-group\":\"awslogs-service-staging-dev\",\"awslogs-region\":\"ap-northeast-2\",\"awslogs-stream-prefix\":\"staging-service\"}},\"memory\":4096,\"mountPoints\":[],\"name\":\"philoberry-repository_frontend\",\"portMappings\":[{\"containerPort\":443,\"hostPort\":443,\"protocol\":\"tcp\"}],\"ulimits\":[{\"hardLimit\":65536,\"name\":\"nofile\",\"softLimit\":65536}],\"volumesFrom\":[]}]",
            "cpu": "1024",
            "ephemeral_storage": [],
            "execution_role_arn": "arn:aws:iam::666897452748:role/ecs-staging-execution-role-dev",
            "family": "service-staging-dev",
            "id": "service-staging-dev",
            "inference_accelerator": [],
            "ipc_mode": "",
            "memory": "4096",
            "network_mode": "awsvpc",
            "pid_mode": "",
            "placement_constraints": [],
            "proxy_configuration": [],
            "requires_compatibilities": [
              "FARGATE"
            ],
            "revision": 8,
            "runtime_platform": [],
            "skip_destroy": false,
            "tags": {
              "Application": "philoberry-repository",
              "Environment": "staging"
            },
            "tags_all": {
              "Application": "philoberry-repository",
              "Environment": "staging"
            },
            "task_role_arn": "",
            "volume": []
          },
          "sensitive_attributes": [],
          "private": "eyJzY2hlbWFfdmVyc2lvbiI6IjEifQ==",
          "dependencies": [
            "module.ecs-service.aws_iam_role.ecs_task_execution_role",
            "module.ecs-service.data.template_file.service"
          ]
        }
      ]
    },
    {
      "module": "module.ecs-service",
      "mode": "managed",
      "type": "aws_iam_role",
      "name": "ecs_task_execution_role",
      "provider": "provider[\"registry.terraform.io/hashicorp/aws\"]",
      "instances": [
        {
          "schema_version": 0,
          "attributes": {
            "arn": "arn:aws:iam::666897452748:role/ecs-staging-execution-role-dev",
            "assume_role_policy": "{\"Statement\":[{\"Action\":\"sts:AssumeRole\",\"Effect\":\"Allow\",\"Principal\":{\"Service\":\"ecs-tasks.amazonaws.com\"}}],\"Version\":\"2012-10-17\"}",
            "create_date": "2023-10-13T04:34:41Z",
            "description": "",
            "force_detach_policies": false,
            "id": "ecs-staging-execution-role-dev",
            "inline_policy": [],
            "managed_policy_arns": [
              "arn:aws:iam::aws:policy/service-role/AmazonECSTaskExecutionRolePolicy"
            ],
            "max_session_duration": 3600,
            "name": "ecs-staging-execution-role-dev",
            "name_prefix": "",
            "path": "/",
            "permissions_boundary": null,
            "tags": {},
            "tags_all": {},
            "unique_id": "AROAZWRRPR3GHLULX2G7W"
          },
          "sensitive_attributes": [],
          "private": "bnVsbA==",
          "dependencies": [
            "module.ecs-service.data.aws_iam_policy_document.ecs_task_execution_role"
          ]
        }
      ]
    },
    {
      "module": "module.ecs-service",
      "mode": "managed",
      "type": "aws_iam_role_policy_attachment",
      "name": "ecs_task_execution_role",
      "provider": "provider[\"registry.terraform.io/hashicorp/aws\"]",
      "instances": [
        {
          "schema_version": 0,
          "attributes": {
            "id": "ecs-staging-execution-role-dev-20231013043442984000000002",
            "policy_arn": "arn:aws:iam::aws:policy/service-role/AmazonECSTaskExecutionRolePolicy",
            "role": "ecs-staging-execution-role-dev"
          },
          "sensitive_attributes": [],
          "private": "bnVsbA==",
          "dependencies": [
            "module.ecs-service.aws_iam_role.ecs_task_execution_role",
            "module.ecs-service.data.aws_iam_policy_document.ecs_task_execution_role"
          ]
        }
      ]
    },
    {
      "module": "module.ecs-service",
      "mode": "managed",
      "type": "aws_lb_target_group",
      "name": "ecs_service",
      "provider": "provider[\"registry.terraform.io/hashicorp/aws\"]",
      "instances": [
        {
          "schema_version": 0,
          "attributes": {
            "arn": "arn:aws:elasticloadbalancing:ap-northeast-2:666897452748:targetgroup/philoberry-dev/6c2fd96f163e4019",
            "arn_suffix": "targetgroup/philoberry-dev/6c2fd96f163e4019",
            "connection_termination": false,
            "deregistration_delay": "30",
            "health_check": [
              {
                "enabled": true,
                "healthy_threshold": 3,
                "interval": 120,
                "matcher": "200",
                "path": "/",
                "port": "traffic-port",
                "protocol": "HTTP",
                "timeout": 60,
                "unhealthy_threshold": 2
              }
            ],
            "id": "arn:aws:elasticloadbalancing:ap-northeast-2:666897452748:targetgroup/philoberry-dev/6c2fd96f163e4019",
            "ip_address_type": "ipv4",
            "lambda_multi_value_headers_enabled": false,
            "load_balancing_algorithm_type": "round_robin",
            "load_balancing_cross_zone_enabled": "use_load_balancer_configuration",
            "name": "philoberry-dev",
            "name_prefix": null,
            "port": 80,
            "preserve_client_ip": null,
            "protocol": "HTTP",
            "protocol_version": "HTTP1",
            "proxy_protocol_v2": false,
            "slow_start": 0,
            "stickiness": [
              {
                "cookie_duration": 86400,
                "cookie_name": "",
                "enabled": false,
                "type": "lb_cookie"
              }
            ],
            "tags": {
              "Name": "philoberry-tg-dev",
              "Service": "philoberry-dev"
            },
            "tags_all": {
              "Name": "philoberry-tg-dev",
              "Service": "philoberry-dev"
            },
            "target_failover": [
              {
                "on_deregistration": null,
                "on_unhealthy": null
              }
            ],
            "target_type": "ip",
            "vpc_id": "vpc-0502ba202a2ad2199"
          },
          "sensitive_attributes": [],
          "private": "bnVsbA==",
          "dependencies": [
            "module.vpc.aws_vpc.cluster_vpc"
          ]
        }
      ]
    },
    {
      "module": "module.logs",
      "mode": "data",
      "type": "aws_iam_policy_document",
      "name": "allow-lb",
      "provider": "provider[\"registry.terraform.io/hashicorp/aws\"]",
      "instances": [
        {
          "schema_version": 0,
          "attributes": {
            "id": "3836682842",
            "json": "{\n  \"Version\": \"2012-10-17\",\n  \"Statement\": [\n    {\n      \"Effect\": \"Allow\",\n      \"Action\": \"s3:PutObject\",\n      \"Resource\": \"arn:aws:s3:::ecs-access-logs-philoberry-dev/frontend-alb/AWSLogs/666897452748/*\",\n      \"Principal\": {\n        \"Service\": \"logdelivery.elb.amazonaws.com\"\n      },\n      \"Condition\": {\n        \"StringEquals\": {\n          \"s3:x-amz-acl\": \"bucket-owner-full-control\"\n        }\n      }\n    },\n    {\n      \"Effect\": \"Allow\",\n      \"Action\": \"s3:PutObject\",\n      \"Resource\": \"arn:aws:s3:::ecs-access-logs-philoberry-dev/frontend-alb/AWSLogs/666897452748/*\",\n      \"Principal\": {\n        \"Service\": \"logdelivery.elasticloadbalancing.amazonaws.com\"\n      },\n      \"Condition\": {\n        \"StringEquals\": {\n          \"s3:x-amz-acl\": \"bucket-owner-full-cSontrol\"\n        }\n      }\n    },\n    {\n      \"Effect\": \"Allow\",\n      \"Action\": \"s3:PutObject\",\n      \"Resource\": \"arn:aws:s3:::ecs-access-logs-philoberry-dev/frontend-alb/AWSLogs/666897452748/*\",\n      \"Principal\": {\n        \"AWS\": \"arn:aws:iam::666897452748:root\"\n      },\n      \"Condition\": {\n        \"StringEquals\": {\n          \"s3:x-amz-acl\": \"bucket-owner-full-control\"\n        }\n      }\n    }\n  ]\n}",
            "override_policy_documents": null,
            "policy_id": null,
            "source_policy_documents": null,
            "statement": [
              {
                "actions": [
                  "s3:PutObject"
                ],
                "condition": [
                  {
                    "test": "StringEquals",
                    "values": [
                      "bucket-owner-full-control"
                    ],
                    "variable": "s3:x-amz-acl"
                  }
                ],
                "effect": "Allow",
                "not_actions": [],
                "not_principals": [],
                "not_resources": [],
                "principals": [
                  {
                    "identifiers": [
                      "logdelivery.elb.amazonaws.com"
                    ],
                    "type": "Service"
                  }
                ],
                "resources": [
                  "arn:aws:s3:::ecs-access-logs-philoberry-dev/frontend-alb/AWSLogs/666897452748/*"
                ],
                "sid": ""
              },
              {
                "actions": [
                  "s3:PutObject"
                ],
                "condition": [
                  {
                    "test": "StringEquals",
                    "values": [
                      "bucket-owner-full-cSontrol"
                    ],
                    "variable": "s3:x-amz-acl"
                  }
                ],
                "effect": "Allow",
                "not_actions": [],
                "not_principals": [],
                "not_resources": [],
                "principals": [
                  {
                    "identifiers": [
                      "logdelivery.elasticloadbalancing.amazonaws.com"
                    ],
                    "type": "Service"
                  }
                ],
                "resources": [
                  "arn:aws:s3:::ecs-access-logs-philoberry-dev/frontend-alb/AWSLogs/666897452748/*"
                ],
                "sid": ""
              },
              {
                "actions": [
                  "s3:PutObject"
                ],
                "condition": [
                  {
                    "test": "StringEquals",
                    "values": [
                      "bucket-owner-full-control"
                    ],
                    "variable": "s3:x-amz-acl"
                  }
                ],
                "effect": "Allow",
                "not_actions": [],
                "not_principals": [],
                "not_resources": [],
                "principals": [
                  {
                    "identifiers": [
                      "arn:aws:iam::666897452748:root"
                    ],
                    "type": "AWS"
                  }
                ],
                "resources": [
                  "arn:aws:s3:::ecs-access-logs-philoberry-dev/frontend-alb/AWSLogs/666897452748/*"
                ],
                "sid": ""
              }
            ],
            "version": "2012-10-17"
          },
          "sensitive_attributes": []
        }
      ]
    },
    {
      "module": "module.logs",
      "mode": "managed",
      "type": "aws_cloudwatch_log_group",
      "name": "service",
      "provider": "provider[\"registry.terraform.io/hashicorp/aws\"]",
      "instances": [
        {
          "schema_version": 0,
          "attributes": {
            "arn": "arn:aws:logs:ap-northeast-2:666897452748:log-group:awslogs-service-staging-dev",
            "id": "awslogs-service-staging-dev",
            "kms_key_id": "",
            "name": "awslogs-service-staging-dev",
            "name_prefix": "",
            "retention_in_days": 0,
            "skip_destroy": false,
            "tags": {
              "Application": "philoberry-repository",
              "Environment": "dev"
            },
            "tags_all": {
              "Application": "philoberry-repository",
              "Environment": "dev"
            }
          },
          "sensitive_attributes": [],
          "private": "bnVsbA=="
        }
      ]
    },
    {
      "module": "module.logs",
      "mode": "managed",
      "type": "aws_s3_bucket",
      "name": "log_storage",
      "provider": "provider[\"registry.terraform.io/hashicorp/aws\"]",
      "instances": [
        {
          "schema_version": 0,
          "attributes": {
            "acceleration_status": "",
            "acl": null,
            "arn": "arn:aws:s3:::ecs-access-logs-philoberry-dev",
            "bucket": "ecs-access-logs-philoberry-dev",
            "bucket_domain_name": "ecs-access-logs-philoberry-dev.s3.amazonaws.com",
            "bucket_prefix": "",
            "bucket_regional_domain_name": "ecs-access-logs-philoberry-dev.s3.ap-northeast-2.amazonaws.com",
            "cors_rule": [],
            "force_destroy": false,
            "grant": [
              {
                "id": "073ef2ca751d41d99a065d79091f56528352628f5494a769259bf332bb0e11f1",
                "permissions": [
                  "FULL_CONTROL"
                ],
                "type": "CanonicalUser",
                "uri": ""
              }
            ],
            "hosted_zone_id": "Z3W03O7B5YMIYP",
            "id": "ecs-access-logs-philoberry-dev",
            "lifecycle_rule": [
              {
                "abort_incomplete_multipart_upload_days": 0,
                "enabled": true,
                "expiration": [
                  {
                    "date": "",
                    "days": 10,
                    "expired_object_delete_marker": false
                  }
                ],
                "id": "log_lifecycle_dev",
                "noncurrent_version_expiration": [],
                "noncurrent_version_transition": [],
                "prefix": "",
                "tags": {},
                "transition": []
              }
            ],
            "logging": [],
            "object_lock_configuration": [],
            "object_lock_enabled": false,
            "policy": "{\"Statement\":[{\"Action\":\"s3:PutObject\",\"Condition\":{\"StringEquals\":{\"s3:x-amz-acl\":\"bucket-owner-full-control\"}},\"Effect\":\"Allow\",\"Principal\":{\"Service\":\"logdelivery.elb.amazonaws.com\"},\"Resource\":\"arn:aws:s3:::ecs-access-logs-philoberry-dev/frontend-alb/AWSLogs/666897452748/*\"},{\"Action\":\"s3:PutObject\",\"Condition\":{\"StringEquals\":{\"s3:x-amz-acl\":\"bucket-owner-full-cSontrol\"}},\"Effect\":\"Allow\",\"Principal\":{\"Service\":\"logdelivery.elasticloadbalancing.amazonaws.com\"},\"Resource\":\"arn:aws:s3:::ecs-access-logs-philoberry-dev/frontend-alb/AWSLogs/666897452748/*\"},{\"Action\":\"s3:PutObject\",\"Condition\":{\"StringEquals\":{\"s3:x-amz-acl\":\"bucket-owner-full-control\"}},\"Effect\":\"Allow\",\"Principal\":{\"AWS\":\"arn:aws:iam::666897452748:root\"},\"Resource\":\"arn:aws:s3:::ecs-access-logs-philoberry-dev/frontend-alb/AWSLogs/666897452748/*\"}],\"Version\":\"2012-10-17\"}",
            "region": "ap-northeast-2",
            "replication_configuration": [],
            "request_payer": "BucketOwner",
            "server_side_encryption_configuration": [
              {
                "rule": [
                  {
                    "apply_server_side_encryption_by_default": [
                      {
                        "kms_master_key_id": "",
                        "sse_algorithm": "AES256"
                      }
                    ],
                    "bucket_key_enabled": false
                  }
                ]
              }
            ],
            "tags": {
              "Name": "philoberry-log_stroages-dev",
              "Service": "philoberry-log_stroages-dev"
            },
            "tags_all": {
              "Name": "philoberry-log_stroages-dev",
              "Service": "philoberry-log_stroages-dev"
            },
            "timeouts": null,
            "versioning": [
              {
                "enabled": false,
                "mfa_delete": false
              }
            ],
            "website": [],
            "website_domain": null,
            "website_endpoint": null
          },
          "sensitive_attributes": [],
          "private": "eyJlMmJmYjczMC1lY2FhLTExZTYtOGY4OC0zNDM2M2JjN2M0YzAiOnsiY3JlYXRlIjoxMjAwMDAwMDAwMDAwLCJkZWxldGUiOjM2MDAwMDAwMDAwMDAsInJlYWQiOjEyMDAwMDAwMDAwMDAsInVwZGF0ZSI6MTIwMDAwMDAwMDAwMH19"
        }
      ]
    },
    {
      "module": "module.logs",
      "mode": "managed",
      "type": "aws_s3_bucket_lifecycle_configuration",
      "name": "lifecycle",
      "provider": "provider[\"registry.terraform.io/hashicorp/aws\"]",
      "instances": [
        {
          "schema_version": 0,
          "attributes": {
            "bucket": "ecs-access-logs-philoberry-dev",
            "expected_bucket_owner": "",
            "id": "ecs-access-logs-philoberry-dev",
            "rule": [
              {
                "abort_incomplete_multipart_upload": [],
                "expiration": [
                  {
                    "date": "",
                    "days": 10,
                    "expired_object_delete_marker": false
                  }
                ],
                "filter": [
                  {
                    "and": [],
                    "object_size_greater_than": "",
                    "object_size_less_than": "",
                    "prefix": "",
                    "tag": []
                  }
                ],
                "id": "log_lifecycle_dev",
                "noncurrent_version_expiration": [],
                "noncurrent_version_transition": [],
                "prefix": "",
                "status": "Enabled",
                "transition": []
              }
            ]
          },
          "sensitive_attributes": [],
          "private": "bnVsbA==",
          "dependencies": [
            "module.logs.aws_s3_bucket.log_storage"
          ]
        }
      ]
    },
    {
      "module": "module.logs",
      "mode": "managed",
      "type": "aws_s3_bucket_policy",
      "name": "allow-lb",
      "provider": "provider[\"registry.terraform.io/hashicorp/aws\"]",
      "instances": [
        {
          "schema_version": 0,
          "attributes": {
            "bucket": "ecs-access-logs-philoberry-dev",
            "id": "ecs-access-logs-philoberry-dev",
            "policy": "{\"Statement\":[{\"Action\":\"s3:PutObject\",\"Condition\":{\"StringEquals\":{\"s3:x-amz-acl\":\"bucket-owner-full-control\"}},\"Effect\":\"Allow\",\"Principal\":{\"Service\":\"logdelivery.elb.amazonaws.com\"},\"Resource\":\"arn:aws:s3:::ecs-access-logs-philoberry-dev/frontend-alb/AWSLogs/666897452748/*\"},{\"Action\":\"s3:PutObject\",\"Condition\":{\"StringEquals\":{\"s3:x-amz-acl\":\"bucket-owner-full-cSontrol\"}},\"Effect\":\"Allow\",\"Principal\":{\"Service\":\"logdelivery.elasticloadbalancing.amazonaws.com\"},\"Resource\":\"arn:aws:s3:::ecs-access-logs-philoberry-dev/frontend-alb/AWSLogs/666897452748/*\"},{\"Action\":\"s3:PutObject\",\"Condition\":{\"StringEquals\":{\"s3:x-amz-acl\":\"bucket-owner-full-control\"}},\"Effect\":\"Allow\",\"Principal\":{\"AWS\":\"arn:aws:iam::666897452748:root\"},\"Resource\":\"arn:aws:s3:::ecs-access-logs-philoberry-dev/frontend-alb/AWSLogs/666897452748/*\"}],\"Version\":\"2012-10-17\"}"
          },
          "sensitive_attributes": [],
          "private": "bnVsbA==",
          "dependencies": [
            "module.logs.aws_s3_bucket.log_storage",
            "module.logs.data.aws_iam_policy_document.allow-lb"
          ]
        }
      ]
    },
    {
      "module": "module.logs",
      "mode": "managed",
      "type": "aws_s3_bucket_public_access_block",
      "name": "log_storage_public-access",
      "provider": "provider[\"registry.terraform.io/hashicorp/aws\"]",
      "instances": [
        {
          "schema_version": 0,
          "attributes": {
            "block_public_acls": true,
            "block_public_policy": true,
            "bucket": "ecs-access-logs-philoberry-dev",
            "id": "ecs-access-logs-philoberry-dev",
            "ignore_public_acls": true,
            "restrict_public_buckets": true
          },
          "sensitive_attributes": [],
          "private": "bnVsbA==",
          "dependencies": [
            "module.logs.aws_s3_bucket.log_storage"
          ]
        }
      ]
    },
    {
      "module": "module.route53",
      "mode": "data",
      "type": "aws_route53_zone",
      "name": "front",
      "provider": "provider[\"registry.terraform.io/hashicorp/aws\"]",
      "instances": [
        {
          "schema_version": 0,
          "attributes": {
            "arn": "arn:aws:route53:::hostedzone/Z10383623KH23ZCPI5UCN",
            "caller_reference": "RISWorkflow-RD:51bec477-20eb-4623-ad07-5dd96d2f57b9",
            "comment": "HostedZone created by Route53 Registrar",
            "id": "Z10383623KH23ZCPI5UCN",
            "linked_service_description": null,
            "linked_service_principal": null,
            "name": "philoberry.com",
            "name_servers": [
              "ns-286.awsdns-35.com",
              "ns-774.awsdns-32.net",
              "ns-1048.awsdns-03.org",
              "ns-1553.awsdns-02.co.uk"
            ],
            "primary_name_server": "ns-286.awsdns-35.com",
            "private_zone": false,
            "resource_record_set_count": 5,
            "tags": {},
            "vpc_id": null,
            "zone_id": "Z10383623KH23ZCPI5UCN"
          },
          "sensitive_attributes": []
        }
      ]
    },
    {
      "module": "module.route53",
      "mode": "managed",
      "type": "aws_acm_certificate",
      "name": "acm",
      "provider": "provider[\"registry.terraform.io/hashicorp/aws\"]",
      "instances": [
        {
          "schema_version": 0,
          "attributes": {
            "arn": "arn:aws:acm:ap-northeast-2:666897452748:certificate/55cc8770-5461-47ff-8fd3-653c640b3429",
            "certificate_authority_arn": "",
            "certificate_body": null,
            "certificate_chain": null,
            "domain_name": "www.philoberry.com",
            "domain_validation_options": [
              {
                "domain_name": "*.philoberry.com",
                "resource_record_name": "_b22aff5580fb678fc048be11059c0289.philoberry.com.",
                "resource_record_type": "CNAME",
                "resource_record_value": "_35d6fce431707dafde332a3f896cbd69.whqzffzsdn.acm-validations.aws."
              },
              {
                "domain_name": "www.philoberry.com",
                "resource_record_name": "_544a21525a7b811ebf6b33511640d66a.www.philoberry.com.",
                "resource_record_type": "CNAME",
                "resource_record_value": "_7e66c19da94a163b0a98e5d9d75be607.nxzthgqctm.acm-validations.aws."
              }
            ],
            "early_renewal_duration": "",
            "id": "arn:aws:acm:ap-northeast-2:666897452748:certificate/55cc8770-5461-47ff-8fd3-653c640b3429",
            "key_algorithm": "RSA_2048",
            "not_after": "2024-11-11T23:59:59Z",
            "not_before": "2023-10-13T00:00:00Z",
            "options": [
              {
                "certificate_transparency_logging_preference": "ENABLED"
              }
            ],
            "pending_renewal": false,
            "private_key": null,
            "renewal_eligibility": "ELIGIBLE",
            "renewal_summary": [],
            "status": "ISSUED",
            "subject_alternative_names": [
              "*.philoberry.com",
              "www.philoberry.com"
            ],
            "tags": {},
            "tags_all": {},
            "type": "AMAZON_ISSUED",
            "validation_emails": [],
            "validation_method": "DNS",
            "validation_option": []
          },
          "sensitive_attributes": [],
          "private": "bnVsbA==",
          "create_before_destroy": true
        }
      ]
    },
    {
      "module": "module.route53",
      "mode": "managed",
      "type": "aws_acm_certificate_validation",
      "name": "certication_arn",
      "provider": "provider[\"registry.terraform.io/hashicorp/aws\"]",
      "instances": []
    },
    {
      "module": "module.route53",
      "mode": "managed",
      "type": "aws_route53_record",
      "name": "front",
      "provider": "provider[\"registry.terraform.io/hashicorp/aws\"]",
      "instances": [
        {
          "schema_version": 2,
          "attributes": {
            "alias": [
              {
                "evaluate_target_health": true,
                "name": "my-ecs-lb-419683540.ap-northeast-2.elb.amazonaws.com",
                "zone_id": "ZWKZPGTI48KDX"
              }
            ],
            "allow_overwrite": null,
            "cidr_routing_policy": [],
            "failover_routing_policy": [],
            "fqdn": "www.philoberry.com",
            "geolocation_routing_policy": [],
            "health_check_id": "",
            "id": "Z10383623KH23ZCPI5UCN_www.philoberry.com_A",
            "latency_routing_policy": [],
            "multivalue_answer_routing_policy": false,
            "name": "www.philoberry.com",
            "records": [],
            "set_identifier": "",
            "ttl": 0,
            "type": "A",
            "weighted_routing_policy": [],
            "zone_id": "Z10383623KH23ZCPI5UCN"
          },
          "sensitive_attributes": [],
          "private": "eyJzY2hlbWFfdmVyc2lvbiI6IjIifQ==",
          "dependencies": [
            "module.alb.aws_lb.alb",
            "module.alb.aws_security_group.alb",
            "module.route53.data.aws_route53_zone.front",
            "module.vpc.aws_subnet.private_subnet",
            "module.vpc.aws_vpc.cluster_vpc",
            "module.vpc.data.aws_availability_zones.available"
          ]
        }
      ]
    },
    {
      "module": "module.vpc",
      "mode": "data",
      "type": "aws_availability_zones",
      "name": "available",
      "provider": "provider[\"registry.terraform.io/hashicorp/aws\"]",
      "instances": [
        {
          "schema_version": 0,
          "attributes": {
            "all_availability_zones": null,
            "exclude_names": null,
            "exclude_zone_ids": null,
            "filter": null,
            "group_names": [
              "ap-northeast-2"
            ],
            "id": "ap-northeast-2",
            "names": [
              "ap-northeast-2a",
              "ap-northeast-2b",
              "ap-northeast-2c",
              "ap-northeast-2d"
            ],
            "state": null,
            "timeouts": null,
            "zone_ids": [
              "apne2-az1",
              "apne2-az2",
              "apne2-az3",
              "apne2-az4"
            ]
          },
          "sensitive_attributes": []
        }
      ]
    },
    {
      "module": "module.vpc",
      "mode": "managed",
      "type": "aws_eip",
      "name": "nat_gateway",
      "provider": "provider[\"registry.terraform.io/hashicorp/aws\"]",
      "instances": [
        {
          "index_key": 0,
          "schema_version": 0,
          "attributes": {
            "address": null,
            "allocation_id": "eipalloc-068699b03ca99ebc9",
            "associate_with_private_ip": null,
            "association_id": "eipassoc-028f79a4323eda0bf",
            "carrier_ip": "",
            "customer_owned_ip": "",
            "customer_owned_ipv4_pool": "",
            "domain": "vpc",
            "id": "eipalloc-068699b03ca99ebc9",
            "instance": "",
            "network_border_group": "ap-northeast-2",
            "network_interface": "eni-061641993199b6770",
            "private_dns": "ip-172-18-2-44.ap-northeast-2.compute.internal",
            "private_ip": "172.18.2.44",
            "public_dns": "ec2-3-37-122-69.ap-northeast-2.compute.amazonaws.com",
            "public_ip": "3.37.122.69",
            "public_ipv4_pool": "amazon",
            "tags": {},
            "tags_all": {},
            "timeouts": null,
            "vpc": true
          },
          "sensitive_attributes": [],
          "private": "eyJlMmJmYjczMC1lY2FhLTExZTYtOGY4OC0zNDM2M2JjN2M0YzAiOnsiZGVsZXRlIjoxODAwMDAwMDAwMDAsInJlYWQiOjkwMDAwMDAwMDAwMCwidXBkYXRlIjozMDAwMDAwMDAwMDB9fQ==",
          "dependencies": [
            "module.vpc.aws_internet_gateway.cluster_igw",
            "module.vpc.aws_vpc.cluster_vpc"
          ]
        },
        {
          "index_key": 1,
          "schema_version": 0,
          "attributes": {
            "address": null,
            "allocation_id": "eipalloc-0a773e61c73e0005c",
            "associate_with_private_ip": null,
            "association_id": "eipassoc-07ce751b07365bde2",
            "carrier_ip": "",
            "customer_owned_ip": "",
            "customer_owned_ipv4_pool": "",
            "domain": "vpc",
            "id": "eipalloc-0a773e61c73e0005c",
            "instance": "",
            "network_border_group": "ap-northeast-2",
            "network_interface": "eni-01d6618be711b4839",
            "private_dns": "ip-172-18-3-237.ap-northeast-2.compute.internal",
            "private_ip": "172.18.3.237",
            "public_dns": "ec2-43-202-20-75.ap-northeast-2.compute.amazonaws.com",
            "public_ip": "43.202.20.75",
            "public_ipv4_pool": "amazon",
            "tags": {},
            "tags_all": {},
            "timeouts": null,
            "vpc": true
          },
          "sensitive_attributes": [],
          "private": "eyJlMmJmYjczMC1lY2FhLTExZTYtOGY4OC0zNDM2M2JjN2M0YzAiOnsiZGVsZXRlIjoxODAwMDAwMDAwMDAsInJlYWQiOjkwMDAwMDAwMDAwMCwidXBkYXRlIjozMDAwMDAwMDAwMDB9fQ==",
          "dependencies": [
            "module.vpc.aws_internet_gateway.cluster_igw",
            "module.vpc.aws_vpc.cluster_vpc"
          ]
        }
      ]
    },
    {
      "module": "module.vpc",
      "mode": "managed",
      "type": "aws_internet_gateway",
      "name": "cluster_igw",
      "provider": "provider[\"registry.terraform.io/hashicorp/aws\"]",
      "instances": [
        {
          "schema_version": 0,
          "attributes": {
            "arn": "arn:aws:ec2:ap-northeast-2:666897452748:internet-gateway/igw-040ec15a6e89c11c9",
            "id": "igw-040ec15a6e89c11c9",
            "owner_id": "666897452748",
            "tags": {
              "Name": "ecs-igw-dev"
            },
            "tags_all": {
              "Name": "ecs-igw-dev"
            },
            "timeouts": null,
            "vpc_id": "vpc-0502ba202a2ad2199"
          },
          "sensitive_attributes": [],
          "private": "eyJlMmJmYjczMC1lY2FhLTExZTYtOGY4OC0zNDM2M2JjN2M0YzAiOnsiY3JlYXRlIjoxMjAwMDAwMDAwMDAwLCJkZWxldGUiOjEyMDAwMDAwMDAwMDAsInVwZGF0ZSI6MTIwMDAwMDAwMDAwMH19",
          "dependencies": [
            "module.vpc.aws_vpc.cluster_vpc"
          ]
        }
      ]
    },
    {
      "module": "module.vpc",
      "mode": "managed",
      "type": "aws_nat_gateway",
      "name": "nat_gateway",
      "provider": "provider[\"registry.terraform.io/hashicorp/aws\"]",
      "instances": [
        {
          "index_key": 0,
          "schema_version": 0,
          "attributes": {
            "allocation_id": "eipalloc-068699b03ca99ebc9",
            "association_id": "eipassoc-028f79a4323eda0bf",
            "connectivity_type": "public",
            "id": "nat-040b2c9cd01f958ee",
            "network_interface_id": "eni-061641993199b6770",
            "private_ip": "172.18.2.44",
            "public_ip": "3.37.122.69",
            "secondary_allocation_ids": [],
            "secondary_private_ip_address_count": 0,
            "secondary_private_ip_addresses": [],
            "subnet_id": "subnet-0e5527cbfee4370b4",
            "tags": {
              "Name": "NAT gw dev"
            },
            "tags_all": {
              "Name": "NAT gw dev"
            },
            "timeouts": null
          },
          "sensitive_attributes": [],
          "private": "eyJlMmJmYjczMC1lY2FhLTExZTYtOGY4OC0zNDM2M2JjN2M0YzAiOnsiY3JlYXRlIjo2MDAwMDAwMDAwMDAsImRlbGV0ZSI6MTgwMDAwMDAwMDAwMCwidXBkYXRlIjo2MDAwMDAwMDAwMDB9fQ==",
          "dependencies": [
            "module.vpc.aws_eip.nat_gateway",
            "module.vpc.aws_internet_gateway.cluster_igw",
            "module.vpc.aws_subnet.public_subnet",
            "module.vpc.aws_vpc.cluster_vpc",
            "module.vpc.data.aws_availability_zones.available"
          ]
        },
        {
          "index_key": 1,
          "schema_version": 0,
          "attributes": {
            "allocation_id": "eipalloc-0a773e61c73e0005c",
            "association_id": "eipassoc-07ce751b07365bde2",
            "connectivity_type": "public",
            "id": "nat-01191e1bd95c738e0",
            "network_interface_id": "eni-01d6618be711b4839",
            "private_ip": "172.18.3.237",
            "public_ip": "43.202.20.75",
            "secondary_allocation_ids": [],
            "secondary_private_ip_address_count": 0,
            "secondary_private_ip_addresses": [],
            "subnet_id": "subnet-085c350c8cffd46e8",
            "tags": {
              "Name": "NAT gw dev"
            },
            "tags_all": {
              "Name": "NAT gw dev"
            },
            "timeouts": null
          },
          "sensitive_attributes": [],
          "private": "eyJlMmJmYjczMC1lY2FhLTExZTYtOGY4OC0zNDM2M2JjN2M0YzAiOnsiY3JlYXRlIjo2MDAwMDAwMDAwMDAsImRlbGV0ZSI6MTgwMDAwMDAwMDAwMCwidXBkYXRlIjo2MDAwMDAwMDAwMDB9fQ==",
          "dependencies": [
            "module.vpc.aws_eip.nat_gateway",
            "module.vpc.aws_internet_gateway.cluster_igw",
            "module.vpc.aws_subnet.public_subnet",
            "module.vpc.aws_vpc.cluster_vpc",
            "module.vpc.data.aws_availability_zones.available"
          ]
        }
      ]
    },
    {
      "module": "module.vpc",
      "mode": "managed",
      "type": "aws_route",
      "name": "internet_access",
      "provider": "provider[\"registry.terraform.io/hashicorp/aws\"]",
      "instances": [
        {
          "schema_version": 0,
          "attributes": {
            "carrier_gateway_id": "",
            "core_network_arn": "",
            "destination_cidr_block": "0.0.0.0/0",
            "destination_ipv6_cidr_block": "",
            "destination_prefix_list_id": "",
            "egress_only_gateway_id": "",
            "gateway_id": "igw-040ec15a6e89c11c9",
            "id": "r-rtb-09b74c478a2443fb91080289494",
            "instance_id": "",
            "instance_owner_id": "",
            "local_gateway_id": "",
            "nat_gateway_id": "",
            "network_interface_id": "",
            "origin": "CreateRoute",
            "route_table_id": "rtb-09b74c478a2443fb9",
            "state": "active",
            "timeouts": null,
            "transit_gateway_id": "",
            "vpc_endpoint_id": "",
            "vpc_peering_connection_id": ""
          },
          "sensitive_attributes": [],
          "private": "eyJlMmJmYjczMC1lY2FhLTExZTYtOGY4OC0zNDM2M2JjN2M0YzAiOnsiY3JlYXRlIjozMDAwMDAwMDAwMDAsImRlbGV0ZSI6MzAwMDAwMDAwMDAwLCJ1cGRhdGUiOjEyMDAwMDAwMDAwMH19",
          "dependencies": [
            "module.vpc.aws_internet_gateway.cluster_igw",
            "module.vpc.aws_vpc.cluster_vpc"
          ]
        }
      ]
    },
    {
      "module": "module.vpc",
      "mode": "managed",
      "type": "aws_route_table",
      "name": "private_route",
      "provider": "provider[\"registry.terraform.io/hashicorp/aws\"]",
      "instances": [
        {
          "index_key": 0,
          "schema_version": 0,
          "attributes": {
            "arn": "arn:aws:ec2:ap-northeast-2:666897452748:route-table/rtb-0ca3ed10991a9514c",
            "id": "rtb-0ca3ed10991a9514c",
            "owner_id": "666897452748",
            "propagating_vgws": [],
            "route": [
              {
                "carrier_gateway_id": "",
                "cidr_block": "0.0.0.0/0",
                "core_network_arn": "",
                "destination_prefix_list_id": "",
                "egress_only_gateway_id": "",
                "gateway_id": "",
                "ipv6_cidr_block": "",
                "local_gateway_id": "",
                "nat_gateway_id": "nat-040b2c9cd01f958ee",
                "network_interface_id": "",
                "transit_gateway_id": "",
                "vpc_endpoint_id": "",
                "vpc_peering_connection_id": ""
              }
            ],
            "tags": {
              "Name": "private-route-table-dev"
            },
            "tags_all": {
              "Name": "private-route-table-dev"
            },
            "timeouts": null,
            "vpc_id": "vpc-0502ba202a2ad2199"
          },
          "sensitive_attributes": [],
          "private": "eyJlMmJmYjczMC1lY2FhLTExZTYtOGY4OC0zNDM2M2JjN2M0YzAiOnsiY3JlYXRlIjozMDAwMDAwMDAwMDAsImRlbGV0ZSI6MzAwMDAwMDAwMDAwLCJ1cGRhdGUiOjEyMDAwMDAwMDAwMH19",
          "dependencies": [
            "module.vpc.aws_eip.nat_gateway",
            "module.vpc.aws_internet_gateway.cluster_igw",
            "module.vpc.aws_nat_gateway.nat_gateway",
            "module.vpc.aws_subnet.public_subnet",
            "module.vpc.aws_vpc.cluster_vpc",
            "module.vpc.data.aws_availability_zones.available"
          ]
        },
        {
          "index_key": 1,
          "schema_version": 0,
          "attributes": {
            "arn": "arn:aws:ec2:ap-northeast-2:666897452748:route-table/rtb-0b2742239efd0ce1e",
            "id": "rtb-0b2742239efd0ce1e",
            "owner_id": "666897452748",
            "propagating_vgws": [],
            "route": [
              {
                "carrier_gateway_id": "",
                "cidr_block": "0.0.0.0/0",
                "core_network_arn": "",
                "destination_prefix_list_id": "",
                "egress_only_gateway_id": "",
                "gateway_id": "",
                "ipv6_cidr_block": "",
                "local_gateway_id": "",
                "nat_gateway_id": "nat-01191e1bd95c738e0",
                "network_interface_id": "",
                "transit_gateway_id": "",
                "vpc_endpoint_id": "",
                "vpc_peering_connection_id": ""
              }
            ],
            "tags": {
              "Name": "private-route-table-dev"
            },
            "tags_all": {
              "Name": "private-route-table-dev"
            },
            "timeouts": null,
            "vpc_id": "vpc-0502ba202a2ad2199"
          },
          "sensitive_attributes": [],
          "private": "eyJlMmJmYjczMC1lY2FhLTExZTYtOGY4OC0zNDM2M2JjN2M0YzAiOnsiY3JlYXRlIjozMDAwMDAwMDAwMDAsImRlbGV0ZSI6MzAwMDAwMDAwMDAwLCJ1cGRhdGUiOjEyMDAwMDAwMDAwMH19",
          "dependencies": [
            "module.vpc.aws_eip.nat_gateway",
            "module.vpc.aws_internet_gateway.cluster_igw",
            "module.vpc.aws_nat_gateway.nat_gateway",
            "module.vpc.aws_subnet.public_subnet",
            "module.vpc.aws_vpc.cluster_vpc",
            "module.vpc.data.aws_availability_zones.available"
          ]
        }
      ]
    },
    {
      "module": "module.vpc",
      "mode": "managed",
      "type": "aws_route_table",
      "name": "public_route",
      "provider": "provider[\"registry.terraform.io/hashicorp/aws\"]",
      "instances": [
        {
          "schema_version": 0,
          "attributes": {
            "arn": "arn:aws:ec2:ap-northeast-2:666897452748:route-table/rtb-0c90c967c2a8ec76c",
            "id": "rtb-0c90c967c2a8ec76c",
            "owner_id": "666897452748",
            "propagating_vgws": [],
            "route": [
              {
                "carrier_gateway_id": "",
                "cidr_block": "0.0.0.0/0",
                "core_network_arn": "",
                "destination_prefix_list_id": "",
                "egress_only_gateway_id": "",
                "gateway_id": "igw-040ec15a6e89c11c9",
                "ipv6_cidr_block": "",
                "local_gateway_id": "",
                "nat_gateway_id": "",
                "network_interface_id": "",
                "transit_gateway_id": "",
                "vpc_endpoint_id": "",
                "vpc_peering_connection_id": ""
              }
            ],
            "tags": {
              "Name": "ecs-route-table-dev"
            },
            "tags_all": {
              "Name": "ecs-route-table-dev"
            },
            "timeouts": null,
            "vpc_id": "vpc-0502ba202a2ad2199"
          },
          "sensitive_attributes": [],
          "private": "eyJlMmJmYjczMC1lY2FhLTExZTYtOGY4OC0zNDM2M2JjN2M0YzAiOnsiY3JlYXRlIjozMDAwMDAwMDAwMDAsImRlbGV0ZSI6MzAwMDAwMDAwMDAwLCJ1cGRhdGUiOjEyMDAwMDAwMDAwMH19",
          "dependencies": [
            "module.vpc.aws_internet_gateway.cluster_igw",
            "module.vpc.aws_vpc.cluster_vpc"
          ]
        }
      ]
    },
    {
      "module": "module.vpc",
      "mode": "managed",
      "type": "aws_route_table_association",
      "name": "to-private",
      "provider": "provider[\"registry.terraform.io/hashicorp/aws\"]",
      "instances": [
        {
          "index_key": 0,
          "schema_version": 0,
          "attributes": {
            "gateway_id": "",
            "id": "rtbassoc-0f8fd66cddb76c419",
            "route_table_id": "rtb-0ca3ed10991a9514c",
            "subnet_id": "subnet-0a77919854236e906",
            "timeouts": null
          },
          "sensitive_attributes": [],
          "private": "eyJlMmJmYjczMC1lY2FhLTExZTYtOGY4OC0zNDM2M2JjN2M0YzAiOnsiY3JlYXRlIjozMDAwMDAwMDAwMDAsImRlbGV0ZSI6MzAwMDAwMDAwMDAwLCJ1cGRhdGUiOjEyMDAwMDAwMDAwMH19",
          "dependencies": [
            "module.vpc.aws_eip.nat_gateway",
            "module.vpc.aws_internet_gateway.cluster_igw",
            "module.vpc.aws_nat_gateway.nat_gateway",
            "module.vpc.aws_route_table.private_route",
            "module.vpc.aws_subnet.private_subnet",
            "module.vpc.aws_subnet.public_subnet",
            "module.vpc.aws_vpc.cluster_vpc",
            "module.vpc.data.aws_availability_zones.available"
          ]
        },
        {
          "index_key": 1,
          "schema_version": 0,
          "attributes": {
            "gateway_id": "",
            "id": "rtbassoc-0911a051e8b0ea889",
            "route_table_id": "rtb-0b2742239efd0ce1e",
            "subnet_id": "subnet-018388cd8543b7ccc",
            "timeouts": null
          },
          "sensitive_attributes": [],
          "private": "eyJlMmJmYjczMC1lY2FhLTExZTYtOGY4OC0zNDM2M2JjN2M0YzAiOnsiY3JlYXRlIjozMDAwMDAwMDAwMDAsImRlbGV0ZSI6MzAwMDAwMDAwMDAwLCJ1cGRhdGUiOjEyMDAwMDAwMDAwMH19",
          "dependencies": [
            "module.vpc.aws_eip.nat_gateway",
            "module.vpc.aws_internet_gateway.cluster_igw",
            "module.vpc.aws_nat_gateway.nat_gateway",
            "module.vpc.aws_route_table.private_route",
            "module.vpc.aws_subnet.private_subnet",
            "module.vpc.aws_subnet.public_subnet",
            "module.vpc.aws_vpc.cluster_vpc",
            "module.vpc.data.aws_availability_zones.available"
          ]
        }
      ]
    },
    {
      "module": "module.vpc",
      "mode": "managed",
      "type": "aws_route_table_association",
      "name": "to-public",
      "provider": "provider[\"registry.terraform.io/hashicorp/aws\"]",
      "instances": [
        {
          "index_key": 0,
          "schema_version": 0,
          "attributes": {
            "gateway_id": "",
            "id": "rtbassoc-074ce19dd37accb0a",
            "route_table_id": "rtb-0c90c967c2a8ec76c",
            "subnet_id": "subnet-0e5527cbfee4370b4",
            "timeouts": null
          },
          "sensitive_attributes": [],
          "private": "eyJlMmJmYjczMC1lY2FhLTExZTYtOGY4OC0zNDM2M2JjN2M0YzAiOnsiY3JlYXRlIjozMDAwMDAwMDAwMDAsImRlbGV0ZSI6MzAwMDAwMDAwMDAwLCJ1cGRhdGUiOjEyMDAwMDAwMDAwMH19",
          "dependencies": [
            "module.vpc.aws_internet_gateway.cluster_igw",
            "module.vpc.aws_route_table.public_route",
            "module.vpc.aws_subnet.public_subnet",
            "module.vpc.aws_vpc.cluster_vpc",
            "module.vpc.data.aws_availability_zones.available"
          ]
        },
        {
          "index_key": 1,
          "schema_version": 0,
          "attributes": {
            "gateway_id": "",
            "id": "rtbassoc-060ee211f7357e9c0",
            "route_table_id": "rtb-0c90c967c2a8ec76c",
            "subnet_id": "subnet-085c350c8cffd46e8",
            "timeouts": null
          },
          "sensitive_attributes": [],
          "private": "eyJlMmJmYjczMC1lY2FhLTExZTYtOGY4OC0zNDM2M2JjN2M0YzAiOnsiY3JlYXRlIjozMDAwMDAwMDAwMDAsImRlbGV0ZSI6MzAwMDAwMDAwMDAwLCJ1cGRhdGUiOjEyMDAwMDAwMDAwMH19",
          "dependencies": [
            "module.vpc.aws_internet_gateway.cluster_igw",
            "module.vpc.aws_route_table.public_route",
            "module.vpc.aws_subnet.public_subnet",
            "module.vpc.aws_vpc.cluster_vpc",
            "module.vpc.data.aws_availability_zones.available"
          ]
        }
      ]
    },
    {
      "module": "module.vpc",
      "mode": "managed",
      "type": "aws_subnet",
      "name": "private_subnet",
      "provider": "provider[\"registry.terraform.io/hashicorp/aws\"]",
      "instances": [
        {
          "index_key": 0,
          "schema_version": 1,
          "attributes": {
            "arn": "arn:aws:ec2:ap-northeast-2:666897452748:subnet/subnet-0a77919854236e906",
            "assign_ipv6_address_on_creation": false,
            "availability_zone": "ap-northeast-2a",
            "availability_zone_id": "apne2-az1",
            "cidr_block": "172.18.0.0/24",
            "customer_owned_ipv4_pool": "",
            "enable_dns64": false,
            "enable_lni_at_device_index": 0,
            "enable_resource_name_dns_a_record_on_launch": false,
            "enable_resource_name_dns_aaaa_record_on_launch": false,
            "id": "subnet-0a77919854236e906",
            "ipv6_cidr_block": "",
            "ipv6_cidr_block_association_id": "",
            "ipv6_native": false,
            "map_customer_owned_ip_on_launch": false,
            "map_public_ip_on_launch": false,
            "outpost_arn": "",
            "owner_id": "666897452748",
            "private_dns_hostname_type_on_launch": "ip-name",
            "tags": {
              "name": "ecs-private-subnet-dev"
            },
            "tags_all": {
              "name": "ecs-private-subnet-dev"
            },
            "timeouts": null,
            "vpc_id": "vpc-0502ba202a2ad2199"
          },
          "sensitive_attributes": [],
          "private": "eyJlMmJmYjczMC1lY2FhLTExZTYtOGY4OC0zNDM2M2JjN2M0YzAiOnsiY3JlYXRlIjo2MDAwMDAwMDAwMDAsImRlbGV0ZSI6MTIwMDAwMDAwMDAwMH0sInNjaGVtYV92ZXJzaW9uIjoiMSJ9",
          "dependencies": [
            "module.vpc.aws_vpc.cluster_vpc",
            "module.vpc.data.aws_availability_zones.available"
          ]
        },
        {
          "index_key": 1,
          "schema_version": 1,
          "attributes": {
            "arn": "arn:aws:ec2:ap-northeast-2:666897452748:subnet/subnet-018388cd8543b7ccc",
            "assign_ipv6_address_on_creation": false,
            "availability_zone": "ap-northeast-2b",
            "availability_zone_id": "apne2-az2",
            "cidr_block": "172.18.1.0/24",
            "customer_owned_ipv4_pool": "",
            "enable_dns64": false,
            "enable_lni_at_device_index": 0,
            "enable_resource_name_dns_a_record_on_launch": false,
            "enable_resource_name_dns_aaaa_record_on_launch": false,
            "id": "subnet-018388cd8543b7ccc",
            "ipv6_cidr_block": "",
            "ipv6_cidr_block_association_id": "",
            "ipv6_native": false,
            "map_customer_owned_ip_on_launch": false,
            "map_public_ip_on_launch": false,
            "outpost_arn": "",
            "owner_id": "666897452748",
            "private_dns_hostname_type_on_launch": "ip-name",
            "tags": {
              "name": "ecs-private-subnet-dev"
            },
            "tags_all": {
              "name": "ecs-private-subnet-dev"
            },
            "timeouts": null,
            "vpc_id": "vpc-0502ba202a2ad2199"
          },
          "sensitive_attributes": [],
          "private": "eyJlMmJmYjczMC1lY2FhLTExZTYtOGY4OC0zNDM2M2JjN2M0YzAiOnsiY3JlYXRlIjo2MDAwMDAwMDAwMDAsImRlbGV0ZSI6MTIwMDAwMDAwMDAwMH0sInNjaGVtYV92ZXJzaW9uIjoiMSJ9",
          "dependencies": [
            "module.vpc.aws_vpc.cluster_vpc",
            "module.vpc.data.aws_availability_zones.available"
          ]
        }
      ]
    },
    {
      "module": "module.vpc",
      "mode": "managed",
      "type": "aws_subnet",
      "name": "public_subnet",
      "provider": "provider[\"registry.terraform.io/hashicorp/aws\"]",
      "instances": [
        {
          "index_key": 0,
          "schema_version": 1,
          "attributes": {
            "arn": "arn:aws:ec2:ap-northeast-2:666897452748:subnet/subnet-0e5527cbfee4370b4",
            "assign_ipv6_address_on_creation": false,
            "availability_zone": "ap-northeast-2a",
            "availability_zone_id": "apne2-az1",
            "cidr_block": "172.18.2.0/24",
            "customer_owned_ipv4_pool": "",
            "enable_dns64": false,
            "enable_lni_at_device_index": 0,
            "enable_resource_name_dns_a_record_on_launch": false,
            "enable_resource_name_dns_aaaa_record_on_launch": false,
            "id": "subnet-0e5527cbfee4370b4",
            "ipv6_cidr_block": "",
            "ipv6_cidr_block_association_id": "",
            "ipv6_native": false,
            "map_customer_owned_ip_on_launch": false,
            "map_public_ip_on_launch": true,
            "outpost_arn": "",
            "owner_id": "666897452748",
            "private_dns_hostname_type_on_launch": "ip-name",
            "tags": {
              "Name": "ecs-public-subnet-dev"
            },
            "tags_all": {
              "Name": "ecs-public-subnet-dev"
            },
            "timeouts": null,
            "vpc_id": "vpc-0502ba202a2ad2199"
          },
          "sensitive_attributes": [],
          "private": "eyJlMmJmYjczMC1lY2FhLTExZTYtOGY4OC0zNDM2M2JjN2M0YzAiOnsiY3JlYXRlIjo2MDAwMDAwMDAwMDAsImRlbGV0ZSI6MTIwMDAwMDAwMDAwMH0sInNjaGVtYV92ZXJzaW9uIjoiMSJ9",
          "dependencies": [
            "module.vpc.aws_vpc.cluster_vpc",
            "module.vpc.data.aws_availability_zones.available"
          ]
        },
        {
          "index_key": 1,
          "schema_version": 1,
          "attributes": {
            "arn": "arn:aws:ec2:ap-northeast-2:666897452748:subnet/subnet-085c350c8cffd46e8",
            "assign_ipv6_address_on_creation": false,
            "availability_zone": "ap-northeast-2b",
            "availability_zone_id": "apne2-az2",
            "cidr_block": "172.18.3.0/24",
            "customer_owned_ipv4_pool": "",
            "enable_dns64": false,
            "enable_lni_at_device_index": 0,
            "enable_resource_name_dns_a_record_on_launch": false,
            "enable_resource_name_dns_aaaa_record_on_launch": false,
            "id": "subnet-085c350c8cffd46e8",
            "ipv6_cidr_block": "",
            "ipv6_cidr_block_association_id": "",
            "ipv6_native": false,
            "map_customer_owned_ip_on_launch": false,
            "map_public_ip_on_launch": true,
            "outpost_arn": "",
            "owner_id": "666897452748",
            "private_dns_hostname_type_on_launch": "ip-name",
            "tags": {
              "Name": "ecs-public-subnet-dev"
            },
            "tags_all": {
              "Name": "ecs-public-subnet-dev"
            },
            "timeouts": null,
            "vpc_id": "vpc-0502ba202a2ad2199"
          },
          "sensitive_attributes": [],
          "private": "eyJlMmJmYjczMC1lY2FhLTExZTYtOGY4OC0zNDM2M2JjN2M0YzAiOnsiY3JlYXRlIjo2MDAwMDAwMDAwMDAsImRlbGV0ZSI6MTIwMDAwMDAwMDAwMH0sInNjaGVtYV92ZXJzaW9uIjoiMSJ9",
          "dependencies": [
            "module.vpc.aws_vpc.cluster_vpc",
            "module.vpc.data.aws_availability_zones.available"
          ]
        }
      ]
    },
    {
      "module": "module.vpc",
      "mode": "managed",
      "type": "aws_vpc",
      "name": "cluster_vpc",
      "provider": "provider[\"registry.terraform.io/hashicorp/aws\"]",
      "instances": [
        {
          "schema_version": 1,
          "attributes": {
            "arn": "arn:aws:ec2:ap-northeast-2:666897452748:vpc/vpc-0502ba202a2ad2199",
            "assign_generated_ipv6_cidr_block": false,
            "cidr_block": "172.18.0.0/16",
            "default_network_acl_id": "acl-077ca8337062ff01c",
            "default_route_table_id": "rtb-09b74c478a2443fb9",
            "default_security_group_id": "sg-023d2c19290a80ce4",
            "dhcp_options_id": "dopt-08bf3d10fa52df507",
            "enable_dns_hostnames": true,
            "enable_dns_support": true,
            "enable_network_address_usage_metrics": false,
            "id": "vpc-0502ba202a2ad2199",
            "instance_tenancy": "default",
            "ipv4_ipam_pool_id": null,
            "ipv4_netmask_length": null,
            "ipv6_association_id": "",
            "ipv6_cidr_block": "",
            "ipv6_cidr_block_network_border_group": "",
            "ipv6_ipam_pool_id": "",
            "ipv6_netmask_length": 0,
            "main_route_table_id": "rtb-09b74c478a2443fb9",
            "owner_id": "666897452748",
            "tags": {
              "Name": "philoberry-cluster_vpc-dev",
              "Service": "philoberry-{var.service_type}"
            },
            "tags_all": {
              "Name": "philoberry-cluster_vpc-dev",
              "Service": "philoberry-{var.service_type}"
            }
          },
          "sensitive_attributes": [],
          "private": "eyJzY2hlbWFfdmVyc2lvbiI6IjEifQ==",
          "create_before_destroy": true
        }
      ]
    }
  ],
  "check_results": null
}
