{
  "version": 4,
  "terraform_version": "1.5.6",
  "serial": 3055,
  "lineage": "a4b3597a-193a-dfe7-e1d8-7857c7e0ddfa",
  "outputs": {
    "ssh_security": {
      "value": "sg-046f13e6478f58996",
      "type": "string"
    }
  },
  "resources": [
    {
      "mode": "data",
      "type": "aws_caller_identity",
      "name": "current",
      "provider": "provider[\"registry.terraform.io/hashicorp/aws\"]",
      "instances": [
        {
          "schema_version": 0,
          "attributes": {
            "account_id": "666897452748",
            "arn": "arn:aws:iam::666897452748:user/hansom-server",
            "id": "666897452748",
            "user_id": "AIDAZWRRPR3GHAL2OYOPX"
          },
          "sensitive_attributes": []
        }
      ]
    },
    {
      "mode": "managed",
      "type": "aws_security_group",
      "name": "allow_ssh",
      "provider": "provider[\"registry.terraform.io/hashicorp/aws\"]",
      "instances": [
        {
          "schema_version": 1,
          "attributes": {
            "arn": "arn:aws:ec2:ap-northeast-2:666897452748:security-group/sg-046f13e6478f58996",
            "description": "security group that allows SSh and egress traffic",
            "egress": [
              {
                "cidr_blocks": [
                  "0.0.0.0/0"
                ],
                "description": "SSH Access Rule",
                "from_port": 0,
                "ipv6_cidr_blocks": [],
                "prefix_list_ids": [],
                "protocol": "-1",
                "security_groups": [],
                "self": false,
                "to_port": 0
              }
            ],
            "id": "sg-046f13e6478f58996",
            "ingress": [
              {
                "cidr_blocks": [
                  "0.0.0.0/0"
                ],
                "description": "SSH Tcp access Rule",
                "from_port": 22,
                "ipv6_cidr_blocks": [],
                "prefix_list_ids": [],
                "protocol": "tcp",
                "security_groups": [],
                "self": false,
                "to_port": 22
              }
            ],
            "name": "allow-ssh",
            "name_prefix": "",
            "owner_id": "666897452748",
            "revoke_rules_on_delete": false,
            "tags": {
              "Name": "allow-ssh"
            },
            "tags_all": {
              "Name": "allow-ssh"
            },
            "timeouts": null,
            "vpc_id": "vpc-0de361e6a01f3f8dc"
          },
          "sensitive_attributes": [],
          "private": "eyJlMmJmYjczMC1lY2FhLTExZTYtOGY4OC0zNDM2M2JjN2M0YzAiOnsiY3JlYXRlIjo2MDAwMDAwMDAwMDAsImRlbGV0ZSI6OTAwMDAwMDAwMDAwfSwic2NoZW1hX3ZlcnNpb24iOiIxIn0=",
          "dependencies": [
            "module.vpc.aws_vpc.cluster_vpc"
          ]
        }
      ]
    },
    {
      "module": "module.alb",
      "mode": "managed",
      "type": "aws_lb",
      "name": "alb",
      "provider": "provider[\"registry.terraform.io/hashicorp/aws\"]",
      "instances": [
        {
          "schema_version": 0,
          "attributes": {
            "access_logs": [
              {
                "bucket": "",
                "enabled": false,
                "prefix": ""
              }
            ],
            "arn": "arn:aws:elasticloadbalancing:ap-northeast-2:666897452748:loadbalancer/app/my-ecs-lb/48d2fa981bfdff69",
            "arn_suffix": "app/my-ecs-lb/48d2fa981bfdff69",
            "customer_owned_ipv4_pool": "",
            "desync_mitigation_mode": "defensive",
            "dns_name": "my-ecs-lb-2017220532.ap-northeast-2.elb.amazonaws.com",
            "drop_invalid_header_fields": false,
            "enable_cross_zone_load_balancing": true,
            "enable_deletion_protection": false,
            "enable_http2": true,
            "enable_tls_version_and_cipher_suite_headers": false,
            "enable_waf_fail_open": false,
            "enable_xff_client_port": false,
            "id": "arn:aws:elasticloadbalancing:ap-northeast-2:666897452748:loadbalancer/app/my-ecs-lb/48d2fa981bfdff69",
            "idle_timeout": 60,
            "internal": false,
            "ip_address_type": "ipv4",
            "load_balancer_type": "application",
            "name": "my-ecs-lb",
            "name_prefix": null,
            "preserve_host_header": false,
            "security_groups": [
              "sg-0ce3fc59a4af5994a"
            ],
            "subnet_mapping": [
              {
                "allocation_id": "",
                "ipv6_address": "",
                "outpost_id": "",
                "private_ipv4_address": "",
                "subnet_id": "subnet-016ec4ede69f55464"
              },
              {
                "allocation_id": "",
                "ipv6_address": "",
                "outpost_id": "",
                "private_ipv4_address": "",
                "subnet_id": "subnet-05c2b8abc90b13ca3"
              }
            ],
            "subnets": [
              "subnet-016ec4ede69f55464",
              "subnet-05c2b8abc90b13ca3"
            ],
            "tags": {
              "Name": "philoberry_alb-dev",
              "Service": "philoberry_alb-dev"
            },
            "tags_all": {
              "Name": "philoberry_alb-dev",
              "Service": "philoberry_alb-dev"
            },
            "timeouts": null,
            "vpc_id": "vpc-0de361e6a01f3f8dc",
            "xff_header_processing_mode": "append",
            "zone_id": "ZWKZPGTI48KDX"
          },
          "sensitive_attributes": [],
          "private": "eyJlMmJmYjczMC1lY2FhLTExZTYtOGY4OC0zNDM2M2JjN2M0YzAiOnsiY3JlYXRlIjo2MDAwMDAwMDAwMDAsImRlbGV0ZSI6NjAwMDAwMDAwMDAwLCJ1cGRhdGUiOjYwMDAwMDAwMDAwMH19",
          "dependencies": [
            "module.alb.aws_security_group.alb",
            "module.vpc.aws_subnet.private_subnet",
            "module.vpc.aws_vpc.cluster_vpc",
            "module.vpc.data.aws_availability_zones.available"
          ]
        }
      ]
    },
    {
      "module": "module.alb",
      "mode": "managed",
      "type": "aws_lb_listener",
      "name": "http_listener",
      "provider": "provider[\"registry.terraform.io/hashicorp/aws\"]",
      "instances": [
        {
          "schema_version": 0,
          "attributes": {
            "alpn_policy": null,
            "arn": "arn:aws:elasticloadbalancing:ap-northeast-2:666897452748:listener/app/my-ecs-lb/48d2fa981bfdff69/4d3d1bed98704a2d",
            "certificate_arn": null,
            "default_action": [
              {
                "authenticate_cognito": [],
                "authenticate_oidc": [],
                "fixed_response": [],
                "forward": [],
                "order": 1,
                "redirect": [
                  {
                    "host": "#{host}",
                    "path": "/#{path}",
                    "port": "443",
                    "protocol": "HTTPS",
                    "query": "#{query}",
                    "status_code": "HTTP_301"
                  }
                ],
                "target_group_arn": "",
                "type": "redirect"
              }
            ],
            "id": "arn:aws:elasticloadbalancing:ap-northeast-2:666897452748:listener/app/my-ecs-lb/48d2fa981bfdff69/4d3d1bed98704a2d",
            "load_balancer_arn": "arn:aws:elasticloadbalancing:ap-northeast-2:666897452748:loadbalancer/app/my-ecs-lb/48d2fa981bfdff69",
            "port": 80,
            "protocol": "HTTP",
            "ssl_policy": "",
            "tags": null,
            "tags_all": {},
            "timeouts": null
          },
          "sensitive_attributes": [],
          "private": "eyJlMmJmYjczMC1lY2FhLTExZTYtOGY4OC0zNDM2M2JjN2M0YzAiOnsicmVhZCI6NjAwMDAwMDAwMDAwfX0=",
          "dependencies": [
            "module.alb.aws_lb.alb",
            "module.alb.aws_security_group.alb",
            "module.vpc.aws_subnet.private_subnet",
            "module.vpc.aws_vpc.cluster_vpc",
            "module.vpc.data.aws_availability_zones.available"
          ]
        }
      ]
    },
    {
      "module": "module.alb",
      "mode": "managed",
      "type": "aws_lb_listener",
      "name": "https_listener",
      "provider": "provider[\"registry.terraform.io/hashicorp/aws\"]",
      "instances": [
        {
          "schema_version": 0,
          "attributes": {
            "alpn_policy": null,
            "arn": "arn:aws:elasticloadbalancing:ap-northeast-2:666897452748:listener/app/my-ecs-lb/48d2fa981bfdff69/cee7495e1581a41b",
            "certificate_arn": "arn:aws:acm:ap-northeast-2:666897452748:certificate/0f1a5f8f-7e64-4f0f-994b-bfd5239263ad",
            "default_action": [
              {
                "authenticate_cognito": [],
                "authenticate_oidc": [],
                "fixed_response": [],
                "forward": [],
                "order": 1,
                "redirect": [],
                "target_group_arn": "arn:aws:elasticloadbalancing:ap-northeast-2:666897452748:targetgroup/philoberry-dev/04e169d92d3d4b64",
                "type": "forward"
              }
            ],
            "id": "arn:aws:elasticloadbalancing:ap-northeast-2:666897452748:listener/app/my-ecs-lb/48d2fa981bfdff69/cee7495e1581a41b",
            "load_balancer_arn": "arn:aws:elasticloadbalancing:ap-northeast-2:666897452748:loadbalancer/app/my-ecs-lb/48d2fa981bfdff69",
            "port": 443,
            "protocol": "HTTPS",
            "ssl_policy": "ELBSecurityPolicy-2016-08",
            "tags": null,
            "tags_all": {},
            "timeouts": null
          },
          "sensitive_attributes": [],
          "private": "eyJlMmJmYjczMC1lY2FhLTExZTYtOGY4OC0zNDM2M2JjN2M0YzAiOnsicmVhZCI6NjAwMDAwMDAwMDAwfX0=",
          "dependencies": [
            "module.alb.aws_lb.alb",
            "module.alb.aws_security_group.alb",
            "module.ecs-service.aws_lb_target_group.ecs_service",
            "module.route53.aws_acm_certificate.acm",
            "module.vpc.aws_subnet.private_subnet",
            "module.vpc.aws_vpc.cluster_vpc",
            "module.vpc.data.aws_availability_zones.available"
          ]
        }
      ]
    },
    {
      "module": "module.alb",
      "mode": "managed",
      "type": "aws_security_group",
      "name": "alb",
      "provider": "provider[\"registry.terraform.io/hashicorp/aws\"]",
      "instances": [
        {
          "schema_version": 1,
          "attributes": {
            "arn": "arn:aws:ec2:ap-northeast-2:666897452748:security-group/sg-0ce3fc59a4af5994a",
            "description": "my-ecs-lb",
            "egress": [
              {
                "cidr_blocks": [
                  "0.0.0.0/0"
                ],
                "description": "",
                "from_port": 0,
                "ipv6_cidr_blocks": [],
                "prefix_list_ids": [],
                "protocol": "-1",
                "security_groups": [],
                "self": false,
                "to_port": 0
              }
            ],
            "id": "sg-0ce3fc59a4af5994a",
            "ingress": [
              {
                "cidr_blocks": [
                  "0.0.0.0/0"
                ],
                "description": "",
                "from_port": 443,
                "ipv6_cidr_blocks": [],
                "prefix_list_ids": [],
                "protocol": "tcp",
                "security_groups": [],
                "self": false,
                "to_port": 443
              },
              {
                "cidr_blocks": [
                  "0.0.0.0/0"
                ],
                "description": "",
                "from_port": 80,
                "ipv6_cidr_blocks": [],
                "prefix_list_ids": [],
                "protocol": "tcp",
                "security_groups": [],
                "self": false,
                "to_port": 80
              }
            ],
            "name": "my-ecs-lb",
            "name_prefix": "",
            "owner_id": "666897452748",
            "revoke_rules_on_delete": false,
            "tags": null,
            "tags_all": {},
            "timeouts": null,
            "vpc_id": "vpc-0de361e6a01f3f8dc"
          },
          "sensitive_attributes": [],
          "private": "eyJlMmJmYjczMC1lY2FhLTExZTYtOGY4OC0zNDM2M2JjN2M0YzAiOnsiY3JlYXRlIjo2MDAwMDAwMDAwMDAsImRlbGV0ZSI6OTAwMDAwMDAwMDAwfSwic2NoZW1hX3ZlcnNpb24iOiIxIn0=",
          "dependencies": [
            "module.vpc.aws_vpc.cluster_vpc"
          ]
        }
      ]
    },
    {
      "module": "module.alb",
      "mode": "managed",
      "type": "aws_security_group_rule",
      "name": "cluster-allow-alb",
      "provider": "provider[\"registry.terraform.io/hashicorp/aws\"]",
      "instances": [
        {
          "schema_version": 2,
          "attributes": {
            "cidr_blocks": null,
            "description": null,
            "from_port": 32768,
            "id": "sgrule-854973747",
            "ipv6_cidr_blocks": null,
            "prefix_list_ids": null,
            "protocol": "tcp",
            "security_group_id": "sg-0290497c2877ab929",
            "security_group_rule_id": "sgr-0e398080b14d90b1e",
            "self": false,
            "source_security_group_id": "sg-0ce3fc59a4af5994a",
            "timeouts": null,
            "to_port": 61000,
            "type": "ingress"
          },
          "sensitive_attributes": [],
          "private": "eyJlMmJmYjczMC1lY2FhLTExZTYtOGY4OC0zNDM2M2JjN2M0YzAiOnsiY3JlYXRlIjozMDAwMDAwMDAwMDB9LCJzY2hlbWFfdmVyc2lvbiI6IjIifQ==",
          "dependencies": [
            "module.alb.aws_security_group.alb",
            "module.ecs-cluster.aws_security_group.ecs-cluster-sg",
            "module.vpc.aws_vpc.cluster_vpc"
          ]
        }
      ]
    },
    {
      "module": "module.alb-rule",
      "mode": "managed",
      "type": "aws_lb_listener_rule",
      "name": "alb_rule",
      "provider": "provider[\"registry.terraform.io/hashicorp/aws\"]",
      "instances": [
        {
          "schema_version": 0,
          "attributes": {
            "action": [
              {
                "authenticate_cognito": [],
                "authenticate_oidc": [],
                "fixed_response": [],
                "forward": [],
                "order": 1,
                "redirect": [],
                "target_group_arn": "arn:aws:elasticloadbalancing:ap-northeast-2:666897452748:targetgroup/philoberry-dev/04e169d92d3d4b64",
                "type": "forward"
              }
            ],
            "arn": "arn:aws:elasticloadbalancing:ap-northeast-2:666897452748:listener-rule/app/my-ecs-lb/48d2fa981bfdff69/4d3d1bed98704a2d/20425b6279eb4c0d",
            "condition": [
              {
                "host_header": [
                  {
                    "values": [
                      "www.philoberry.com"
                    ]
                  }
                ],
                "http_header": [],
                "http_request_method": [],
                "path_pattern": [],
                "query_string": [],
                "source_ip": []
              }
            ],
            "id": "arn:aws:elasticloadbalancing:ap-northeast-2:666897452748:listener-rule/app/my-ecs-lb/48d2fa981bfdff69/4d3d1bed98704a2d/20425b6279eb4c0d",
            "listener_arn": "arn:aws:elasticloadbalancing:ap-northeast-2:666897452748:listener/app/my-ecs-lb/48d2fa981bfdff69/4d3d1bed98704a2d",
            "priority": 100,
            "tags": null,
            "tags_all": {}
          },
          "sensitive_attributes": [],
          "private": "bnVsbA==",
          "dependencies": [
            "module.alb.aws_lb.alb",
            "module.alb.aws_lb_listener.http_listener",
            "module.alb.aws_security_group.alb",
            "module.ecs-service.aws_lb_target_group.ecs_service",
            "module.vpc.aws_subnet.private_subnet",
            "module.vpc.aws_vpc.cluster_vpc",
            "module.vpc.data.aws_availability_zones.available"
          ]
        }
      ]
    },
    {
      "module": "module.ecr",
      "mode": "managed",
      "type": "aws_ecr_lifecycle_policy",
      "name": "repo-policy",
      "provider": "provider[\"registry.terraform.io/hashicorp/aws\"]",
      "instances": [
        {
          "schema_version": 0,
          "attributes": {
            "id": "philoberry/service_dev",
            "policy": "{\"rules\":[{\"action\":{\"type\":\"expire\"},\"description\":\"Keep image deployed with tag latest\",\"rulePriority\":1,\"selection\":{\"countNumber\":1,\"countType\":\"imageCountMoreThan\",\"tagPrefixList\":[\"latest\"],\"tagStatus\":\"tagged\"}},{\"action\":{\"type\":\"expire\"},\"description\":\"Keep last 2 any images\",\"rulePriority\":2,\"selection\":{\"countNumber\":2,\"countType\":\"imageCountMoreThan\",\"tagStatus\":\"any\"}}]}",
            "registry_id": "666897452748",
            "repository": "philoberry/service_dev"
          },
          "sensitive_attributes": [],
          "private": "bnVsbA==",
          "dependencies": [
            "module.ecr.aws_ecr_repository.repo"
          ]
        }
      ]
    },
    {
      "module": "module.ecr",
      "mode": "managed",
      "type": "aws_ecr_repository",
      "name": "repo",
      "provider": "provider[\"registry.terraform.io/hashicorp/aws\"]",
      "instances": [
        {
          "schema_version": 0,
          "attributes": {
            "arn": "arn:aws:ecr:ap-northeast-2:666897452748:repository/philoberry/service_dev",
            "encryption_configuration": [
              {
                "encryption_type": "AES256",
                "kms_key": ""
              }
            ],
            "force_delete": null,
            "id": "philoberry/service_dev",
            "image_scanning_configuration": [
              {
                "scan_on_push": false
              }
            ],
            "image_tag_mutability": "MUTABLE",
            "name": "philoberry/service_dev",
            "registry_id": "666897452748",
            "repository_url": "666897452748.dkr.ecr.ap-northeast-2.amazonaws.com/philoberry/service_dev",
            "tags": null,
            "tags_all": {},
            "timeouts": null
          },
          "sensitive_attributes": [],
          "private": "eyJlMmJmYjczMC1lY2FhLTExZTYtOGY4OC0zNDM2M2JjN2M0YzAiOnsiZGVsZXRlIjoxMjAwMDAwMDAwMDAwfX0="
        }
      ]
    },
    {
      "module": "module.ecs-cluster",
      "mode": "data",
      "type": "aws_ami",
      "name": "ecs",
      "provider": "provider[\"registry.terraform.io/hashicorp/aws\"]",
      "instances": [
        {
          "schema_version": 0,
          "attributes": {
            "architecture": "x86_64",
            "arn": "arn:aws:ec2:ap-northeast-2::image/ami-0e9e89f64a3c6888f",
            "block_device_mappings": [
              {
                "device_name": "/dev/xvda",
                "ebs": {
                  "delete_on_termination": "true",
                  "encrypted": "false",
                  "iops": "0",
                  "snapshot_id": "snap-08b8e0e157e954812",
                  "throughput": "0",
                  "volume_size": "30",
                  "volume_type": "gp2"
                },
                "no_device": "",
                "virtual_name": ""
              }
            ],
            "boot_mode": "",
            "creation_date": "2023-09-29T18:46:59.000Z",
            "deprecation_time": "2025-09-29T18:46:59.000Z",
            "description": "Amazon Linux AMI 2.0.20230929 x86_64 ECS HVM GP2",
            "ena_support": true,
            "executable_users": null,
            "filter": [
              {
                "name": "name",
                "values": [
                  "amzn2-ami-ecs-hvm-*-x86_64-ebs"
                ]
              },
              {
                "name": "virtualization-type",
                "values": [
                  "hvm"
                ]
              }
            ],
            "hypervisor": "xen",
            "id": "ami-0e9e89f64a3c6888f",
            "image_id": "ami-0e9e89f64a3c6888f",
            "image_location": "amazon/amzn2-ami-ecs-hvm-2.0.20230929-x86_64-ebs",
            "image_owner_alias": "amazon",
            "image_type": "machine",
            "imds_support": "",
            "include_deprecated": false,
            "kernel_id": "",
            "most_recent": true,
            "name": "amzn2-ami-ecs-hvm-2.0.20230929-x86_64-ebs",
            "name_regex": null,
            "owner_id": "591542846629",
            "owners": [
              "591542846629"
            ],
            "platform": "",
            "platform_details": "Linux/UNIX",
            "product_codes": [],
            "public": true,
            "ramdisk_id": "",
            "root_device_name": "/dev/xvda",
            "root_device_type": "ebs",
            "root_snapshot_id": "snap-08b8e0e157e954812",
            "sriov_net_support": "simple",
            "state": "available",
            "state_reason": {
              "code": "UNSET",
              "message": "UNSET"
            },
            "tags": {},
            "timeouts": null,
            "tpm_support": "",
            "usage_operation": "RunInstances",
            "virtualization_type": "hvm"
          },
          "sensitive_attributes": []
        }
      ]
    },
    {
      "module": "module.ecs-cluster",
      "mode": "managed",
      "type": "aws_autoscaling_group",
      "name": "cluster",
      "provider": "provider[\"registry.terraform.io/hashicorp/aws\"]",
      "instances": [
        {
          "schema_version": 1,
          "attributes": {
            "arn": "arn:aws:autoscaling:ap-northeast-2:666897452748:autoScalingGroup:bdd4d41c-d690-4650-a5e4-b111cc3503e1:autoScalingGroupName/ecs-dev-autoscaling",
            "availability_zones": [
              "ap-northeast-2a",
              "ap-northeast-2b"
            ],
            "capacity_rebalance": false,
            "context": "",
            "default_cooldown": 300,
            "default_instance_warmup": 0,
            "desired_capacity": 1,
            "desired_capacity_type": "",
            "enabled_metrics": null,
            "force_delete": false,
            "force_delete_warm_pool": false,
            "health_check_grace_period": 300,
            "health_check_type": "EC2",
            "id": "ecs-dev-autoscaling",
            "ignore_failed_scaling_activities": false,
            "initial_lifecycle_hook": [],
            "instance_refresh": [],
            "launch_configuration": "ecs-dev-launch_config20231011060914759700000003",
            "launch_template": [],
            "load_balancers": [],
            "max_instance_lifetime": 0,
            "max_size": 3,
            "metrics_granularity": "1Minute",
            "min_elb_capacity": null,
            "min_size": 1,
            "mixed_instances_policy": [],
            "name": "ecs-dev-autoscaling",
            "name_prefix": "",
            "placement_group": "",
            "predicted_capacity": 0,
            "protect_from_scale_in": false,
            "service_linked_role_arn": "arn:aws:iam::666897452748:role/aws-service-role/autoscaling.amazonaws.com/AWSServiceRoleForAutoScaling",
            "suspended_processes": null,
            "tag": [
              {
                "key": "Name",
                "propagate_at_launch": true,
                "value": "dev-ecs"
              }
            ],
            "target_group_arns": [],
            "termination_policies": [
              "OldestLaunchConfiguration",
              "Default"
            ],
            "timeouts": null,
            "traffic_source": [],
            "vpc_zone_identifier": [
              "subnet-016ec4ede69f55464",
              "subnet-05c2b8abc90b13ca3"
            ],
            "wait_for_capacity_timeout": "10m",
            "wait_for_elb_capacity": null,
            "warm_pool": [],
            "warm_pool_size": 0
          },
          "sensitive_attributes": [],
          "private": "eyJlMmJmYjczMC1lY2FhLTExZTYtOGY4OC0zNDM2M2JjN2M0YzAiOnsiZGVsZXRlIjo2MDAwMDAwMDAwMDAsInVwZGF0ZSI6NjAwMDAwMDAwMDAwfSwic2NoZW1hX3ZlcnNpb24iOiIxIn0=",
          "dependencies": [
            "module.ecs-cluster.aws_iam_instance_profile.cluster-ec2-role",
            "module.ecs-cluster.aws_iam_role.cluster-ec2-role",
            "module.ecs-cluster.aws_launch_configuration.cluster",
            "module.ecs-cluster.aws_security_group.ecs-cluster-sg",
            "module.ecs-cluster.data.aws_ami.ecs",
            "module.vpc.aws_subnet.private_subnet",
            "module.vpc.aws_vpc.cluster_vpc",
            "module.vpc.data.aws_availability_zones.available"
          ]
        }
      ]
    },
    {
      "module": "module.ecs-cluster",
      "mode": "managed",
      "type": "aws_cloudwatch_log_group",
      "name": "cluster",
      "provider": "provider[\"registry.terraform.io/hashicorp/aws\"]",
      "instances": [
        {
          "schema_version": 0,
          "attributes": {
            "arn": "arn:aws:logs:ap-northeast-2:666897452748:log-group:my-log-group",
            "id": "my-log-group",
            "kms_key_id": "",
            "name": "my-log-group",
            "name_prefix": "",
            "retention_in_days": 1,
            "skip_destroy": false,
            "tags": null,
            "tags_all": {}
          },
          "sensitive_attributes": [],
          "private": "bnVsbA=="
        }
      ]
    },
    {
      "module": "module.ecs-cluster",
      "mode": "managed",
      "type": "aws_ecs_cluster",
      "name": "cluster",
      "provider": "provider[\"registry.terraform.io/hashicorp/aws\"]",
      "instances": [
        {
          "schema_version": 0,
          "attributes": {
            "arn": "arn:aws:ecs:ap-northeast-2:666897452748:cluster/philoberry-ecs-cluster",
            "configuration": [],
            "id": "arn:aws:ecs:ap-northeast-2:666897452748:cluster/philoberry-ecs-cluster",
            "name": "philoberry-ecs-cluster",
            "service_connect_defaults": [],
            "setting": [
              {
                "name": "containerInsights",
                "value": "enabled"
              }
            ],
            "tags": null,
            "tags_all": {}
          },
          "sensitive_attributes": [],
          "private": "bnVsbA=="
        }
      ]
    },
    {
      "module": "module.ecs-cluster",
      "mode": "managed",
      "type": "aws_iam_instance_profile",
      "name": "cluster-ec2-role",
      "provider": "provider[\"registry.terraform.io/hashicorp/aws\"]",
      "instances": [
        {
          "schema_version": 0,
          "attributes": {
            "arn": "arn:aws:iam::666897452748:instance-profile/ecs-philoberry-ecs-cluster-ec2-role",
            "create_date": "2023-10-11T06:09:04Z",
            "id": "ecs-philoberry-ecs-cluster-ec2-role",
            "name": "ecs-philoberry-ecs-cluster-ec2-role",
            "name_prefix": "",
            "path": "/",
            "role": "ecs-philoberry-ecs-cluster-ec2-role",
            "tags": null,
            "tags_all": {},
            "unique_id": "AIPAZWRRPR3GGDIE4OVSA"
          },
          "sensitive_attributes": [],
          "private": "bnVsbA==",
          "dependencies": [
            "module.ecs-cluster.aws_iam_role.cluster-ec2-role"
          ],
          "create_before_destroy": true
        }
      ]
    },
    {
      "module": "module.ecs-cluster",
      "mode": "managed",
      "type": "aws_iam_role",
      "name": "cluster-ec2-role",
      "provider": "provider[\"registry.terraform.io/hashicorp/aws\"]",
      "instances": [
        {
          "schema_version": 0,
          "attributes": {
            "arn": "arn:aws:iam::666897452748:role/ecs-philoberry-ecs-cluster-ec2-role",
            "assume_role_policy": "{\"Statement\":[{\"Action\":\"sts:AssumeRole\",\"Effect\":\"Allow\",\"Principal\":{\"Service\":\"ec2.amazonaws.com\"},\"Sid\":\"\"}],\"Version\":\"2012-10-17\"}",
            "create_date": "2023-10-11T06:09:03Z",
            "description": "",
            "force_detach_policies": false,
            "id": "ecs-philoberry-ecs-cluster-ec2-role",
            "inline_policy": [],
            "managed_policy_arns": [],
            "max_session_duration": 3600,
            "name": "ecs-philoberry-ecs-cluster-ec2-role",
            "name_prefix": "",
            "path": "/",
            "permissions_boundary": null,
            "tags": null,
            "tags_all": {},
            "unique_id": "AROAZWRRPR3GJMOEY4YLY"
          },
          "sensitive_attributes": [],
          "private": "bnVsbA==",
          "create_before_destroy": true
        }
      ]
    },
    {
      "module": "module.ecs-cluster",
      "mode": "managed",
      "type": "aws_iam_role",
      "name": "cluster-service-role",
      "provider": "provider[\"registry.terraform.io/hashicorp/aws\"]",
      "instances": [
        {
          "schema_version": 0,
          "attributes": {
            "arn": "arn:aws:iam::666897452748:role/ecs-service-role-philoberry-ecs-cluster",
            "assume_role_policy": "{\"Statement\":[{\"Action\":\"sts:AssumeRole\",\"Effect\":\"Allow\",\"Principal\":{\"Service\":\"ecs.amazonaws.com\"},\"Sid\":\"\"}],\"Version\":\"2012-10-17\"}",
            "create_date": "2023-10-11T06:09:03Z",
            "description": "",
            "force_detach_policies": false,
            "id": "ecs-service-role-philoberry-ecs-cluster",
            "inline_policy": [],
            "managed_policy_arns": [],
            "max_session_duration": 3600,
            "name": "ecs-service-role-philoberry-ecs-cluster",
            "name_prefix": "",
            "path": "/",
            "permissions_boundary": null,
            "tags": null,
            "tags_all": {},
            "unique_id": "AROAZWRRPR3GOY3345US2"
          },
          "sensitive_attributes": [],
          "private": "bnVsbA=="
        }
      ]
    },
    {
      "module": "module.ecs-cluster",
      "mode": "managed",
      "type": "aws_iam_role_policy",
      "name": "cluster-ec2-role",
      "provider": "provider[\"registry.terraform.io/hashicorp/aws\"]",
      "instances": [
        {
          "schema_version": 0,
          "attributes": {
            "id": "ecs-philoberry-ecs-cluster-ec2-role:cluster-ec2-role-policy",
            "name": "cluster-ec2-role-policy",
            "name_prefix": null,
            "policy": "{\"Version\":\"2012-10-17\",\"Statement\":[{\"Action\":[\"ecs:CreateCluster\",\"ecs:DeregisterContainerInstance\",\"ecs:DiscoverPollEndpoint\",\"ecs:Poll\",\"ecs:RegisterContainerInstance\",\"ecs:StartTelemetrySession\",\"ecs:Submit*\",\"ecs:StartTask\",\"ecr:GetAuthorizationToken\",\"ecr:BatchCheckLayerAvailability\",\"ecr:GetDownloadUrlForLayer\",\"ecr:BatchGetImage\",\"logs:CreateLogStream\",\"logs:PutLogEvents\"],\"Effect\":\"Allow\",\"Resource\":\"*\"},{\"Action\":[\"logs:*\"],\"Effect\":\"Allow\",\"Resource\":[\"arn:aws:logs:ap-northeast-2:666897452748:log-group:my-log-group:*\"]}]}",
            "role": "ecs-philoberry-ecs-cluster-ec2-role"
          },
          "sensitive_attributes": [],
          "private": "bnVsbA==",
          "dependencies": [
            "data.aws_caller_identity.current",
            "module.ecs-cluster.aws_iam_role.cluster-ec2-role"
          ]
        }
      ]
    },
    {
      "module": "module.ecs-cluster",
      "mode": "managed",
      "type": "aws_iam_role_policy",
      "name": "cluster-service-role",
      "provider": "provider[\"registry.terraform.io/hashicorp/aws\"]",
      "instances": [
        {
          "schema_version": 0,
          "attributes": {
            "id": "ecs-service-role-philoberry-ecs-cluster:philoberry-ecs-cluster-policy",
            "name": "philoberry-ecs-cluster-policy",
            "name_prefix": null,
            "policy": "{\"Version\":\"2012-10-17\",\"Statement\":[{\"Action\":[\"ec2:AuthorizeSecurityGroupIngress\",\"ec2:Describe*\",\"elasticloadbalancing:DeregisterInstancesFromLoadBalancer\",\"elasticloadbalancing:DeregisterTargets\",\"elasticloadbalancing:Describe*\",\"elasticloadbalancing:RegisterInstancesWithLoadBalancer\",\"elasticloadbalancing:RegisterTargets\"],\"Effect\":\"Allow\",\"Resource\":\"*\"}]}",
            "role": "ecs-service-role-philoberry-ecs-cluster"
          },
          "sensitive_attributes": [],
          "private": "bnVsbA==",
          "dependencies": [
            "module.ecs-cluster.aws_iam_role.cluster-service-role"
          ]
        }
      ]
    },
    {
      "module": "module.ecs-cluster",
      "mode": "managed",
      "type": "aws_launch_configuration",
      "name": "cluster",
      "provider": "provider[\"registry.terraform.io/hashicorp/aws\"]",
      "instances": [
        {
          "schema_version": 0,
          "attributes": {
            "arn": "arn:aws:autoscaling:ap-northeast-2:666897452748:launchConfiguration:884fb36c-534b-4ab6-b4ef-82689368d6e7:launchConfigurationName/ecs-dev-launch_config20231011060914759700000003",
            "associate_public_ip_address": false,
            "ebs_block_device": [],
            "ebs_optimized": false,
            "enable_monitoring": true,
            "ephemeral_block_device": [],
            "iam_instance_profile": "ecs-philoberry-ecs-cluster-ec2-role",
            "id": "ecs-dev-launch_config20231011060914759700000003",
            "image_id": "ami-0e9e89f64a3c6888f",
            "instance_type": "c5.xlarge",
            "key_name": "philoberry-keypair",
            "metadata_options": [
              {
                "http_endpoint": "enabled",
                "http_put_response_hop_limit": 1,
                "http_tokens": "required"
              }
            ],
            "name": "ecs-dev-launch_config20231011060914759700000003",
            "name_prefix": "ecs-dev-launch_config",
            "placement_tenancy": "",
            "root_block_device": [],
            "security_groups": [
              "sg-0290497c2877ab929"
            ],
            "spot_price": "",
            "user_data": "809c6eacae7ae3ae14b40659ee09001be786e373",
            "user_data_base64": null
          },
          "sensitive_attributes": [],
          "private": "bnVsbA==",
          "dependencies": [
            "module.ecs-cluster.aws_iam_instance_profile.cluster-ec2-role",
            "module.ecs-cluster.aws_iam_role.cluster-ec2-role",
            "module.ecs-cluster.aws_security_group.ecs-cluster-sg",
            "module.ecs-cluster.data.aws_ami.ecs",
            "module.vpc.aws_vpc.cluster_vpc"
          ],
          "create_before_destroy": true
        }
      ]
    },
    {
      "module": "module.ecs-cluster",
      "mode": "managed",
      "type": "aws_security_group",
      "name": "ecs-cluster-sg",
      "provider": "provider[\"registry.terraform.io/hashicorp/aws\"]",
      "instances": [
        {
          "schema_version": 1,
          "attributes": {
            "arn": "arn:aws:ec2:ap-northeast-2:666897452748:security-group/sg-0290497c2877ab929",
            "description": "philoberry-ecs-cluster",
            "egress": [],
            "id": "sg-0290497c2877ab929",
            "ingress": [],
            "name": "philoberry-ecs-cluster",
            "name_prefix": "",
            "owner_id": "666897452748",
            "revoke_rules_on_delete": false,
            "tags": null,
            "tags_all": {},
            "timeouts": null,
            "vpc_id": "vpc-0de361e6a01f3f8dc"
          },
          "sensitive_attributes": [],
          "private": "eyJlMmJmYjczMC1lY2FhLTExZTYtOGY4OC0zNDM2M2JjN2M0YzAiOnsiY3JlYXRlIjo2MDAwMDAwMDAwMDAsImRlbGV0ZSI6OTAwMDAwMDAwMDAwfSwic2NoZW1hX3ZlcnNpb24iOiIxIn0=",
          "dependencies": [
            "module.vpc.aws_vpc.cluster_vpc"
          ],
          "create_before_destroy": true
        }
      ]
    },
    {
      "module": "module.ecs-cluster",
      "mode": "managed",
      "type": "aws_security_group",
      "name": "ecs_task",
      "provider": "provider[\"registry.terraform.io/hashicorp/aws\"]",
      "instances": [
        {
          "schema_version": 1,
          "attributes": {
            "arn": "arn:aws:ec2:ap-northeast-2:666897452748:security-group/sg-08f0897db193e76a1",
            "description": "Managed by Terraform",
            "egress": [
              {
                "cidr_blocks": [
                  "0.0.0.0/0"
                ],
                "description": "",
                "from_port": 0,
                "ipv6_cidr_blocks": [],
                "prefix_list_ids": [],
                "protocol": "-1",
                "security_groups": [],
                "self": false,
                "to_port": 0
              }
            ],
            "id": "sg-08f0897db193e76a1",
            "ingress": [
              {
                "cidr_blocks": [
                  "0.0.0.0/0"
                ],
                "description": "",
                "from_port": 80,
                "ipv6_cidr_blocks": [],
                "prefix_list_ids": [],
                "protocol": "tcp",
                "security_groups": [],
                "self": false,
                "to_port": 80
              }
            ],
            "name": "ecs-task-sg-dev",
            "name_prefix": "",
            "owner_id": "666897452748",
            "revoke_rules_on_delete": false,
            "tags": null,
            "tags_all": {},
            "timeouts": null,
            "vpc_id": "vpc-0de361e6a01f3f8dc"
          },
          "sensitive_attributes": [],
          "private": "eyJlMmJmYjczMC1lY2FhLTExZTYtOGY4OC0zNDM2M2JjN2M0YzAiOnsiY3JlYXRlIjo2MDAwMDAwMDAwMDAsImRlbGV0ZSI6OTAwMDAwMDAwMDAwfSwic2NoZW1hX3ZlcnNpb24iOiIxIn0=",
          "dependencies": [
            "module.vpc.aws_vpc.cluster_vpc"
          ]
        }
      ]
    },
    {
      "module": "module.ecs-cluster",
      "mode": "managed",
      "type": "aws_security_group_rule",
      "name": "cluster-allow-ssh",
      "provider": "provider[\"registry.terraform.io/hashicorp/aws\"]",
      "instances": [
        {
          "index_key": 0,
          "schema_version": 2,
          "attributes": {
            "cidr_blocks": null,
            "description": null,
            "from_port": 22,
            "id": "sgrule-2332120879",
            "ipv6_cidr_blocks": null,
            "prefix_list_ids": null,
            "protocol": "tcp",
            "security_group_id": "sg-0290497c2877ab929",
            "security_group_rule_id": "sgr-0831665c36b4a32fb",
            "self": false,
            "source_security_group_id": "sg-046f13e6478f58996",
            "timeouts": null,
            "to_port": 22,
            "type": "ingress"
          },
          "sensitive_attributes": [],
          "private": "eyJlMmJmYjczMC1lY2FhLTExZTYtOGY4OC0zNDM2M2JjN2M0YzAiOnsiY3JlYXRlIjozMDAwMDAwMDAwMDB9LCJzY2hlbWFfdmVyc2lvbiI6IjIifQ==",
          "dependencies": [
            "aws_security_group.allow_ssh",
            "module.ecs-cluster.aws_security_group.ecs-cluster-sg",
            "module.vpc.aws_vpc.cluster_vpc"
          ]
        }
      ]
    },
    {
      "module": "module.ecs-cluster",
      "mode": "managed",
      "type": "aws_security_group_rule",
      "name": "cluster-egress",
      "provider": "provider[\"registry.terraform.io/hashicorp/aws\"]",
      "instances": [
        {
          "schema_version": 2,
          "attributes": {
            "cidr_blocks": [
              "0.0.0.0/0"
            ],
            "description": null,
            "from_port": 0,
            "id": "sgrule-1005481173",
            "ipv6_cidr_blocks": null,
            "prefix_list_ids": null,
            "protocol": "-1",
            "security_group_id": "sg-0290497c2877ab929",
            "security_group_rule_id": "sgr-00deaa9faf2a01580",
            "self": false,
            "source_security_group_id": null,
            "timeouts": null,
            "to_port": 0,
            "type": "egress"
          },
          "sensitive_attributes": [],
          "private": "eyJlMmJmYjczMC1lY2FhLTExZTYtOGY4OC0zNDM2M2JjN2M0YzAiOnsiY3JlYXRlIjozMDAwMDAwMDAwMDB9LCJzY2hlbWFfdmVyc2lvbiI6IjIifQ==",
          "dependencies": [
            "module.ecs-cluster.aws_security_group.ecs-cluster-sg",
            "module.vpc.aws_vpc.cluster_vpc"
          ]
        }
      ]
    },
    {
      "module": "module.ecs-service",
      "mode": "data",
      "type": "aws_iam_policy_document",
      "name": "ecs_task_execution_role",
      "provider": "provider[\"registry.terraform.io/hashicorp/aws\"]",
      "instances": [
        {
          "schema_version": 0,
          "attributes": {
            "id": "1077804475",
            "json": "{\n  \"Version\": \"2012-10-17\",\n  \"Statement\": [\n    {\n      \"Effect\": \"Allow\",\n      \"Action\": \"sts:AssumeRole\",\n      \"Principal\": {\n        \"Service\": \"ecs-tasks.amazonaws.com\"\n      }\n    }\n  ]\n}",
            "override_policy_documents": null,
            "policy_id": null,
            "source_policy_documents": null,
            "statement": [
              {
                "actions": [
                  "sts:AssumeRole"
                ],
                "condition": [],
                "effect": "Allow",
                "not_actions": [],
                "not_principals": [],
                "not_resources": [],
                "principals": [
                  {
                    "identifiers": [
                      "ecs-tasks.amazonaws.com"
                    ],
                    "type": "Service"
                  }
                ],
                "resources": [],
                "sid": ""
              }
            ],
            "version": "2012-10-17"
          },
          "sensitive_attributes": []
        }
      ]
    },
    {
      "module": "module.ecs-service",
      "mode": "data",
      "type": "template_file",
      "name": "service",
      "provider": "provider[\"registry.terraform.io/hashicorp/template\"]",
      "instances": [
        {
          "schema_version": 0,
          "attributes": {
            "filename": null,
            "id": "66a882fbf81b55e507f00a7b515c70af2069070f08c0b5d890fe927544f550a2",
            "rendered": "[\r\n  {\r\n    \"name\": \"philoberry-repository_nginx\",\r\n    \"image\": \"666897452748.dkr.ecr.ap-northeast-2.amazonaws.com/philoberry/service_dev:latest\",\r\n    \"essential\": true,\r\n    \"logConfiguration\": {\r\n      \"logDriver\": \"awslogs\",\r\n      \"options\": {\r\n        \"awslogs-region\": \"ap-northeast-2\",\r\n        \"awslogs-stream-prefix\": \"staging-service\",\r\n        \"awslogs-group\": \"awslogs-service-staging-dev\"\r\n      }\r\n    },\r\n    \"portMappings\": [\r\n      {\r\n        \"containerPort\": 80,\r\n        \"protocol\": \"tcp\"\r\n      }\r\n    ],\r\n    \"healthCheck\":{\r\n      \"command\":[\"CMD-SHELL\",\"curl -f http://localhost:80 || exit 1\"],\r\n      \"interval\" :30,\r\n      \"timeout\" :5,\r\n      \"retries\" :3\r\n    },\r\n    \"cpu\": 1,\r\n    \"environment\": [\r\n      {\r\n        \"name\": \"PORT\",\r\n        \"value\": \"80\"\r\n      }\r\n    ],\r\n    \"ulimits\": [\r\n      {\r\n        \"name\": \"nofile\",\r\n        \"softLimit\": 65536,\r\n        \"hardLimit\": 65536\r\n      }\r\n    ],\r\n    \"mountPoints\": [],\r\n    \"memory\": 512,\r\n    \"volumesFrom\": []\r\n  },\r\n  {\r\n    \"name\": \"philoberry-repository_frontend\",\r\n    \"image\": \"666897452748.dkr.ecr.ap-northeast-2.amazonaws.com/philoberry/service_dev:latest\",\r\n    \"essential\": true,\r\n    \"logConfiguration\": {\r\n      \"logDriver\": \"awslogs\",\r\n      \"options\": {\r\n        \"awslogs-region\": \"ap-northeast-2\",\r\n        \"awslogs-stream-prefix\": \"staging-service\",\r\n        \"awslogs-group\": \"awslogs-service-staging-dev\"\r\n      }\r\n    },\r\n    \"portMappings\": [\r\n      {\r\n        \"containerPort\": 443,\r\n        \"protocol\": \"tcp\"\r\n      }\r\n    ],\r\n    \"healthCheck\":{\r\n      \"command\":[\"CMD-SHELL\",\"curl -f http://localhost:443 || exit 1\"],\r\n      \"interval\" :30,\r\n      \"timeout\" :5,\r\n      \"retries\" :3\r\n    },\r\n    \"cpu\": 2,\r\n    \"environment\": [\r\n      {\r\n        \"name\": \"PORT\",\r\n        \"value\": \"443\"\r\n      }\r\n    ],\r\n    \"ulimits\": [\r\n      {\r\n        \"name\": \"nofile\",\r\n        \"softLimit\": 65536,\r\n        \"hardLimit\": 65536\r\n      }\r\n    ],\r\n    \"mountPoints\": [],\r\n    \"memory\": 2048,\r\n    \"volumesFrom\": []\r\n  }\r\n]\r\n",
            "template": "[\r\n  {\r\n    \"name\": \"${application_name}_nginx\",\r\n    \"image\": \"${aws_ecr_repository}:${tag}\",\r\n    \"essential\": true,\r\n    \"logConfiguration\": {\r\n      \"logDriver\": \"awslogs\",\r\n      \"options\": {\r\n        \"awslogs-region\": \"${region}\",\r\n        \"awslogs-stream-prefix\": \"staging-service\",\r\n        \"awslogs-group\": \"awslogs-service-staging-${service_type}\"\r\n      }\r\n    },\r\n    \"portMappings\": [\r\n      {\r\n        \"containerPort\": ${nginx_container_port},\r\n        \"protocol\": \"tcp\"\r\n      }\r\n    ],\r\n    \"healthCheck\":{\r\n      \"command\":[\"CMD-SHELL\",\"curl -f http://localhost:80 || exit 1\"],\r\n      \"interval\" :30,\r\n      \"timeout\" :5,\r\n      \"retries\" :3\r\n    },\r\n    \"cpu\": 1,\r\n    \"environment\": [\r\n      {\r\n        \"name\": \"PORT\",\r\n        \"value\": \"80\"\r\n      }\r\n    ],\r\n    \"ulimits\": [\r\n      {\r\n        \"name\": \"nofile\",\r\n        \"softLimit\": 65536,\r\n        \"hardLimit\": 65536\r\n      }\r\n    ],\r\n    \"mountPoints\": [],\r\n    \"memory\": 512,\r\n    \"volumesFrom\": []\r\n  },\r\n  {\r\n    \"name\": \"${application_name}_frontend\",\r\n    \"image\": \"${aws_ecr_repository}:${tag}\",\r\n    \"essential\": true,\r\n    \"logConfiguration\": {\r\n      \"logDriver\": \"awslogs\",\r\n      \"options\": {\r\n        \"awslogs-region\": \"${region}\",\r\n        \"awslogs-stream-prefix\": \"staging-service\",\r\n        \"awslogs-group\": \"awslogs-service-staging-${service_type}\"\r\n      }\r\n    },\r\n    \"portMappings\": [\r\n      {\r\n        \"containerPort\": ${frontend_container_port},\r\n        \"protocol\": \"tcp\"\r\n      }\r\n    ],\r\n    \"healthCheck\":{\r\n      \"command\":[\"CMD-SHELL\",\"curl -f http://localhost:443 || exit 1\"],\r\n      \"interval\" :30,\r\n      \"timeout\" :5,\r\n      \"retries\" :3\r\n    },\r\n    \"cpu\": 2,\r\n    \"environment\": [\r\n      {\r\n        \"name\": \"PORT\",\r\n        \"value\": \"443\"\r\n      }\r\n    ],\r\n    \"ulimits\": [\r\n      {\r\n        \"name\": \"nofile\",\r\n        \"softLimit\": 65536,\r\n        \"hardLimit\": 65536\r\n      }\r\n    ],\r\n    \"mountPoints\": [],\r\n    \"memory\": 2048,\r\n    \"volumesFrom\": []\r\n  }\r\n]\r\n",
            "vars": {
              "application_name": "philoberry-repository",
              "aws_ecr_repository": "666897452748.dkr.ecr.ap-northeast-2.amazonaws.com/philoberry/service_dev",
              "frontend_container_port": "443",
              "nginx_container_port": "80",
              "region": "ap-northeast-2",
              "service_type": "dev",
              "tag": "latest"
            }
          },
          "sensitive_attributes": []
        }
      ]
    },
    {
      "module": "module.ecs-service",
      "mode": "managed",
      "type": "aws_appautoscaling_policy",
      "name": "ecs_policy_cpu",
      "provider": "provider[\"registry.terraform.io/hashicorp/aws\"]",
      "instances": [
        {
          "schema_version": 0,
          "attributes": {
            "alarm_arns": [
              "arn:aws:cloudwatch:ap-northeast-2:666897452748:alarm:TargetTracking-service/philoberry-ecs-cluster/staging-AlarmHigh-61eaae53-284b-4f7b-becb-5b57c50fcefd",
              "arn:aws:cloudwatch:ap-northeast-2:666897452748:alarm:TargetTracking-service/philoberry-ecs-cluster/staging-AlarmLow-b1b86865-94e8-46e2-8af5-d832f7bfbbfb"
            ],
            "arn": "arn:aws:autoscaling:ap-northeast-2:666897452748:scalingPolicy:be9bf687-6ac5-4c85-9e7c-78585e27ebed:resource/ecs/service/philoberry-ecs-cluster/staging:policyName/cpu-autoscaling",
            "id": "cpu-autoscaling",
            "name": "cpu-autoscaling",
            "policy_type": "TargetTrackingScaling",
            "resource_id": "service/philoberry-ecs-cluster/staging",
            "scalable_dimension": "ecs:service:DesiredCount",
            "service_namespace": "ecs",
            "step_scaling_policy_configuration": [],
            "target_tracking_scaling_policy_configuration": [
              {
                "customized_metric_specification": [],
                "disable_scale_in": false,
                "predefined_metric_specification": [
                  {
                    "predefined_metric_type": "ECSServiceAverageCPUUtilization",
                    "resource_label": ""
                  }
                ],
                "scale_in_cooldown": 0,
                "scale_out_cooldown": 0,
                "target_value": 60
              }
            ]
          },
          "sensitive_attributes": [],
          "private": "bnVsbA==",
          "dependencies": [
            "module.alb.aws_lb.alb",
            "module.alb.aws_lb_listener.http_listener",
            "module.alb.aws_lb_listener.https_listener",
            "module.alb.aws_security_group.alb",
            "module.ecr.aws_ecr_repository.repo",
            "module.ecs-cluster.aws_ecs_cluster.cluster",
            "module.ecs-cluster.aws_security_group.ecs_task",
            "module.ecs-service.aws_appautoscaling_target.ecs_target",
            "module.ecs-service.aws_ecs_service.staging",
            "module.ecs-service.aws_ecs_task_definition.service",
            "module.ecs-service.aws_iam_role.ecs_task_execution_role",
            "module.ecs-service.aws_iam_role_policy_attachment.ecs_task_execution_role",
            "module.ecs-service.aws_lb_target_group.ecs_service",
            "module.ecs-service.data.aws_iam_policy_document.ecs_task_execution_role",
            "module.ecs-service.data.template_file.service",
            "module.route53.aws_acm_certificate.acm",
            "module.vpc.aws_subnet.private_subnet",
            "module.vpc.aws_vpc.cluster_vpc",
            "module.vpc.data.aws_availability_zones.available"
          ]
        }
      ]
    },
    {
      "module": "module.ecs-service",
      "mode": "managed",
      "type": "aws_appautoscaling_policy",
      "name": "ecs_policy_memory",
      "provider": "provider[\"registry.terraform.io/hashicorp/aws\"]",
      "instances": [
        {
          "schema_version": 0,
          "attributes": {
            "alarm_arns": [
              "arn:aws:cloudwatch:ap-northeast-2:666897452748:alarm:TargetTracking-service/philoberry-ecs-cluster/staging-AlarmHigh-d0dccd7e-23f5-41d8-86c6-8e037404360a",
              "arn:aws:cloudwatch:ap-northeast-2:666897452748:alarm:TargetTracking-service/philoberry-ecs-cluster/staging-AlarmLow-6b7a459d-3ddf-4695-81bd-1c69fa5d8a81"
            ],
            "arn": "arn:aws:autoscaling:ap-northeast-2:666897452748:scalingPolicy:be9bf687-6ac5-4c85-9e7c-78585e27ebed:resource/ecs/service/philoberry-ecs-cluster/staging:policyName/memory-autoscaling",
            "id": "memory-autoscaling",
            "name": "memory-autoscaling",
            "policy_type": "TargetTrackingScaling",
            "resource_id": "service/philoberry-ecs-cluster/staging",
            "scalable_dimension": "ecs:service:DesiredCount",
            "service_namespace": "ecs",
            "step_scaling_policy_configuration": [],
            "target_tracking_scaling_policy_configuration": [
              {
                "customized_metric_specification": [],
                "disable_scale_in": false,
                "predefined_metric_specification": [
                  {
                    "predefined_metric_type": "ECSServiceAverageMemoryUtilization",
                    "resource_label": ""
                  }
                ],
                "scale_in_cooldown": 0,
                "scale_out_cooldown": 0,
                "target_value": 70
              }
            ]
          },
          "sensitive_attributes": [],
          "private": "bnVsbA==",
          "dependencies": [
            "module.alb.aws_lb.alb",
            "module.alb.aws_lb_listener.http_listener",
            "module.alb.aws_lb_listener.https_listener",
            "module.alb.aws_security_group.alb",
            "module.ecr.aws_ecr_repository.repo",
            "module.ecs-cluster.aws_ecs_cluster.cluster",
            "module.ecs-cluster.aws_security_group.ecs_task",
            "module.ecs-service.aws_appautoscaling_target.ecs_target",
            "module.ecs-service.aws_ecs_service.staging",
            "module.ecs-service.aws_ecs_task_definition.service",
            "module.ecs-service.aws_iam_role.ecs_task_execution_role",
            "module.ecs-service.aws_iam_role_policy_attachment.ecs_task_execution_role",
            "module.ecs-service.aws_lb_target_group.ecs_service",
            "module.ecs-service.data.aws_iam_policy_document.ecs_task_execution_role",
            "module.ecs-service.data.template_file.service",
            "module.route53.aws_acm_certificate.acm",
            "module.vpc.aws_subnet.private_subnet",
            "module.vpc.aws_vpc.cluster_vpc",
            "module.vpc.data.aws_availability_zones.available"
          ]
        }
      ]
    },
    {
      "module": "module.ecs-service",
      "mode": "managed",
      "type": "aws_appautoscaling_target",
      "name": "ecs_target",
      "provider": "provider[\"registry.terraform.io/hashicorp/aws\"]",
      "instances": [
        {
          "schema_version": 0,
          "attributes": {
            "arn": "arn:aws:application-autoscaling:ap-northeast-2:666897452748:scalable-target/0ec5be9bf6876ac54c859e7c78585e27ebed",
            "id": "service/philoberry-ecs-cluster/staging",
            "max_capacity": 3,
            "min_capacity": 1,
            "resource_id": "service/philoberry-ecs-cluster/staging",
            "role_arn": "arn:aws:iam::666897452748:role/aws-service-role/ecs.application-autoscaling.amazonaws.com/AWSServiceRoleForApplicationAutoScaling_ECSService",
            "scalable_dimension": "ecs:service:DesiredCount",
            "service_namespace": "ecs",
            "tags": null,
            "tags_all": {}
          },
          "sensitive_attributes": [],
          "private": "bnVsbA==",
          "dependencies": [
            "module.alb.aws_lb.alb",
            "module.alb.aws_lb_listener.http_listener",
            "module.alb.aws_lb_listener.https_listener",
            "module.alb.aws_security_group.alb",
            "module.ecr.aws_ecr_repository.repo",
            "module.ecs-cluster.aws_ecs_cluster.cluster",
            "module.ecs-cluster.aws_security_group.ecs_task",
            "module.ecs-service.aws_ecs_service.staging",
            "module.ecs-service.aws_ecs_task_definition.service",
            "module.ecs-service.aws_iam_role.ecs_task_execution_role",
            "module.ecs-service.aws_iam_role_policy_attachment.ecs_task_execution_role",
            "module.ecs-service.aws_lb_target_group.ecs_service",
            "module.ecs-service.data.aws_iam_policy_document.ecs_task_execution_role",
            "module.ecs-service.data.template_file.service",
            "module.route53.aws_acm_certificate.acm",
            "module.vpc.aws_subnet.private_subnet",
            "module.vpc.aws_vpc.cluster_vpc",
            "module.vpc.data.aws_availability_zones.available"
          ]
        }
      ]
    },
    {
      "module": "module.ecs-service",
      "mode": "managed",
      "type": "aws_ecs_service",
      "name": "staging",
      "provider": "provider[\"registry.terraform.io/hashicorp/aws\"]",
      "instances": [
        {
          "schema_version": 0,
          "attributes": {
            "alarms": [],
            "capacity_provider_strategy": [],
            "cluster": "arn:aws:ecs:ap-northeast-2:666897452748:cluster/philoberry-ecs-cluster",
            "deployment_circuit_breaker": [
              {
                "enable": false,
                "rollback": false
              }
            ],
            "deployment_controller": [
              {
                "type": "ECS"
              }
            ],
            "deployment_maximum_percent": 200,
            "deployment_minimum_healthy_percent": 100,
            "desired_count": 4,
            "enable_ecs_managed_tags": false,
            "enable_execute_command": false,
            "force_new_deployment": true,
            "health_check_grace_period_seconds": 0,
            "iam_role": "/aws-service-role/ecs.amazonaws.com/AWSServiceRoleForECS",
            "id": "arn:aws:ecs:ap-northeast-2:666897452748:service/philoberry-ecs-cluster/staging",
            "launch_type": "FARGATE",
            "load_balancer": [
              {
                "container_name": "philoberry-repository_frontend",
                "container_port": 443,
                "elb_name": "",
                "target_group_arn": "arn:aws:elasticloadbalancing:ap-northeast-2:666897452748:targetgroup/philoberry-dev/04e169d92d3d4b64"
              }
            ],
            "name": "staging",
            "network_configuration": [
              {
                "assign_public_ip": true,
                "security_groups": [
                  "sg-08f0897db193e76a1"
                ],
                "subnets": [
                  "subnet-016ec4ede69f55464",
                  "subnet-05c2b8abc90b13ca3"
                ]
              }
            ],
            "ordered_placement_strategy": [],
            "placement_constraints": [],
            "platform_version": "LATEST",
            "propagate_tags": "NONE",
            "scheduling_strategy": "REPLICA",
            "service_connect_configuration": [],
            "service_registries": [],
            "tags": {
              "Application": "philoberry-repository_frontend",
              "Environment": "staging"
            },
            "tags_all": {
              "Application": "philoberry-repository_frontend",
              "Environment": "staging"
            },
            "task_definition": "arn:aws:ecs:ap-northeast-2:666897452748:task-definition/service-staging-dev:3",
            "timeouts": null,
            "triggers": {},
            "wait_for_steady_state": false
          },
          "sensitive_attributes": [],
          "private": "eyJlMmJmYjczMC1lY2FhLTExZTYtOGY4OC0zNDM2M2JjN2M0YzAiOnsiY3JlYXRlIjoxMjAwMDAwMDAwMDAwLCJkZWxldGUiOjEyMDAwMDAwMDAwMDAsInVwZGF0ZSI6MTIwMDAwMDAwMDAwMH19",
          "dependencies": [
            "module.alb.aws_lb.alb",
            "module.alb.aws_lb_listener.http_listener",
            "module.alb.aws_lb_listener.https_listener",
            "module.alb.aws_security_group.alb",
            "module.ecr.aws_ecr_repository.repo",
            "module.ecs-cluster.aws_ecs_cluster.cluster",
            "module.ecs-cluster.aws_security_group.ecs_task",
            "module.ecs-service.aws_ecs_task_definition.service",
            "module.ecs-service.aws_iam_role.ecs_task_execution_role",
            "module.ecs-service.aws_iam_role_policy_attachment.ecs_task_execution_role",
            "module.ecs-service.aws_lb_target_group.ecs_service",
            "module.ecs-service.data.aws_iam_policy_document.ecs_task_execution_role",
            "module.ecs-service.data.template_file.service",
            "module.route53.aws_acm_certificate.acm",
            "module.vpc.aws_subnet.private_subnet",
            "module.vpc.aws_vpc.cluster_vpc",
            "module.vpc.data.aws_availability_zones.available"
          ]
        }
      ]
    },
    {
      "module": "module.ecs-service",
      "mode": "managed",
      "type": "aws_ecs_task_definition",
      "name": "service",
      "provider": "provider[\"registry.terraform.io/hashicorp/aws\"]",
      "instances": [
        {
          "schema_version": 1,
          "attributes": {
            "arn": "arn:aws:ecs:ap-northeast-2:666897452748:task-definition/service-staging-dev:3",
            "arn_without_revision": "arn:aws:ecs:ap-northeast-2:666897452748:task-definition/service-staging-dev",
            "container_definitions": "[{\"cpu\":1,\"environment\":[{\"name\":\"PORT\",\"value\":\"80\"}],\"essential\":true,\"healthCheck\":{\"command\":[\"CMD-SHELL\",\"curl -f http://localhost:80 || exit 1\"],\"interval\":30,\"retries\":3,\"timeout\":5},\"image\":\"666897452748.dkr.ecr.ap-northeast-2.amazonaws.com/philoberry/service_dev:latest\",\"logConfiguration\":{\"logDriver\":\"awslogs\",\"options\":{\"awslogs-group\":\"awslogs-service-staging-dev\",\"awslogs-region\":\"ap-northeast-2\",\"awslogs-stream-prefix\":\"staging-service\"}},\"memory\":512,\"mountPoints\":[],\"name\":\"philoberry-repository_nginx\",\"portMappings\":[{\"containerPort\":80,\"hostPort\":80,\"protocol\":\"tcp\"}],\"ulimits\":[{\"hardLimit\":65536,\"name\":\"nofile\",\"softLimit\":65536}],\"volumesFrom\":[]},{\"cpu\":2,\"environment\":[{\"name\":\"PORT\",\"value\":\"443\"}],\"essential\":true,\"healthCheck\":{\"command\":[\"CMD-SHELL\",\"curl -f http://localhost:443 || exit 1\"],\"interval\":30,\"retries\":3,\"timeout\":5},\"image\":\"666897452748.dkr.ecr.ap-northeast-2.amazonaws.com/philoberry/service_dev:latest\",\"logConfiguration\":{\"logDriver\":\"awslogs\",\"options\":{\"awslogs-group\":\"awslogs-service-staging-dev\",\"awslogs-region\":\"ap-northeast-2\",\"awslogs-stream-prefix\":\"staging-service\"}},\"memory\":2048,\"mountPoints\":[],\"name\":\"philoberry-repository_frontend\",\"portMappings\":[{\"containerPort\":443,\"hostPort\":443,\"protocol\":\"tcp\"}],\"ulimits\":[{\"hardLimit\":65536,\"name\":\"nofile\",\"softLimit\":65536}],\"volumesFrom\":[]}]",
            "cpu": "1024",
            "ephemeral_storage": [],
            "execution_role_arn": "arn:aws:iam::666897452748:role/ecs-staging-execution-role-dev",
            "family": "service-staging-dev",
            "id": "service-staging-dev",
            "inference_accelerator": [],
            "ipc_mode": "",
            "memory": "2048",
            "network_mode": "awsvpc",
            "pid_mode": "",
            "placement_constraints": [],
            "proxy_configuration": [],
            "requires_compatibilities": [
              "FARGATE"
            ],
            "revision": 3,
            "runtime_platform": [],
            "skip_destroy": false,
            "tags": {
              "Application": "philoberry-repository",
              "Environment": "staging"
            },
            "tags_all": {
              "Application": "philoberry-repository",
              "Environment": "staging"
            },
            "task_role_arn": "",
            "volume": []
          },
          "sensitive_attributes": [],
          "private": "eyJzY2hlbWFfdmVyc2lvbiI6IjEifQ==",
          "dependencies": [
            "module.ecr.aws_ecr_repository.repo",
            "module.ecs-service.aws_iam_role.ecs_task_execution_role",
            "module.ecs-service.data.aws_iam_policy_document.ecs_task_execution_role",
            "module.ecs-service.data.template_file.service"
          ]
        }
      ]
    },
    {
      "module": "module.ecs-service",
      "mode": "managed",
      "type": "aws_iam_role",
      "name": "ecs_task_execution_role",
      "provider": "provider[\"registry.terraform.io/hashicorp/aws\"]",
      "instances": [
        {
          "schema_version": 0,
          "attributes": {
            "arn": "arn:aws:iam::666897452748:role/ecs-staging-execution-role-dev",
            "assume_role_policy": "{\"Statement\":[{\"Action\":\"sts:AssumeRole\",\"Effect\":\"Allow\",\"Principal\":{\"Service\":\"ecs-tasks.amazonaws.com\"}}],\"Version\":\"2012-10-17\"}",
            "create_date": "2023-10-11T06:09:03Z",
            "description": "",
            "force_detach_policies": false,
            "id": "ecs-staging-execution-role-dev",
            "inline_policy": [],
            "managed_policy_arns": [],
            "max_session_duration": 3600,
            "name": "ecs-staging-execution-role-dev",
            "name_prefix": "",
            "path": "/",
            "permissions_boundary": null,
            "tags": null,
            "tags_all": {},
            "unique_id": "AROAZWRRPR3GNELFO6VZB"
          },
          "sensitive_attributes": [],
          "private": "bnVsbA==",
          "dependencies": [
            "module.ecs-service.data.aws_iam_policy_document.ecs_task_execution_role"
          ]
        }
      ]
    },
    {
      "module": "module.ecs-service",
      "mode": "managed",
      "type": "aws_iam_role_policy_attachment",
      "name": "ecs_task_execution_role",
      "provider": "provider[\"registry.terraform.io/hashicorp/aws\"]",
      "instances": [
        {
          "schema_version": 0,
          "attributes": {
            "id": "ecs-staging-execution-role-dev-20231011060903541100000002",
            "policy_arn": "arn:aws:iam::aws:policy/service-role/AmazonECSTaskExecutionRolePolicy",
            "role": "ecs-staging-execution-role-dev"
          },
          "sensitive_attributes": [],
          "private": "bnVsbA==",
          "dependencies": [
            "module.ecs-service.aws_iam_role.ecs_task_execution_role",
            "module.ecs-service.data.aws_iam_policy_document.ecs_task_execution_role"
          ]
        }
      ]
    },
    {
      "module": "module.ecs-service",
      "mode": "managed",
      "type": "aws_lb_target_group",
      "name": "ecs_service",
      "provider": "provider[\"registry.terraform.io/hashicorp/aws\"]",
      "instances": [
        {
          "schema_version": 0,
          "attributes": {
            "arn": "arn:aws:elasticloadbalancing:ap-northeast-2:666897452748:targetgroup/philoberry-dev/04e169d92d3d4b64",
            "arn_suffix": "targetgroup/philoberry-dev/04e169d92d3d4b64",
            "connection_termination": false,
            "deregistration_delay": "30",
            "health_check": [
              {
                "enabled": true,
                "healthy_threshold": 3,
                "interval": 120,
                "matcher": "200",
                "path": "/",
                "port": "traffic-port",
                "protocol": "HTTP",
                "timeout": 60,
                "unhealthy_threshold": 2
              }
            ],
            "id": "arn:aws:elasticloadbalancing:ap-northeast-2:666897452748:targetgroup/philoberry-dev/04e169d92d3d4b64",
            "ip_address_type": "ipv4",
            "lambda_multi_value_headers_enabled": false,
            "load_balancing_algorithm_type": "round_robin",
            "load_balancing_cross_zone_enabled": "use_load_balancer_configuration",
            "name": "philoberry-dev",
            "name_prefix": null,
            "port": 80,
            "preserve_client_ip": null,
            "protocol": "HTTP",
            "protocol_version": "HTTP1",
            "proxy_protocol_v2": false,
            "slow_start": 0,
            "stickiness": [
              {
                "cookie_duration": 86400,
                "cookie_name": "",
                "enabled": false,
                "type": "lb_cookie"
              }
            ],
            "tags": {
              "Name": "philoberry-tg-dev",
              "Service": "philoberry-dev"
            },
            "tags_all": {
              "Name": "philoberry-tg-dev",
              "Service": "philoberry-dev"
            },
            "target_failover": [
              {
                "on_deregistration": null,
                "on_unhealthy": null
              }
            ],
            "target_type": "ip",
            "vpc_id": "vpc-0de361e6a01f3f8dc"
          },
          "sensitive_attributes": [],
          "private": "bnVsbA==",
          "dependencies": [
            "module.vpc.aws_vpc.cluster_vpc"
          ]
        }
      ]
    },
    {
      "module": "module.route53",
      "mode": "data",
      "type": "aws_route53_zone",
      "name": "front",
      "provider": "provider[\"registry.terraform.io/hashicorp/aws\"]",
      "instances": [
        {
          "schema_version": 0,
          "attributes": {
            "arn": "arn:aws:route53:::hostedzone/Z10383623KH23ZCPI5UCN",
            "caller_reference": "RISWorkflow-RD:51bec477-20eb-4623-ad07-5dd96d2f57b9",
            "comment": "HostedZone created by Route53 Registrar",
            "id": "Z10383623KH23ZCPI5UCN",
            "linked_service_description": null,
            "linked_service_principal": null,
            "name": "philoberry.com",
            "name_servers": [
              "ns-286.awsdns-35.com",
              "ns-774.awsdns-32.net",
              "ns-1048.awsdns-03.org",
              "ns-1553.awsdns-02.co.uk"
            ],
            "primary_name_server": "ns-286.awsdns-35.com",
            "private_zone": false,
            "resource_record_set_count": 4,
            "tags": {},
            "vpc_id": null,
            "zone_id": "Z10383623KH23ZCPI5UCN"
          },
          "sensitive_attributes": []
        }
      ]
    },
    {
      "module": "module.route53",
      "mode": "managed",
      "type": "aws_acm_certificate",
      "name": "acm",
      "provider": "provider[\"registry.terraform.io/hashicorp/aws\"]",
      "instances": [
        {
          "schema_version": 0,
          "attributes": {
            "arn": "arn:aws:acm:ap-northeast-2:666897452748:certificate/0f1a5f8f-7e64-4f0f-994b-bfd5239263ad",
            "certificate_authority_arn": "",
            "certificate_body": null,
            "certificate_chain": null,
            "domain_name": "www.philoberry.com",
            "domain_validation_options": [
              {
                "domain_name": "*.philoberry.com",
                "resource_record_name": "_b22aff5580fb678fc048be11059c0289.philoberry.com.",
                "resource_record_type": "CNAME",
                "resource_record_value": "_35d6fce431707dafde332a3f896cbd69.whqzffzsdn.acm-validations.aws."
              },
              {
                "domain_name": "www.philoberry.com",
                "resource_record_name": "_544a21525a7b811ebf6b33511640d66a.www.philoberry.com.",
                "resource_record_type": "CNAME",
                "resource_record_value": "_7e66c19da94a163b0a98e5d9d75be607.nxzthgqctm.acm-validations.aws."
              }
            ],
            "early_renewal_duration": "",
            "id": "arn:aws:acm:ap-northeast-2:666897452748:certificate/0f1a5f8f-7e64-4f0f-994b-bfd5239263ad",
            "key_algorithm": "RSA_2048",
            "not_after": "",
            "not_before": "",
            "options": [
              {
                "certificate_transparency_logging_preference": "ENABLED"
              }
            ],
            "pending_renewal": false,
            "private_key": null,
            "renewal_eligibility": "INELIGIBLE",
            "renewal_summary": [],
            "status": "PENDING_VALIDATION",
            "subject_alternative_names": [
              "*.philoberry.com",
              "www.philoberry.com"
            ],
            "tags": null,
            "tags_all": {},
            "type": "AMAZON_ISSUED",
            "validation_emails": [],
            "validation_method": "DNS",
            "validation_option": []
          },
          "sensitive_attributes": [],
          "private": "bnVsbA==",
          "create_before_destroy": true
        }
      ]
    },
    {
      "module": "module.route53",
      "mode": "managed",
      "type": "aws_acm_certificate_validation",
      "name": "certication_arn",
      "provider": "provider[\"registry.terraform.io/hashicorp/aws\"]",
      "instances": []
    },
    {
      "module": "module.route53",
      "mode": "managed",
      "type": "aws_route53_record",
      "name": "front",
      "provider": "provider[\"registry.terraform.io/hashicorp/aws\"]",
      "instances": [
        {
          "schema_version": 2,
          "attributes": {
            "alias": [
              {
                "evaluate_target_health": true,
                "name": "my-ecs-lb-2017220532.ap-northeast-2.elb.amazonaws.com",
                "zone_id": "ZWKZPGTI48KDX"
              }
            ],
            "allow_overwrite": null,
            "cidr_routing_policy": [],
            "failover_routing_policy": [],
            "fqdn": "www.philoberry.com",
            "geolocation_routing_policy": [],
            "health_check_id": "",
            "id": "Z10383623KH23ZCPI5UCN_www.philoberry.com_A",
            "latency_routing_policy": [],
            "multivalue_answer_routing_policy": false,
            "name": "www.philoberry.com",
            "records": null,
            "set_identifier": "",
            "ttl": 0,
            "type": "A",
            "weighted_routing_policy": [],
            "zone_id": "Z10383623KH23ZCPI5UCN"
          },
          "sensitive_attributes": [],
          "private": "eyJzY2hlbWFfdmVyc2lvbiI6IjIifQ==",
          "dependencies": [
            "module.alb.aws_lb.alb",
            "module.alb.aws_security_group.alb",
            "module.route53.data.aws_route53_zone.front",
            "module.vpc.aws_subnet.private_subnet",
            "module.vpc.aws_vpc.cluster_vpc",
            "module.vpc.data.aws_availability_zones.available"
          ]
        }
      ]
    },
    {
      "module": "module.vpc",
      "mode": "data",
      "type": "aws_availability_zones",
      "name": "available",
      "provider": "provider[\"registry.terraform.io/hashicorp/aws\"]",
      "instances": [
        {
          "schema_version": 0,
          "attributes": {
            "all_availability_zones": null,
            "exclude_names": null,
            "exclude_zone_ids": null,
            "filter": null,
            "group_names": [
              "ap-northeast-2"
            ],
            "id": "ap-northeast-2",
            "names": [
              "ap-northeast-2a",
              "ap-northeast-2b",
              "ap-northeast-2c",
              "ap-northeast-2d"
            ],
            "state": null,
            "timeouts": null,
            "zone_ids": [
              "apne2-az1",
              "apne2-az2",
              "apne2-az3",
              "apne2-az4"
            ]
          },
          "sensitive_attributes": []
        }
      ]
    },
    {
      "module": "module.vpc",
      "mode": "managed",
      "type": "aws_eip",
      "name": "nat_gateway",
      "provider": "provider[\"registry.terraform.io/hashicorp/aws\"]",
      "instances": [
        {
          "index_key": 0,
          "schema_version": 0,
          "attributes": {
            "address": null,
            "allocation_id": "eipalloc-0e214e3d13a902664",
            "associate_with_private_ip": null,
            "association_id": "",
            "carrier_ip": "",
            "customer_owned_ip": "",
            "customer_owned_ipv4_pool": "",
            "domain": "vpc",
            "id": "eipalloc-0e214e3d13a902664",
            "instance": "",
            "network_border_group": "ap-northeast-2",
            "network_interface": "",
            "private_dns": null,
            "private_ip": "",
            "public_dns": "ec2-3-35-201-20.ap-northeast-2.compute.amazonaws.com",
            "public_ip": "3.35.201.20",
            "public_ipv4_pool": "amazon",
            "tags": null,
            "tags_all": {},
            "timeouts": null,
            "vpc": true
          },
          "sensitive_attributes": [],
          "private": "eyJlMmJmYjczMC1lY2FhLTExZTYtOGY4OC0zNDM2M2JjN2M0YzAiOnsiZGVsZXRlIjoxODAwMDAwMDAwMDAsInJlYWQiOjkwMDAwMDAwMDAwMCwidXBkYXRlIjozMDAwMDAwMDAwMDB9fQ==",
          "dependencies": [
            "module.vpc.aws_internet_gateway.cluster_igw",
            "module.vpc.aws_vpc.cluster_vpc"
          ]
        },
        {
          "index_key": 1,
          "schema_version": 0,
          "attributes": {
            "address": null,
            "allocation_id": "eipalloc-06a82c5cda6e70f04",
            "associate_with_private_ip": null,
            "association_id": "",
            "carrier_ip": "",
            "customer_owned_ip": "",
            "customer_owned_ipv4_pool": "",
            "domain": "vpc",
            "id": "eipalloc-06a82c5cda6e70f04",
            "instance": "",
            "network_border_group": "ap-northeast-2",
            "network_interface": "",
            "private_dns": null,
            "private_ip": "",
            "public_dns": "ec2-3-37-207-101.ap-northeast-2.compute.amazonaws.com",
            "public_ip": "3.37.207.101",
            "public_ipv4_pool": "amazon",
            "tags": null,
            "tags_all": {},
            "timeouts": null,
            "vpc": true
          },
          "sensitive_attributes": [],
          "private": "eyJlMmJmYjczMC1lY2FhLTExZTYtOGY4OC0zNDM2M2JjN2M0YzAiOnsiZGVsZXRlIjoxODAwMDAwMDAwMDAsInJlYWQiOjkwMDAwMDAwMDAwMCwidXBkYXRlIjozMDAwMDAwMDAwMDB9fQ==",
          "dependencies": [
            "module.vpc.aws_internet_gateway.cluster_igw",
            "module.vpc.aws_vpc.cluster_vpc"
          ]
        }
      ]
    },
    {
      "module": "module.vpc",
      "mode": "managed",
      "type": "aws_internet_gateway",
      "name": "cluster_igw",
      "provider": "provider[\"registry.terraform.io/hashicorp/aws\"]",
      "instances": [
        {
          "schema_version": 0,
          "attributes": {
            "arn": "arn:aws:ec2:ap-northeast-2:666897452748:internet-gateway/igw-0c271cb56f8a5cc94",
            "id": "igw-0c271cb56f8a5cc94",
            "owner_id": "666897452748",
            "tags": {
              "Name": "ecs-igw-dev"
            },
            "tags_all": {
              "Name": "ecs-igw-dev"
            },
            "timeouts": null,
            "vpc_id": "vpc-0de361e6a01f3f8dc"
          },
          "sensitive_attributes": [],
          "private": "eyJlMmJmYjczMC1lY2FhLTExZTYtOGY4OC0zNDM2M2JjN2M0YzAiOnsiY3JlYXRlIjoxMjAwMDAwMDAwMDAwLCJkZWxldGUiOjEyMDAwMDAwMDAwMDAsInVwZGF0ZSI6MTIwMDAwMDAwMDAwMH19",
          "dependencies": [
            "module.vpc.aws_vpc.cluster_vpc"
          ]
        }
      ]
    },
    {
      "module": "module.vpc",
      "mode": "managed",
      "type": "aws_nat_gateway",
      "name": "nat_gateway",
      "provider": "provider[\"registry.terraform.io/hashicorp/aws\"]",
      "instances": [
        {
          "index_key": 0,
          "schema_version": 0,
          "attributes": {
            "allocation_id": "eipalloc-0e214e3d13a902664",
            "association_id": "eipassoc-02489cf7f9279d137",
            "connectivity_type": "public",
            "id": "nat-044d873f3d19cd7b7",
            "network_interface_id": "eni-0de7aee6836fe02d2",
            "private_ip": "172.18.2.22",
            "public_ip": "3.35.201.20",
            "secondary_allocation_ids": null,
            "secondary_private_ip_address_count": 0,
            "secondary_private_ip_addresses": [],
            "subnet_id": "subnet-037dd580f7418fe9d",
            "tags": {
              "Name": "NAT gw dev"
            },
            "tags_all": {
              "Name": "NAT gw dev"
            },
            "timeouts": null
          },
          "sensitive_attributes": [],
          "private": "eyJlMmJmYjczMC1lY2FhLTExZTYtOGY4OC0zNDM2M2JjN2M0YzAiOnsiY3JlYXRlIjo2MDAwMDAwMDAwMDAsImRlbGV0ZSI6MTgwMDAwMDAwMDAwMCwidXBkYXRlIjo2MDAwMDAwMDAwMDB9fQ==",
          "dependencies": [
            "module.vpc.aws_eip.nat_gateway",
            "module.vpc.aws_internet_gateway.cluster_igw",
            "module.vpc.aws_subnet.public_subnet",
            "module.vpc.aws_vpc.cluster_vpc",
            "module.vpc.data.aws_availability_zones.available"
          ]
        },
        {
          "index_key": 1,
          "schema_version": 0,
          "attributes": {
            "allocation_id": "eipalloc-06a82c5cda6e70f04",
            "association_id": "eipassoc-01d0aa1f077789a22",
            "connectivity_type": "public",
            "id": "nat-09f7b85c140d61f7f",
            "network_interface_id": "eni-0812c04df9618bde0",
            "private_ip": "172.18.3.98",
            "public_ip": "3.37.207.101",
            "secondary_allocation_ids": null,
            "secondary_private_ip_address_count": 0,
            "secondary_private_ip_addresses": [],
            "subnet_id": "subnet-0401a5e39a87586be",
            "tags": {
              "Name": "NAT gw dev"
            },
            "tags_all": {
              "Name": "NAT gw dev"
            },
            "timeouts": null
          },
          "sensitive_attributes": [],
          "private": "eyJlMmJmYjczMC1lY2FhLTExZTYtOGY4OC0zNDM2M2JjN2M0YzAiOnsiY3JlYXRlIjo2MDAwMDAwMDAwMDAsImRlbGV0ZSI6MTgwMDAwMDAwMDAwMCwidXBkYXRlIjo2MDAwMDAwMDAwMDB9fQ==",
          "dependencies": [
            "module.vpc.aws_eip.nat_gateway",
            "module.vpc.aws_internet_gateway.cluster_igw",
            "module.vpc.aws_subnet.public_subnet",
            "module.vpc.aws_vpc.cluster_vpc",
            "module.vpc.data.aws_availability_zones.available"
          ]
        }
      ]
    },
    {
      "module": "module.vpc",
      "mode": "managed",
      "type": "aws_route",
      "name": "internet_access",
      "provider": "provider[\"registry.terraform.io/hashicorp/aws\"]",
      "instances": [
        {
          "schema_version": 0,
          "attributes": {
            "carrier_gateway_id": "",
            "core_network_arn": "",
            "destination_cidr_block": "0.0.0.0/0",
            "destination_ipv6_cidr_block": "",
            "destination_prefix_list_id": "",
            "egress_only_gateway_id": "",
            "gateway_id": "igw-0c271cb56f8a5cc94",
            "id": "r-rtb-02b47ff2d12e5cd521080289494",
            "instance_id": "",
            "instance_owner_id": "",
            "local_gateway_id": "",
            "nat_gateway_id": "",
            "network_interface_id": "",
            "origin": "CreateRoute",
            "route_table_id": "rtb-02b47ff2d12e5cd52",
            "state": "active",
            "timeouts": null,
            "transit_gateway_id": "",
            "vpc_endpoint_id": "",
            "vpc_peering_connection_id": ""
          },
          "sensitive_attributes": [],
          "private": "eyJlMmJmYjczMC1lY2FhLTExZTYtOGY4OC0zNDM2M2JjN2M0YzAiOnsiY3JlYXRlIjozMDAwMDAwMDAwMDAsImRlbGV0ZSI6MzAwMDAwMDAwMDAwLCJ1cGRhdGUiOjEyMDAwMDAwMDAwMH19",
          "dependencies": [
            "module.vpc.aws_internet_gateway.cluster_igw",
            "module.vpc.aws_vpc.cluster_vpc"
          ]
        }
      ]
    },
    {
      "module": "module.vpc",
      "mode": "managed",
      "type": "aws_route_table",
      "name": "private_route",
      "provider": "provider[\"registry.terraform.io/hashicorp/aws\"]",
      "instances": [
        {
          "index_key": 0,
          "schema_version": 0,
          "attributes": {
            "arn": "arn:aws:ec2:ap-northeast-2:666897452748:route-table/rtb-09812595f12a05efd",
            "id": "rtb-09812595f12a05efd",
            "owner_id": "666897452748",
            "propagating_vgws": [],
            "route": [
              {
                "carrier_gateway_id": "",
                "cidr_block": "0.0.0.0/0",
                "core_network_arn": "",
                "destination_prefix_list_id": "",
                "egress_only_gateway_id": "",
                "gateway_id": "",
                "ipv6_cidr_block": "",
                "local_gateway_id": "",
                "nat_gateway_id": "nat-044d873f3d19cd7b7",
                "network_interface_id": "",
                "transit_gateway_id": "",
                "vpc_endpoint_id": "",
                "vpc_peering_connection_id": ""
              }
            ],
            "tags": {
              "Name": "private-route-table-dev"
            },
            "tags_all": {
              "Name": "private-route-table-dev"
            },
            "timeouts": null,
            "vpc_id": "vpc-0de361e6a01f3f8dc"
          },
          "sensitive_attributes": [],
          "private": "eyJlMmJmYjczMC1lY2FhLTExZTYtOGY4OC0zNDM2M2JjN2M0YzAiOnsiY3JlYXRlIjozMDAwMDAwMDAwMDAsImRlbGV0ZSI6MzAwMDAwMDAwMDAwLCJ1cGRhdGUiOjEyMDAwMDAwMDAwMH19",
          "dependencies": [
            "module.vpc.aws_eip.nat_gateway",
            "module.vpc.aws_internet_gateway.cluster_igw",
            "module.vpc.aws_nat_gateway.nat_gateway",
            "module.vpc.aws_subnet.public_subnet",
            "module.vpc.aws_vpc.cluster_vpc",
            "module.vpc.data.aws_availability_zones.available"
          ]
        },
        {
          "index_key": 1,
          "schema_version": 0,
          "attributes": {
            "arn": "arn:aws:ec2:ap-northeast-2:666897452748:route-table/rtb-027bf3ba08481f2e2",
            "id": "rtb-027bf3ba08481f2e2",
            "owner_id": "666897452748",
            "propagating_vgws": [],
            "route": [
              {
                "carrier_gateway_id": "",
                "cidr_block": "0.0.0.0/0",
                "core_network_arn": "",
                "destination_prefix_list_id": "",
                "egress_only_gateway_id": "",
                "gateway_id": "",
                "ipv6_cidr_block": "",
                "local_gateway_id": "",
                "nat_gateway_id": "nat-09f7b85c140d61f7f",
                "network_interface_id": "",
                "transit_gateway_id": "",
                "vpc_endpoint_id": "",
                "vpc_peering_connection_id": ""
              }
            ],
            "tags": {
              "Name": "private-route-table-dev"
            },
            "tags_all": {
              "Name": "private-route-table-dev"
            },
            "timeouts": null,
            "vpc_id": "vpc-0de361e6a01f3f8dc"
          },
          "sensitive_attributes": [],
          "private": "eyJlMmJmYjczMC1lY2FhLTExZTYtOGY4OC0zNDM2M2JjN2M0YzAiOnsiY3JlYXRlIjozMDAwMDAwMDAwMDAsImRlbGV0ZSI6MzAwMDAwMDAwMDAwLCJ1cGRhdGUiOjEyMDAwMDAwMDAwMH19",
          "dependencies": [
            "module.vpc.aws_eip.nat_gateway",
            "module.vpc.aws_internet_gateway.cluster_igw",
            "module.vpc.aws_nat_gateway.nat_gateway",
            "module.vpc.aws_subnet.public_subnet",
            "module.vpc.aws_vpc.cluster_vpc",
            "module.vpc.data.aws_availability_zones.available"
          ]
        }
      ]
    },
    {
      "module": "module.vpc",
      "mode": "managed",
      "type": "aws_route_table",
      "name": "public_route",
      "provider": "provider[\"registry.terraform.io/hashicorp/aws\"]",
      "instances": [
        {
          "schema_version": 0,
          "attributes": {
            "arn": "arn:aws:ec2:ap-northeast-2:666897452748:route-table/rtb-0743c9ca75c4914e0",
            "id": "rtb-0743c9ca75c4914e0",
            "owner_id": "666897452748",
            "propagating_vgws": [],
            "route": [
              {
                "carrier_gateway_id": "",
                "cidr_block": "0.0.0.0/0",
                "core_network_arn": "",
                "destination_prefix_list_id": "",
                "egress_only_gateway_id": "",
                "gateway_id": "igw-0c271cb56f8a5cc94",
                "ipv6_cidr_block": "",
                "local_gateway_id": "",
                "nat_gateway_id": "",
                "network_interface_id": "",
                "transit_gateway_id": "",
                "vpc_endpoint_id": "",
                "vpc_peering_connection_id": ""
              }
            ],
            "tags": {
              "Name": "ecs-route-table-dev"
            },
            "tags_all": {
              "Name": "ecs-route-table-dev"
            },
            "timeouts": null,
            "vpc_id": "vpc-0de361e6a01f3f8dc"
          },
          "sensitive_attributes": [],
          "private": "eyJlMmJmYjczMC1lY2FhLTExZTYtOGY4OC0zNDM2M2JjN2M0YzAiOnsiY3JlYXRlIjozMDAwMDAwMDAwMDAsImRlbGV0ZSI6MzAwMDAwMDAwMDAwLCJ1cGRhdGUiOjEyMDAwMDAwMDAwMH19",
          "dependencies": [
            "module.vpc.aws_internet_gateway.cluster_igw",
            "module.vpc.aws_vpc.cluster_vpc"
          ]
        }
      ]
    },
    {
      "module": "module.vpc",
      "mode": "managed",
      "type": "aws_route_table_association",
      "name": "to-private",
      "provider": "provider[\"registry.terraform.io/hashicorp/aws\"]",
      "instances": [
        {
          "index_key": 0,
          "schema_version": 0,
          "attributes": {
            "gateway_id": "",
            "id": "rtbassoc-0b842255f13b90968",
            "route_table_id": "rtb-09812595f12a05efd",
            "subnet_id": "subnet-05c2b8abc90b13ca3",
            "timeouts": null
          },
          "sensitive_attributes": [],
          "private": "eyJlMmJmYjczMC1lY2FhLTExZTYtOGY4OC0zNDM2M2JjN2M0YzAiOnsiY3JlYXRlIjozMDAwMDAwMDAwMDAsImRlbGV0ZSI6MzAwMDAwMDAwMDAwLCJ1cGRhdGUiOjEyMDAwMDAwMDAwMH19",
          "dependencies": [
            "module.vpc.aws_eip.nat_gateway",
            "module.vpc.aws_internet_gateway.cluster_igw",
            "module.vpc.aws_nat_gateway.nat_gateway",
            "module.vpc.aws_route_table.private_route",
            "module.vpc.aws_subnet.private_subnet",
            "module.vpc.aws_subnet.public_subnet",
            "module.vpc.aws_vpc.cluster_vpc",
            "module.vpc.data.aws_availability_zones.available"
          ]
        },
        {
          "index_key": 1,
          "schema_version": 0,
          "attributes": {
            "gateway_id": "",
            "id": "rtbassoc-0558ca8e69bd908bc",
            "route_table_id": "rtb-027bf3ba08481f2e2",
            "subnet_id": "subnet-016ec4ede69f55464",
            "timeouts": null
          },
          "sensitive_attributes": [],
          "private": "eyJlMmJmYjczMC1lY2FhLTExZTYtOGY4OC0zNDM2M2JjN2M0YzAiOnsiY3JlYXRlIjozMDAwMDAwMDAwMDAsImRlbGV0ZSI6MzAwMDAwMDAwMDAwLCJ1cGRhdGUiOjEyMDAwMDAwMDAwMH19",
          "dependencies": [
            "module.vpc.aws_eip.nat_gateway",
            "module.vpc.aws_internet_gateway.cluster_igw",
            "module.vpc.aws_nat_gateway.nat_gateway",
            "module.vpc.aws_route_table.private_route",
            "module.vpc.aws_subnet.private_subnet",
            "module.vpc.aws_subnet.public_subnet",
            "module.vpc.aws_vpc.cluster_vpc",
            "module.vpc.data.aws_availability_zones.available"
          ]
        }
      ]
    },
    {
      "module": "module.vpc",
      "mode": "managed",
      "type": "aws_route_table_association",
      "name": "to-public",
      "provider": "provider[\"registry.terraform.io/hashicorp/aws\"]",
      "instances": [
        {
          "index_key": 0,
          "schema_version": 0,
          "attributes": {
            "gateway_id": "",
            "id": "rtbassoc-0ac36e44edbb4e2cf",
            "route_table_id": "rtb-0743c9ca75c4914e0",
            "subnet_id": "subnet-037dd580f7418fe9d",
            "timeouts": null
          },
          "sensitive_attributes": [],
          "private": "eyJlMmJmYjczMC1lY2FhLTExZTYtOGY4OC0zNDM2M2JjN2M0YzAiOnsiY3JlYXRlIjozMDAwMDAwMDAwMDAsImRlbGV0ZSI6MzAwMDAwMDAwMDAwLCJ1cGRhdGUiOjEyMDAwMDAwMDAwMH19",
          "dependencies": [
            "module.vpc.aws_internet_gateway.cluster_igw",
            "module.vpc.aws_route_table.public_route",
            "module.vpc.aws_subnet.public_subnet",
            "module.vpc.aws_vpc.cluster_vpc",
            "module.vpc.data.aws_availability_zones.available"
          ]
        },
        {
          "index_key": 1,
          "schema_version": 0,
          "attributes": {
            "gateway_id": "",
            "id": "rtbassoc-02d74f9deb46eb541",
            "route_table_id": "rtb-0743c9ca75c4914e0",
            "subnet_id": "subnet-0401a5e39a87586be",
            "timeouts": null
          },
          "sensitive_attributes": [],
          "private": "eyJlMmJmYjczMC1lY2FhLTExZTYtOGY4OC0zNDM2M2JjN2M0YzAiOnsiY3JlYXRlIjozMDAwMDAwMDAwMDAsImRlbGV0ZSI6MzAwMDAwMDAwMDAwLCJ1cGRhdGUiOjEyMDAwMDAwMDAwMH19",
          "dependencies": [
            "module.vpc.aws_internet_gateway.cluster_igw",
            "module.vpc.aws_route_table.public_route",
            "module.vpc.aws_subnet.public_subnet",
            "module.vpc.aws_vpc.cluster_vpc",
            "module.vpc.data.aws_availability_zones.available"
          ]
        }
      ]
    },
    {
      "module": "module.vpc",
      "mode": "managed",
      "type": "aws_subnet",
      "name": "private_subnet",
      "provider": "provider[\"registry.terraform.io/hashicorp/aws\"]",
      "instances": [
        {
          "index_key": 0,
          "schema_version": 1,
          "attributes": {
            "arn": "arn:aws:ec2:ap-northeast-2:666897452748:subnet/subnet-05c2b8abc90b13ca3",
            "assign_ipv6_address_on_creation": false,
            "availability_zone": "ap-northeast-2a",
            "availability_zone_id": "apne2-az1",
            "cidr_block": "172.18.0.0/24",
            "customer_owned_ipv4_pool": "",
            "enable_dns64": false,
            "enable_lni_at_device_index": 0,
            "enable_resource_name_dns_a_record_on_launch": false,
            "enable_resource_name_dns_aaaa_record_on_launch": false,
            "id": "subnet-05c2b8abc90b13ca3",
            "ipv6_cidr_block": "",
            "ipv6_cidr_block_association_id": "",
            "ipv6_native": false,
            "map_customer_owned_ip_on_launch": false,
            "map_public_ip_on_launch": false,
            "outpost_arn": "",
            "owner_id": "666897452748",
            "private_dns_hostname_type_on_launch": "ip-name",
            "tags": {
              "name": "ecs-private-subnet-dev"
            },
            "tags_all": {
              "name": "ecs-private-subnet-dev"
            },
            "timeouts": null,
            "vpc_id": "vpc-0de361e6a01f3f8dc"
          },
          "sensitive_attributes": [],
          "private": "eyJlMmJmYjczMC1lY2FhLTExZTYtOGY4OC0zNDM2M2JjN2M0YzAiOnsiY3JlYXRlIjo2MDAwMDAwMDAwMDAsImRlbGV0ZSI6MTIwMDAwMDAwMDAwMH0sInNjaGVtYV92ZXJzaW9uIjoiMSJ9",
          "dependencies": [
            "module.vpc.aws_vpc.cluster_vpc",
            "module.vpc.data.aws_availability_zones.available"
          ]
        },
        {
          "index_key": 1,
          "schema_version": 1,
          "attributes": {
            "arn": "arn:aws:ec2:ap-northeast-2:666897452748:subnet/subnet-016ec4ede69f55464",
            "assign_ipv6_address_on_creation": false,
            "availability_zone": "ap-northeast-2b",
            "availability_zone_id": "apne2-az2",
            "cidr_block": "172.18.1.0/24",
            "customer_owned_ipv4_pool": "",
            "enable_dns64": false,
            "enable_lni_at_device_index": 0,
            "enable_resource_name_dns_a_record_on_launch": false,
            "enable_resource_name_dns_aaaa_record_on_launch": false,
            "id": "subnet-016ec4ede69f55464",
            "ipv6_cidr_block": "",
            "ipv6_cidr_block_association_id": "",
            "ipv6_native": false,
            "map_customer_owned_ip_on_launch": false,
            "map_public_ip_on_launch": false,
            "outpost_arn": "",
            "owner_id": "666897452748",
            "private_dns_hostname_type_on_launch": "ip-name",
            "tags": {
              "name": "ecs-private-subnet-dev"
            },
            "tags_all": {
              "name": "ecs-private-subnet-dev"
            },
            "timeouts": null,
            "vpc_id": "vpc-0de361e6a01f3f8dc"
          },
          "sensitive_attributes": [],
          "private": "eyJlMmJmYjczMC1lY2FhLTExZTYtOGY4OC0zNDM2M2JjN2M0YzAiOnsiY3JlYXRlIjo2MDAwMDAwMDAwMDAsImRlbGV0ZSI6MTIwMDAwMDAwMDAwMH0sInNjaGVtYV92ZXJzaW9uIjoiMSJ9",
          "dependencies": [
            "module.vpc.aws_vpc.cluster_vpc",
            "module.vpc.data.aws_availability_zones.available"
          ]
        }
      ]
    },
    {
      "module": "module.vpc",
      "mode": "managed",
      "type": "aws_subnet",
      "name": "public_subnet",
      "provider": "provider[\"registry.terraform.io/hashicorp/aws\"]",
      "instances": [
        {
          "index_key": 0,
          "schema_version": 1,
          "attributes": {
            "arn": "arn:aws:ec2:ap-northeast-2:666897452748:subnet/subnet-037dd580f7418fe9d",
            "assign_ipv6_address_on_creation": false,
            "availability_zone": "ap-northeast-2a",
            "availability_zone_id": "apne2-az1",
            "cidr_block": "172.18.2.0/24",
            "customer_owned_ipv4_pool": "",
            "enable_dns64": false,
            "enable_lni_at_device_index": 0,
            "enable_resource_name_dns_a_record_on_launch": false,
            "enable_resource_name_dns_aaaa_record_on_launch": false,
            "id": "subnet-037dd580f7418fe9d",
            "ipv6_cidr_block": "",
            "ipv6_cidr_block_association_id": "",
            "ipv6_native": false,
            "map_customer_owned_ip_on_launch": false,
            "map_public_ip_on_launch": true,
            "outpost_arn": "",
            "owner_id": "666897452748",
            "private_dns_hostname_type_on_launch": "ip-name",
            "tags": {
              "Name": "ecs-public-subnet-dev"
            },
            "tags_all": {
              "Name": "ecs-public-subnet-dev"
            },
            "timeouts": null,
            "vpc_id": "vpc-0de361e6a01f3f8dc"
          },
          "sensitive_attributes": [],
          "private": "eyJlMmJmYjczMC1lY2FhLTExZTYtOGY4OC0zNDM2M2JjN2M0YzAiOnsiY3JlYXRlIjo2MDAwMDAwMDAwMDAsImRlbGV0ZSI6MTIwMDAwMDAwMDAwMH0sInNjaGVtYV92ZXJzaW9uIjoiMSJ9",
          "dependencies": [
            "module.vpc.aws_vpc.cluster_vpc",
            "module.vpc.data.aws_availability_zones.available"
          ]
        },
        {
          "index_key": 1,
          "schema_version": 1,
          "attributes": {
            "arn": "arn:aws:ec2:ap-northeast-2:666897452748:subnet/subnet-0401a5e39a87586be",
            "assign_ipv6_address_on_creation": false,
            "availability_zone": "ap-northeast-2b",
            "availability_zone_id": "apne2-az2",
            "cidr_block": "172.18.3.0/24",
            "customer_owned_ipv4_pool": "",
            "enable_dns64": false,
            "enable_lni_at_device_index": 0,
            "enable_resource_name_dns_a_record_on_launch": false,
            "enable_resource_name_dns_aaaa_record_on_launch": false,
            "id": "subnet-0401a5e39a87586be",
            "ipv6_cidr_block": "",
            "ipv6_cidr_block_association_id": "",
            "ipv6_native": false,
            "map_customer_owned_ip_on_launch": false,
            "map_public_ip_on_launch": true,
            "outpost_arn": "",
            "owner_id": "666897452748",
            "private_dns_hostname_type_on_launch": "ip-name",
            "tags": {
              "Name": "ecs-public-subnet-dev"
            },
            "tags_all": {
              "Name": "ecs-public-subnet-dev"
            },
            "timeouts": null,
            "vpc_id": "vpc-0de361e6a01f3f8dc"
          },
          "sensitive_attributes": [],
          "private": "eyJlMmJmYjczMC1lY2FhLTExZTYtOGY4OC0zNDM2M2JjN2M0YzAiOnsiY3JlYXRlIjo2MDAwMDAwMDAwMDAsImRlbGV0ZSI6MTIwMDAwMDAwMDAwMH0sInNjaGVtYV92ZXJzaW9uIjoiMSJ9",
          "dependencies": [
            "module.vpc.aws_vpc.cluster_vpc",
            "module.vpc.data.aws_availability_zones.available"
          ]
        }
      ]
    },
    {
      "module": "module.vpc",
      "mode": "managed",
      "type": "aws_vpc",
      "name": "cluster_vpc",
      "provider": "provider[\"registry.terraform.io/hashicorp/aws\"]",
      "instances": [
        {
          "schema_version": 1,
          "attributes": {
            "arn": "arn:aws:ec2:ap-northeast-2:666897452748:vpc/vpc-0de361e6a01f3f8dc",
            "assign_generated_ipv6_cidr_block": false,
            "cidr_block": "172.18.0.0/16",
            "default_network_acl_id": "acl-0c6990b49292710c5",
            "default_route_table_id": "rtb-02b47ff2d12e5cd52",
            "default_security_group_id": "sg-011da91dc03c304be",
            "dhcp_options_id": "dopt-08bf3d10fa52df507",
            "enable_dns_hostnames": true,
            "enable_dns_support": true,
            "enable_network_address_usage_metrics": false,
            "id": "vpc-0de361e6a01f3f8dc",
            "instance_tenancy": "default",
            "ipv4_ipam_pool_id": null,
            "ipv4_netmask_length": null,
            "ipv6_association_id": "",
            "ipv6_cidr_block": "",
            "ipv6_cidr_block_network_border_group": "",
            "ipv6_ipam_pool_id": "",
            "ipv6_netmask_length": 0,
            "main_route_table_id": "rtb-02b47ff2d12e5cd52",
            "owner_id": "666897452748",
            "tags": {
              "Name": "philoberry-cluster_vpc-dev",
              "Service": "philoberry-{var.service_type}"
            },
            "tags_all": {
              "Name": "philoberry-cluster_vpc-dev",
              "Service": "philoberry-{var.service_type}"
            }
          },
          "sensitive_attributes": [],
          "private": "eyJzY2hlbWFfdmVyc2lvbiI6IjEifQ==",
          "create_before_destroy": true
        }
      ]
    }
  ],
  "check_results": null
}
